{
  "version": 4,
  "terraform_version": "0.14.7",
  "serial": 578,
  "lineage": "2d2c22a8-ecdc-d36c-cc4d-0c6fe706499f",
  "outputs": {
    "details": {
      "value": "ssh adminuser@52.229.119.196\n\nP: enWkDyLawYOZDss3\n",
      "type": "string"
    },
    "ip_addresses": {
      "value": "\n191.239.250.131\n104.41.0.204\n20.195.186.205\n191.232.195.32\n20.195.186.133\n52.138.36.16\n52.138.36.17\n52.228.43.40\n52.228.43.30\n52.228.47.37\n40.69.163.25\n40.69.163.16\n13.67.214.154\n52.176.41.145\n13.89.35.64\n137.135.80.95\n137.135.82.130\n40.80.145.180\n40.85.186.70\n23.96.99.1\n40.70.130.44\n104.209.174.127\n52.179.253.136\n52.179.253.142\n52.179.252.72\n40.89.152.209\n40.89.157.155\n51.103.52.194\n51.103.52.211\n20.188.63.86\n65.52.238.158\n65.52.238.206\n168.62.241.84\n23.96.185.207\n168.62.106.249\n40.85.73.241\n40.87.144.184\n168.63.77.44\n13.74.36.39\n168.63.60.45\n13.66.22.47\n13.84.155.138\n104.214.76.43\n157.55.87.150\n40.74.230.171\n51.145.16.235\n51.140.34.228\n51.104.18.55\n51.132.238.175\n51.104.20.28\n20.68.120.251\n52.142.165.245\n51.141.100.73\n51.141.106.206\n51.141.103.41\n13.77.206.220\n13.78.141.134\n13.77.205.111\n13.78.228.247\n52.161.102.65\n104.214.237.128\n13.94.227.241\n40.91.200.246\n51.144.95.77\n23.100.10.109\n137.135.9.28\n168.62.199.76\n168.61.20.27\n40.112.221.70\n137.116.191.59\n13.77.137.45\n13.66.252.52\n52.229.8.161\n52.191.190.237\n13.77.182.132\n",
      "type": "string"
    }
  },
  "resources": [
    {
      "mode": "managed",
      "type": "null_resource",
      "name": "configure_farm",
      "provider": "provider[\"registry.terraform.io/hashicorp/null\"]",
      "instances": [
        {
          "schema_version": 0,
          "attributes": {
            "id": "3665377623328737450",
            "triggers": null
          },
          "sensitive_attributes": [],
          "private": "bnVsbA==",
          "dependencies": [
            "module.main.azurerm_network_interface.main",
            "module.main.azurerm_network_interface_security_group_association.example",
            "module.main.azurerm_network_security_group.main",
            "module.main.azurerm_public_ip.publicip",
            "module.main.azurerm_resource_group.testfarm",
            "module.main.azurerm_subnet.internal",
            "module.main.azurerm_virtual_machine.main",
            "module.main.azurerm_virtual_network.testfarm",
            "module.main.random_string.password"
          ]
        }
      ]
    },
    {
      "module": "module.farms[\"Brazil South\"]",
      "mode": "managed",
      "type": "azurerm_linux_virtual_machine",
      "name": "farm",
      "provider": "provider[\"registry.terraform.io/hashicorp/azurerm\"]",
      "instances": [
        {
          "index_key": 0,
          "schema_version": 0,
          "attributes": {
            "additional_capabilities": [],
            "admin_password": null,
            "admin_ssh_key": [
              {
                "public_key": "ssh-rsa AAAAB3NzaC1yc2EAAAADAQABAAABAQDIX3pqSVNa2cBOBTmKJTKBABquP5CJarL8sTiOGSDhK9rKTN3PplUX9HAMk2yu2CTr6xUHpB8cj/jSD60dLhcvSTHxOW4kMQmHONr4zhD55Th1zG115wpp+Jf0ZNN+L+zWKQVT2kKuWSVeb4Rd3ftVvrfgEg/jDd2BjAN6K6i5/tX21PbDhTuppgnP8c7Vo7cjc7ded2B8sSZkU4BepFely4Un9rvUZzfXiygQN78qtzNfwqV9WPT4T79r/2TvchLh/F2wSlH0aaUsqrlEz5uqpiKROchPOzqkic6ARki+vtBse4oDlyA1Kkt79+8RwVWA6tv7B1WWpXuGrZJ9eBhN root@28cc2261df86\n",
                "username": "adminuser"
              }
            ],
            "admin_username": "adminuser",
            "allow_extension_operations": true,
            "availability_set_id": "",
            "boot_diagnostics": [],
            "computer_name": "farm-0",
            "custom_data": null,
            "dedicated_host_id": "",
            "disable_password_authentication": true,
            "encryption_at_host_enabled": false,
            "eviction_policy": "",
            "extensions_time_budget": "PT1H30M",
            "id": "/subscriptions/cb6e76ee-ca24-47b5-aedb-b843871af8d1/resourceGroups/testfarm-resourcesbrazilsouth/providers/Microsoft.Compute/virtualMachines/farm-0",
            "identity": [],
            "location": "brazilsouth",
            "max_bid_price": -1,
            "name": "farm-0",
            "network_interface_ids": [
              "/subscriptions/cb6e76ee-ca24-47b5-aedb-b843871af8d1/resourceGroups/testfarm-resourcesbrazilsouth/providers/Microsoft.Network/networkInterfaces/testfarm-nic-0"
            ],
            "os_disk": [
              {
                "caching": "ReadWrite",
                "diff_disk_settings": [],
                "disk_encryption_set_id": "",
                "disk_size_gb": 30,
                "name": "farm-0_OsDisk_1_c835fd5c5e17498dbbc73fc08c2b27f4",
                "storage_account_type": "Standard_LRS",
                "write_accelerator_enabled": false
              }
            ],
            "plan": [],
            "priority": "Regular",
            "private_ip_address": "10.0.2.5",
            "private_ip_addresses": [
              "10.0.2.5"
            ],
            "provision_vm_agent": true,
            "proximity_placement_group_id": "",
            "public_ip_address": "191.239.250.131",
            "public_ip_addresses": [
              "191.239.250.131"
            ],
            "resource_group_name": "testfarm-resourcesbrazilsouth",
            "secret": [],
            "size": "Standard_D2s_v3",
            "source_image_id": "",
            "source_image_reference": [
              {
                "offer": "UbuntuServer",
                "publisher": "Canonical",
                "sku": "18.04-LTS",
                "version": "latest"
              }
            ],
            "tags": {},
            "timeouts": null,
            "virtual_machine_id": "0114a440-12e9-4333-8e7e-399ca3e2cc8a",
            "virtual_machine_scale_set_id": "",
            "zone": ""
          },
          "sensitive_attributes": [],
          "private": "eyJlMmJmYjczMC1lY2FhLTExZTYtOGY4OC0zNDM2M2JjN2M0YzAiOnsiY3JlYXRlIjoyNzAwMDAwMDAwMDAwLCJkZWxldGUiOjI3MDAwMDAwMDAwMDAsInJlYWQiOjMwMDAwMDAwMDAwMCwidXBkYXRlIjoyNzAwMDAwMDAwMDAwfX0=",
          "dependencies": [
            "module.farms.azurerm_network_interface.farm",
            "module.farms.azurerm_public_ip.farm_publicip",
            "module.farms.azurerm_resource_group.testfarm",
            "module.farms.azurerm_subnet.internal",
            "module.farms.azurerm_virtual_network.testfarm"
          ]
        },
        {
          "index_key": 1,
          "schema_version": 0,
          "attributes": {
            "additional_capabilities": [],
            "admin_password": null,
            "admin_ssh_key": [
              {
                "public_key": "ssh-rsa AAAAB3NzaC1yc2EAAAADAQABAAABAQDIX3pqSVNa2cBOBTmKJTKBABquP5CJarL8sTiOGSDhK9rKTN3PplUX9HAMk2yu2CTr6xUHpB8cj/jSD60dLhcvSTHxOW4kMQmHONr4zhD55Th1zG115wpp+Jf0ZNN+L+zWKQVT2kKuWSVeb4Rd3ftVvrfgEg/jDd2BjAN6K6i5/tX21PbDhTuppgnP8c7Vo7cjc7ded2B8sSZkU4BepFely4Un9rvUZzfXiygQN78qtzNfwqV9WPT4T79r/2TvchLh/F2wSlH0aaUsqrlEz5uqpiKROchPOzqkic6ARki+vtBse4oDlyA1Kkt79+8RwVWA6tv7B1WWpXuGrZJ9eBhN root@28cc2261df86\n",
                "username": "adminuser"
              }
            ],
            "admin_username": "adminuser",
            "allow_extension_operations": true,
            "availability_set_id": "",
            "boot_diagnostics": [],
            "computer_name": "farm-1",
            "custom_data": null,
            "dedicated_host_id": "",
            "disable_password_authentication": true,
            "encryption_at_host_enabled": false,
            "eviction_policy": "",
            "extensions_time_budget": "PT1H30M",
            "id": "/subscriptions/cb6e76ee-ca24-47b5-aedb-b843871af8d1/resourceGroups/testfarm-resourcesbrazilsouth/providers/Microsoft.Compute/virtualMachines/farm-1",
            "identity": [],
            "location": "brazilsouth",
            "max_bid_price": -1,
            "name": "farm-1",
            "network_interface_ids": [
              "/subscriptions/cb6e76ee-ca24-47b5-aedb-b843871af8d1/resourceGroups/testfarm-resourcesbrazilsouth/providers/Microsoft.Network/networkInterfaces/testfarm-nic-1"
            ],
            "os_disk": [
              {
                "caching": "ReadWrite",
                "diff_disk_settings": [],
                "disk_encryption_set_id": "",
                "disk_size_gb": 30,
                "name": "farm-1_OsDisk_1_c3ca0525c89b496d93f6ecb235203123",
                "storage_account_type": "Standard_LRS",
                "write_accelerator_enabled": false
              }
            ],
            "plan": [],
            "priority": "Regular",
            "private_ip_address": "10.0.2.4",
            "private_ip_addresses": [
              "10.0.2.4"
            ],
            "provision_vm_agent": true,
            "proximity_placement_group_id": "",
            "public_ip_address": "104.41.0.204",
            "public_ip_addresses": [
              "104.41.0.204"
            ],
            "resource_group_name": "testfarm-resourcesbrazilsouth",
            "secret": [],
            "size": "Standard_D2s_v3",
            "source_image_id": "",
            "source_image_reference": [
              {
                "offer": "UbuntuServer",
                "publisher": "Canonical",
                "sku": "18.04-LTS",
                "version": "latest"
              }
            ],
            "tags": {},
            "timeouts": null,
            "virtual_machine_id": "c2701966-ba29-434b-a9ad-c2b01f6dfc27",
            "virtual_machine_scale_set_id": "",
            "zone": ""
          },
          "sensitive_attributes": [],
          "private": "eyJlMmJmYjczMC1lY2FhLTExZTYtOGY4OC0zNDM2M2JjN2M0YzAiOnsiY3JlYXRlIjoyNzAwMDAwMDAwMDAwLCJkZWxldGUiOjI3MDAwMDAwMDAwMDAsInJlYWQiOjMwMDAwMDAwMDAwMCwidXBkYXRlIjoyNzAwMDAwMDAwMDAwfX0=",
          "dependencies": [
            "module.farms.azurerm_network_interface.farm",
            "module.farms.azurerm_public_ip.farm_publicip",
            "module.farms.azurerm_resource_group.testfarm",
            "module.farms.azurerm_subnet.internal",
            "module.farms.azurerm_virtual_network.testfarm"
          ]
        },
        {
          "index_key": 2,
          "schema_version": 0,
          "attributes": {
            "additional_capabilities": [],
            "admin_password": null,
            "admin_ssh_key": [
              {
                "public_key": "ssh-rsa AAAAB3NzaC1yc2EAAAADAQABAAABAQDIX3pqSVNa2cBOBTmKJTKBABquP5CJarL8sTiOGSDhK9rKTN3PplUX9HAMk2yu2CTr6xUHpB8cj/jSD60dLhcvSTHxOW4kMQmHONr4zhD55Th1zG115wpp+Jf0ZNN+L+zWKQVT2kKuWSVeb4Rd3ftVvrfgEg/jDd2BjAN6K6i5/tX21PbDhTuppgnP8c7Vo7cjc7ded2B8sSZkU4BepFely4Un9rvUZzfXiygQN78qtzNfwqV9WPT4T79r/2TvchLh/F2wSlH0aaUsqrlEz5uqpiKROchPOzqkic6ARki+vtBse4oDlyA1Kkt79+8RwVWA6tv7B1WWpXuGrZJ9eBhN root@28cc2261df86\n",
                "username": "adminuser"
              }
            ],
            "admin_username": "adminuser",
            "allow_extension_operations": true,
            "availability_set_id": "",
            "boot_diagnostics": [],
            "computer_name": "farm-2",
            "custom_data": null,
            "dedicated_host_id": "",
            "disable_password_authentication": true,
            "encryption_at_host_enabled": false,
            "eviction_policy": "",
            "extensions_time_budget": "PT1H30M",
            "id": "/subscriptions/cb6e76ee-ca24-47b5-aedb-b843871af8d1/resourceGroups/testfarm-resourcesbrazilsouth/providers/Microsoft.Compute/virtualMachines/farm-2",
            "identity": [],
            "location": "brazilsouth",
            "max_bid_price": -1,
            "name": "farm-2",
            "network_interface_ids": [
              "/subscriptions/cb6e76ee-ca24-47b5-aedb-b843871af8d1/resourceGroups/testfarm-resourcesbrazilsouth/providers/Microsoft.Network/networkInterfaces/testfarm-nic-2"
            ],
            "os_disk": [
              {
                "caching": "ReadWrite",
                "diff_disk_settings": [],
                "disk_encryption_set_id": "",
                "disk_size_gb": 30,
                "name": "farm-2_OsDisk_1_e36b41ed6c1044369f7af7b89e53d557",
                "storage_account_type": "Standard_LRS",
                "write_accelerator_enabled": false
              }
            ],
            "plan": [],
            "priority": "Regular",
            "private_ip_address": "10.0.2.8",
            "private_ip_addresses": [
              "10.0.2.8"
            ],
            "provision_vm_agent": true,
            "proximity_placement_group_id": "",
            "public_ip_address": "20.195.186.205",
            "public_ip_addresses": [
              "20.195.186.205"
            ],
            "resource_group_name": "testfarm-resourcesbrazilsouth",
            "secret": [],
            "size": "Standard_D2s_v3",
            "source_image_id": "",
            "source_image_reference": [
              {
                "offer": "UbuntuServer",
                "publisher": "Canonical",
                "sku": "18.04-LTS",
                "version": "latest"
              }
            ],
            "tags": {},
            "timeouts": null,
            "virtual_machine_id": "e8ef54ca-d35f-4e2c-a9a6-728c06dee038",
            "virtual_machine_scale_set_id": "",
            "zone": ""
          },
          "sensitive_attributes": [],
          "private": "eyJlMmJmYjczMC1lY2FhLTExZTYtOGY4OC0zNDM2M2JjN2M0YzAiOnsiY3JlYXRlIjoyNzAwMDAwMDAwMDAwLCJkZWxldGUiOjI3MDAwMDAwMDAwMDAsInJlYWQiOjMwMDAwMDAwMDAwMCwidXBkYXRlIjoyNzAwMDAwMDAwMDAwfX0=",
          "dependencies": [
            "module.farms.azurerm_network_interface.farm",
            "module.farms.azurerm_public_ip.farm_publicip",
            "module.farms.azurerm_resource_group.testfarm",
            "module.farms.azurerm_subnet.internal",
            "module.farms.azurerm_virtual_network.testfarm"
          ]
        },
        {
          "index_key": 3,
          "schema_version": 0,
          "attributes": {
            "additional_capabilities": [],
            "admin_password": null,
            "admin_ssh_key": [
              {
                "public_key": "ssh-rsa AAAAB3NzaC1yc2EAAAADAQABAAABAQDIX3pqSVNa2cBOBTmKJTKBABquP5CJarL8sTiOGSDhK9rKTN3PplUX9HAMk2yu2CTr6xUHpB8cj/jSD60dLhcvSTHxOW4kMQmHONr4zhD55Th1zG115wpp+Jf0ZNN+L+zWKQVT2kKuWSVeb4Rd3ftVvrfgEg/jDd2BjAN6K6i5/tX21PbDhTuppgnP8c7Vo7cjc7ded2B8sSZkU4BepFely4Un9rvUZzfXiygQN78qtzNfwqV9WPT4T79r/2TvchLh/F2wSlH0aaUsqrlEz5uqpiKROchPOzqkic6ARki+vtBse4oDlyA1Kkt79+8RwVWA6tv7B1WWpXuGrZJ9eBhN root@28cc2261df86\n",
                "username": "adminuser"
              }
            ],
            "admin_username": "adminuser",
            "allow_extension_operations": true,
            "availability_set_id": "",
            "boot_diagnostics": [],
            "computer_name": "farm-3",
            "custom_data": null,
            "dedicated_host_id": "",
            "disable_password_authentication": true,
            "encryption_at_host_enabled": false,
            "eviction_policy": "",
            "extensions_time_budget": "PT1H30M",
            "id": "/subscriptions/cb6e76ee-ca24-47b5-aedb-b843871af8d1/resourceGroups/testfarm-resourcesbrazilsouth/providers/Microsoft.Compute/virtualMachines/farm-3",
            "identity": [],
            "location": "brazilsouth",
            "max_bid_price": -1,
            "name": "farm-3",
            "network_interface_ids": [
              "/subscriptions/cb6e76ee-ca24-47b5-aedb-b843871af8d1/resourceGroups/testfarm-resourcesbrazilsouth/providers/Microsoft.Network/networkInterfaces/testfarm-nic-3"
            ],
            "os_disk": [
              {
                "caching": "ReadWrite",
                "diff_disk_settings": [],
                "disk_encryption_set_id": "",
                "disk_size_gb": 30,
                "name": "farm-3_OsDisk_1_6132d867e1204cb2846099d3c885f825",
                "storage_account_type": "Standard_LRS",
                "write_accelerator_enabled": false
              }
            ],
            "plan": [],
            "priority": "Regular",
            "private_ip_address": "10.0.2.6",
            "private_ip_addresses": [
              "10.0.2.6"
            ],
            "provision_vm_agent": true,
            "proximity_placement_group_id": "",
            "public_ip_address": "191.232.195.32",
            "public_ip_addresses": [
              "191.232.195.32"
            ],
            "resource_group_name": "testfarm-resourcesbrazilsouth",
            "secret": [],
            "size": "Standard_D2s_v3",
            "source_image_id": "",
            "source_image_reference": [
              {
                "offer": "UbuntuServer",
                "publisher": "Canonical",
                "sku": "18.04-LTS",
                "version": "latest"
              }
            ],
            "tags": {},
            "timeouts": null,
            "virtual_machine_id": "62a8bd2c-c2e1-44ed-a9a6-a97f2d259b39",
            "virtual_machine_scale_set_id": "",
            "zone": ""
          },
          "sensitive_attributes": [],
          "private": "eyJlMmJmYjczMC1lY2FhLTExZTYtOGY4OC0zNDM2M2JjN2M0YzAiOnsiY3JlYXRlIjoyNzAwMDAwMDAwMDAwLCJkZWxldGUiOjI3MDAwMDAwMDAwMDAsInJlYWQiOjMwMDAwMDAwMDAwMCwidXBkYXRlIjoyNzAwMDAwMDAwMDAwfX0=",
          "dependencies": [
            "module.farms.azurerm_network_interface.farm",
            "module.farms.azurerm_public_ip.farm_publicip",
            "module.farms.azurerm_resource_group.testfarm",
            "module.farms.azurerm_subnet.internal",
            "module.farms.azurerm_virtual_network.testfarm"
          ]
        },
        {
          "index_key": 4,
          "schema_version": 0,
          "attributes": {
            "additional_capabilities": [],
            "admin_password": null,
            "admin_ssh_key": [
              {
                "public_key": "ssh-rsa AAAAB3NzaC1yc2EAAAADAQABAAABAQDIX3pqSVNa2cBOBTmKJTKBABquP5CJarL8sTiOGSDhK9rKTN3PplUX9HAMk2yu2CTr6xUHpB8cj/jSD60dLhcvSTHxOW4kMQmHONr4zhD55Th1zG115wpp+Jf0ZNN+L+zWKQVT2kKuWSVeb4Rd3ftVvrfgEg/jDd2BjAN6K6i5/tX21PbDhTuppgnP8c7Vo7cjc7ded2B8sSZkU4BepFely4Un9rvUZzfXiygQN78qtzNfwqV9WPT4T79r/2TvchLh/F2wSlH0aaUsqrlEz5uqpiKROchPOzqkic6ARki+vtBse4oDlyA1Kkt79+8RwVWA6tv7B1WWpXuGrZJ9eBhN root@28cc2261df86\n",
                "username": "adminuser"
              }
            ],
            "admin_username": "adminuser",
            "allow_extension_operations": true,
            "availability_set_id": "",
            "boot_diagnostics": [],
            "computer_name": "farm-4",
            "custom_data": null,
            "dedicated_host_id": "",
            "disable_password_authentication": true,
            "encryption_at_host_enabled": false,
            "eviction_policy": "",
            "extensions_time_budget": "PT1H30M",
            "id": "/subscriptions/cb6e76ee-ca24-47b5-aedb-b843871af8d1/resourceGroups/testfarm-resourcesbrazilsouth/providers/Microsoft.Compute/virtualMachines/farm-4",
            "identity": [],
            "location": "brazilsouth",
            "max_bid_price": -1,
            "name": "farm-4",
            "network_interface_ids": [
              "/subscriptions/cb6e76ee-ca24-47b5-aedb-b843871af8d1/resourceGroups/testfarm-resourcesbrazilsouth/providers/Microsoft.Network/networkInterfaces/testfarm-nic-4"
            ],
            "os_disk": [
              {
                "caching": "ReadWrite",
                "diff_disk_settings": [],
                "disk_encryption_set_id": "",
                "disk_size_gb": 30,
                "name": "farm-4_OsDisk_1_b73e3233fe834a8e96c1bd44f2e3ef8a",
                "storage_account_type": "Standard_LRS",
                "write_accelerator_enabled": false
              }
            ],
            "plan": [],
            "priority": "Regular",
            "private_ip_address": "10.0.2.7",
            "private_ip_addresses": [
              "10.0.2.7"
            ],
            "provision_vm_agent": true,
            "proximity_placement_group_id": "",
            "public_ip_address": "20.195.186.133",
            "public_ip_addresses": [
              "20.195.186.133"
            ],
            "resource_group_name": "testfarm-resourcesbrazilsouth",
            "secret": [],
            "size": "Standard_D2s_v3",
            "source_image_id": "",
            "source_image_reference": [
              {
                "offer": "UbuntuServer",
                "publisher": "Canonical",
                "sku": "18.04-LTS",
                "version": "latest"
              }
            ],
            "tags": {},
            "timeouts": null,
            "virtual_machine_id": "adf38747-eb35-46c4-b8b3-a36c18049b2c",
            "virtual_machine_scale_set_id": "",
            "zone": ""
          },
          "sensitive_attributes": [],
          "private": "eyJlMmJmYjczMC1lY2FhLTExZTYtOGY4OC0zNDM2M2JjN2M0YzAiOnsiY3JlYXRlIjoyNzAwMDAwMDAwMDAwLCJkZWxldGUiOjI3MDAwMDAwMDAwMDAsInJlYWQiOjMwMDAwMDAwMDAwMCwidXBkYXRlIjoyNzAwMDAwMDAwMDAwfX0=",
          "dependencies": [
            "module.farms.azurerm_network_interface.farm",
            "module.farms.azurerm_public_ip.farm_publicip",
            "module.farms.azurerm_resource_group.testfarm",
            "module.farms.azurerm_subnet.internal",
            "module.farms.azurerm_virtual_network.testfarm"
          ]
        }
      ]
    },
    {
      "module": "module.farms[\"Brazil South\"]",
      "mode": "managed",
      "type": "azurerm_network_interface",
      "name": "farm",
      "provider": "provider[\"registry.terraform.io/hashicorp/azurerm\"]",
      "instances": [
        {
          "index_key": 0,
          "schema_version": 0,
          "attributes": {
            "applied_dns_servers": [],
            "dns_servers": [],
            "enable_accelerated_networking": false,
            "enable_ip_forwarding": false,
            "id": "/subscriptions/cb6e76ee-ca24-47b5-aedb-b843871af8d1/resourceGroups/testfarm-resourcesbrazilsouth/providers/Microsoft.Network/networkInterfaces/testfarm-nic-0",
            "internal_dns_name_label": "",
            "internal_domain_name_suffix": "axsgvu3i1zaefepyz4w4htuanf.nx.internal.cloudapp.net",
            "ip_configuration": [
              {
                "name": "testconfiguration1",
                "primary": true,
                "private_ip_address": "10.0.2.5",
                "private_ip_address_allocation": "Dynamic",
                "private_ip_address_version": "IPv4",
                "public_ip_address_id": "/subscriptions/cb6e76ee-ca24-47b5-aedb-b843871af8d1/resourceGroups/testfarm-resourcesbrazilsouth/providers/Microsoft.Network/publicIPAddresses/FarmPublicIp-0",
                "subnet_id": "/subscriptions/cb6e76ee-ca24-47b5-aedb-b843871af8d1/resourceGroups/testfarm-resourcesbrazilsouth/providers/Microsoft.Network/virtualNetworks/testfarm-network-brazilsouth/subnets/internal-brazilsouth"
              }
            ],
            "location": "brazilsouth",
            "mac_address": "00-22-48-36-2E-E8",
            "name": "testfarm-nic-0",
            "private_ip_address": "10.0.2.5",
            "private_ip_addresses": [
              "10.0.2.5"
            ],
            "resource_group_name": "testfarm-resourcesbrazilsouth",
            "tags": {},
            "timeouts": null,
            "virtual_machine_id": "/subscriptions/cb6e76ee-ca24-47b5-aedb-b843871af8d1/resourceGroups/testfarm-resourcesbrazilsouth/providers/Microsoft.Compute/virtualMachines/farm-0"
          },
          "sensitive_attributes": [],
          "private": "eyJlMmJmYjczMC1lY2FhLTExZTYtOGY4OC0zNDM2M2JjN2M0YzAiOnsiY3JlYXRlIjoxODAwMDAwMDAwMDAwLCJkZWxldGUiOjE4MDAwMDAwMDAwMDAsInJlYWQiOjMwMDAwMDAwMDAwMCwidXBkYXRlIjoxODAwMDAwMDAwMDAwfX0=",
          "dependencies": [
            "module.farms.azurerm_public_ip.farm_publicip",
            "module.farms.azurerm_resource_group.testfarm",
            "module.farms.azurerm_subnet.internal",
            "module.farms.azurerm_virtual_network.testfarm"
          ]
        },
        {
          "index_key": 1,
          "schema_version": 0,
          "attributes": {
            "applied_dns_servers": [],
            "dns_servers": [],
            "enable_accelerated_networking": false,
            "enable_ip_forwarding": false,
            "id": "/subscriptions/cb6e76ee-ca24-47b5-aedb-b843871af8d1/resourceGroups/testfarm-resourcesbrazilsouth/providers/Microsoft.Network/networkInterfaces/testfarm-nic-1",
            "internal_dns_name_label": "",
            "internal_domain_name_suffix": "axsgvu3i1zaefepyz4w4htuanf.nx.internal.cloudapp.net",
            "ip_configuration": [
              {
                "name": "testconfiguration1",
                "primary": true,
                "private_ip_address": "10.0.2.4",
                "private_ip_address_allocation": "Dynamic",
                "private_ip_address_version": "IPv4",
                "public_ip_address_id": "/subscriptions/cb6e76ee-ca24-47b5-aedb-b843871af8d1/resourceGroups/testfarm-resourcesbrazilsouth/providers/Microsoft.Network/publicIPAddresses/FarmPublicIp-1",
                "subnet_id": "/subscriptions/cb6e76ee-ca24-47b5-aedb-b843871af8d1/resourceGroups/testfarm-resourcesbrazilsouth/providers/Microsoft.Network/virtualNetworks/testfarm-network-brazilsouth/subnets/internal-brazilsouth"
              }
            ],
            "location": "brazilsouth",
            "mac_address": "00-22-48-36-C0-B9",
            "name": "testfarm-nic-1",
            "private_ip_address": "10.0.2.4",
            "private_ip_addresses": [
              "10.0.2.4"
            ],
            "resource_group_name": "testfarm-resourcesbrazilsouth",
            "tags": {},
            "timeouts": null,
            "virtual_machine_id": "/subscriptions/cb6e76ee-ca24-47b5-aedb-b843871af8d1/resourceGroups/testfarm-resourcesbrazilsouth/providers/Microsoft.Compute/virtualMachines/farm-1"
          },
          "sensitive_attributes": [],
          "private": "eyJlMmJmYjczMC1lY2FhLTExZTYtOGY4OC0zNDM2M2JjN2M0YzAiOnsiY3JlYXRlIjoxODAwMDAwMDAwMDAwLCJkZWxldGUiOjE4MDAwMDAwMDAwMDAsInJlYWQiOjMwMDAwMDAwMDAwMCwidXBkYXRlIjoxODAwMDAwMDAwMDAwfX0=",
          "dependencies": [
            "module.farms.azurerm_public_ip.farm_publicip",
            "module.farms.azurerm_resource_group.testfarm",
            "module.farms.azurerm_subnet.internal",
            "module.farms.azurerm_virtual_network.testfarm"
          ]
        },
        {
          "index_key": 2,
          "schema_version": 0,
          "attributes": {
            "applied_dns_servers": [],
            "dns_servers": [],
            "enable_accelerated_networking": false,
            "enable_ip_forwarding": false,
            "id": "/subscriptions/cb6e76ee-ca24-47b5-aedb-b843871af8d1/resourceGroups/testfarm-resourcesbrazilsouth/providers/Microsoft.Network/networkInterfaces/testfarm-nic-2",
            "internal_dns_name_label": "",
            "internal_domain_name_suffix": "axsgvu3i1zaefepyz4w4htuanf.nx.internal.cloudapp.net",
            "ip_configuration": [
              {
                "name": "testconfiguration1",
                "primary": true,
                "private_ip_address": "10.0.2.8",
                "private_ip_address_allocation": "Dynamic",
                "private_ip_address_version": "IPv4",
                "public_ip_address_id": "/subscriptions/cb6e76ee-ca24-47b5-aedb-b843871af8d1/resourceGroups/testfarm-resourcesbrazilsouth/providers/Microsoft.Network/publicIPAddresses/FarmPublicIp-2",
                "subnet_id": "/subscriptions/cb6e76ee-ca24-47b5-aedb-b843871af8d1/resourceGroups/testfarm-resourcesbrazilsouth/providers/Microsoft.Network/virtualNetworks/testfarm-network-brazilsouth/subnets/internal-brazilsouth"
              }
            ],
            "location": "brazilsouth",
            "mac_address": "00-22-48-36-1F-06",
            "name": "testfarm-nic-2",
            "private_ip_address": "10.0.2.8",
            "private_ip_addresses": [
              "10.0.2.8"
            ],
            "resource_group_name": "testfarm-resourcesbrazilsouth",
            "tags": {},
            "timeouts": null,
            "virtual_machine_id": "/subscriptions/cb6e76ee-ca24-47b5-aedb-b843871af8d1/resourceGroups/testfarm-resourcesbrazilsouth/providers/Microsoft.Compute/virtualMachines/farm-2"
          },
          "sensitive_attributes": [],
          "private": "eyJlMmJmYjczMC1lY2FhLTExZTYtOGY4OC0zNDM2M2JjN2M0YzAiOnsiY3JlYXRlIjoxODAwMDAwMDAwMDAwLCJkZWxldGUiOjE4MDAwMDAwMDAwMDAsInJlYWQiOjMwMDAwMDAwMDAwMCwidXBkYXRlIjoxODAwMDAwMDAwMDAwfX0=",
          "dependencies": [
            "module.farms.azurerm_public_ip.farm_publicip",
            "module.farms.azurerm_resource_group.testfarm",
            "module.farms.azurerm_subnet.internal",
            "module.farms.azurerm_virtual_network.testfarm"
          ]
        },
        {
          "index_key": 3,
          "schema_version": 0,
          "attributes": {
            "applied_dns_servers": [],
            "dns_servers": [],
            "enable_accelerated_networking": false,
            "enable_ip_forwarding": false,
            "id": "/subscriptions/cb6e76ee-ca24-47b5-aedb-b843871af8d1/resourceGroups/testfarm-resourcesbrazilsouth/providers/Microsoft.Network/networkInterfaces/testfarm-nic-3",
            "internal_dns_name_label": "",
            "internal_domain_name_suffix": "axsgvu3i1zaefepyz4w4htuanf.nx.internal.cloudapp.net",
            "ip_configuration": [
              {
                "name": "testconfiguration1",
                "primary": true,
                "private_ip_address": "10.0.2.6",
                "private_ip_address_allocation": "Dynamic",
                "private_ip_address_version": "IPv4",
                "public_ip_address_id": "/subscriptions/cb6e76ee-ca24-47b5-aedb-b843871af8d1/resourceGroups/testfarm-resourcesbrazilsouth/providers/Microsoft.Network/publicIPAddresses/FarmPublicIp-3",
                "subnet_id": "/subscriptions/cb6e76ee-ca24-47b5-aedb-b843871af8d1/resourceGroups/testfarm-resourcesbrazilsouth/providers/Microsoft.Network/virtualNetworks/testfarm-network-brazilsouth/subnets/internal-brazilsouth"
              }
            ],
            "location": "brazilsouth",
            "mac_address": "00-22-48-35-ED-F4",
            "name": "testfarm-nic-3",
            "private_ip_address": "10.0.2.6",
            "private_ip_addresses": [
              "10.0.2.6"
            ],
            "resource_group_name": "testfarm-resourcesbrazilsouth",
            "tags": {},
            "timeouts": null,
            "virtual_machine_id": "/subscriptions/cb6e76ee-ca24-47b5-aedb-b843871af8d1/resourceGroups/testfarm-resourcesbrazilsouth/providers/Microsoft.Compute/virtualMachines/farm-3"
          },
          "sensitive_attributes": [],
          "private": "eyJlMmJmYjczMC1lY2FhLTExZTYtOGY4OC0zNDM2M2JjN2M0YzAiOnsiY3JlYXRlIjoxODAwMDAwMDAwMDAwLCJkZWxldGUiOjE4MDAwMDAwMDAwMDAsInJlYWQiOjMwMDAwMDAwMDAwMCwidXBkYXRlIjoxODAwMDAwMDAwMDAwfX0=",
          "dependencies": [
            "module.farms.azurerm_public_ip.farm_publicip",
            "module.farms.azurerm_resource_group.testfarm",
            "module.farms.azurerm_subnet.internal",
            "module.farms.azurerm_virtual_network.testfarm"
          ]
        },
        {
          "index_key": 4,
          "schema_version": 0,
          "attributes": {
            "applied_dns_servers": [],
            "dns_servers": [],
            "enable_accelerated_networking": false,
            "enable_ip_forwarding": false,
            "id": "/subscriptions/cb6e76ee-ca24-47b5-aedb-b843871af8d1/resourceGroups/testfarm-resourcesbrazilsouth/providers/Microsoft.Network/networkInterfaces/testfarm-nic-4",
            "internal_dns_name_label": "",
            "internal_domain_name_suffix": "axsgvu3i1zaefepyz4w4htuanf.nx.internal.cloudapp.net",
            "ip_configuration": [
              {
                "name": "testconfiguration1",
                "primary": true,
                "private_ip_address": "10.0.2.7",
                "private_ip_address_allocation": "Dynamic",
                "private_ip_address_version": "IPv4",
                "public_ip_address_id": "/subscriptions/cb6e76ee-ca24-47b5-aedb-b843871af8d1/resourceGroups/testfarm-resourcesbrazilsouth/providers/Microsoft.Network/publicIPAddresses/FarmPublicIp-4",
                "subnet_id": "/subscriptions/cb6e76ee-ca24-47b5-aedb-b843871af8d1/resourceGroups/testfarm-resourcesbrazilsouth/providers/Microsoft.Network/virtualNetworks/testfarm-network-brazilsouth/subnets/internal-brazilsouth"
              }
            ],
            "location": "brazilsouth",
            "mac_address": "00-22-48-36-B9-2A",
            "name": "testfarm-nic-4",
            "private_ip_address": "10.0.2.7",
            "private_ip_addresses": [
              "10.0.2.7"
            ],
            "resource_group_name": "testfarm-resourcesbrazilsouth",
            "tags": {},
            "timeouts": null,
            "virtual_machine_id": "/subscriptions/cb6e76ee-ca24-47b5-aedb-b843871af8d1/resourceGroups/testfarm-resourcesbrazilsouth/providers/Microsoft.Compute/virtualMachines/farm-4"
          },
          "sensitive_attributes": [],
          "private": "eyJlMmJmYjczMC1lY2FhLTExZTYtOGY4OC0zNDM2M2JjN2M0YzAiOnsiY3JlYXRlIjoxODAwMDAwMDAwMDAwLCJkZWxldGUiOjE4MDAwMDAwMDAwMDAsInJlYWQiOjMwMDAwMDAwMDAwMCwidXBkYXRlIjoxODAwMDAwMDAwMDAwfX0=",
          "dependencies": [
            "module.farms.azurerm_public_ip.farm_publicip",
            "module.farms.azurerm_resource_group.testfarm",
            "module.farms.azurerm_subnet.internal",
            "module.farms.azurerm_virtual_network.testfarm"
          ]
        }
      ]
    },
    {
      "module": "module.farms[\"Brazil South\"]",
      "mode": "managed",
      "type": "azurerm_public_ip",
      "name": "farm_publicip",
      "provider": "provider[\"registry.terraform.io/hashicorp/azurerm\"]",
      "instances": [
        {
          "index_key": 0,
          "schema_version": 0,
          "attributes": {
            "allocation_method": "Dynamic",
            "domain_name_label": null,
            "fqdn": null,
            "id": "/subscriptions/cb6e76ee-ca24-47b5-aedb-b843871af8d1/resourceGroups/testfarm-resourcesbrazilsouth/providers/Microsoft.Network/publicIPAddresses/FarmPublicIp-0",
            "idle_timeout_in_minutes": 4,
            "ip_address": "191.239.250.131",
            "ip_version": "IPv4",
            "location": "brazilsouth",
            "name": "FarmPublicIp-0",
            "public_ip_prefix_id": null,
            "resource_group_name": "testfarm-resourcesbrazilsouth",
            "reverse_fqdn": null,
            "sku": "Basic",
            "tags": {
              "environment": "farm"
            },
            "timeouts": null,
            "zones": []
          },
          "sensitive_attributes": [],
          "private": "eyJlMmJmYjczMC1lY2FhLTExZTYtOGY4OC0zNDM2M2JjN2M0YzAiOnsiY3JlYXRlIjoxODAwMDAwMDAwMDAwLCJkZWxldGUiOjE4MDAwMDAwMDAwMDAsInJlYWQiOjMwMDAwMDAwMDAwMCwidXBkYXRlIjoxODAwMDAwMDAwMDAwfX0=",
          "dependencies": [
            "module.farms.azurerm_resource_group.testfarm"
          ]
        },
        {
          "index_key": 1,
          "schema_version": 0,
          "attributes": {
            "allocation_method": "Dynamic",
            "domain_name_label": null,
            "fqdn": null,
            "id": "/subscriptions/cb6e76ee-ca24-47b5-aedb-b843871af8d1/resourceGroups/testfarm-resourcesbrazilsouth/providers/Microsoft.Network/publicIPAddresses/FarmPublicIp-1",
            "idle_timeout_in_minutes": 4,
            "ip_address": "104.41.0.204",
            "ip_version": "IPv4",
            "location": "brazilsouth",
            "name": "FarmPublicIp-1",
            "public_ip_prefix_id": null,
            "resource_group_name": "testfarm-resourcesbrazilsouth",
            "reverse_fqdn": null,
            "sku": "Basic",
            "tags": {
              "environment": "farm"
            },
            "timeouts": null,
            "zones": []
          },
          "sensitive_attributes": [],
          "private": "eyJlMmJmYjczMC1lY2FhLTExZTYtOGY4OC0zNDM2M2JjN2M0YzAiOnsiY3JlYXRlIjoxODAwMDAwMDAwMDAwLCJkZWxldGUiOjE4MDAwMDAwMDAwMDAsInJlYWQiOjMwMDAwMDAwMDAwMCwidXBkYXRlIjoxODAwMDAwMDAwMDAwfX0=",
          "dependencies": [
            "module.farms.azurerm_resource_group.testfarm"
          ]
        },
        {
          "index_key": 2,
          "schema_version": 0,
          "attributes": {
            "allocation_method": "Dynamic",
            "domain_name_label": null,
            "fqdn": null,
            "id": "/subscriptions/cb6e76ee-ca24-47b5-aedb-b843871af8d1/resourceGroups/testfarm-resourcesbrazilsouth/providers/Microsoft.Network/publicIPAddresses/FarmPublicIp-2",
            "idle_timeout_in_minutes": 4,
            "ip_address": "20.195.186.205",
            "ip_version": "IPv4",
            "location": "brazilsouth",
            "name": "FarmPublicIp-2",
            "public_ip_prefix_id": null,
            "resource_group_name": "testfarm-resourcesbrazilsouth",
            "reverse_fqdn": null,
            "sku": "Basic",
            "tags": {
              "environment": "farm"
            },
            "timeouts": null,
            "zones": []
          },
          "sensitive_attributes": [],
          "private": "eyJlMmJmYjczMC1lY2FhLTExZTYtOGY4OC0zNDM2M2JjN2M0YzAiOnsiY3JlYXRlIjoxODAwMDAwMDAwMDAwLCJkZWxldGUiOjE4MDAwMDAwMDAwMDAsInJlYWQiOjMwMDAwMDAwMDAwMCwidXBkYXRlIjoxODAwMDAwMDAwMDAwfX0=",
          "dependencies": [
            "module.farms.azurerm_resource_group.testfarm"
          ]
        },
        {
          "index_key": 3,
          "schema_version": 0,
          "attributes": {
            "allocation_method": "Dynamic",
            "domain_name_label": null,
            "fqdn": null,
            "id": "/subscriptions/cb6e76ee-ca24-47b5-aedb-b843871af8d1/resourceGroups/testfarm-resourcesbrazilsouth/providers/Microsoft.Network/publicIPAddresses/FarmPublicIp-3",
            "idle_timeout_in_minutes": 4,
            "ip_address": "191.232.195.32",
            "ip_version": "IPv4",
            "location": "brazilsouth",
            "name": "FarmPublicIp-3",
            "public_ip_prefix_id": null,
            "resource_group_name": "testfarm-resourcesbrazilsouth",
            "reverse_fqdn": null,
            "sku": "Basic",
            "tags": {
              "environment": "farm"
            },
            "timeouts": null,
            "zones": []
          },
          "sensitive_attributes": [],
          "private": "eyJlMmJmYjczMC1lY2FhLTExZTYtOGY4OC0zNDM2M2JjN2M0YzAiOnsiY3JlYXRlIjoxODAwMDAwMDAwMDAwLCJkZWxldGUiOjE4MDAwMDAwMDAwMDAsInJlYWQiOjMwMDAwMDAwMDAwMCwidXBkYXRlIjoxODAwMDAwMDAwMDAwfX0=",
          "dependencies": [
            "module.farms.azurerm_resource_group.testfarm"
          ]
        },
        {
          "index_key": 4,
          "schema_version": 0,
          "attributes": {
            "allocation_method": "Dynamic",
            "domain_name_label": null,
            "fqdn": null,
            "id": "/subscriptions/cb6e76ee-ca24-47b5-aedb-b843871af8d1/resourceGroups/testfarm-resourcesbrazilsouth/providers/Microsoft.Network/publicIPAddresses/FarmPublicIp-4",
            "idle_timeout_in_minutes": 4,
            "ip_address": "20.195.186.133",
            "ip_version": "IPv4",
            "location": "brazilsouth",
            "name": "FarmPublicIp-4",
            "public_ip_prefix_id": null,
            "resource_group_name": "testfarm-resourcesbrazilsouth",
            "reverse_fqdn": null,
            "sku": "Basic",
            "tags": {
              "environment": "farm"
            },
            "timeouts": null,
            "zones": []
          },
          "sensitive_attributes": [],
          "private": "eyJlMmJmYjczMC1lY2FhLTExZTYtOGY4OC0zNDM2M2JjN2M0YzAiOnsiY3JlYXRlIjoxODAwMDAwMDAwMDAwLCJkZWxldGUiOjE4MDAwMDAwMDAwMDAsInJlYWQiOjMwMDAwMDAwMDAwMCwidXBkYXRlIjoxODAwMDAwMDAwMDAwfX0=",
          "dependencies": [
            "module.farms.azurerm_resource_group.testfarm"
          ]
        }
      ]
    },
    {
      "module": "module.farms[\"Brazil South\"]",
      "mode": "managed",
      "type": "azurerm_resource_group",
      "name": "testfarm",
      "provider": "provider[\"registry.terraform.io/hashicorp/azurerm\"]",
      "instances": [
        {
          "schema_version": 0,
          "attributes": {
            "id": "/subscriptions/cb6e76ee-ca24-47b5-aedb-b843871af8d1/resourceGroups/testfarm-resourcesbrazilsouth",
            "location": "brazilsouth",
            "name": "testfarm-resourcesbrazilsouth",
            "tags": {},
            "timeouts": null
          },
          "sensitive_attributes": [],
          "private": "eyJlMmJmYjczMC1lY2FhLTExZTYtOGY4OC0zNDM2M2JjN2M0YzAiOnsiY3JlYXRlIjo1NDAwMDAwMDAwMDAwLCJkZWxldGUiOjU0MDAwMDAwMDAwMDAsInJlYWQiOjMwMDAwMDAwMDAwMCwidXBkYXRlIjo1NDAwMDAwMDAwMDAwfX0="
        }
      ]
    },
    {
      "module": "module.farms[\"Brazil South\"]",
      "mode": "managed",
      "type": "azurerm_subnet",
      "name": "internal",
      "provider": "provider[\"registry.terraform.io/hashicorp/azurerm\"]",
      "instances": [
        {
          "schema_version": 0,
          "attributes": {
            "address_prefix": "10.0.2.0/24",
            "address_prefixes": [
              "10.0.2.0/24"
            ],
            "delegation": [],
            "enforce_private_link_endpoint_network_policies": false,
            "enforce_private_link_service_network_policies": false,
            "id": "/subscriptions/cb6e76ee-ca24-47b5-aedb-b843871af8d1/resourceGroups/testfarm-resourcesbrazilsouth/providers/Microsoft.Network/virtualNetworks/testfarm-network-brazilsouth/subnets/internal-brazilsouth",
            "name": "internal-brazilsouth",
            "resource_group_name": "testfarm-resourcesbrazilsouth",
            "service_endpoint_policy_ids": [],
            "service_endpoints": [],
            "timeouts": null,
            "virtual_network_name": "testfarm-network-brazilsouth"
          },
          "sensitive_attributes": [],
          "private": "eyJlMmJmYjczMC1lY2FhLTExZTYtOGY4OC0zNDM2M2JjN2M0YzAiOnsiY3JlYXRlIjoxODAwMDAwMDAwMDAwLCJkZWxldGUiOjE4MDAwMDAwMDAwMDAsInJlYWQiOjMwMDAwMDAwMDAwMCwidXBkYXRlIjoxODAwMDAwMDAwMDAwfX0=",
          "dependencies": [
            "module.farms.azurerm_resource_group.testfarm",
            "module.farms.azurerm_virtual_network.testfarm"
          ]
        }
      ]
    },
    {
      "module": "module.farms[\"Brazil South\"]",
      "mode": "managed",
      "type": "azurerm_virtual_network",
      "name": "testfarm",
      "provider": "provider[\"registry.terraform.io/hashicorp/azurerm\"]",
      "instances": [
        {
          "schema_version": 0,
          "attributes": {
            "address_space": [
              "10.0.0.0/16"
            ],
            "bgp_community": "",
            "ddos_protection_plan": [],
            "dns_servers": [],
            "guid": "d36ae405-dea8-4240-91f8-cfade3ce806d",
            "id": "/subscriptions/cb6e76ee-ca24-47b5-aedb-b843871af8d1/resourceGroups/testfarm-resourcesbrazilsouth/providers/Microsoft.Network/virtualNetworks/testfarm-network-brazilsouth",
            "location": "brazilsouth",
            "name": "testfarm-network-brazilsouth",
            "resource_group_name": "testfarm-resourcesbrazilsouth",
            "subnet": [
              {
                "address_prefix": "10.0.2.0/24",
                "id": "/subscriptions/cb6e76ee-ca24-47b5-aedb-b843871af8d1/resourceGroups/testfarm-resourcesbrazilsouth/providers/Microsoft.Network/virtualNetworks/testfarm-network-brazilsouth/subnets/internal-brazilsouth",
                "name": "internal-brazilsouth",
                "security_group": ""
              }
            ],
            "tags": {},
            "timeouts": null,
            "vm_protection_enabled": false
          },
          "sensitive_attributes": [],
          "private": "eyJlMmJmYjczMC1lY2FhLTExZTYtOGY4OC0zNDM2M2JjN2M0YzAiOnsiY3JlYXRlIjoxODAwMDAwMDAwMDAwLCJkZWxldGUiOjE4MDAwMDAwMDAwMDAsInJlYWQiOjMwMDAwMDAwMDAwMCwidXBkYXRlIjoxODAwMDAwMDAwMDAwfX0=",
          "dependencies": [
            "module.farms.azurerm_resource_group.testfarm"
          ]
        }
      ]
    },
    {
      "module": "module.farms[\"Canada Central\"]",
      "mode": "managed",
      "type": "azurerm_linux_virtual_machine",
      "name": "farm",
      "provider": "provider[\"registry.terraform.io/hashicorp/azurerm\"]",
      "instances": [
        {
          "index_key": 0,
          "schema_version": 0,
          "attributes": {
            "additional_capabilities": [],
            "admin_password": null,
            "admin_ssh_key": [
              {
                "public_key": "ssh-rsa AAAAB3NzaC1yc2EAAAADAQABAAABAQDIX3pqSVNa2cBOBTmKJTKBABquP5CJarL8sTiOGSDhK9rKTN3PplUX9HAMk2yu2CTr6xUHpB8cj/jSD60dLhcvSTHxOW4kMQmHONr4zhD55Th1zG115wpp+Jf0ZNN+L+zWKQVT2kKuWSVeb4Rd3ftVvrfgEg/jDd2BjAN6K6i5/tX21PbDhTuppgnP8c7Vo7cjc7ded2B8sSZkU4BepFely4Un9rvUZzfXiygQN78qtzNfwqV9WPT4T79r/2TvchLh/F2wSlH0aaUsqrlEz5uqpiKROchPOzqkic6ARki+vtBse4oDlyA1Kkt79+8RwVWA6tv7B1WWpXuGrZJ9eBhN root@28cc2261df86\n",
                "username": "adminuser"
              }
            ],
            "admin_username": "adminuser",
            "allow_extension_operations": true,
            "availability_set_id": "",
            "boot_diagnostics": [],
            "computer_name": "farm-0",
            "custom_data": null,
            "dedicated_host_id": "",
            "disable_password_authentication": true,
            "encryption_at_host_enabled": false,
            "eviction_policy": "",
            "extensions_time_budget": "PT1H30M",
            "id": "/subscriptions/cb6e76ee-ca24-47b5-aedb-b843871af8d1/resourceGroups/testfarm-resourcescanadacentral/providers/Microsoft.Compute/virtualMachines/farm-0",
            "identity": [],
            "location": "canadacentral",
            "max_bid_price": -1,
            "name": "farm-0",
            "network_interface_ids": [
              "/subscriptions/cb6e76ee-ca24-47b5-aedb-b843871af8d1/resourceGroups/testfarm-resourcescanadacentral/providers/Microsoft.Network/networkInterfaces/testfarm-nic-0"
            ],
            "os_disk": [
              {
                "caching": "ReadWrite",
                "diff_disk_settings": [],
                "disk_encryption_set_id": "",
                "disk_size_gb": 30,
                "name": "farm-0_OsDisk_1_9fe3e5d7978c44b6978d4c6fabee5684",
                "storage_account_type": "Standard_LRS",
                "write_accelerator_enabled": false
              }
            ],
            "plan": [],
            "priority": "Regular",
            "private_ip_address": "10.0.2.4",
            "private_ip_addresses": [
              "10.0.2.4"
            ],
            "provision_vm_agent": true,
            "proximity_placement_group_id": "",
            "public_ip_address": "52.138.36.16",
            "public_ip_addresses": [
              "52.138.36.16"
            ],
            "resource_group_name": "testfarm-resourcescanadacentral",
            "secret": [],
            "size": "Standard_D2s_v3",
            "source_image_id": "",
            "source_image_reference": [
              {
                "offer": "UbuntuServer",
                "publisher": "Canonical",
                "sku": "18.04-LTS",
                "version": "latest"
              }
            ],
            "tags": {},
            "timeouts": null,
            "virtual_machine_id": "e63e9977-6a74-41ff-94c3-e420efad0ea9",
            "virtual_machine_scale_set_id": "",
            "zone": ""
          },
          "sensitive_attributes": [],
          "private": "eyJlMmJmYjczMC1lY2FhLTExZTYtOGY4OC0zNDM2M2JjN2M0YzAiOnsiY3JlYXRlIjoyNzAwMDAwMDAwMDAwLCJkZWxldGUiOjI3MDAwMDAwMDAwMDAsInJlYWQiOjMwMDAwMDAwMDAwMCwidXBkYXRlIjoyNzAwMDAwMDAwMDAwfX0=",
          "dependencies": [
            "module.farms.azurerm_network_interface.farm",
            "module.farms.azurerm_public_ip.farm_publicip",
            "module.farms.azurerm_resource_group.testfarm",
            "module.farms.azurerm_subnet.internal",
            "module.farms.azurerm_virtual_network.testfarm"
          ]
        },
        {
          "index_key": 1,
          "schema_version": 0,
          "attributes": {
            "additional_capabilities": [],
            "admin_password": null,
            "admin_ssh_key": [
              {
                "public_key": "ssh-rsa AAAAB3NzaC1yc2EAAAADAQABAAABAQDIX3pqSVNa2cBOBTmKJTKBABquP5CJarL8sTiOGSDhK9rKTN3PplUX9HAMk2yu2CTr6xUHpB8cj/jSD60dLhcvSTHxOW4kMQmHONr4zhD55Th1zG115wpp+Jf0ZNN+L+zWKQVT2kKuWSVeb4Rd3ftVvrfgEg/jDd2BjAN6K6i5/tX21PbDhTuppgnP8c7Vo7cjc7ded2B8sSZkU4BepFely4Un9rvUZzfXiygQN78qtzNfwqV9WPT4T79r/2TvchLh/F2wSlH0aaUsqrlEz5uqpiKROchPOzqkic6ARki+vtBse4oDlyA1Kkt79+8RwVWA6tv7B1WWpXuGrZJ9eBhN root@28cc2261df86\n",
                "username": "adminuser"
              }
            ],
            "admin_username": "adminuser",
            "allow_extension_operations": true,
            "availability_set_id": "",
            "boot_diagnostics": [],
            "computer_name": "farm-1",
            "custom_data": null,
            "dedicated_host_id": "",
            "disable_password_authentication": true,
            "encryption_at_host_enabled": false,
            "eviction_policy": "",
            "extensions_time_budget": "PT1H30M",
            "id": "/subscriptions/cb6e76ee-ca24-47b5-aedb-b843871af8d1/resourceGroups/testfarm-resourcescanadacentral/providers/Microsoft.Compute/virtualMachines/farm-1",
            "identity": [],
            "location": "canadacentral",
            "max_bid_price": -1,
            "name": "farm-1",
            "network_interface_ids": [
              "/subscriptions/cb6e76ee-ca24-47b5-aedb-b843871af8d1/resourceGroups/testfarm-resourcescanadacentral/providers/Microsoft.Network/networkInterfaces/testfarm-nic-1"
            ],
            "os_disk": [
              {
                "caching": "ReadWrite",
                "diff_disk_settings": [],
                "disk_encryption_set_id": "",
                "disk_size_gb": 30,
                "name": "farm-1_OsDisk_1_42ee32947e5e45918177aab82d8e1ac4",
                "storage_account_type": "Standard_LRS",
                "write_accelerator_enabled": false
              }
            ],
            "plan": [],
            "priority": "Regular",
            "private_ip_address": "10.0.2.5",
            "private_ip_addresses": [
              "10.0.2.5"
            ],
            "provision_vm_agent": true,
            "proximity_placement_group_id": "",
            "public_ip_address": "52.138.36.17",
            "public_ip_addresses": [
              "52.138.36.17"
            ],
            "resource_group_name": "testfarm-resourcescanadacentral",
            "secret": [],
            "size": "Standard_D2s_v3",
            "source_image_id": "",
            "source_image_reference": [
              {
                "offer": "UbuntuServer",
                "publisher": "Canonical",
                "sku": "18.04-LTS",
                "version": "latest"
              }
            ],
            "tags": {},
            "timeouts": null,
            "virtual_machine_id": "1e756099-ce16-4647-9abb-30caf14d0cd3",
            "virtual_machine_scale_set_id": "",
            "zone": ""
          },
          "sensitive_attributes": [],
          "private": "eyJlMmJmYjczMC1lY2FhLTExZTYtOGY4OC0zNDM2M2JjN2M0YzAiOnsiY3JlYXRlIjoyNzAwMDAwMDAwMDAwLCJkZWxldGUiOjI3MDAwMDAwMDAwMDAsInJlYWQiOjMwMDAwMDAwMDAwMCwidXBkYXRlIjoyNzAwMDAwMDAwMDAwfX0=",
          "dependencies": [
            "module.farms.azurerm_network_interface.farm",
            "module.farms.azurerm_public_ip.farm_publicip",
            "module.farms.azurerm_resource_group.testfarm",
            "module.farms.azurerm_subnet.internal",
            "module.farms.azurerm_virtual_network.testfarm"
          ]
        },
        {
          "index_key": 2,
          "schema_version": 0,
          "attributes": {
            "additional_capabilities": [],
            "admin_password": null,
            "admin_ssh_key": [
              {
                "public_key": "ssh-rsa AAAAB3NzaC1yc2EAAAADAQABAAABAQDIX3pqSVNa2cBOBTmKJTKBABquP5CJarL8sTiOGSDhK9rKTN3PplUX9HAMk2yu2CTr6xUHpB8cj/jSD60dLhcvSTHxOW4kMQmHONr4zhD55Th1zG115wpp+Jf0ZNN+L+zWKQVT2kKuWSVeb4Rd3ftVvrfgEg/jDd2BjAN6K6i5/tX21PbDhTuppgnP8c7Vo7cjc7ded2B8sSZkU4BepFely4Un9rvUZzfXiygQN78qtzNfwqV9WPT4T79r/2TvchLh/F2wSlH0aaUsqrlEz5uqpiKROchPOzqkic6ARki+vtBse4oDlyA1Kkt79+8RwVWA6tv7B1WWpXuGrZJ9eBhN root@28cc2261df86\n",
                "username": "adminuser"
              }
            ],
            "admin_username": "adminuser",
            "allow_extension_operations": true,
            "availability_set_id": "",
            "boot_diagnostics": [],
            "computer_name": "farm-2",
            "custom_data": null,
            "dedicated_host_id": "",
            "disable_password_authentication": true,
            "encryption_at_host_enabled": false,
            "eviction_policy": "",
            "extensions_time_budget": "PT1H30M",
            "id": "/subscriptions/cb6e76ee-ca24-47b5-aedb-b843871af8d1/resourceGroups/testfarm-resourcescanadacentral/providers/Microsoft.Compute/virtualMachines/farm-2",
            "identity": [],
            "location": "canadacentral",
            "max_bid_price": -1,
            "name": "farm-2",
            "network_interface_ids": [
              "/subscriptions/cb6e76ee-ca24-47b5-aedb-b843871af8d1/resourceGroups/testfarm-resourcescanadacentral/providers/Microsoft.Network/networkInterfaces/testfarm-nic-2"
            ],
            "os_disk": [
              {
                "caching": "ReadWrite",
                "diff_disk_settings": [],
                "disk_encryption_set_id": "",
                "disk_size_gb": 30,
                "name": "farm-2_OsDisk_1_9b00ceec55c94b809c8c2c4f2afe2f09",
                "storage_account_type": "Standard_LRS",
                "write_accelerator_enabled": false
              }
            ],
            "plan": [],
            "priority": "Regular",
            "private_ip_address": "10.0.2.8",
            "private_ip_addresses": [
              "10.0.2.8"
            ],
            "provision_vm_agent": true,
            "proximity_placement_group_id": "",
            "public_ip_address": "52.228.43.40",
            "public_ip_addresses": [
              "52.228.43.40"
            ],
            "resource_group_name": "testfarm-resourcescanadacentral",
            "secret": [],
            "size": "Standard_D2s_v3",
            "source_image_id": "",
            "source_image_reference": [
              {
                "offer": "UbuntuServer",
                "publisher": "Canonical",
                "sku": "18.04-LTS",
                "version": "latest"
              }
            ],
            "tags": {},
            "timeouts": null,
            "virtual_machine_id": "2c074312-43e8-41f1-8d39-d7b0f8c8d015",
            "virtual_machine_scale_set_id": "",
            "zone": ""
          },
          "sensitive_attributes": [],
          "private": "eyJlMmJmYjczMC1lY2FhLTExZTYtOGY4OC0zNDM2M2JjN2M0YzAiOnsiY3JlYXRlIjoyNzAwMDAwMDAwMDAwLCJkZWxldGUiOjI3MDAwMDAwMDAwMDAsInJlYWQiOjMwMDAwMDAwMDAwMCwidXBkYXRlIjoyNzAwMDAwMDAwMDAwfX0=",
          "dependencies": [
            "module.farms.azurerm_network_interface.farm",
            "module.farms.azurerm_public_ip.farm_publicip",
            "module.farms.azurerm_resource_group.testfarm",
            "module.farms.azurerm_subnet.internal",
            "module.farms.azurerm_virtual_network.testfarm"
          ]
        },
        {
          "index_key": 3,
          "schema_version": 0,
          "attributes": {
            "additional_capabilities": [],
            "admin_password": null,
            "admin_ssh_key": [
              {
                "public_key": "ssh-rsa AAAAB3NzaC1yc2EAAAADAQABAAABAQDIX3pqSVNa2cBOBTmKJTKBABquP5CJarL8sTiOGSDhK9rKTN3PplUX9HAMk2yu2CTr6xUHpB8cj/jSD60dLhcvSTHxOW4kMQmHONr4zhD55Th1zG115wpp+Jf0ZNN+L+zWKQVT2kKuWSVeb4Rd3ftVvrfgEg/jDd2BjAN6K6i5/tX21PbDhTuppgnP8c7Vo7cjc7ded2B8sSZkU4BepFely4Un9rvUZzfXiygQN78qtzNfwqV9WPT4T79r/2TvchLh/F2wSlH0aaUsqrlEz5uqpiKROchPOzqkic6ARki+vtBse4oDlyA1Kkt79+8RwVWA6tv7B1WWpXuGrZJ9eBhN root@28cc2261df86\n",
                "username": "adminuser"
              }
            ],
            "admin_username": "adminuser",
            "allow_extension_operations": true,
            "availability_set_id": "",
            "boot_diagnostics": [],
            "computer_name": "farm-3",
            "custom_data": null,
            "dedicated_host_id": "",
            "disable_password_authentication": true,
            "encryption_at_host_enabled": false,
            "eviction_policy": "",
            "extensions_time_budget": "PT1H30M",
            "id": "/subscriptions/cb6e76ee-ca24-47b5-aedb-b843871af8d1/resourceGroups/testfarm-resourcescanadacentral/providers/Microsoft.Compute/virtualMachines/farm-3",
            "identity": [],
            "location": "canadacentral",
            "max_bid_price": -1,
            "name": "farm-3",
            "network_interface_ids": [
              "/subscriptions/cb6e76ee-ca24-47b5-aedb-b843871af8d1/resourceGroups/testfarm-resourcescanadacentral/providers/Microsoft.Network/networkInterfaces/testfarm-nic-3"
            ],
            "os_disk": [
              {
                "caching": "ReadWrite",
                "diff_disk_settings": [],
                "disk_encryption_set_id": "",
                "disk_size_gb": 30,
                "name": "farm-3_OsDisk_1_aa65ddc0f092459bb32a6aad7477877c",
                "storage_account_type": "Standard_LRS",
                "write_accelerator_enabled": false
              }
            ],
            "plan": [],
            "priority": "Regular",
            "private_ip_address": "10.0.2.6",
            "private_ip_addresses": [
              "10.0.2.6"
            ],
            "provision_vm_agent": true,
            "proximity_placement_group_id": "",
            "public_ip_address": "52.228.43.30",
            "public_ip_addresses": [
              "52.228.43.30"
            ],
            "resource_group_name": "testfarm-resourcescanadacentral",
            "secret": [],
            "size": "Standard_D2s_v3",
            "source_image_id": "",
            "source_image_reference": [
              {
                "offer": "UbuntuServer",
                "publisher": "Canonical",
                "sku": "18.04-LTS",
                "version": "latest"
              }
            ],
            "tags": {},
            "timeouts": null,
            "virtual_machine_id": "d6fe05a1-c6ac-45be-a300-b9a460dae015",
            "virtual_machine_scale_set_id": "",
            "zone": ""
          },
          "sensitive_attributes": [],
          "private": "eyJlMmJmYjczMC1lY2FhLTExZTYtOGY4OC0zNDM2M2JjN2M0YzAiOnsiY3JlYXRlIjoyNzAwMDAwMDAwMDAwLCJkZWxldGUiOjI3MDAwMDAwMDAwMDAsInJlYWQiOjMwMDAwMDAwMDAwMCwidXBkYXRlIjoyNzAwMDAwMDAwMDAwfX0=",
          "dependencies": [
            "module.farms.azurerm_network_interface.farm",
            "module.farms.azurerm_public_ip.farm_publicip",
            "module.farms.azurerm_resource_group.testfarm",
            "module.farms.azurerm_subnet.internal",
            "module.farms.azurerm_virtual_network.testfarm"
          ]
        },
        {
          "index_key": 4,
          "schema_version": 0,
          "attributes": {
            "additional_capabilities": [],
            "admin_password": null,
            "admin_ssh_key": [
              {
                "public_key": "ssh-rsa AAAAB3NzaC1yc2EAAAADAQABAAABAQDIX3pqSVNa2cBOBTmKJTKBABquP5CJarL8sTiOGSDhK9rKTN3PplUX9HAMk2yu2CTr6xUHpB8cj/jSD60dLhcvSTHxOW4kMQmHONr4zhD55Th1zG115wpp+Jf0ZNN+L+zWKQVT2kKuWSVeb4Rd3ftVvrfgEg/jDd2BjAN6K6i5/tX21PbDhTuppgnP8c7Vo7cjc7ded2B8sSZkU4BepFely4Un9rvUZzfXiygQN78qtzNfwqV9WPT4T79r/2TvchLh/F2wSlH0aaUsqrlEz5uqpiKROchPOzqkic6ARki+vtBse4oDlyA1Kkt79+8RwVWA6tv7B1WWpXuGrZJ9eBhN root@28cc2261df86\n",
                "username": "adminuser"
              }
            ],
            "admin_username": "adminuser",
            "allow_extension_operations": true,
            "availability_set_id": "",
            "boot_diagnostics": [],
            "computer_name": "farm-4",
            "custom_data": null,
            "dedicated_host_id": "",
            "disable_password_authentication": true,
            "encryption_at_host_enabled": false,
            "eviction_policy": "",
            "extensions_time_budget": "PT1H30M",
            "id": "/subscriptions/cb6e76ee-ca24-47b5-aedb-b843871af8d1/resourceGroups/testfarm-resourcescanadacentral/providers/Microsoft.Compute/virtualMachines/farm-4",
            "identity": [],
            "location": "canadacentral",
            "max_bid_price": -1,
            "name": "farm-4",
            "network_interface_ids": [
              "/subscriptions/cb6e76ee-ca24-47b5-aedb-b843871af8d1/resourceGroups/testfarm-resourcescanadacentral/providers/Microsoft.Network/networkInterfaces/testfarm-nic-4"
            ],
            "os_disk": [
              {
                "caching": "ReadWrite",
                "diff_disk_settings": [],
                "disk_encryption_set_id": "",
                "disk_size_gb": 30,
                "name": "farm-4_OsDisk_1_63feae10719c4cf788cbe7d27d2552bb",
                "storage_account_type": "Standard_LRS",
                "write_accelerator_enabled": false
              }
            ],
            "plan": [],
            "priority": "Regular",
            "private_ip_address": "10.0.2.7",
            "private_ip_addresses": [
              "10.0.2.7"
            ],
            "provision_vm_agent": true,
            "proximity_placement_group_id": "",
            "public_ip_address": "52.228.47.37",
            "public_ip_addresses": [
              "52.228.47.37"
            ],
            "resource_group_name": "testfarm-resourcescanadacentral",
            "secret": [],
            "size": "Standard_D2s_v3",
            "source_image_id": "",
            "source_image_reference": [
              {
                "offer": "UbuntuServer",
                "publisher": "Canonical",
                "sku": "18.04-LTS",
                "version": "latest"
              }
            ],
            "tags": {},
            "timeouts": null,
            "virtual_machine_id": "81ee26a6-454a-49f6-bf53-b2e4b46fc740",
            "virtual_machine_scale_set_id": "",
            "zone": ""
          },
          "sensitive_attributes": [],
          "private": "eyJlMmJmYjczMC1lY2FhLTExZTYtOGY4OC0zNDM2M2JjN2M0YzAiOnsiY3JlYXRlIjoyNzAwMDAwMDAwMDAwLCJkZWxldGUiOjI3MDAwMDAwMDAwMDAsInJlYWQiOjMwMDAwMDAwMDAwMCwidXBkYXRlIjoyNzAwMDAwMDAwMDAwfX0=",
          "dependencies": [
            "module.farms.azurerm_network_interface.farm",
            "module.farms.azurerm_public_ip.farm_publicip",
            "module.farms.azurerm_resource_group.testfarm",
            "module.farms.azurerm_subnet.internal",
            "module.farms.azurerm_virtual_network.testfarm"
          ]
        }
      ]
    },
    {
      "module": "module.farms[\"Canada Central\"]",
      "mode": "managed",
      "type": "azurerm_network_interface",
      "name": "farm",
      "provider": "provider[\"registry.terraform.io/hashicorp/azurerm\"]",
      "instances": [
        {
          "index_key": 0,
          "schema_version": 0,
          "attributes": {
            "applied_dns_servers": [],
            "dns_servers": [],
            "enable_accelerated_networking": false,
            "enable_ip_forwarding": false,
            "id": "/subscriptions/cb6e76ee-ca24-47b5-aedb-b843871af8d1/resourceGroups/testfarm-resourcescanadacentral/providers/Microsoft.Network/networkInterfaces/testfarm-nic-0",
            "internal_dns_name_label": "",
            "internal_domain_name_suffix": "0qjlyywqvvke1bqovjvgdmuiif.ux.internal.cloudapp.net",
            "ip_configuration": [
              {
                "name": "testconfiguration1",
                "primary": true,
                "private_ip_address": "10.0.2.4",
                "private_ip_address_allocation": "Dynamic",
                "private_ip_address_version": "IPv4",
                "public_ip_address_id": "/subscriptions/cb6e76ee-ca24-47b5-aedb-b843871af8d1/resourceGroups/testfarm-resourcescanadacentral/providers/Microsoft.Network/publicIPAddresses/FarmPublicIp-0",
                "subnet_id": "/subscriptions/cb6e76ee-ca24-47b5-aedb-b843871af8d1/resourceGroups/testfarm-resourcescanadacentral/providers/Microsoft.Network/virtualNetworks/testfarm-network-canadacentral/subnets/internal-canadacentral"
              }
            ],
            "location": "canadacentral",
            "mac_address": "00-0D-3A-84-20-BA",
            "name": "testfarm-nic-0",
            "private_ip_address": "10.0.2.4",
            "private_ip_addresses": [
              "10.0.2.4"
            ],
            "resource_group_name": "testfarm-resourcescanadacentral",
            "tags": {},
            "timeouts": null,
            "virtual_machine_id": "/subscriptions/cb6e76ee-ca24-47b5-aedb-b843871af8d1/resourceGroups/testfarm-resourcescanadacentral/providers/Microsoft.Compute/virtualMachines/farm-0"
          },
          "sensitive_attributes": [],
          "private": "eyJlMmJmYjczMC1lY2FhLTExZTYtOGY4OC0zNDM2M2JjN2M0YzAiOnsiY3JlYXRlIjoxODAwMDAwMDAwMDAwLCJkZWxldGUiOjE4MDAwMDAwMDAwMDAsInJlYWQiOjMwMDAwMDAwMDAwMCwidXBkYXRlIjoxODAwMDAwMDAwMDAwfX0=",
          "dependencies": [
            "module.farms.azurerm_public_ip.farm_publicip",
            "module.farms.azurerm_resource_group.testfarm",
            "module.farms.azurerm_subnet.internal",
            "module.farms.azurerm_virtual_network.testfarm"
          ]
        },
        {
          "index_key": 1,
          "schema_version": 0,
          "attributes": {
            "applied_dns_servers": [],
            "dns_servers": [],
            "enable_accelerated_networking": false,
            "enable_ip_forwarding": false,
            "id": "/subscriptions/cb6e76ee-ca24-47b5-aedb-b843871af8d1/resourceGroups/testfarm-resourcescanadacentral/providers/Microsoft.Network/networkInterfaces/testfarm-nic-1",
            "internal_dns_name_label": "",
            "internal_domain_name_suffix": "0qjlyywqvvke1bqovjvgdmuiif.ux.internal.cloudapp.net",
            "ip_configuration": [
              {
                "name": "testconfiguration1",
                "primary": true,
                "private_ip_address": "10.0.2.5",
                "private_ip_address_allocation": "Dynamic",
                "private_ip_address_version": "IPv4",
                "public_ip_address_id": "/subscriptions/cb6e76ee-ca24-47b5-aedb-b843871af8d1/resourceGroups/testfarm-resourcescanadacentral/providers/Microsoft.Network/publicIPAddresses/FarmPublicIp-1",
                "subnet_id": "/subscriptions/cb6e76ee-ca24-47b5-aedb-b843871af8d1/resourceGroups/testfarm-resourcescanadacentral/providers/Microsoft.Network/virtualNetworks/testfarm-network-canadacentral/subnets/internal-canadacentral"
              }
            ],
            "location": "canadacentral",
            "mac_address": "00-0D-3A-84-22-BF",
            "name": "testfarm-nic-1",
            "private_ip_address": "10.0.2.5",
            "private_ip_addresses": [
              "10.0.2.5"
            ],
            "resource_group_name": "testfarm-resourcescanadacentral",
            "tags": {},
            "timeouts": null,
            "virtual_machine_id": "/subscriptions/cb6e76ee-ca24-47b5-aedb-b843871af8d1/resourceGroups/testfarm-resourcescanadacentral/providers/Microsoft.Compute/virtualMachines/farm-1"
          },
          "sensitive_attributes": [],
          "private": "eyJlMmJmYjczMC1lY2FhLTExZTYtOGY4OC0zNDM2M2JjN2M0YzAiOnsiY3JlYXRlIjoxODAwMDAwMDAwMDAwLCJkZWxldGUiOjE4MDAwMDAwMDAwMDAsInJlYWQiOjMwMDAwMDAwMDAwMCwidXBkYXRlIjoxODAwMDAwMDAwMDAwfX0=",
          "dependencies": [
            "module.farms.azurerm_public_ip.farm_publicip",
            "module.farms.azurerm_resource_group.testfarm",
            "module.farms.azurerm_subnet.internal",
            "module.farms.azurerm_virtual_network.testfarm"
          ]
        },
        {
          "index_key": 2,
          "schema_version": 0,
          "attributes": {
            "applied_dns_servers": [],
            "dns_servers": [],
            "enable_accelerated_networking": false,
            "enable_ip_forwarding": false,
            "id": "/subscriptions/cb6e76ee-ca24-47b5-aedb-b843871af8d1/resourceGroups/testfarm-resourcescanadacentral/providers/Microsoft.Network/networkInterfaces/testfarm-nic-2",
            "internal_dns_name_label": "",
            "internal_domain_name_suffix": "0qjlyywqvvke1bqovjvgdmuiif.ux.internal.cloudapp.net",
            "ip_configuration": [
              {
                "name": "testconfiguration1",
                "primary": true,
                "private_ip_address": "10.0.2.8",
                "private_ip_address_allocation": "Dynamic",
                "private_ip_address_version": "IPv4",
                "public_ip_address_id": "/subscriptions/cb6e76ee-ca24-47b5-aedb-b843871af8d1/resourceGroups/testfarm-resourcescanadacentral/providers/Microsoft.Network/publicIPAddresses/FarmPublicIp-2",
                "subnet_id": "/subscriptions/cb6e76ee-ca24-47b5-aedb-b843871af8d1/resourceGroups/testfarm-resourcescanadacentral/providers/Microsoft.Network/virtualNetworks/testfarm-network-canadacentral/subnets/internal-canadacentral"
              }
            ],
            "location": "canadacentral",
            "mac_address": "00-0D-3A-84-FB-03",
            "name": "testfarm-nic-2",
            "private_ip_address": "10.0.2.8",
            "private_ip_addresses": [
              "10.0.2.8"
            ],
            "resource_group_name": "testfarm-resourcescanadacentral",
            "tags": {},
            "timeouts": null,
            "virtual_machine_id": "/subscriptions/cb6e76ee-ca24-47b5-aedb-b843871af8d1/resourceGroups/testfarm-resourcescanadacentral/providers/Microsoft.Compute/virtualMachines/farm-2"
          },
          "sensitive_attributes": [],
          "private": "eyJlMmJmYjczMC1lY2FhLTExZTYtOGY4OC0zNDM2M2JjN2M0YzAiOnsiY3JlYXRlIjoxODAwMDAwMDAwMDAwLCJkZWxldGUiOjE4MDAwMDAwMDAwMDAsInJlYWQiOjMwMDAwMDAwMDAwMCwidXBkYXRlIjoxODAwMDAwMDAwMDAwfX0=",
          "dependencies": [
            "module.farms.azurerm_public_ip.farm_publicip",
            "module.farms.azurerm_resource_group.testfarm",
            "module.farms.azurerm_subnet.internal",
            "module.farms.azurerm_virtual_network.testfarm"
          ]
        },
        {
          "index_key": 3,
          "schema_version": 0,
          "attributes": {
            "applied_dns_servers": [],
            "dns_servers": [],
            "enable_accelerated_networking": false,
            "enable_ip_forwarding": false,
            "id": "/subscriptions/cb6e76ee-ca24-47b5-aedb-b843871af8d1/resourceGroups/testfarm-resourcescanadacentral/providers/Microsoft.Network/networkInterfaces/testfarm-nic-3",
            "internal_dns_name_label": "",
            "internal_domain_name_suffix": "0qjlyywqvvke1bqovjvgdmuiif.ux.internal.cloudapp.net",
            "ip_configuration": [
              {
                "name": "testconfiguration1",
                "primary": true,
                "private_ip_address": "10.0.2.6",
                "private_ip_address_allocation": "Dynamic",
                "private_ip_address_version": "IPv4",
                "public_ip_address_id": "/subscriptions/cb6e76ee-ca24-47b5-aedb-b843871af8d1/resourceGroups/testfarm-resourcescanadacentral/providers/Microsoft.Network/publicIPAddresses/FarmPublicIp-3",
                "subnet_id": "/subscriptions/cb6e76ee-ca24-47b5-aedb-b843871af8d1/resourceGroups/testfarm-resourcescanadacentral/providers/Microsoft.Network/virtualNetworks/testfarm-network-canadacentral/subnets/internal-canadacentral"
              }
            ],
            "location": "canadacentral",
            "mac_address": "00-0D-3A-84-F3-2B",
            "name": "testfarm-nic-3",
            "private_ip_address": "10.0.2.6",
            "private_ip_addresses": [
              "10.0.2.6"
            ],
            "resource_group_name": "testfarm-resourcescanadacentral",
            "tags": {},
            "timeouts": null,
            "virtual_machine_id": "/subscriptions/cb6e76ee-ca24-47b5-aedb-b843871af8d1/resourceGroups/testfarm-resourcescanadacentral/providers/Microsoft.Compute/virtualMachines/farm-3"
          },
          "sensitive_attributes": [],
          "private": "eyJlMmJmYjczMC1lY2FhLTExZTYtOGY4OC0zNDM2M2JjN2M0YzAiOnsiY3JlYXRlIjoxODAwMDAwMDAwMDAwLCJkZWxldGUiOjE4MDAwMDAwMDAwMDAsInJlYWQiOjMwMDAwMDAwMDAwMCwidXBkYXRlIjoxODAwMDAwMDAwMDAwfX0=",
          "dependencies": [
            "module.farms.azurerm_public_ip.farm_publicip",
            "module.farms.azurerm_resource_group.testfarm",
            "module.farms.azurerm_subnet.internal",
            "module.farms.azurerm_virtual_network.testfarm"
          ]
        },
        {
          "index_key": 4,
          "schema_version": 0,
          "attributes": {
            "applied_dns_servers": [],
            "dns_servers": [],
            "enable_accelerated_networking": false,
            "enable_ip_forwarding": false,
            "id": "/subscriptions/cb6e76ee-ca24-47b5-aedb-b843871af8d1/resourceGroups/testfarm-resourcescanadacentral/providers/Microsoft.Network/networkInterfaces/testfarm-nic-4",
            "internal_dns_name_label": "",
            "internal_domain_name_suffix": "0qjlyywqvvke1bqovjvgdmuiif.ux.internal.cloudapp.net",
            "ip_configuration": [
              {
                "name": "testconfiguration1",
                "primary": true,
                "private_ip_address": "10.0.2.7",
                "private_ip_address_allocation": "Dynamic",
                "private_ip_address_version": "IPv4",
                "public_ip_address_id": "/subscriptions/cb6e76ee-ca24-47b5-aedb-b843871af8d1/resourceGroups/testfarm-resourcescanadacentral/providers/Microsoft.Network/publicIPAddresses/FarmPublicIp-4",
                "subnet_id": "/subscriptions/cb6e76ee-ca24-47b5-aedb-b843871af8d1/resourceGroups/testfarm-resourcescanadacentral/providers/Microsoft.Network/virtualNetworks/testfarm-network-canadacentral/subnets/internal-canadacentral"
              }
            ],
            "location": "canadacentral",
            "mac_address": "00-0D-3A-84-C8-18",
            "name": "testfarm-nic-4",
            "private_ip_address": "10.0.2.7",
            "private_ip_addresses": [
              "10.0.2.7"
            ],
            "resource_group_name": "testfarm-resourcescanadacentral",
            "tags": {},
            "timeouts": null,
            "virtual_machine_id": "/subscriptions/cb6e76ee-ca24-47b5-aedb-b843871af8d1/resourceGroups/testfarm-resourcescanadacentral/providers/Microsoft.Compute/virtualMachines/farm-4"
          },
          "sensitive_attributes": [],
          "private": "eyJlMmJmYjczMC1lY2FhLTExZTYtOGY4OC0zNDM2M2JjN2M0YzAiOnsiY3JlYXRlIjoxODAwMDAwMDAwMDAwLCJkZWxldGUiOjE4MDAwMDAwMDAwMDAsInJlYWQiOjMwMDAwMDAwMDAwMCwidXBkYXRlIjoxODAwMDAwMDAwMDAwfX0=",
          "dependencies": [
            "module.farms.azurerm_public_ip.farm_publicip",
            "module.farms.azurerm_resource_group.testfarm",
            "module.farms.azurerm_subnet.internal",
            "module.farms.azurerm_virtual_network.testfarm"
          ]
        }
      ]
    },
    {
      "module": "module.farms[\"Canada Central\"]",
      "mode": "managed",
      "type": "azurerm_public_ip",
      "name": "farm_publicip",
      "provider": "provider[\"registry.terraform.io/hashicorp/azurerm\"]",
      "instances": [
        {
          "index_key": 0,
          "schema_version": 0,
          "attributes": {
            "allocation_method": "Dynamic",
            "domain_name_label": null,
            "fqdn": null,
            "id": "/subscriptions/cb6e76ee-ca24-47b5-aedb-b843871af8d1/resourceGroups/testfarm-resourcescanadacentral/providers/Microsoft.Network/publicIPAddresses/FarmPublicIp-0",
            "idle_timeout_in_minutes": 4,
            "ip_address": "52.138.36.16",
            "ip_version": "IPv4",
            "location": "canadacentral",
            "name": "FarmPublicIp-0",
            "public_ip_prefix_id": null,
            "resource_group_name": "testfarm-resourcescanadacentral",
            "reverse_fqdn": null,
            "sku": "Basic",
            "tags": {
              "environment": "farm"
            },
            "timeouts": null,
            "zones": []
          },
          "sensitive_attributes": [],
          "private": "eyJlMmJmYjczMC1lY2FhLTExZTYtOGY4OC0zNDM2M2JjN2M0YzAiOnsiY3JlYXRlIjoxODAwMDAwMDAwMDAwLCJkZWxldGUiOjE4MDAwMDAwMDAwMDAsInJlYWQiOjMwMDAwMDAwMDAwMCwidXBkYXRlIjoxODAwMDAwMDAwMDAwfX0=",
          "dependencies": [
            "module.farms.azurerm_resource_group.testfarm"
          ]
        },
        {
          "index_key": 1,
          "schema_version": 0,
          "attributes": {
            "allocation_method": "Dynamic",
            "domain_name_label": null,
            "fqdn": null,
            "id": "/subscriptions/cb6e76ee-ca24-47b5-aedb-b843871af8d1/resourceGroups/testfarm-resourcescanadacentral/providers/Microsoft.Network/publicIPAddresses/FarmPublicIp-1",
            "idle_timeout_in_minutes": 4,
            "ip_address": "52.138.36.17",
            "ip_version": "IPv4",
            "location": "canadacentral",
            "name": "FarmPublicIp-1",
            "public_ip_prefix_id": null,
            "resource_group_name": "testfarm-resourcescanadacentral",
            "reverse_fqdn": null,
            "sku": "Basic",
            "tags": {
              "environment": "farm"
            },
            "timeouts": null,
            "zones": []
          },
          "sensitive_attributes": [],
          "private": "eyJlMmJmYjczMC1lY2FhLTExZTYtOGY4OC0zNDM2M2JjN2M0YzAiOnsiY3JlYXRlIjoxODAwMDAwMDAwMDAwLCJkZWxldGUiOjE4MDAwMDAwMDAwMDAsInJlYWQiOjMwMDAwMDAwMDAwMCwidXBkYXRlIjoxODAwMDAwMDAwMDAwfX0=",
          "dependencies": [
            "module.farms.azurerm_resource_group.testfarm"
          ]
        },
        {
          "index_key": 2,
          "schema_version": 0,
          "attributes": {
            "allocation_method": "Dynamic",
            "domain_name_label": null,
            "fqdn": null,
            "id": "/subscriptions/cb6e76ee-ca24-47b5-aedb-b843871af8d1/resourceGroups/testfarm-resourcescanadacentral/providers/Microsoft.Network/publicIPAddresses/FarmPublicIp-2",
            "idle_timeout_in_minutes": 4,
            "ip_address": "52.228.43.40",
            "ip_version": "IPv4",
            "location": "canadacentral",
            "name": "FarmPublicIp-2",
            "public_ip_prefix_id": null,
            "resource_group_name": "testfarm-resourcescanadacentral",
            "reverse_fqdn": null,
            "sku": "Basic",
            "tags": {
              "environment": "farm"
            },
            "timeouts": null,
            "zones": []
          },
          "sensitive_attributes": [],
          "private": "eyJlMmJmYjczMC1lY2FhLTExZTYtOGY4OC0zNDM2M2JjN2M0YzAiOnsiY3JlYXRlIjoxODAwMDAwMDAwMDAwLCJkZWxldGUiOjE4MDAwMDAwMDAwMDAsInJlYWQiOjMwMDAwMDAwMDAwMCwidXBkYXRlIjoxODAwMDAwMDAwMDAwfX0=",
          "dependencies": [
            "module.farms.azurerm_resource_group.testfarm"
          ]
        },
        {
          "index_key": 3,
          "schema_version": 0,
          "attributes": {
            "allocation_method": "Dynamic",
            "domain_name_label": null,
            "fqdn": null,
            "id": "/subscriptions/cb6e76ee-ca24-47b5-aedb-b843871af8d1/resourceGroups/testfarm-resourcescanadacentral/providers/Microsoft.Network/publicIPAddresses/FarmPublicIp-3",
            "idle_timeout_in_minutes": 4,
            "ip_address": "52.228.43.30",
            "ip_version": "IPv4",
            "location": "canadacentral",
            "name": "FarmPublicIp-3",
            "public_ip_prefix_id": null,
            "resource_group_name": "testfarm-resourcescanadacentral",
            "reverse_fqdn": null,
            "sku": "Basic",
            "tags": {
              "environment": "farm"
            },
            "timeouts": null,
            "zones": []
          },
          "sensitive_attributes": [],
          "private": "eyJlMmJmYjczMC1lY2FhLTExZTYtOGY4OC0zNDM2M2JjN2M0YzAiOnsiY3JlYXRlIjoxODAwMDAwMDAwMDAwLCJkZWxldGUiOjE4MDAwMDAwMDAwMDAsInJlYWQiOjMwMDAwMDAwMDAwMCwidXBkYXRlIjoxODAwMDAwMDAwMDAwfX0=",
          "dependencies": [
            "module.farms.azurerm_resource_group.testfarm"
          ]
        },
        {
          "index_key": 4,
          "schema_version": 0,
          "attributes": {
            "allocation_method": "Dynamic",
            "domain_name_label": null,
            "fqdn": null,
            "id": "/subscriptions/cb6e76ee-ca24-47b5-aedb-b843871af8d1/resourceGroups/testfarm-resourcescanadacentral/providers/Microsoft.Network/publicIPAddresses/FarmPublicIp-4",
            "idle_timeout_in_minutes": 4,
            "ip_address": "52.228.47.37",
            "ip_version": "IPv4",
            "location": "canadacentral",
            "name": "FarmPublicIp-4",
            "public_ip_prefix_id": null,
            "resource_group_name": "testfarm-resourcescanadacentral",
            "reverse_fqdn": null,
            "sku": "Basic",
            "tags": {
              "environment": "farm"
            },
            "timeouts": null,
            "zones": []
          },
          "sensitive_attributes": [],
          "private": "eyJlMmJmYjczMC1lY2FhLTExZTYtOGY4OC0zNDM2M2JjN2M0YzAiOnsiY3JlYXRlIjoxODAwMDAwMDAwMDAwLCJkZWxldGUiOjE4MDAwMDAwMDAwMDAsInJlYWQiOjMwMDAwMDAwMDAwMCwidXBkYXRlIjoxODAwMDAwMDAwMDAwfX0=",
          "dependencies": [
            "module.farms.azurerm_resource_group.testfarm"
          ]
        }
      ]
    },
    {
      "module": "module.farms[\"Canada Central\"]",
      "mode": "managed",
      "type": "azurerm_resource_group",
      "name": "testfarm",
      "provider": "provider[\"registry.terraform.io/hashicorp/azurerm\"]",
      "instances": [
        {
          "schema_version": 0,
          "attributes": {
            "id": "/subscriptions/cb6e76ee-ca24-47b5-aedb-b843871af8d1/resourceGroups/testfarm-resourcescanadacentral",
            "location": "canadacentral",
            "name": "testfarm-resourcescanadacentral",
            "tags": {},
            "timeouts": null
          },
          "sensitive_attributes": [],
          "private": "eyJlMmJmYjczMC1lY2FhLTExZTYtOGY4OC0zNDM2M2JjN2M0YzAiOnsiY3JlYXRlIjo1NDAwMDAwMDAwMDAwLCJkZWxldGUiOjU0MDAwMDAwMDAwMDAsInJlYWQiOjMwMDAwMDAwMDAwMCwidXBkYXRlIjo1NDAwMDAwMDAwMDAwfX0="
        }
      ]
    },
    {
      "module": "module.farms[\"Canada Central\"]",
      "mode": "managed",
      "type": "azurerm_subnet",
      "name": "internal",
      "provider": "provider[\"registry.terraform.io/hashicorp/azurerm\"]",
      "instances": [
        {
          "schema_version": 0,
          "attributes": {
            "address_prefix": "10.0.2.0/24",
            "address_prefixes": [
              "10.0.2.0/24"
            ],
            "delegation": [],
            "enforce_private_link_endpoint_network_policies": false,
            "enforce_private_link_service_network_policies": false,
            "id": "/subscriptions/cb6e76ee-ca24-47b5-aedb-b843871af8d1/resourceGroups/testfarm-resourcescanadacentral/providers/Microsoft.Network/virtualNetworks/testfarm-network-canadacentral/subnets/internal-canadacentral",
            "name": "internal-canadacentral",
            "resource_group_name": "testfarm-resourcescanadacentral",
            "service_endpoint_policy_ids": [],
            "service_endpoints": [],
            "timeouts": null,
            "virtual_network_name": "testfarm-network-canadacentral"
          },
          "sensitive_attributes": [],
          "private": "eyJlMmJmYjczMC1lY2FhLTExZTYtOGY4OC0zNDM2M2JjN2M0YzAiOnsiY3JlYXRlIjoxODAwMDAwMDAwMDAwLCJkZWxldGUiOjE4MDAwMDAwMDAwMDAsInJlYWQiOjMwMDAwMDAwMDAwMCwidXBkYXRlIjoxODAwMDAwMDAwMDAwfX0=",
          "dependencies": [
            "module.farms.azurerm_resource_group.testfarm",
            "module.farms.azurerm_virtual_network.testfarm"
          ]
        }
      ]
    },
    {
      "module": "module.farms[\"Canada Central\"]",
      "mode": "managed",
      "type": "azurerm_virtual_network",
      "name": "testfarm",
      "provider": "provider[\"registry.terraform.io/hashicorp/azurerm\"]",
      "instances": [
        {
          "schema_version": 0,
          "attributes": {
            "address_space": [
              "10.0.0.0/16"
            ],
            "bgp_community": "",
            "ddos_protection_plan": [],
            "dns_servers": [],
            "guid": "62bc12d4-add0-4d54-860e-aa6a61b28845",
            "id": "/subscriptions/cb6e76ee-ca24-47b5-aedb-b843871af8d1/resourceGroups/testfarm-resourcescanadacentral/providers/Microsoft.Network/virtualNetworks/testfarm-network-canadacentral",
            "location": "canadacentral",
            "name": "testfarm-network-canadacentral",
            "resource_group_name": "testfarm-resourcescanadacentral",
            "subnet": [
              {
                "address_prefix": "10.0.2.0/24",
                "id": "/subscriptions/cb6e76ee-ca24-47b5-aedb-b843871af8d1/resourceGroups/testfarm-resourcescanadacentral/providers/Microsoft.Network/virtualNetworks/testfarm-network-canadacentral/subnets/internal-canadacentral",
                "name": "internal-canadacentral",
                "security_group": ""
              }
            ],
            "tags": {},
            "timeouts": null,
            "vm_protection_enabled": false
          },
          "sensitive_attributes": [],
          "private": "eyJlMmJmYjczMC1lY2FhLTExZTYtOGY4OC0zNDM2M2JjN2M0YzAiOnsiY3JlYXRlIjoxODAwMDAwMDAwMDAwLCJkZWxldGUiOjE4MDAwMDAwMDAwMDAsInJlYWQiOjMwMDAwMDAwMDAwMCwidXBkYXRlIjoxODAwMDAwMDAwMDAwfX0=",
          "dependencies": [
            "module.farms.azurerm_resource_group.testfarm"
          ]
        }
      ]
    },
    {
      "module": "module.farms[\"Central US\"]",
      "mode": "managed",
      "type": "azurerm_linux_virtual_machine",
      "name": "farm",
      "provider": "provider[\"registry.terraform.io/hashicorp/azurerm\"]",
      "instances": [
        {
          "index_key": 0,
          "schema_version": 0,
          "attributes": {
            "additional_capabilities": [],
            "admin_password": null,
            "admin_ssh_key": [
              {
                "public_key": "ssh-rsa AAAAB3NzaC1yc2EAAAADAQABAAABAQDIX3pqSVNa2cBOBTmKJTKBABquP5CJarL8sTiOGSDhK9rKTN3PplUX9HAMk2yu2CTr6xUHpB8cj/jSD60dLhcvSTHxOW4kMQmHONr4zhD55Th1zG115wpp+Jf0ZNN+L+zWKQVT2kKuWSVeb4Rd3ftVvrfgEg/jDd2BjAN6K6i5/tX21PbDhTuppgnP8c7Vo7cjc7ded2B8sSZkU4BepFely4Un9rvUZzfXiygQN78qtzNfwqV9WPT4T79r/2TvchLh/F2wSlH0aaUsqrlEz5uqpiKROchPOzqkic6ARki+vtBse4oDlyA1Kkt79+8RwVWA6tv7B1WWpXuGrZJ9eBhN root@28cc2261df86\n",
                "username": "adminuser"
              }
            ],
            "admin_username": "adminuser",
            "allow_extension_operations": true,
            "availability_set_id": "",
            "boot_diagnostics": [],
            "computer_name": "farm-0",
            "custom_data": null,
            "dedicated_host_id": "",
            "disable_password_authentication": true,
            "encryption_at_host_enabled": false,
            "eviction_policy": "",
            "extensions_time_budget": "PT1H30M",
            "id": "/subscriptions/cb6e76ee-ca24-47b5-aedb-b843871af8d1/resourceGroups/testfarm-resourcescentralus/providers/Microsoft.Compute/virtualMachines/farm-0",
            "identity": [],
            "location": "centralus",
            "max_bid_price": -1,
            "name": "farm-0",
            "network_interface_ids": [
              "/subscriptions/cb6e76ee-ca24-47b5-aedb-b843871af8d1/resourceGroups/testfarm-resourcescentralus/providers/Microsoft.Network/networkInterfaces/testfarm-nic-0"
            ],
            "os_disk": [
              {
                "caching": "ReadWrite",
                "diff_disk_settings": [],
                "disk_encryption_set_id": "",
                "disk_size_gb": 30,
                "name": "farm-0_OsDisk_1_b4375902414f478bb1fc1e18f664e8a4",
                "storage_account_type": "Standard_LRS",
                "write_accelerator_enabled": false
              }
            ],
            "plan": [],
            "priority": "Regular",
            "private_ip_address": "10.0.2.4",
            "private_ip_addresses": [
              "10.0.2.4"
            ],
            "provision_vm_agent": true,
            "proximity_placement_group_id": "",
            "public_ip_address": "40.69.163.25",
            "public_ip_addresses": [
              "40.69.163.25"
            ],
            "resource_group_name": "testfarm-resourcescentralus",
            "secret": [],
            "size": "Standard_D2s_v3",
            "source_image_id": "",
            "source_image_reference": [
              {
                "offer": "UbuntuServer",
                "publisher": "Canonical",
                "sku": "18.04-LTS",
                "version": "latest"
              }
            ],
            "tags": {},
            "timeouts": null,
            "virtual_machine_id": "6b35d88c-08f7-459d-9be7-62c9291af7a5",
            "virtual_machine_scale_set_id": "",
            "zone": ""
          },
          "sensitive_attributes": [],
          "private": "eyJlMmJmYjczMC1lY2FhLTExZTYtOGY4OC0zNDM2M2JjN2M0YzAiOnsiY3JlYXRlIjoyNzAwMDAwMDAwMDAwLCJkZWxldGUiOjI3MDAwMDAwMDAwMDAsInJlYWQiOjMwMDAwMDAwMDAwMCwidXBkYXRlIjoyNzAwMDAwMDAwMDAwfX0=",
          "dependencies": [
            "module.farms.azurerm_network_interface.farm",
            "module.farms.azurerm_public_ip.farm_publicip",
            "module.farms.azurerm_resource_group.testfarm",
            "module.farms.azurerm_subnet.internal",
            "module.farms.azurerm_virtual_network.testfarm"
          ]
        },
        {
          "index_key": 1,
          "schema_version": 0,
          "attributes": {
            "additional_capabilities": [],
            "admin_password": null,
            "admin_ssh_key": [
              {
                "public_key": "ssh-rsa AAAAB3NzaC1yc2EAAAADAQABAAABAQDIX3pqSVNa2cBOBTmKJTKBABquP5CJarL8sTiOGSDhK9rKTN3PplUX9HAMk2yu2CTr6xUHpB8cj/jSD60dLhcvSTHxOW4kMQmHONr4zhD55Th1zG115wpp+Jf0ZNN+L+zWKQVT2kKuWSVeb4Rd3ftVvrfgEg/jDd2BjAN6K6i5/tX21PbDhTuppgnP8c7Vo7cjc7ded2B8sSZkU4BepFely4Un9rvUZzfXiygQN78qtzNfwqV9WPT4T79r/2TvchLh/F2wSlH0aaUsqrlEz5uqpiKROchPOzqkic6ARki+vtBse4oDlyA1Kkt79+8RwVWA6tv7B1WWpXuGrZJ9eBhN root@28cc2261df86\n",
                "username": "adminuser"
              }
            ],
            "admin_username": "adminuser",
            "allow_extension_operations": true,
            "availability_set_id": "",
            "boot_diagnostics": [],
            "computer_name": "farm-1",
            "custom_data": null,
            "dedicated_host_id": "",
            "disable_password_authentication": true,
            "encryption_at_host_enabled": false,
            "eviction_policy": "",
            "extensions_time_budget": "PT1H30M",
            "id": "/subscriptions/cb6e76ee-ca24-47b5-aedb-b843871af8d1/resourceGroups/testfarm-resourcescentralus/providers/Microsoft.Compute/virtualMachines/farm-1",
            "identity": [],
            "location": "centralus",
            "max_bid_price": -1,
            "name": "farm-1",
            "network_interface_ids": [
              "/subscriptions/cb6e76ee-ca24-47b5-aedb-b843871af8d1/resourceGroups/testfarm-resourcescentralus/providers/Microsoft.Network/networkInterfaces/testfarm-nic-1"
            ],
            "os_disk": [
              {
                "caching": "ReadWrite",
                "diff_disk_settings": [],
                "disk_encryption_set_id": "",
                "disk_size_gb": 30,
                "name": "farm-1_OsDisk_1_f5bea3485cc741a397f91e36c5ff5bca",
                "storage_account_type": "Standard_LRS",
                "write_accelerator_enabled": false
              }
            ],
            "plan": [],
            "priority": "Regular",
            "private_ip_address": "10.0.2.5",
            "private_ip_addresses": [
              "10.0.2.5"
            ],
            "provision_vm_agent": true,
            "proximity_placement_group_id": "",
            "public_ip_address": "40.69.163.16",
            "public_ip_addresses": [
              "40.69.163.16"
            ],
            "resource_group_name": "testfarm-resourcescentralus",
            "secret": [],
            "size": "Standard_D2s_v3",
            "source_image_id": "",
            "source_image_reference": [
              {
                "offer": "UbuntuServer",
                "publisher": "Canonical",
                "sku": "18.04-LTS",
                "version": "latest"
              }
            ],
            "tags": {},
            "timeouts": null,
            "virtual_machine_id": "dce01a85-8c32-4af7-be7b-82ddcd785c98",
            "virtual_machine_scale_set_id": "",
            "zone": ""
          },
          "sensitive_attributes": [],
          "private": "eyJlMmJmYjczMC1lY2FhLTExZTYtOGY4OC0zNDM2M2JjN2M0YzAiOnsiY3JlYXRlIjoyNzAwMDAwMDAwMDAwLCJkZWxldGUiOjI3MDAwMDAwMDAwMDAsInJlYWQiOjMwMDAwMDAwMDAwMCwidXBkYXRlIjoyNzAwMDAwMDAwMDAwfX0=",
          "dependencies": [
            "module.farms.azurerm_network_interface.farm",
            "module.farms.azurerm_public_ip.farm_publicip",
            "module.farms.azurerm_resource_group.testfarm",
            "module.farms.azurerm_subnet.internal",
            "module.farms.azurerm_virtual_network.testfarm"
          ]
        },
        {
          "index_key": 2,
          "schema_version": 0,
          "attributes": {
            "additional_capabilities": [],
            "admin_password": null,
            "admin_ssh_key": [
              {
                "public_key": "ssh-rsa AAAAB3NzaC1yc2EAAAADAQABAAABAQDIX3pqSVNa2cBOBTmKJTKBABquP5CJarL8sTiOGSDhK9rKTN3PplUX9HAMk2yu2CTr6xUHpB8cj/jSD60dLhcvSTHxOW4kMQmHONr4zhD55Th1zG115wpp+Jf0ZNN+L+zWKQVT2kKuWSVeb4Rd3ftVvrfgEg/jDd2BjAN6K6i5/tX21PbDhTuppgnP8c7Vo7cjc7ded2B8sSZkU4BepFely4Un9rvUZzfXiygQN78qtzNfwqV9WPT4T79r/2TvchLh/F2wSlH0aaUsqrlEz5uqpiKROchPOzqkic6ARki+vtBse4oDlyA1Kkt79+8RwVWA6tv7B1WWpXuGrZJ9eBhN root@28cc2261df86\n",
                "username": "adminuser"
              }
            ],
            "admin_username": "adminuser",
            "allow_extension_operations": true,
            "availability_set_id": "",
            "boot_diagnostics": [],
            "computer_name": "farm-2",
            "custom_data": null,
            "dedicated_host_id": "",
            "disable_password_authentication": true,
            "encryption_at_host_enabled": false,
            "eviction_policy": "",
            "extensions_time_budget": "PT1H30M",
            "id": "/subscriptions/cb6e76ee-ca24-47b5-aedb-b843871af8d1/resourceGroups/testfarm-resourcescentralus/providers/Microsoft.Compute/virtualMachines/farm-2",
            "identity": [],
            "location": "centralus",
            "max_bid_price": -1,
            "name": "farm-2",
            "network_interface_ids": [
              "/subscriptions/cb6e76ee-ca24-47b5-aedb-b843871af8d1/resourceGroups/testfarm-resourcescentralus/providers/Microsoft.Network/networkInterfaces/testfarm-nic-2"
            ],
            "os_disk": [
              {
                "caching": "ReadWrite",
                "diff_disk_settings": [],
                "disk_encryption_set_id": "",
                "disk_size_gb": 30,
                "name": "farm-2_OsDisk_1_6d191bd1cf134d6f95f0fa2f29a114ec",
                "storage_account_type": "Standard_LRS",
                "write_accelerator_enabled": false
              }
            ],
            "plan": [],
            "priority": "Regular",
            "private_ip_address": "10.0.2.8",
            "private_ip_addresses": [
              "10.0.2.8"
            ],
            "provision_vm_agent": true,
            "proximity_placement_group_id": "",
            "public_ip_address": "13.67.214.154",
            "public_ip_addresses": [
              "13.67.214.154"
            ],
            "resource_group_name": "testfarm-resourcescentralus",
            "secret": [],
            "size": "Standard_D2s_v3",
            "source_image_id": "",
            "source_image_reference": [
              {
                "offer": "UbuntuServer",
                "publisher": "Canonical",
                "sku": "18.04-LTS",
                "version": "latest"
              }
            ],
            "tags": {},
            "timeouts": null,
            "virtual_machine_id": "09988511-4627-4953-9839-d25d348d8317",
            "virtual_machine_scale_set_id": "",
            "zone": ""
          },
          "sensitive_attributes": [],
          "private": "eyJlMmJmYjczMC1lY2FhLTExZTYtOGY4OC0zNDM2M2JjN2M0YzAiOnsiY3JlYXRlIjoyNzAwMDAwMDAwMDAwLCJkZWxldGUiOjI3MDAwMDAwMDAwMDAsInJlYWQiOjMwMDAwMDAwMDAwMCwidXBkYXRlIjoyNzAwMDAwMDAwMDAwfX0=",
          "dependencies": [
            "module.farms.azurerm_network_interface.farm",
            "module.farms.azurerm_public_ip.farm_publicip",
            "module.farms.azurerm_resource_group.testfarm",
            "module.farms.azurerm_subnet.internal",
            "module.farms.azurerm_virtual_network.testfarm"
          ]
        },
        {
          "index_key": 3,
          "schema_version": 0,
          "attributes": {
            "additional_capabilities": [],
            "admin_password": null,
            "admin_ssh_key": [
              {
                "public_key": "ssh-rsa AAAAB3NzaC1yc2EAAAADAQABAAABAQDIX3pqSVNa2cBOBTmKJTKBABquP5CJarL8sTiOGSDhK9rKTN3PplUX9HAMk2yu2CTr6xUHpB8cj/jSD60dLhcvSTHxOW4kMQmHONr4zhD55Th1zG115wpp+Jf0ZNN+L+zWKQVT2kKuWSVeb4Rd3ftVvrfgEg/jDd2BjAN6K6i5/tX21PbDhTuppgnP8c7Vo7cjc7ded2B8sSZkU4BepFely4Un9rvUZzfXiygQN78qtzNfwqV9WPT4T79r/2TvchLh/F2wSlH0aaUsqrlEz5uqpiKROchPOzqkic6ARki+vtBse4oDlyA1Kkt79+8RwVWA6tv7B1WWpXuGrZJ9eBhN root@28cc2261df86\n",
                "username": "adminuser"
              }
            ],
            "admin_username": "adminuser",
            "allow_extension_operations": true,
            "availability_set_id": "",
            "boot_diagnostics": [],
            "computer_name": "farm-3",
            "custom_data": null,
            "dedicated_host_id": "",
            "disable_password_authentication": true,
            "encryption_at_host_enabled": false,
            "eviction_policy": "",
            "extensions_time_budget": "PT1H30M",
            "id": "/subscriptions/cb6e76ee-ca24-47b5-aedb-b843871af8d1/resourceGroups/testfarm-resourcescentralus/providers/Microsoft.Compute/virtualMachines/farm-3",
            "identity": [],
            "location": "centralus",
            "max_bid_price": -1,
            "name": "farm-3",
            "network_interface_ids": [
              "/subscriptions/cb6e76ee-ca24-47b5-aedb-b843871af8d1/resourceGroups/testfarm-resourcescentralus/providers/Microsoft.Network/networkInterfaces/testfarm-nic-3"
            ],
            "os_disk": [
              {
                "caching": "ReadWrite",
                "diff_disk_settings": [],
                "disk_encryption_set_id": "",
                "disk_size_gb": 30,
                "name": "farm-3_OsDisk_1_be4af04059bc4e42a9a58091e834b8b2",
                "storage_account_type": "Standard_LRS",
                "write_accelerator_enabled": false
              }
            ],
            "plan": [],
            "priority": "Regular",
            "private_ip_address": "10.0.2.6",
            "private_ip_addresses": [
              "10.0.2.6"
            ],
            "provision_vm_agent": true,
            "proximity_placement_group_id": "",
            "public_ip_address": "52.176.41.145",
            "public_ip_addresses": [
              "52.176.41.145"
            ],
            "resource_group_name": "testfarm-resourcescentralus",
            "secret": [],
            "size": "Standard_D2s_v3",
            "source_image_id": "",
            "source_image_reference": [
              {
                "offer": "UbuntuServer",
                "publisher": "Canonical",
                "sku": "18.04-LTS",
                "version": "latest"
              }
            ],
            "tags": {},
            "timeouts": null,
            "virtual_machine_id": "9b6f0d13-48b5-477e-b4a2-1ff1a489baca",
            "virtual_machine_scale_set_id": "",
            "zone": ""
          },
          "sensitive_attributes": [],
          "private": "eyJlMmJmYjczMC1lY2FhLTExZTYtOGY4OC0zNDM2M2JjN2M0YzAiOnsiY3JlYXRlIjoyNzAwMDAwMDAwMDAwLCJkZWxldGUiOjI3MDAwMDAwMDAwMDAsInJlYWQiOjMwMDAwMDAwMDAwMCwidXBkYXRlIjoyNzAwMDAwMDAwMDAwfX0=",
          "dependencies": [
            "module.farms.azurerm_network_interface.farm",
            "module.farms.azurerm_public_ip.farm_publicip",
            "module.farms.azurerm_resource_group.testfarm",
            "module.farms.azurerm_subnet.internal",
            "module.farms.azurerm_virtual_network.testfarm"
          ]
        },
        {
          "index_key": 4,
          "schema_version": 0,
          "attributes": {
            "additional_capabilities": [],
            "admin_password": null,
            "admin_ssh_key": [
              {
                "public_key": "ssh-rsa AAAAB3NzaC1yc2EAAAADAQABAAABAQDIX3pqSVNa2cBOBTmKJTKBABquP5CJarL8sTiOGSDhK9rKTN3PplUX9HAMk2yu2CTr6xUHpB8cj/jSD60dLhcvSTHxOW4kMQmHONr4zhD55Th1zG115wpp+Jf0ZNN+L+zWKQVT2kKuWSVeb4Rd3ftVvrfgEg/jDd2BjAN6K6i5/tX21PbDhTuppgnP8c7Vo7cjc7ded2B8sSZkU4BepFely4Un9rvUZzfXiygQN78qtzNfwqV9WPT4T79r/2TvchLh/F2wSlH0aaUsqrlEz5uqpiKROchPOzqkic6ARki+vtBse4oDlyA1Kkt79+8RwVWA6tv7B1WWpXuGrZJ9eBhN root@28cc2261df86\n",
                "username": "adminuser"
              }
            ],
            "admin_username": "adminuser",
            "allow_extension_operations": true,
            "availability_set_id": "",
            "boot_diagnostics": [],
            "computer_name": "farm-4",
            "custom_data": null,
            "dedicated_host_id": "",
            "disable_password_authentication": true,
            "encryption_at_host_enabled": false,
            "eviction_policy": "",
            "extensions_time_budget": "PT1H30M",
            "id": "/subscriptions/cb6e76ee-ca24-47b5-aedb-b843871af8d1/resourceGroups/testfarm-resourcescentralus/providers/Microsoft.Compute/virtualMachines/farm-4",
            "identity": [],
            "location": "centralus",
            "max_bid_price": -1,
            "name": "farm-4",
            "network_interface_ids": [
              "/subscriptions/cb6e76ee-ca24-47b5-aedb-b843871af8d1/resourceGroups/testfarm-resourcescentralus/providers/Microsoft.Network/networkInterfaces/testfarm-nic-4"
            ],
            "os_disk": [
              {
                "caching": "ReadWrite",
                "diff_disk_settings": [],
                "disk_encryption_set_id": "",
                "disk_size_gb": 30,
                "name": "farm-4_OsDisk_1_b881d58c6bbf4e54bf6fdb0c60da64c0",
                "storage_account_type": "Standard_LRS",
                "write_accelerator_enabled": false
              }
            ],
            "plan": [],
            "priority": "Regular",
            "private_ip_address": "10.0.2.7",
            "private_ip_addresses": [
              "10.0.2.7"
            ],
            "provision_vm_agent": true,
            "proximity_placement_group_id": "",
            "public_ip_address": "13.89.35.64",
            "public_ip_addresses": [
              "13.89.35.64"
            ],
            "resource_group_name": "testfarm-resourcescentralus",
            "secret": [],
            "size": "Standard_D2s_v3",
            "source_image_id": "",
            "source_image_reference": [
              {
                "offer": "UbuntuServer",
                "publisher": "Canonical",
                "sku": "18.04-LTS",
                "version": "latest"
              }
            ],
            "tags": {},
            "timeouts": null,
            "virtual_machine_id": "e9a29400-774d-47f6-bbe0-d99cdfa2c3ac",
            "virtual_machine_scale_set_id": "",
            "zone": ""
          },
          "sensitive_attributes": [],
          "private": "eyJlMmJmYjczMC1lY2FhLTExZTYtOGY4OC0zNDM2M2JjN2M0YzAiOnsiY3JlYXRlIjoyNzAwMDAwMDAwMDAwLCJkZWxldGUiOjI3MDAwMDAwMDAwMDAsInJlYWQiOjMwMDAwMDAwMDAwMCwidXBkYXRlIjoyNzAwMDAwMDAwMDAwfX0=",
          "dependencies": [
            "module.farms.azurerm_network_interface.farm",
            "module.farms.azurerm_public_ip.farm_publicip",
            "module.farms.azurerm_resource_group.testfarm",
            "module.farms.azurerm_subnet.internal",
            "module.farms.azurerm_virtual_network.testfarm"
          ]
        }
      ]
    },
    {
      "module": "module.farms[\"Central US\"]",
      "mode": "managed",
      "type": "azurerm_network_interface",
      "name": "farm",
      "provider": "provider[\"registry.terraform.io/hashicorp/azurerm\"]",
      "instances": [
        {
          "index_key": 0,
          "schema_version": 0,
          "attributes": {
            "applied_dns_servers": [],
            "dns_servers": [],
            "enable_accelerated_networking": false,
            "enable_ip_forwarding": false,
            "id": "/subscriptions/cb6e76ee-ca24-47b5-aedb-b843871af8d1/resourceGroups/testfarm-resourcescentralus/providers/Microsoft.Network/networkInterfaces/testfarm-nic-0",
            "internal_dns_name_label": "",
            "internal_domain_name_suffix": "2zkmpy3jefqevpnj2v0m3hgi5b.gx.internal.cloudapp.net",
            "ip_configuration": [
              {
                "name": "testconfiguration1",
                "primary": true,
                "private_ip_address": "10.0.2.4",
                "private_ip_address_allocation": "Dynamic",
                "private_ip_address_version": "IPv4",
                "public_ip_address_id": "/subscriptions/cb6e76ee-ca24-47b5-aedb-b843871af8d1/resourceGroups/testfarm-resourcescentralus/providers/Microsoft.Network/publicIPAddresses/FarmPublicIp-0",
                "subnet_id": "/subscriptions/cb6e76ee-ca24-47b5-aedb-b843871af8d1/resourceGroups/testfarm-resourcescentralus/providers/Microsoft.Network/virtualNetworks/testfarm-network-centralus/subnets/internal-centralus"
              }
            ],
            "location": "centralus",
            "mac_address": "00-0D-3A-42-FF-37",
            "name": "testfarm-nic-0",
            "private_ip_address": "10.0.2.4",
            "private_ip_addresses": [
              "10.0.2.4"
            ],
            "resource_group_name": "testfarm-resourcescentralus",
            "tags": {},
            "timeouts": null,
            "virtual_machine_id": "/subscriptions/cb6e76ee-ca24-47b5-aedb-b843871af8d1/resourceGroups/testfarm-resourcescentralus/providers/Microsoft.Compute/virtualMachines/farm-0"
          },
          "sensitive_attributes": [],
          "private": "eyJlMmJmYjczMC1lY2FhLTExZTYtOGY4OC0zNDM2M2JjN2M0YzAiOnsiY3JlYXRlIjoxODAwMDAwMDAwMDAwLCJkZWxldGUiOjE4MDAwMDAwMDAwMDAsInJlYWQiOjMwMDAwMDAwMDAwMCwidXBkYXRlIjoxODAwMDAwMDAwMDAwfX0=",
          "dependencies": [
            "module.farms.azurerm_public_ip.farm_publicip",
            "module.farms.azurerm_resource_group.testfarm",
            "module.farms.azurerm_subnet.internal",
            "module.farms.azurerm_virtual_network.testfarm"
          ]
        },
        {
          "index_key": 1,
          "schema_version": 0,
          "attributes": {
            "applied_dns_servers": [],
            "dns_servers": [],
            "enable_accelerated_networking": false,
            "enable_ip_forwarding": false,
            "id": "/subscriptions/cb6e76ee-ca24-47b5-aedb-b843871af8d1/resourceGroups/testfarm-resourcescentralus/providers/Microsoft.Network/networkInterfaces/testfarm-nic-1",
            "internal_dns_name_label": "",
            "internal_domain_name_suffix": "2zkmpy3jefqevpnj2v0m3hgi5b.gx.internal.cloudapp.net",
            "ip_configuration": [
              {
                "name": "testconfiguration1",
                "primary": true,
                "private_ip_address": "10.0.2.5",
                "private_ip_address_allocation": "Dynamic",
                "private_ip_address_version": "IPv4",
                "public_ip_address_id": "/subscriptions/cb6e76ee-ca24-47b5-aedb-b843871af8d1/resourceGroups/testfarm-resourcescentralus/providers/Microsoft.Network/publicIPAddresses/FarmPublicIp-1",
                "subnet_id": "/subscriptions/cb6e76ee-ca24-47b5-aedb-b843871af8d1/resourceGroups/testfarm-resourcescentralus/providers/Microsoft.Network/virtualNetworks/testfarm-network-centralus/subnets/internal-centralus"
              }
            ],
            "location": "centralus",
            "mac_address": "00-0D-3A-42-FC-1B",
            "name": "testfarm-nic-1",
            "private_ip_address": "10.0.2.5",
            "private_ip_addresses": [
              "10.0.2.5"
            ],
            "resource_group_name": "testfarm-resourcescentralus",
            "tags": {},
            "timeouts": null,
            "virtual_machine_id": "/subscriptions/cb6e76ee-ca24-47b5-aedb-b843871af8d1/resourceGroups/testfarm-resourcescentralus/providers/Microsoft.Compute/virtualMachines/farm-1"
          },
          "sensitive_attributes": [],
          "private": "eyJlMmJmYjczMC1lY2FhLTExZTYtOGY4OC0zNDM2M2JjN2M0YzAiOnsiY3JlYXRlIjoxODAwMDAwMDAwMDAwLCJkZWxldGUiOjE4MDAwMDAwMDAwMDAsInJlYWQiOjMwMDAwMDAwMDAwMCwidXBkYXRlIjoxODAwMDAwMDAwMDAwfX0=",
          "dependencies": [
            "module.farms.azurerm_public_ip.farm_publicip",
            "module.farms.azurerm_resource_group.testfarm",
            "module.farms.azurerm_subnet.internal",
            "module.farms.azurerm_virtual_network.testfarm"
          ]
        },
        {
          "index_key": 2,
          "schema_version": 0,
          "attributes": {
            "applied_dns_servers": [],
            "dns_servers": [],
            "enable_accelerated_networking": false,
            "enable_ip_forwarding": false,
            "id": "/subscriptions/cb6e76ee-ca24-47b5-aedb-b843871af8d1/resourceGroups/testfarm-resourcescentralus/providers/Microsoft.Network/networkInterfaces/testfarm-nic-2",
            "internal_dns_name_label": "",
            "internal_domain_name_suffix": "2zkmpy3jefqevpnj2v0m3hgi5b.gx.internal.cloudapp.net",
            "ip_configuration": [
              {
                "name": "testconfiguration1",
                "primary": true,
                "private_ip_address": "10.0.2.8",
                "private_ip_address_allocation": "Dynamic",
                "private_ip_address_version": "IPv4",
                "public_ip_address_id": "/subscriptions/cb6e76ee-ca24-47b5-aedb-b843871af8d1/resourceGroups/testfarm-resourcescentralus/providers/Microsoft.Network/publicIPAddresses/FarmPublicIp-2",
                "subnet_id": "/subscriptions/cb6e76ee-ca24-47b5-aedb-b843871af8d1/resourceGroups/testfarm-resourcescentralus/providers/Microsoft.Network/virtualNetworks/testfarm-network-centralus/subnets/internal-centralus"
              }
            ],
            "location": "centralus",
            "mac_address": "00-22-48-44-3C-41",
            "name": "testfarm-nic-2",
            "private_ip_address": "10.0.2.8",
            "private_ip_addresses": [
              "10.0.2.8"
            ],
            "resource_group_name": "testfarm-resourcescentralus",
            "tags": {},
            "timeouts": null,
            "virtual_machine_id": "/subscriptions/cb6e76ee-ca24-47b5-aedb-b843871af8d1/resourceGroups/testfarm-resourcescentralus/providers/Microsoft.Compute/virtualMachines/farm-2"
          },
          "sensitive_attributes": [],
          "private": "eyJlMmJmYjczMC1lY2FhLTExZTYtOGY4OC0zNDM2M2JjN2M0YzAiOnsiY3JlYXRlIjoxODAwMDAwMDAwMDAwLCJkZWxldGUiOjE4MDAwMDAwMDAwMDAsInJlYWQiOjMwMDAwMDAwMDAwMCwidXBkYXRlIjoxODAwMDAwMDAwMDAwfX0=",
          "dependencies": [
            "module.farms.azurerm_public_ip.farm_publicip",
            "module.farms.azurerm_resource_group.testfarm",
            "module.farms.azurerm_subnet.internal",
            "module.farms.azurerm_virtual_network.testfarm"
          ]
        },
        {
          "index_key": 3,
          "schema_version": 0,
          "attributes": {
            "applied_dns_servers": [],
            "dns_servers": [],
            "enable_accelerated_networking": false,
            "enable_ip_forwarding": false,
            "id": "/subscriptions/cb6e76ee-ca24-47b5-aedb-b843871af8d1/resourceGroups/testfarm-resourcescentralus/providers/Microsoft.Network/networkInterfaces/testfarm-nic-3",
            "internal_dns_name_label": "",
            "internal_domain_name_suffix": "2zkmpy3jefqevpnj2v0m3hgi5b.gx.internal.cloudapp.net",
            "ip_configuration": [
              {
                "name": "testconfiguration1",
                "primary": true,
                "private_ip_address": "10.0.2.6",
                "private_ip_address_allocation": "Dynamic",
                "private_ip_address_version": "IPv4",
                "public_ip_address_id": "/subscriptions/cb6e76ee-ca24-47b5-aedb-b843871af8d1/resourceGroups/testfarm-resourcescentralus/providers/Microsoft.Network/publicIPAddresses/FarmPublicIp-3",
                "subnet_id": "/subscriptions/cb6e76ee-ca24-47b5-aedb-b843871af8d1/resourceGroups/testfarm-resourcescentralus/providers/Microsoft.Network/virtualNetworks/testfarm-network-centralus/subnets/internal-centralus"
              }
            ],
            "location": "centralus",
            "mac_address": "00-0D-3A-A5-DA-EA",
            "name": "testfarm-nic-3",
            "private_ip_address": "10.0.2.6",
            "private_ip_addresses": [
              "10.0.2.6"
            ],
            "resource_group_name": "testfarm-resourcescentralus",
            "tags": {},
            "timeouts": null,
            "virtual_machine_id": "/subscriptions/cb6e76ee-ca24-47b5-aedb-b843871af8d1/resourceGroups/testfarm-resourcescentralus/providers/Microsoft.Compute/virtualMachines/farm-3"
          },
          "sensitive_attributes": [],
          "private": "eyJlMmJmYjczMC1lY2FhLTExZTYtOGY4OC0zNDM2M2JjN2M0YzAiOnsiY3JlYXRlIjoxODAwMDAwMDAwMDAwLCJkZWxldGUiOjE4MDAwMDAwMDAwMDAsInJlYWQiOjMwMDAwMDAwMDAwMCwidXBkYXRlIjoxODAwMDAwMDAwMDAwfX0=",
          "dependencies": [
            "module.farms.azurerm_public_ip.farm_publicip",
            "module.farms.azurerm_resource_group.testfarm",
            "module.farms.azurerm_subnet.internal",
            "module.farms.azurerm_virtual_network.testfarm"
          ]
        },
        {
          "index_key": 4,
          "schema_version": 0,
          "attributes": {
            "applied_dns_servers": [],
            "dns_servers": [],
            "enable_accelerated_networking": false,
            "enable_ip_forwarding": false,
            "id": "/subscriptions/cb6e76ee-ca24-47b5-aedb-b843871af8d1/resourceGroups/testfarm-resourcescentralus/providers/Microsoft.Network/networkInterfaces/testfarm-nic-4",
            "internal_dns_name_label": "",
            "internal_domain_name_suffix": "2zkmpy3jefqevpnj2v0m3hgi5b.gx.internal.cloudapp.net",
            "ip_configuration": [
              {
                "name": "testconfiguration1",
                "primary": true,
                "private_ip_address": "10.0.2.7",
                "private_ip_address_allocation": "Dynamic",
                "private_ip_address_version": "IPv4",
                "public_ip_address_id": "/subscriptions/cb6e76ee-ca24-47b5-aedb-b843871af8d1/resourceGroups/testfarm-resourcescentralus/providers/Microsoft.Network/publicIPAddresses/FarmPublicIp-4",
                "subnet_id": "/subscriptions/cb6e76ee-ca24-47b5-aedb-b843871af8d1/resourceGroups/testfarm-resourcescentralus/providers/Microsoft.Network/virtualNetworks/testfarm-network-centralus/subnets/internal-centralus"
              }
            ],
            "location": "centralus",
            "mac_address": "00-22-48-43-DD-AE",
            "name": "testfarm-nic-4",
            "private_ip_address": "10.0.2.7",
            "private_ip_addresses": [
              "10.0.2.7"
            ],
            "resource_group_name": "testfarm-resourcescentralus",
            "tags": {},
            "timeouts": null,
            "virtual_machine_id": "/subscriptions/cb6e76ee-ca24-47b5-aedb-b843871af8d1/resourceGroups/testfarm-resourcescentralus/providers/Microsoft.Compute/virtualMachines/farm-4"
          },
          "sensitive_attributes": [],
          "private": "eyJlMmJmYjczMC1lY2FhLTExZTYtOGY4OC0zNDM2M2JjN2M0YzAiOnsiY3JlYXRlIjoxODAwMDAwMDAwMDAwLCJkZWxldGUiOjE4MDAwMDAwMDAwMDAsInJlYWQiOjMwMDAwMDAwMDAwMCwidXBkYXRlIjoxODAwMDAwMDAwMDAwfX0=",
          "dependencies": [
            "module.farms.azurerm_public_ip.farm_publicip",
            "module.farms.azurerm_resource_group.testfarm",
            "module.farms.azurerm_subnet.internal",
            "module.farms.azurerm_virtual_network.testfarm"
          ]
        }
      ]
    },
    {
      "module": "module.farms[\"Central US\"]",
      "mode": "managed",
      "type": "azurerm_public_ip",
      "name": "farm_publicip",
      "provider": "provider[\"registry.terraform.io/hashicorp/azurerm\"]",
      "instances": [
        {
          "index_key": 0,
          "schema_version": 0,
          "attributes": {
            "allocation_method": "Dynamic",
            "domain_name_label": null,
            "fqdn": null,
            "id": "/subscriptions/cb6e76ee-ca24-47b5-aedb-b843871af8d1/resourceGroups/testfarm-resourcescentralus/providers/Microsoft.Network/publicIPAddresses/FarmPublicIp-0",
            "idle_timeout_in_minutes": 4,
            "ip_address": "40.69.163.25",
            "ip_version": "IPv4",
            "location": "centralus",
            "name": "FarmPublicIp-0",
            "public_ip_prefix_id": null,
            "resource_group_name": "testfarm-resourcescentralus",
            "reverse_fqdn": null,
            "sku": "Basic",
            "tags": {
              "environment": "farm"
            },
            "timeouts": null,
            "zones": []
          },
          "sensitive_attributes": [],
          "private": "eyJlMmJmYjczMC1lY2FhLTExZTYtOGY4OC0zNDM2M2JjN2M0YzAiOnsiY3JlYXRlIjoxODAwMDAwMDAwMDAwLCJkZWxldGUiOjE4MDAwMDAwMDAwMDAsInJlYWQiOjMwMDAwMDAwMDAwMCwidXBkYXRlIjoxODAwMDAwMDAwMDAwfX0=",
          "dependencies": [
            "module.farms.azurerm_resource_group.testfarm"
          ]
        },
        {
          "index_key": 1,
          "schema_version": 0,
          "attributes": {
            "allocation_method": "Dynamic",
            "domain_name_label": null,
            "fqdn": null,
            "id": "/subscriptions/cb6e76ee-ca24-47b5-aedb-b843871af8d1/resourceGroups/testfarm-resourcescentralus/providers/Microsoft.Network/publicIPAddresses/FarmPublicIp-1",
            "idle_timeout_in_minutes": 4,
            "ip_address": "40.69.163.16",
            "ip_version": "IPv4",
            "location": "centralus",
            "name": "FarmPublicIp-1",
            "public_ip_prefix_id": null,
            "resource_group_name": "testfarm-resourcescentralus",
            "reverse_fqdn": null,
            "sku": "Basic",
            "tags": {
              "environment": "farm"
            },
            "timeouts": null,
            "zones": []
          },
          "sensitive_attributes": [],
          "private": "eyJlMmJmYjczMC1lY2FhLTExZTYtOGY4OC0zNDM2M2JjN2M0YzAiOnsiY3JlYXRlIjoxODAwMDAwMDAwMDAwLCJkZWxldGUiOjE4MDAwMDAwMDAwMDAsInJlYWQiOjMwMDAwMDAwMDAwMCwidXBkYXRlIjoxODAwMDAwMDAwMDAwfX0=",
          "dependencies": [
            "module.farms.azurerm_resource_group.testfarm"
          ]
        },
        {
          "index_key": 2,
          "schema_version": 0,
          "attributes": {
            "allocation_method": "Dynamic",
            "domain_name_label": null,
            "fqdn": null,
            "id": "/subscriptions/cb6e76ee-ca24-47b5-aedb-b843871af8d1/resourceGroups/testfarm-resourcescentralus/providers/Microsoft.Network/publicIPAddresses/FarmPublicIp-2",
            "idle_timeout_in_minutes": 4,
            "ip_address": "13.67.214.154",
            "ip_version": "IPv4",
            "location": "centralus",
            "name": "FarmPublicIp-2",
            "public_ip_prefix_id": null,
            "resource_group_name": "testfarm-resourcescentralus",
            "reverse_fqdn": null,
            "sku": "Basic",
            "tags": {
              "environment": "farm"
            },
            "timeouts": null,
            "zones": []
          },
          "sensitive_attributes": [],
          "private": "eyJlMmJmYjczMC1lY2FhLTExZTYtOGY4OC0zNDM2M2JjN2M0YzAiOnsiY3JlYXRlIjoxODAwMDAwMDAwMDAwLCJkZWxldGUiOjE4MDAwMDAwMDAwMDAsInJlYWQiOjMwMDAwMDAwMDAwMCwidXBkYXRlIjoxODAwMDAwMDAwMDAwfX0=",
          "dependencies": [
            "module.farms.azurerm_resource_group.testfarm"
          ]
        },
        {
          "index_key": 3,
          "schema_version": 0,
          "attributes": {
            "allocation_method": "Dynamic",
            "domain_name_label": null,
            "fqdn": null,
            "id": "/subscriptions/cb6e76ee-ca24-47b5-aedb-b843871af8d1/resourceGroups/testfarm-resourcescentralus/providers/Microsoft.Network/publicIPAddresses/FarmPublicIp-3",
            "idle_timeout_in_minutes": 4,
            "ip_address": "52.176.41.145",
            "ip_version": "IPv4",
            "location": "centralus",
            "name": "FarmPublicIp-3",
            "public_ip_prefix_id": null,
            "resource_group_name": "testfarm-resourcescentralus",
            "reverse_fqdn": null,
            "sku": "Basic",
            "tags": {
              "environment": "farm"
            },
            "timeouts": null,
            "zones": []
          },
          "sensitive_attributes": [],
          "private": "eyJlMmJmYjczMC1lY2FhLTExZTYtOGY4OC0zNDM2M2JjN2M0YzAiOnsiY3JlYXRlIjoxODAwMDAwMDAwMDAwLCJkZWxldGUiOjE4MDAwMDAwMDAwMDAsInJlYWQiOjMwMDAwMDAwMDAwMCwidXBkYXRlIjoxODAwMDAwMDAwMDAwfX0=",
          "dependencies": [
            "module.farms.azurerm_resource_group.testfarm"
          ]
        },
        {
          "index_key": 4,
          "schema_version": 0,
          "attributes": {
            "allocation_method": "Dynamic",
            "domain_name_label": null,
            "fqdn": null,
            "id": "/subscriptions/cb6e76ee-ca24-47b5-aedb-b843871af8d1/resourceGroups/testfarm-resourcescentralus/providers/Microsoft.Network/publicIPAddresses/FarmPublicIp-4",
            "idle_timeout_in_minutes": 4,
            "ip_address": "13.89.35.64",
            "ip_version": "IPv4",
            "location": "centralus",
            "name": "FarmPublicIp-4",
            "public_ip_prefix_id": null,
            "resource_group_name": "testfarm-resourcescentralus",
            "reverse_fqdn": null,
            "sku": "Basic",
            "tags": {
              "environment": "farm"
            },
            "timeouts": null,
            "zones": []
          },
          "sensitive_attributes": [],
          "private": "eyJlMmJmYjczMC1lY2FhLTExZTYtOGY4OC0zNDM2M2JjN2M0YzAiOnsiY3JlYXRlIjoxODAwMDAwMDAwMDAwLCJkZWxldGUiOjE4MDAwMDAwMDAwMDAsInJlYWQiOjMwMDAwMDAwMDAwMCwidXBkYXRlIjoxODAwMDAwMDAwMDAwfX0=",
          "dependencies": [
            "module.farms.azurerm_resource_group.testfarm"
          ]
        }
      ]
    },
    {
      "module": "module.farms[\"Central US\"]",
      "mode": "managed",
      "type": "azurerm_resource_group",
      "name": "testfarm",
      "provider": "provider[\"registry.terraform.io/hashicorp/azurerm\"]",
      "instances": [
        {
          "schema_version": 0,
          "attributes": {
            "id": "/subscriptions/cb6e76ee-ca24-47b5-aedb-b843871af8d1/resourceGroups/testfarm-resourcescentralus",
            "location": "centralus",
            "name": "testfarm-resourcescentralus",
            "tags": {},
            "timeouts": null
          },
          "sensitive_attributes": [],
          "private": "eyJlMmJmYjczMC1lY2FhLTExZTYtOGY4OC0zNDM2M2JjN2M0YzAiOnsiY3JlYXRlIjo1NDAwMDAwMDAwMDAwLCJkZWxldGUiOjU0MDAwMDAwMDAwMDAsInJlYWQiOjMwMDAwMDAwMDAwMCwidXBkYXRlIjo1NDAwMDAwMDAwMDAwfX0="
        }
      ]
    },
    {
      "module": "module.farms[\"Central US\"]",
      "mode": "managed",
      "type": "azurerm_subnet",
      "name": "internal",
      "provider": "provider[\"registry.terraform.io/hashicorp/azurerm\"]",
      "instances": [
        {
          "schema_version": 0,
          "attributes": {
            "address_prefix": "10.0.2.0/24",
            "address_prefixes": [
              "10.0.2.0/24"
            ],
            "delegation": [],
            "enforce_private_link_endpoint_network_policies": false,
            "enforce_private_link_service_network_policies": false,
            "id": "/subscriptions/cb6e76ee-ca24-47b5-aedb-b843871af8d1/resourceGroups/testfarm-resourcescentralus/providers/Microsoft.Network/virtualNetworks/testfarm-network-centralus/subnets/internal-centralus",
            "name": "internal-centralus",
            "resource_group_name": "testfarm-resourcescentralus",
            "service_endpoint_policy_ids": [],
            "service_endpoints": [],
            "timeouts": null,
            "virtual_network_name": "testfarm-network-centralus"
          },
          "sensitive_attributes": [],
          "private": "eyJlMmJmYjczMC1lY2FhLTExZTYtOGY4OC0zNDM2M2JjN2M0YzAiOnsiY3JlYXRlIjoxODAwMDAwMDAwMDAwLCJkZWxldGUiOjE4MDAwMDAwMDAwMDAsInJlYWQiOjMwMDAwMDAwMDAwMCwidXBkYXRlIjoxODAwMDAwMDAwMDAwfX0=",
          "dependencies": [
            "module.farms.azurerm_resource_group.testfarm",
            "module.farms.azurerm_virtual_network.testfarm"
          ]
        }
      ]
    },
    {
      "module": "module.farms[\"Central US\"]",
      "mode": "managed",
      "type": "azurerm_virtual_network",
      "name": "testfarm",
      "provider": "provider[\"registry.terraform.io/hashicorp/azurerm\"]",
      "instances": [
        {
          "schema_version": 0,
          "attributes": {
            "address_space": [
              "10.0.0.0/16"
            ],
            "bgp_community": "",
            "ddos_protection_plan": [],
            "dns_servers": [],
            "guid": "e3c754e6-21a9-4a60-bda9-e574ce9cc8f9",
            "id": "/subscriptions/cb6e76ee-ca24-47b5-aedb-b843871af8d1/resourceGroups/testfarm-resourcescentralus/providers/Microsoft.Network/virtualNetworks/testfarm-network-centralus",
            "location": "centralus",
            "name": "testfarm-network-centralus",
            "resource_group_name": "testfarm-resourcescentralus",
            "subnet": [
              {
                "address_prefix": "10.0.2.0/24",
                "id": "/subscriptions/cb6e76ee-ca24-47b5-aedb-b843871af8d1/resourceGroups/testfarm-resourcescentralus/providers/Microsoft.Network/virtualNetworks/testfarm-network-centralus/subnets/internal-centralus",
                "name": "internal-centralus",
                "security_group": ""
              }
            ],
            "tags": {},
            "timeouts": null,
            "vm_protection_enabled": false
          },
          "sensitive_attributes": [],
          "private": "eyJlMmJmYjczMC1lY2FhLTExZTYtOGY4OC0zNDM2M2JjN2M0YzAiOnsiY3JlYXRlIjoxODAwMDAwMDAwMDAwLCJkZWxldGUiOjE4MDAwMDAwMDAwMDAsInJlYWQiOjMwMDAwMDAwMDAwMCwidXBkYXRlIjoxODAwMDAwMDAwMDAwfX0=",
          "dependencies": [
            "module.farms.azurerm_resource_group.testfarm"
          ]
        }
      ]
    },
    {
      "module": "module.farms[\"East US 2\"]",
      "mode": "managed",
      "type": "azurerm_linux_virtual_machine",
      "name": "farm",
      "provider": "provider[\"registry.terraform.io/hashicorp/azurerm\"]",
      "instances": [
        {
          "index_key": 0,
          "schema_version": 0,
          "attributes": {
            "additional_capabilities": [],
            "admin_password": null,
            "admin_ssh_key": [
              {
                "public_key": "ssh-rsa AAAAB3NzaC1yc2EAAAADAQABAAABAQDIX3pqSVNa2cBOBTmKJTKBABquP5CJarL8sTiOGSDhK9rKTN3PplUX9HAMk2yu2CTr6xUHpB8cj/jSD60dLhcvSTHxOW4kMQmHONr4zhD55Th1zG115wpp+Jf0ZNN+L+zWKQVT2kKuWSVeb4Rd3ftVvrfgEg/jDd2BjAN6K6i5/tX21PbDhTuppgnP8c7Vo7cjc7ded2B8sSZkU4BepFely4Un9rvUZzfXiygQN78qtzNfwqV9WPT4T79r/2TvchLh/F2wSlH0aaUsqrlEz5uqpiKROchPOzqkic6ARki+vtBse4oDlyA1Kkt79+8RwVWA6tv7B1WWpXuGrZJ9eBhN root@28cc2261df86\n",
                "username": "adminuser"
              }
            ],
            "admin_username": "adminuser",
            "allow_extension_operations": true,
            "availability_set_id": "",
            "boot_diagnostics": [],
            "computer_name": "farm-0",
            "custom_data": null,
            "dedicated_host_id": "",
            "disable_password_authentication": true,
            "encryption_at_host_enabled": false,
            "eviction_policy": "",
            "extensions_time_budget": "PT1H30M",
            "id": "/subscriptions/cb6e76ee-ca24-47b5-aedb-b843871af8d1/resourceGroups/testfarm-resourceseastus2/providers/Microsoft.Compute/virtualMachines/farm-0",
            "identity": [],
            "location": "eastus2",
            "max_bid_price": -1,
            "name": "farm-0",
            "network_interface_ids": [
              "/subscriptions/cb6e76ee-ca24-47b5-aedb-b843871af8d1/resourceGroups/testfarm-resourceseastus2/providers/Microsoft.Network/networkInterfaces/testfarm-nic-0"
            ],
            "os_disk": [
              {
                "caching": "ReadWrite",
                "diff_disk_settings": [],
                "disk_encryption_set_id": "",
                "disk_size_gb": 30,
                "name": "farm-0_OsDisk_1_e4d535241658413082408cd876e7c098",
                "storage_account_type": "Standard_LRS",
                "write_accelerator_enabled": false
              }
            ],
            "plan": [],
            "priority": "Regular",
            "private_ip_address": "10.0.2.4",
            "private_ip_addresses": [
              "10.0.2.4"
            ],
            "provision_vm_agent": true,
            "proximity_placement_group_id": "",
            "public_ip_address": "40.70.130.44",
            "public_ip_addresses": [
              "40.70.130.44"
            ],
            "resource_group_name": "testfarm-resourceseastus2",
            "secret": [],
            "size": "Standard_D2s_v3",
            "source_image_id": "",
            "source_image_reference": [
              {
                "offer": "UbuntuServer",
                "publisher": "Canonical",
                "sku": "18.04-LTS",
                "version": "latest"
              }
            ],
            "tags": {},
            "timeouts": null,
            "virtual_machine_id": "b4b500c2-5df2-45b3-b66a-89d8fcc832e9",
            "virtual_machine_scale_set_id": "",
            "zone": ""
          },
          "sensitive_attributes": [],
          "private": "eyJlMmJmYjczMC1lY2FhLTExZTYtOGY4OC0zNDM2M2JjN2M0YzAiOnsiY3JlYXRlIjoyNzAwMDAwMDAwMDAwLCJkZWxldGUiOjI3MDAwMDAwMDAwMDAsInJlYWQiOjMwMDAwMDAwMDAwMCwidXBkYXRlIjoyNzAwMDAwMDAwMDAwfX0=",
          "dependencies": [
            "module.farms.azurerm_network_interface.farm",
            "module.farms.azurerm_public_ip.farm_publicip",
            "module.farms.azurerm_resource_group.testfarm",
            "module.farms.azurerm_subnet.internal",
            "module.farms.azurerm_virtual_network.testfarm"
          ]
        },
        {
          "index_key": 1,
          "schema_version": 0,
          "attributes": {
            "additional_capabilities": [],
            "admin_password": null,
            "admin_ssh_key": [
              {
                "public_key": "ssh-rsa AAAAB3NzaC1yc2EAAAADAQABAAABAQDIX3pqSVNa2cBOBTmKJTKBABquP5CJarL8sTiOGSDhK9rKTN3PplUX9HAMk2yu2CTr6xUHpB8cj/jSD60dLhcvSTHxOW4kMQmHONr4zhD55Th1zG115wpp+Jf0ZNN+L+zWKQVT2kKuWSVeb4Rd3ftVvrfgEg/jDd2BjAN6K6i5/tX21PbDhTuppgnP8c7Vo7cjc7ded2B8sSZkU4BepFely4Un9rvUZzfXiygQN78qtzNfwqV9WPT4T79r/2TvchLh/F2wSlH0aaUsqrlEz5uqpiKROchPOzqkic6ARki+vtBse4oDlyA1Kkt79+8RwVWA6tv7B1WWpXuGrZJ9eBhN root@28cc2261df86\n",
                "username": "adminuser"
              }
            ],
            "admin_username": "adminuser",
            "allow_extension_operations": true,
            "availability_set_id": "",
            "boot_diagnostics": [],
            "computer_name": "farm-1",
            "custom_data": null,
            "dedicated_host_id": "",
            "disable_password_authentication": true,
            "encryption_at_host_enabled": false,
            "eviction_policy": "",
            "extensions_time_budget": "PT1H30M",
            "id": "/subscriptions/cb6e76ee-ca24-47b5-aedb-b843871af8d1/resourceGroups/testfarm-resourceseastus2/providers/Microsoft.Compute/virtualMachines/farm-1",
            "identity": [],
            "location": "eastus2",
            "max_bid_price": -1,
            "name": "farm-1",
            "network_interface_ids": [
              "/subscriptions/cb6e76ee-ca24-47b5-aedb-b843871af8d1/resourceGroups/testfarm-resourceseastus2/providers/Microsoft.Network/networkInterfaces/testfarm-nic-1"
            ],
            "os_disk": [
              {
                "caching": "ReadWrite",
                "diff_disk_settings": [],
                "disk_encryption_set_id": "",
                "disk_size_gb": 30,
                "name": "farm-1_disk1_daf548c9333644a082852840647c737f",
                "storage_account_type": "Standard_LRS",
                "write_accelerator_enabled": false
              }
            ],
            "plan": [],
            "priority": "Regular",
            "private_ip_address": "10.0.2.5",
            "private_ip_addresses": [
              "10.0.2.5"
            ],
            "provision_vm_agent": true,
            "proximity_placement_group_id": "",
            "public_ip_address": "104.209.174.127",
            "public_ip_addresses": [
              "104.209.174.127"
            ],
            "resource_group_name": "testfarm-resourceseastus2",
            "secret": [],
            "size": "Standard_D2s_v3",
            "source_image_id": "",
            "source_image_reference": [
              {
                "offer": "UbuntuServer",
                "publisher": "Canonical",
                "sku": "18.04-LTS",
                "version": "latest"
              }
            ],
            "tags": {},
            "timeouts": null,
            "virtual_machine_id": "0a78753f-e220-4fc4-8b82-1d097c072b96",
            "virtual_machine_scale_set_id": "",
            "zone": ""
          },
          "sensitive_attributes": [],
          "private": "eyJlMmJmYjczMC1lY2FhLTExZTYtOGY4OC0zNDM2M2JjN2M0YzAiOnsiY3JlYXRlIjoyNzAwMDAwMDAwMDAwLCJkZWxldGUiOjI3MDAwMDAwMDAwMDAsInJlYWQiOjMwMDAwMDAwMDAwMCwidXBkYXRlIjoyNzAwMDAwMDAwMDAwfX0=",
          "dependencies": [
            "module.farms.azurerm_network_interface.farm",
            "module.farms.azurerm_public_ip.farm_publicip",
            "module.farms.azurerm_resource_group.testfarm",
            "module.farms.azurerm_subnet.internal",
            "module.farms.azurerm_virtual_network.testfarm"
          ]
        },
        {
          "index_key": 2,
          "schema_version": 0,
          "attributes": {
            "additional_capabilities": [],
            "admin_password": null,
            "admin_ssh_key": [
              {
                "public_key": "ssh-rsa AAAAB3NzaC1yc2EAAAADAQABAAABAQDIX3pqSVNa2cBOBTmKJTKBABquP5CJarL8sTiOGSDhK9rKTN3PplUX9HAMk2yu2CTr6xUHpB8cj/jSD60dLhcvSTHxOW4kMQmHONr4zhD55Th1zG115wpp+Jf0ZNN+L+zWKQVT2kKuWSVeb4Rd3ftVvrfgEg/jDd2BjAN6K6i5/tX21PbDhTuppgnP8c7Vo7cjc7ded2B8sSZkU4BepFely4Un9rvUZzfXiygQN78qtzNfwqV9WPT4T79r/2TvchLh/F2wSlH0aaUsqrlEz5uqpiKROchPOzqkic6ARki+vtBse4oDlyA1Kkt79+8RwVWA6tv7B1WWpXuGrZJ9eBhN root@28cc2261df86\n",
                "username": "adminuser"
              }
            ],
            "admin_username": "adminuser",
            "allow_extension_operations": true,
            "availability_set_id": "",
            "boot_diagnostics": [],
            "computer_name": "farm-2",
            "custom_data": null,
            "dedicated_host_id": "",
            "disable_password_authentication": true,
            "encryption_at_host_enabled": false,
            "eviction_policy": "",
            "extensions_time_budget": "PT1H30M",
            "id": "/subscriptions/cb6e76ee-ca24-47b5-aedb-b843871af8d1/resourceGroups/testfarm-resourceseastus2/providers/Microsoft.Compute/virtualMachines/farm-2",
            "identity": [],
            "location": "eastus2",
            "max_bid_price": -1,
            "name": "farm-2",
            "network_interface_ids": [
              "/subscriptions/cb6e76ee-ca24-47b5-aedb-b843871af8d1/resourceGroups/testfarm-resourceseastus2/providers/Microsoft.Network/networkInterfaces/testfarm-nic-2"
            ],
            "os_disk": [
              {
                "caching": "ReadWrite",
                "diff_disk_settings": [],
                "disk_encryption_set_id": "",
                "disk_size_gb": 30,
                "name": "farm-2_disk1_02769e9cfa0b4347bb39d4d4d657efdd",
                "storage_account_type": "Standard_LRS",
                "write_accelerator_enabled": false
              }
            ],
            "plan": [],
            "priority": "Regular",
            "private_ip_address": "10.0.2.8",
            "private_ip_addresses": [
              "10.0.2.8"
            ],
            "provision_vm_agent": true,
            "proximity_placement_group_id": "",
            "public_ip_address": "52.179.253.136",
            "public_ip_addresses": [
              "52.179.253.136"
            ],
            "resource_group_name": "testfarm-resourceseastus2",
            "secret": [],
            "size": "Standard_D2s_v3",
            "source_image_id": "",
            "source_image_reference": [
              {
                "offer": "UbuntuServer",
                "publisher": "Canonical",
                "sku": "18.04-LTS",
                "version": "latest"
              }
            ],
            "tags": {},
            "timeouts": null,
            "virtual_machine_id": "f038d202-5387-43c5-a8a8-cab319308c7a",
            "virtual_machine_scale_set_id": "",
            "zone": ""
          },
          "sensitive_attributes": [],
          "private": "eyJlMmJmYjczMC1lY2FhLTExZTYtOGY4OC0zNDM2M2JjN2M0YzAiOnsiY3JlYXRlIjoyNzAwMDAwMDAwMDAwLCJkZWxldGUiOjI3MDAwMDAwMDAwMDAsInJlYWQiOjMwMDAwMDAwMDAwMCwidXBkYXRlIjoyNzAwMDAwMDAwMDAwfX0=",
          "dependencies": [
            "module.farms.azurerm_network_interface.farm",
            "module.farms.azurerm_public_ip.farm_publicip",
            "module.farms.azurerm_resource_group.testfarm",
            "module.farms.azurerm_subnet.internal",
            "module.farms.azurerm_virtual_network.testfarm"
          ]
        },
        {
          "index_key": 3,
          "schema_version": 0,
          "attributes": {
            "additional_capabilities": [],
            "admin_password": null,
            "admin_ssh_key": [
              {
                "public_key": "ssh-rsa AAAAB3NzaC1yc2EAAAADAQABAAABAQDIX3pqSVNa2cBOBTmKJTKBABquP5CJarL8sTiOGSDhK9rKTN3PplUX9HAMk2yu2CTr6xUHpB8cj/jSD60dLhcvSTHxOW4kMQmHONr4zhD55Th1zG115wpp+Jf0ZNN+L+zWKQVT2kKuWSVeb4Rd3ftVvrfgEg/jDd2BjAN6K6i5/tX21PbDhTuppgnP8c7Vo7cjc7ded2B8sSZkU4BepFely4Un9rvUZzfXiygQN78qtzNfwqV9WPT4T79r/2TvchLh/F2wSlH0aaUsqrlEz5uqpiKROchPOzqkic6ARki+vtBse4oDlyA1Kkt79+8RwVWA6tv7B1WWpXuGrZJ9eBhN root@28cc2261df86\n",
                "username": "adminuser"
              }
            ],
            "admin_username": "adminuser",
            "allow_extension_operations": true,
            "availability_set_id": "",
            "boot_diagnostics": [],
            "computer_name": "farm-3",
            "custom_data": null,
            "dedicated_host_id": "",
            "disable_password_authentication": true,
            "encryption_at_host_enabled": false,
            "eviction_policy": "",
            "extensions_time_budget": "PT1H30M",
            "id": "/subscriptions/cb6e76ee-ca24-47b5-aedb-b843871af8d1/resourceGroups/testfarm-resourceseastus2/providers/Microsoft.Compute/virtualMachines/farm-3",
            "identity": [],
            "location": "eastus2",
            "max_bid_price": -1,
            "name": "farm-3",
            "network_interface_ids": [
              "/subscriptions/cb6e76ee-ca24-47b5-aedb-b843871af8d1/resourceGroups/testfarm-resourceseastus2/providers/Microsoft.Network/networkInterfaces/testfarm-nic-3"
            ],
            "os_disk": [
              {
                "caching": "ReadWrite",
                "diff_disk_settings": [],
                "disk_encryption_set_id": "",
                "disk_size_gb": 30,
                "name": "farm-3_disk1_b1822f99be784c9592b99f4d9854d073",
                "storage_account_type": "Standard_LRS",
                "write_accelerator_enabled": false
              }
            ],
            "plan": [],
            "priority": "Regular",
            "private_ip_address": "10.0.2.6",
            "private_ip_addresses": [
              "10.0.2.6"
            ],
            "provision_vm_agent": true,
            "proximity_placement_group_id": "",
            "public_ip_address": "52.179.253.142",
            "public_ip_addresses": [
              "52.179.253.142"
            ],
            "resource_group_name": "testfarm-resourceseastus2",
            "secret": [],
            "size": "Standard_D2s_v3",
            "source_image_id": "",
            "source_image_reference": [
              {
                "offer": "UbuntuServer",
                "publisher": "Canonical",
                "sku": "18.04-LTS",
                "version": "latest"
              }
            ],
            "tags": {},
            "timeouts": null,
            "virtual_machine_id": "12c0004a-a059-4a13-832f-6bddb0073e43",
            "virtual_machine_scale_set_id": "",
            "zone": ""
          },
          "sensitive_attributes": [],
          "private": "eyJlMmJmYjczMC1lY2FhLTExZTYtOGY4OC0zNDM2M2JjN2M0YzAiOnsiY3JlYXRlIjoyNzAwMDAwMDAwMDAwLCJkZWxldGUiOjI3MDAwMDAwMDAwMDAsInJlYWQiOjMwMDAwMDAwMDAwMCwidXBkYXRlIjoyNzAwMDAwMDAwMDAwfX0=",
          "dependencies": [
            "module.farms.azurerm_network_interface.farm",
            "module.farms.azurerm_public_ip.farm_publicip",
            "module.farms.azurerm_resource_group.testfarm",
            "module.farms.azurerm_subnet.internal",
            "module.farms.azurerm_virtual_network.testfarm"
          ]
        },
        {
          "index_key": 4,
          "schema_version": 0,
          "attributes": {
            "additional_capabilities": [],
            "admin_password": null,
            "admin_ssh_key": [
              {
                "public_key": "ssh-rsa AAAAB3NzaC1yc2EAAAADAQABAAABAQDIX3pqSVNa2cBOBTmKJTKBABquP5CJarL8sTiOGSDhK9rKTN3PplUX9HAMk2yu2CTr6xUHpB8cj/jSD60dLhcvSTHxOW4kMQmHONr4zhD55Th1zG115wpp+Jf0ZNN+L+zWKQVT2kKuWSVeb4Rd3ftVvrfgEg/jDd2BjAN6K6i5/tX21PbDhTuppgnP8c7Vo7cjc7ded2B8sSZkU4BepFely4Un9rvUZzfXiygQN78qtzNfwqV9WPT4T79r/2TvchLh/F2wSlH0aaUsqrlEz5uqpiKROchPOzqkic6ARki+vtBse4oDlyA1Kkt79+8RwVWA6tv7B1WWpXuGrZJ9eBhN root@28cc2261df86\n",
                "username": "adminuser"
              }
            ],
            "admin_username": "adminuser",
            "allow_extension_operations": true,
            "availability_set_id": "",
            "boot_diagnostics": [],
            "computer_name": "farm-4",
            "custom_data": null,
            "dedicated_host_id": "",
            "disable_password_authentication": true,
            "encryption_at_host_enabled": false,
            "eviction_policy": "",
            "extensions_time_budget": "PT1H30M",
            "id": "/subscriptions/cb6e76ee-ca24-47b5-aedb-b843871af8d1/resourceGroups/testfarm-resourceseastus2/providers/Microsoft.Compute/virtualMachines/farm-4",
            "identity": [],
            "location": "eastus2",
            "max_bid_price": -1,
            "name": "farm-4",
            "network_interface_ids": [
              "/subscriptions/cb6e76ee-ca24-47b5-aedb-b843871af8d1/resourceGroups/testfarm-resourceseastus2/providers/Microsoft.Network/networkInterfaces/testfarm-nic-4"
            ],
            "os_disk": [
              {
                "caching": "ReadWrite",
                "diff_disk_settings": [],
                "disk_encryption_set_id": "",
                "disk_size_gb": 30,
                "name": "farm-4_OsDisk_1_01ad4a3e83aa477bbb7d617046bf64b5",
                "storage_account_type": "Standard_LRS",
                "write_accelerator_enabled": false
              }
            ],
            "plan": [],
            "priority": "Regular",
            "private_ip_address": "10.0.2.7",
            "private_ip_addresses": [
              "10.0.2.7"
            ],
            "provision_vm_agent": true,
            "proximity_placement_group_id": "",
            "public_ip_address": "52.179.252.72",
            "public_ip_addresses": [
              "52.179.252.72"
            ],
            "resource_group_name": "testfarm-resourceseastus2",
            "secret": [],
            "size": "Standard_D2s_v3",
            "source_image_id": "",
            "source_image_reference": [
              {
                "offer": "UbuntuServer",
                "publisher": "Canonical",
                "sku": "18.04-LTS",
                "version": "latest"
              }
            ],
            "tags": {},
            "timeouts": null,
            "virtual_machine_id": "dded8429-e7eb-4803-87a7-ee3db73fa454",
            "virtual_machine_scale_set_id": "",
            "zone": ""
          },
          "sensitive_attributes": [],
          "private": "eyJlMmJmYjczMC1lY2FhLTExZTYtOGY4OC0zNDM2M2JjN2M0YzAiOnsiY3JlYXRlIjoyNzAwMDAwMDAwMDAwLCJkZWxldGUiOjI3MDAwMDAwMDAwMDAsInJlYWQiOjMwMDAwMDAwMDAwMCwidXBkYXRlIjoyNzAwMDAwMDAwMDAwfX0=",
          "dependencies": [
            "module.farms.azurerm_network_interface.farm",
            "module.farms.azurerm_public_ip.farm_publicip",
            "module.farms.azurerm_resource_group.testfarm",
            "module.farms.azurerm_subnet.internal",
            "module.farms.azurerm_virtual_network.testfarm"
          ]
        }
      ]
    },
    {
      "module": "module.farms[\"East US 2\"]",
      "mode": "managed",
      "type": "azurerm_network_interface",
      "name": "farm",
      "provider": "provider[\"registry.terraform.io/hashicorp/azurerm\"]",
      "instances": [
        {
          "index_key": 0,
          "schema_version": 0,
          "attributes": {
            "applied_dns_servers": [],
            "dns_servers": [],
            "enable_accelerated_networking": false,
            "enable_ip_forwarding": false,
            "id": "/subscriptions/cb6e76ee-ca24-47b5-aedb-b843871af8d1/resourceGroups/testfarm-resourceseastus2/providers/Microsoft.Network/networkInterfaces/testfarm-nic-0",
            "internal_dns_name_label": "",
            "internal_domain_name_suffix": "yut30j0oynoudpfyczm1zthaba.cx.internal.cloudapp.net",
            "ip_configuration": [
              {
                "name": "testconfiguration1",
                "primary": true,
                "private_ip_address": "10.0.2.4",
                "private_ip_address_allocation": "Dynamic",
                "private_ip_address_version": "IPv4",
                "public_ip_address_id": "/subscriptions/cb6e76ee-ca24-47b5-aedb-b843871af8d1/resourceGroups/testfarm-resourceseastus2/providers/Microsoft.Network/publicIPAddresses/FarmPublicIp-0",
                "subnet_id": "/subscriptions/cb6e76ee-ca24-47b5-aedb-b843871af8d1/resourceGroups/testfarm-resourceseastus2/providers/Microsoft.Network/virtualNetworks/testfarm-network-eastus2/subnets/internal-eastus2"
              }
            ],
            "location": "eastus2",
            "mac_address": "00-0D-3A-7C-06-D2",
            "name": "testfarm-nic-0",
            "private_ip_address": "10.0.2.4",
            "private_ip_addresses": [
              "10.0.2.4"
            ],
            "resource_group_name": "testfarm-resourceseastus2",
            "tags": {},
            "timeouts": null,
            "virtual_machine_id": "/subscriptions/cb6e76ee-ca24-47b5-aedb-b843871af8d1/resourceGroups/testfarm-resourceseastus2/providers/Microsoft.Compute/virtualMachines/farm-0"
          },
          "sensitive_attributes": [],
          "private": "eyJlMmJmYjczMC1lY2FhLTExZTYtOGY4OC0zNDM2M2JjN2M0YzAiOnsiY3JlYXRlIjoxODAwMDAwMDAwMDAwLCJkZWxldGUiOjE4MDAwMDAwMDAwMDAsInJlYWQiOjMwMDAwMDAwMDAwMCwidXBkYXRlIjoxODAwMDAwMDAwMDAwfX0=",
          "dependencies": [
            "module.farms.azurerm_public_ip.farm_publicip",
            "module.farms.azurerm_resource_group.testfarm",
            "module.farms.azurerm_subnet.internal",
            "module.farms.azurerm_virtual_network.testfarm"
          ]
        },
        {
          "index_key": 1,
          "schema_version": 0,
          "attributes": {
            "applied_dns_servers": [],
            "dns_servers": [],
            "enable_accelerated_networking": false,
            "enable_ip_forwarding": false,
            "id": "/subscriptions/cb6e76ee-ca24-47b5-aedb-b843871af8d1/resourceGroups/testfarm-resourceseastus2/providers/Microsoft.Network/networkInterfaces/testfarm-nic-1",
            "internal_dns_name_label": "",
            "internal_domain_name_suffix": "yut30j0oynoudpfyczm1zthaba.cx.internal.cloudapp.net",
            "ip_configuration": [
              {
                "name": "testconfiguration1",
                "primary": true,
                "private_ip_address": "10.0.2.5",
                "private_ip_address_allocation": "Dynamic",
                "private_ip_address_version": "IPv4",
                "public_ip_address_id": "/subscriptions/cb6e76ee-ca24-47b5-aedb-b843871af8d1/resourceGroups/testfarm-resourceseastus2/providers/Microsoft.Network/publicIPAddresses/FarmPublicIp-1",
                "subnet_id": "/subscriptions/cb6e76ee-ca24-47b5-aedb-b843871af8d1/resourceGroups/testfarm-resourceseastus2/providers/Microsoft.Network/virtualNetworks/testfarm-network-eastus2/subnets/internal-eastus2"
              }
            ],
            "location": "eastus2",
            "mac_address": "00-0D-3A-E3-2B-96",
            "name": "testfarm-nic-1",
            "private_ip_address": "10.0.2.5",
            "private_ip_addresses": [
              "10.0.2.5"
            ],
            "resource_group_name": "testfarm-resourceseastus2",
            "tags": {},
            "timeouts": null,
            "virtual_machine_id": "/subscriptions/cb6e76ee-ca24-47b5-aedb-b843871af8d1/resourceGroups/testfarm-resourceseastus2/providers/Microsoft.Compute/virtualMachines/farm-1"
          },
          "sensitive_attributes": [],
          "private": "eyJlMmJmYjczMC1lY2FhLTExZTYtOGY4OC0zNDM2M2JjN2M0YzAiOnsiY3JlYXRlIjoxODAwMDAwMDAwMDAwLCJkZWxldGUiOjE4MDAwMDAwMDAwMDAsInJlYWQiOjMwMDAwMDAwMDAwMCwidXBkYXRlIjoxODAwMDAwMDAwMDAwfX0=",
          "dependencies": [
            "module.farms.azurerm_public_ip.farm_publicip",
            "module.farms.azurerm_resource_group.testfarm",
            "module.farms.azurerm_subnet.internal",
            "module.farms.azurerm_virtual_network.testfarm"
          ]
        },
        {
          "index_key": 2,
          "schema_version": 0,
          "attributes": {
            "applied_dns_servers": [],
            "dns_servers": [],
            "enable_accelerated_networking": false,
            "enable_ip_forwarding": false,
            "id": "/subscriptions/cb6e76ee-ca24-47b5-aedb-b843871af8d1/resourceGroups/testfarm-resourceseastus2/providers/Microsoft.Network/networkInterfaces/testfarm-nic-2",
            "internal_dns_name_label": "",
            "internal_domain_name_suffix": "yut30j0oynoudpfyczm1zthaba.cx.internal.cloudapp.net",
            "ip_configuration": [
              {
                "name": "testconfiguration1",
                "primary": true,
                "private_ip_address": "10.0.2.8",
                "private_ip_address_allocation": "Dynamic",
                "private_ip_address_version": "IPv4",
                "public_ip_address_id": "/subscriptions/cb6e76ee-ca24-47b5-aedb-b843871af8d1/resourceGroups/testfarm-resourceseastus2/providers/Microsoft.Network/publicIPAddresses/FarmPublicIp-2",
                "subnet_id": "/subscriptions/cb6e76ee-ca24-47b5-aedb-b843871af8d1/resourceGroups/testfarm-resourceseastus2/providers/Microsoft.Network/virtualNetworks/testfarm-network-eastus2/subnets/internal-eastus2"
              }
            ],
            "location": "eastus2",
            "mac_address": "00-0D-3A-E4-77-B6",
            "name": "testfarm-nic-2",
            "private_ip_address": "10.0.2.8",
            "private_ip_addresses": [
              "10.0.2.8"
            ],
            "resource_group_name": "testfarm-resourceseastus2",
            "tags": {},
            "timeouts": null,
            "virtual_machine_id": "/subscriptions/cb6e76ee-ca24-47b5-aedb-b843871af8d1/resourceGroups/testfarm-resourceseastus2/providers/Microsoft.Compute/virtualMachines/farm-2"
          },
          "sensitive_attributes": [],
          "private": "eyJlMmJmYjczMC1lY2FhLTExZTYtOGY4OC0zNDM2M2JjN2M0YzAiOnsiY3JlYXRlIjoxODAwMDAwMDAwMDAwLCJkZWxldGUiOjE4MDAwMDAwMDAwMDAsInJlYWQiOjMwMDAwMDAwMDAwMCwidXBkYXRlIjoxODAwMDAwMDAwMDAwfX0=",
          "dependencies": [
            "module.farms.azurerm_public_ip.farm_publicip",
            "module.farms.azurerm_resource_group.testfarm",
            "module.farms.azurerm_subnet.internal",
            "module.farms.azurerm_virtual_network.testfarm"
          ]
        },
        {
          "index_key": 3,
          "schema_version": 0,
          "attributes": {
            "applied_dns_servers": [],
            "dns_servers": [],
            "enable_accelerated_networking": false,
            "enable_ip_forwarding": false,
            "id": "/subscriptions/cb6e76ee-ca24-47b5-aedb-b843871af8d1/resourceGroups/testfarm-resourceseastus2/providers/Microsoft.Network/networkInterfaces/testfarm-nic-3",
            "internal_dns_name_label": "",
            "internal_domain_name_suffix": "yut30j0oynoudpfyczm1zthaba.cx.internal.cloudapp.net",
            "ip_configuration": [
              {
                "name": "testconfiguration1",
                "primary": true,
                "private_ip_address": "10.0.2.6",
                "private_ip_address_allocation": "Dynamic",
                "private_ip_address_version": "IPv4",
                "public_ip_address_id": "/subscriptions/cb6e76ee-ca24-47b5-aedb-b843871af8d1/resourceGroups/testfarm-resourceseastus2/providers/Microsoft.Network/publicIPAddresses/FarmPublicIp-3",
                "subnet_id": "/subscriptions/cb6e76ee-ca24-47b5-aedb-b843871af8d1/resourceGroups/testfarm-resourceseastus2/providers/Microsoft.Network/virtualNetworks/testfarm-network-eastus2/subnets/internal-eastus2"
              }
            ],
            "location": "eastus2",
            "mac_address": "00-0D-3A-D9-D7-B6",
            "name": "testfarm-nic-3",
            "private_ip_address": "10.0.2.6",
            "private_ip_addresses": [
              "10.0.2.6"
            ],
            "resource_group_name": "testfarm-resourceseastus2",
            "tags": {},
            "timeouts": null,
            "virtual_machine_id": "/subscriptions/cb6e76ee-ca24-47b5-aedb-b843871af8d1/resourceGroups/testfarm-resourceseastus2/providers/Microsoft.Compute/virtualMachines/farm-3"
          },
          "sensitive_attributes": [],
          "private": "eyJlMmJmYjczMC1lY2FhLTExZTYtOGY4OC0zNDM2M2JjN2M0YzAiOnsiY3JlYXRlIjoxODAwMDAwMDAwMDAwLCJkZWxldGUiOjE4MDAwMDAwMDAwMDAsInJlYWQiOjMwMDAwMDAwMDAwMCwidXBkYXRlIjoxODAwMDAwMDAwMDAwfX0=",
          "dependencies": [
            "module.farms.azurerm_public_ip.farm_publicip",
            "module.farms.azurerm_resource_group.testfarm",
            "module.farms.azurerm_subnet.internal",
            "module.farms.azurerm_virtual_network.testfarm"
          ]
        },
        {
          "index_key": 4,
          "schema_version": 0,
          "attributes": {
            "applied_dns_servers": [],
            "dns_servers": [],
            "enable_accelerated_networking": false,
            "enable_ip_forwarding": false,
            "id": "/subscriptions/cb6e76ee-ca24-47b5-aedb-b843871af8d1/resourceGroups/testfarm-resourceseastus2/providers/Microsoft.Network/networkInterfaces/testfarm-nic-4",
            "internal_dns_name_label": "",
            "internal_domain_name_suffix": "yut30j0oynoudpfyczm1zthaba.cx.internal.cloudapp.net",
            "ip_configuration": [
              {
                "name": "testconfiguration1",
                "primary": true,
                "private_ip_address": "10.0.2.7",
                "private_ip_address_allocation": "Dynamic",
                "private_ip_address_version": "IPv4",
                "public_ip_address_id": "/subscriptions/cb6e76ee-ca24-47b5-aedb-b843871af8d1/resourceGroups/testfarm-resourceseastus2/providers/Microsoft.Network/publicIPAddresses/FarmPublicIp-4",
                "subnet_id": "/subscriptions/cb6e76ee-ca24-47b5-aedb-b843871af8d1/resourceGroups/testfarm-resourceseastus2/providers/Microsoft.Network/virtualNetworks/testfarm-network-eastus2/subnets/internal-eastus2"
              }
            ],
            "location": "eastus2",
            "mac_address": "00-0D-3A-02-15-25",
            "name": "testfarm-nic-4",
            "private_ip_address": "10.0.2.7",
            "private_ip_addresses": [
              "10.0.2.7"
            ],
            "resource_group_name": "testfarm-resourceseastus2",
            "tags": {},
            "timeouts": null,
            "virtual_machine_id": "/subscriptions/cb6e76ee-ca24-47b5-aedb-b843871af8d1/resourceGroups/testfarm-resourceseastus2/providers/Microsoft.Compute/virtualMachines/farm-4"
          },
          "sensitive_attributes": [],
          "private": "eyJlMmJmYjczMC1lY2FhLTExZTYtOGY4OC0zNDM2M2JjN2M0YzAiOnsiY3JlYXRlIjoxODAwMDAwMDAwMDAwLCJkZWxldGUiOjE4MDAwMDAwMDAwMDAsInJlYWQiOjMwMDAwMDAwMDAwMCwidXBkYXRlIjoxODAwMDAwMDAwMDAwfX0=",
          "dependencies": [
            "module.farms.azurerm_public_ip.farm_publicip",
            "module.farms.azurerm_resource_group.testfarm",
            "module.farms.azurerm_subnet.internal",
            "module.farms.azurerm_virtual_network.testfarm"
          ]
        }
      ]
    },
    {
      "module": "module.farms[\"East US 2\"]",
      "mode": "managed",
      "type": "azurerm_public_ip",
      "name": "farm_publicip",
      "provider": "provider[\"registry.terraform.io/hashicorp/azurerm\"]",
      "instances": [
        {
          "index_key": 0,
          "schema_version": 0,
          "attributes": {
            "allocation_method": "Dynamic",
            "domain_name_label": null,
            "fqdn": null,
            "id": "/subscriptions/cb6e76ee-ca24-47b5-aedb-b843871af8d1/resourceGroups/testfarm-resourceseastus2/providers/Microsoft.Network/publicIPAddresses/FarmPublicIp-0",
            "idle_timeout_in_minutes": 4,
            "ip_address": "40.70.130.44",
            "ip_version": "IPv4",
            "location": "eastus2",
            "name": "FarmPublicIp-0",
            "public_ip_prefix_id": null,
            "resource_group_name": "testfarm-resourceseastus2",
            "reverse_fqdn": null,
            "sku": "Basic",
            "tags": {
              "environment": "farm"
            },
            "timeouts": null,
            "zones": []
          },
          "sensitive_attributes": [],
          "private": "eyJlMmJmYjczMC1lY2FhLTExZTYtOGY4OC0zNDM2M2JjN2M0YzAiOnsiY3JlYXRlIjoxODAwMDAwMDAwMDAwLCJkZWxldGUiOjE4MDAwMDAwMDAwMDAsInJlYWQiOjMwMDAwMDAwMDAwMCwidXBkYXRlIjoxODAwMDAwMDAwMDAwfX0=",
          "dependencies": [
            "module.farms.azurerm_resource_group.testfarm"
          ]
        },
        {
          "index_key": 1,
          "schema_version": 0,
          "attributes": {
            "allocation_method": "Dynamic",
            "domain_name_label": null,
            "fqdn": null,
            "id": "/subscriptions/cb6e76ee-ca24-47b5-aedb-b843871af8d1/resourceGroups/testfarm-resourceseastus2/providers/Microsoft.Network/publicIPAddresses/FarmPublicIp-1",
            "idle_timeout_in_minutes": 4,
            "ip_address": "104.209.174.127",
            "ip_version": "IPv4",
            "location": "eastus2",
            "name": "FarmPublicIp-1",
            "public_ip_prefix_id": null,
            "resource_group_name": "testfarm-resourceseastus2",
            "reverse_fqdn": null,
            "sku": "Basic",
            "tags": {
              "environment": "farm"
            },
            "timeouts": null,
            "zones": []
          },
          "sensitive_attributes": [],
          "private": "eyJlMmJmYjczMC1lY2FhLTExZTYtOGY4OC0zNDM2M2JjN2M0YzAiOnsiY3JlYXRlIjoxODAwMDAwMDAwMDAwLCJkZWxldGUiOjE4MDAwMDAwMDAwMDAsInJlYWQiOjMwMDAwMDAwMDAwMCwidXBkYXRlIjoxODAwMDAwMDAwMDAwfX0=",
          "dependencies": [
            "module.farms.azurerm_resource_group.testfarm"
          ]
        },
        {
          "index_key": 2,
          "schema_version": 0,
          "attributes": {
            "allocation_method": "Dynamic",
            "domain_name_label": null,
            "fqdn": null,
            "id": "/subscriptions/cb6e76ee-ca24-47b5-aedb-b843871af8d1/resourceGroups/testfarm-resourceseastus2/providers/Microsoft.Network/publicIPAddresses/FarmPublicIp-2",
            "idle_timeout_in_minutes": 4,
            "ip_address": "52.179.253.136",
            "ip_version": "IPv4",
            "location": "eastus2",
            "name": "FarmPublicIp-2",
            "public_ip_prefix_id": null,
            "resource_group_name": "testfarm-resourceseastus2",
            "reverse_fqdn": null,
            "sku": "Basic",
            "tags": {
              "environment": "farm"
            },
            "timeouts": null,
            "zones": []
          },
          "sensitive_attributes": [],
          "private": "eyJlMmJmYjczMC1lY2FhLTExZTYtOGY4OC0zNDM2M2JjN2M0YzAiOnsiY3JlYXRlIjoxODAwMDAwMDAwMDAwLCJkZWxldGUiOjE4MDAwMDAwMDAwMDAsInJlYWQiOjMwMDAwMDAwMDAwMCwidXBkYXRlIjoxODAwMDAwMDAwMDAwfX0=",
          "dependencies": [
            "module.farms.azurerm_resource_group.testfarm"
          ]
        },
        {
          "index_key": 3,
          "schema_version": 0,
          "attributes": {
            "allocation_method": "Dynamic",
            "domain_name_label": null,
            "fqdn": null,
            "id": "/subscriptions/cb6e76ee-ca24-47b5-aedb-b843871af8d1/resourceGroups/testfarm-resourceseastus2/providers/Microsoft.Network/publicIPAddresses/FarmPublicIp-3",
            "idle_timeout_in_minutes": 4,
            "ip_address": "52.179.253.142",
            "ip_version": "IPv4",
            "location": "eastus2",
            "name": "FarmPublicIp-3",
            "public_ip_prefix_id": null,
            "resource_group_name": "testfarm-resourceseastus2",
            "reverse_fqdn": null,
            "sku": "Basic",
            "tags": {
              "environment": "farm"
            },
            "timeouts": null,
            "zones": []
          },
          "sensitive_attributes": [],
          "private": "eyJlMmJmYjczMC1lY2FhLTExZTYtOGY4OC0zNDM2M2JjN2M0YzAiOnsiY3JlYXRlIjoxODAwMDAwMDAwMDAwLCJkZWxldGUiOjE4MDAwMDAwMDAwMDAsInJlYWQiOjMwMDAwMDAwMDAwMCwidXBkYXRlIjoxODAwMDAwMDAwMDAwfX0=",
          "dependencies": [
            "module.farms.azurerm_resource_group.testfarm"
          ]
        },
        {
          "index_key": 4,
          "schema_version": 0,
          "attributes": {
            "allocation_method": "Dynamic",
            "domain_name_label": null,
            "fqdn": null,
            "id": "/subscriptions/cb6e76ee-ca24-47b5-aedb-b843871af8d1/resourceGroups/testfarm-resourceseastus2/providers/Microsoft.Network/publicIPAddresses/FarmPublicIp-4",
            "idle_timeout_in_minutes": 4,
            "ip_address": "52.179.252.72",
            "ip_version": "IPv4",
            "location": "eastus2",
            "name": "FarmPublicIp-4",
            "public_ip_prefix_id": null,
            "resource_group_name": "testfarm-resourceseastus2",
            "reverse_fqdn": null,
            "sku": "Basic",
            "tags": {
              "environment": "farm"
            },
            "timeouts": null,
            "zones": []
          },
          "sensitive_attributes": [],
          "private": "eyJlMmJmYjczMC1lY2FhLTExZTYtOGY4OC0zNDM2M2JjN2M0YzAiOnsiY3JlYXRlIjoxODAwMDAwMDAwMDAwLCJkZWxldGUiOjE4MDAwMDAwMDAwMDAsInJlYWQiOjMwMDAwMDAwMDAwMCwidXBkYXRlIjoxODAwMDAwMDAwMDAwfX0=",
          "dependencies": [
            "module.farms.azurerm_resource_group.testfarm"
          ]
        }
      ]
    },
    {
      "module": "module.farms[\"East US 2\"]",
      "mode": "managed",
      "type": "azurerm_resource_group",
      "name": "testfarm",
      "provider": "provider[\"registry.terraform.io/hashicorp/azurerm\"]",
      "instances": [
        {
          "schema_version": 0,
          "attributes": {
            "id": "/subscriptions/cb6e76ee-ca24-47b5-aedb-b843871af8d1/resourceGroups/testfarm-resourceseastus2",
            "location": "eastus2",
            "name": "testfarm-resourceseastus2",
            "tags": {},
            "timeouts": null
          },
          "sensitive_attributes": [],
          "private": "eyJlMmJmYjczMC1lY2FhLTExZTYtOGY4OC0zNDM2M2JjN2M0YzAiOnsiY3JlYXRlIjo1NDAwMDAwMDAwMDAwLCJkZWxldGUiOjU0MDAwMDAwMDAwMDAsInJlYWQiOjMwMDAwMDAwMDAwMCwidXBkYXRlIjo1NDAwMDAwMDAwMDAwfX0="
        }
      ]
    },
    {
      "module": "module.farms[\"East US 2\"]",
      "mode": "managed",
      "type": "azurerm_subnet",
      "name": "internal",
      "provider": "provider[\"registry.terraform.io/hashicorp/azurerm\"]",
      "instances": [
        {
          "schema_version": 0,
          "attributes": {
            "address_prefix": "10.0.2.0/24",
            "address_prefixes": [
              "10.0.2.0/24"
            ],
            "delegation": [],
            "enforce_private_link_endpoint_network_policies": false,
            "enforce_private_link_service_network_policies": false,
            "id": "/subscriptions/cb6e76ee-ca24-47b5-aedb-b843871af8d1/resourceGroups/testfarm-resourceseastus2/providers/Microsoft.Network/virtualNetworks/testfarm-network-eastus2/subnets/internal-eastus2",
            "name": "internal-eastus2",
            "resource_group_name": "testfarm-resourceseastus2",
            "service_endpoint_policy_ids": [],
            "service_endpoints": [],
            "timeouts": null,
            "virtual_network_name": "testfarm-network-eastus2"
          },
          "sensitive_attributes": [],
          "private": "eyJlMmJmYjczMC1lY2FhLTExZTYtOGY4OC0zNDM2M2JjN2M0YzAiOnsiY3JlYXRlIjoxODAwMDAwMDAwMDAwLCJkZWxldGUiOjE4MDAwMDAwMDAwMDAsInJlYWQiOjMwMDAwMDAwMDAwMCwidXBkYXRlIjoxODAwMDAwMDAwMDAwfX0=",
          "dependencies": [
            "module.farms.azurerm_resource_group.testfarm",
            "module.farms.azurerm_virtual_network.testfarm"
          ]
        }
      ]
    },
    {
      "module": "module.farms[\"East US 2\"]",
      "mode": "managed",
      "type": "azurerm_virtual_network",
      "name": "testfarm",
      "provider": "provider[\"registry.terraform.io/hashicorp/azurerm\"]",
      "instances": [
        {
          "schema_version": 0,
          "attributes": {
            "address_space": [
              "10.0.0.0/16"
            ],
            "bgp_community": "",
            "ddos_protection_plan": [],
            "dns_servers": [],
            "guid": "27dd27c5-c34e-415d-bcb8-1659bccce008",
            "id": "/subscriptions/cb6e76ee-ca24-47b5-aedb-b843871af8d1/resourceGroups/testfarm-resourceseastus2/providers/Microsoft.Network/virtualNetworks/testfarm-network-eastus2",
            "location": "eastus2",
            "name": "testfarm-network-eastus2",
            "resource_group_name": "testfarm-resourceseastus2",
            "subnet": [
              {
                "address_prefix": "10.0.2.0/24",
                "id": "/subscriptions/cb6e76ee-ca24-47b5-aedb-b843871af8d1/resourceGroups/testfarm-resourceseastus2/providers/Microsoft.Network/virtualNetworks/testfarm-network-eastus2/subnets/internal-eastus2",
                "name": "internal-eastus2",
                "security_group": ""
              }
            ],
            "tags": {},
            "timeouts": null,
            "vm_protection_enabled": false
          },
          "sensitive_attributes": [],
          "private": "eyJlMmJmYjczMC1lY2FhLTExZTYtOGY4OC0zNDM2M2JjN2M0YzAiOnsiY3JlYXRlIjoxODAwMDAwMDAwMDAwLCJkZWxldGUiOjE4MDAwMDAwMDAwMDAsInJlYWQiOjMwMDAwMDAwMDAwMCwidXBkYXRlIjoxODAwMDAwMDAwMDAwfX0=",
          "dependencies": [
            "module.farms.azurerm_resource_group.testfarm"
          ]
        }
      ]
    },
    {
      "module": "module.farms[\"East US\"]",
      "mode": "managed",
      "type": "azurerm_linux_virtual_machine",
      "name": "farm",
      "provider": "provider[\"registry.terraform.io/hashicorp/azurerm\"]",
      "instances": [
        {
          "index_key": 0,
          "schema_version": 0,
          "attributes": {
            "additional_capabilities": [],
            "admin_password": null,
            "admin_ssh_key": [
              {
                "public_key": "ssh-rsa AAAAB3NzaC1yc2EAAAADAQABAAABAQDIX3pqSVNa2cBOBTmKJTKBABquP5CJarL8sTiOGSDhK9rKTN3PplUX9HAMk2yu2CTr6xUHpB8cj/jSD60dLhcvSTHxOW4kMQmHONr4zhD55Th1zG115wpp+Jf0ZNN+L+zWKQVT2kKuWSVeb4Rd3ftVvrfgEg/jDd2BjAN6K6i5/tX21PbDhTuppgnP8c7Vo7cjc7ded2B8sSZkU4BepFely4Un9rvUZzfXiygQN78qtzNfwqV9WPT4T79r/2TvchLh/F2wSlH0aaUsqrlEz5uqpiKROchPOzqkic6ARki+vtBse4oDlyA1Kkt79+8RwVWA6tv7B1WWpXuGrZJ9eBhN root@28cc2261df86\n",
                "username": "adminuser"
              }
            ],
            "admin_username": "adminuser",
            "allow_extension_operations": true,
            "availability_set_id": "",
            "boot_diagnostics": [],
            "computer_name": "farm-0",
            "custom_data": null,
            "dedicated_host_id": "",
            "disable_password_authentication": true,
            "encryption_at_host_enabled": false,
            "eviction_policy": "",
            "extensions_time_budget": "PT1H30M",
            "id": "/subscriptions/cb6e76ee-ca24-47b5-aedb-b843871af8d1/resourceGroups/testfarm-resourceseastus/providers/Microsoft.Compute/virtualMachines/farm-0",
            "identity": [],
            "location": "eastus",
            "max_bid_price": -1,
            "name": "farm-0",
            "network_interface_ids": [
              "/subscriptions/cb6e76ee-ca24-47b5-aedb-b843871af8d1/resourceGroups/testfarm-resourceseastus/providers/Microsoft.Network/networkInterfaces/testfarm-nic-0"
            ],
            "os_disk": [
              {
                "caching": "ReadWrite",
                "diff_disk_settings": [],
                "disk_encryption_set_id": "",
                "disk_size_gb": 30,
                "name": "farm-0_OsDisk_1_67bb30eccd8240bf8dfbf5ad847dbeaf",
                "storage_account_type": "Standard_LRS",
                "write_accelerator_enabled": false
              }
            ],
            "plan": [],
            "priority": "Regular",
            "private_ip_address": "10.0.2.4",
            "private_ip_addresses": [
              "10.0.2.4"
            ],
            "provision_vm_agent": true,
            "proximity_placement_group_id": "",
            "public_ip_address": "137.135.80.95",
            "public_ip_addresses": [
              "137.135.80.95"
            ],
            "resource_group_name": "testfarm-resourceseastus",
            "secret": [],
            "size": "Standard_D2s_v3",
            "source_image_id": "",
            "source_image_reference": [
              {
                "offer": "UbuntuServer",
                "publisher": "Canonical",
                "sku": "18.04-LTS",
                "version": "latest"
              }
            ],
            "tags": {},
            "timeouts": null,
            "virtual_machine_id": "87827669-c0f7-45e8-aab8-13415b4052c7",
            "virtual_machine_scale_set_id": "",
            "zone": ""
          },
          "sensitive_attributes": [],
          "private": "eyJlMmJmYjczMC1lY2FhLTExZTYtOGY4OC0zNDM2M2JjN2M0YzAiOnsiY3JlYXRlIjoyNzAwMDAwMDAwMDAwLCJkZWxldGUiOjI3MDAwMDAwMDAwMDAsInJlYWQiOjMwMDAwMDAwMDAwMCwidXBkYXRlIjoyNzAwMDAwMDAwMDAwfX0=",
          "dependencies": [
            "module.farms.azurerm_network_interface.farm",
            "module.farms.azurerm_public_ip.farm_publicip",
            "module.farms.azurerm_resource_group.testfarm",
            "module.farms.azurerm_subnet.internal",
            "module.farms.azurerm_virtual_network.testfarm"
          ]
        },
        {
          "index_key": 1,
          "schema_version": 0,
          "attributes": {
            "additional_capabilities": [],
            "admin_password": null,
            "admin_ssh_key": [
              {
                "public_key": "ssh-rsa AAAAB3NzaC1yc2EAAAADAQABAAABAQDIX3pqSVNa2cBOBTmKJTKBABquP5CJarL8sTiOGSDhK9rKTN3PplUX9HAMk2yu2CTr6xUHpB8cj/jSD60dLhcvSTHxOW4kMQmHONr4zhD55Th1zG115wpp+Jf0ZNN+L+zWKQVT2kKuWSVeb4Rd3ftVvrfgEg/jDd2BjAN6K6i5/tX21PbDhTuppgnP8c7Vo7cjc7ded2B8sSZkU4BepFely4Un9rvUZzfXiygQN78qtzNfwqV9WPT4T79r/2TvchLh/F2wSlH0aaUsqrlEz5uqpiKROchPOzqkic6ARki+vtBse4oDlyA1Kkt79+8RwVWA6tv7B1WWpXuGrZJ9eBhN root@28cc2261df86\n",
                "username": "adminuser"
              }
            ],
            "admin_username": "adminuser",
            "allow_extension_operations": true,
            "availability_set_id": "",
            "boot_diagnostics": [],
            "computer_name": "farm-1",
            "custom_data": null,
            "dedicated_host_id": "",
            "disable_password_authentication": true,
            "encryption_at_host_enabled": false,
            "eviction_policy": "",
            "extensions_time_budget": "PT1H30M",
            "id": "/subscriptions/cb6e76ee-ca24-47b5-aedb-b843871af8d1/resourceGroups/testfarm-resourceseastus/providers/Microsoft.Compute/virtualMachines/farm-1",
            "identity": [],
            "location": "eastus",
            "max_bid_price": -1,
            "name": "farm-1",
            "network_interface_ids": [
              "/subscriptions/cb6e76ee-ca24-47b5-aedb-b843871af8d1/resourceGroups/testfarm-resourceseastus/providers/Microsoft.Network/networkInterfaces/testfarm-nic-1"
            ],
            "os_disk": [
              {
                "caching": "ReadWrite",
                "diff_disk_settings": [],
                "disk_encryption_set_id": "",
                "disk_size_gb": 30,
                "name": "farm-1_OsDisk_1_dcba7a547a084e9fb419baf3dbc71da7",
                "storage_account_type": "Standard_LRS",
                "write_accelerator_enabled": false
              }
            ],
            "plan": [],
            "priority": "Regular",
            "private_ip_address": "10.0.2.5",
            "private_ip_addresses": [
              "10.0.2.5"
            ],
            "provision_vm_agent": true,
            "proximity_placement_group_id": "",
            "public_ip_address": "137.135.82.130",
            "public_ip_addresses": [
              "137.135.82.130"
            ],
            "resource_group_name": "testfarm-resourceseastus",
            "secret": [],
            "size": "Standard_D2s_v3",
            "source_image_id": "",
            "source_image_reference": [
              {
                "offer": "UbuntuServer",
                "publisher": "Canonical",
                "sku": "18.04-LTS",
                "version": "latest"
              }
            ],
            "tags": {},
            "timeouts": null,
            "virtual_machine_id": "7f36c6c4-d65e-4025-b8d3-911ba53849af",
            "virtual_machine_scale_set_id": "",
            "zone": ""
          },
          "sensitive_attributes": [],
          "private": "eyJlMmJmYjczMC1lY2FhLTExZTYtOGY4OC0zNDM2M2JjN2M0YzAiOnsiY3JlYXRlIjoyNzAwMDAwMDAwMDAwLCJkZWxldGUiOjI3MDAwMDAwMDAwMDAsInJlYWQiOjMwMDAwMDAwMDAwMCwidXBkYXRlIjoyNzAwMDAwMDAwMDAwfX0=",
          "dependencies": [
            "module.farms.azurerm_network_interface.farm",
            "module.farms.azurerm_public_ip.farm_publicip",
            "module.farms.azurerm_resource_group.testfarm",
            "module.farms.azurerm_subnet.internal",
            "module.farms.azurerm_virtual_network.testfarm"
          ]
        },
        {
          "index_key": 2,
          "schema_version": 0,
          "attributes": {
            "additional_capabilities": [],
            "admin_password": null,
            "admin_ssh_key": [
              {
                "public_key": "ssh-rsa AAAAB3NzaC1yc2EAAAADAQABAAABAQDIX3pqSVNa2cBOBTmKJTKBABquP5CJarL8sTiOGSDhK9rKTN3PplUX9HAMk2yu2CTr6xUHpB8cj/jSD60dLhcvSTHxOW4kMQmHONr4zhD55Th1zG115wpp+Jf0ZNN+L+zWKQVT2kKuWSVeb4Rd3ftVvrfgEg/jDd2BjAN6K6i5/tX21PbDhTuppgnP8c7Vo7cjc7ded2B8sSZkU4BepFely4Un9rvUZzfXiygQN78qtzNfwqV9WPT4T79r/2TvchLh/F2wSlH0aaUsqrlEz5uqpiKROchPOzqkic6ARki+vtBse4oDlyA1Kkt79+8RwVWA6tv7B1WWpXuGrZJ9eBhN root@28cc2261df86\n",
                "username": "adminuser"
              }
            ],
            "admin_username": "adminuser",
            "allow_extension_operations": true,
            "availability_set_id": "",
            "boot_diagnostics": [],
            "computer_name": "farm-2",
            "custom_data": null,
            "dedicated_host_id": "",
            "disable_password_authentication": true,
            "encryption_at_host_enabled": false,
            "eviction_policy": "",
            "extensions_time_budget": "PT1H30M",
            "id": "/subscriptions/cb6e76ee-ca24-47b5-aedb-b843871af8d1/resourceGroups/testfarm-resourceseastus/providers/Microsoft.Compute/virtualMachines/farm-2",
            "identity": [],
            "location": "eastus",
            "max_bid_price": -1,
            "name": "farm-2",
            "network_interface_ids": [
              "/subscriptions/cb6e76ee-ca24-47b5-aedb-b843871af8d1/resourceGroups/testfarm-resourceseastus/providers/Microsoft.Network/networkInterfaces/testfarm-nic-2"
            ],
            "os_disk": [
              {
                "caching": "ReadWrite",
                "diff_disk_settings": [],
                "disk_encryption_set_id": "",
                "disk_size_gb": 30,
                "name": "farm-2_OsDisk_1_e8fceffd447f49118e9c4ea9d7ba820a",
                "storage_account_type": "Standard_LRS",
                "write_accelerator_enabled": false
              }
            ],
            "plan": [],
            "priority": "Regular",
            "private_ip_address": "10.0.2.8",
            "private_ip_addresses": [
              "10.0.2.8"
            ],
            "provision_vm_agent": true,
            "proximity_placement_group_id": "",
            "public_ip_address": "40.80.145.180",
            "public_ip_addresses": [
              "40.80.145.180"
            ],
            "resource_group_name": "testfarm-resourceseastus",
            "secret": [],
            "size": "Standard_D2s_v3",
            "source_image_id": "",
            "source_image_reference": [
              {
                "offer": "UbuntuServer",
                "publisher": "Canonical",
                "sku": "18.04-LTS",
                "version": "latest"
              }
            ],
            "tags": {},
            "timeouts": null,
            "virtual_machine_id": "35c85416-2379-4600-aa70-76e32d7721ba",
            "virtual_machine_scale_set_id": "",
            "zone": ""
          },
          "sensitive_attributes": [],
          "private": "eyJlMmJmYjczMC1lY2FhLTExZTYtOGY4OC0zNDM2M2JjN2M0YzAiOnsiY3JlYXRlIjoyNzAwMDAwMDAwMDAwLCJkZWxldGUiOjI3MDAwMDAwMDAwMDAsInJlYWQiOjMwMDAwMDAwMDAwMCwidXBkYXRlIjoyNzAwMDAwMDAwMDAwfX0=",
          "dependencies": [
            "module.farms.azurerm_network_interface.farm",
            "module.farms.azurerm_public_ip.farm_publicip",
            "module.farms.azurerm_resource_group.testfarm",
            "module.farms.azurerm_subnet.internal",
            "module.farms.azurerm_virtual_network.testfarm"
          ]
        },
        {
          "index_key": 3,
          "schema_version": 0,
          "attributes": {
            "additional_capabilities": [],
            "admin_password": null,
            "admin_ssh_key": [
              {
                "public_key": "ssh-rsa AAAAB3NzaC1yc2EAAAADAQABAAABAQDIX3pqSVNa2cBOBTmKJTKBABquP5CJarL8sTiOGSDhK9rKTN3PplUX9HAMk2yu2CTr6xUHpB8cj/jSD60dLhcvSTHxOW4kMQmHONr4zhD55Th1zG115wpp+Jf0ZNN+L+zWKQVT2kKuWSVeb4Rd3ftVvrfgEg/jDd2BjAN6K6i5/tX21PbDhTuppgnP8c7Vo7cjc7ded2B8sSZkU4BepFely4Un9rvUZzfXiygQN78qtzNfwqV9WPT4T79r/2TvchLh/F2wSlH0aaUsqrlEz5uqpiKROchPOzqkic6ARki+vtBse4oDlyA1Kkt79+8RwVWA6tv7B1WWpXuGrZJ9eBhN root@28cc2261df86\n",
                "username": "adminuser"
              }
            ],
            "admin_username": "adminuser",
            "allow_extension_operations": true,
            "availability_set_id": "",
            "boot_diagnostics": [],
            "computer_name": "farm-3",
            "custom_data": null,
            "dedicated_host_id": "",
            "disable_password_authentication": true,
            "encryption_at_host_enabled": false,
            "eviction_policy": "",
            "extensions_time_budget": "PT1H30M",
            "id": "/subscriptions/cb6e76ee-ca24-47b5-aedb-b843871af8d1/resourceGroups/testfarm-resourceseastus/providers/Microsoft.Compute/virtualMachines/farm-3",
            "identity": [],
            "location": "eastus",
            "max_bid_price": -1,
            "name": "farm-3",
            "network_interface_ids": [
              "/subscriptions/cb6e76ee-ca24-47b5-aedb-b843871af8d1/resourceGroups/testfarm-resourceseastus/providers/Microsoft.Network/networkInterfaces/testfarm-nic-3"
            ],
            "os_disk": [
              {
                "caching": "ReadWrite",
                "diff_disk_settings": [],
                "disk_encryption_set_id": "",
                "disk_size_gb": 30,
                "name": "farm-3_OsDisk_1_79c38d26c0304a4a93367063b9fbe387",
                "storage_account_type": "Standard_LRS",
                "write_accelerator_enabled": false
              }
            ],
            "plan": [],
            "priority": "Regular",
            "private_ip_address": "10.0.2.6",
            "private_ip_addresses": [
              "10.0.2.6"
            ],
            "provision_vm_agent": true,
            "proximity_placement_group_id": "",
            "public_ip_address": "40.85.186.70",
            "public_ip_addresses": [
              "40.85.186.70"
            ],
            "resource_group_name": "testfarm-resourceseastus",
            "secret": [],
            "size": "Standard_D2s_v3",
            "source_image_id": "",
            "source_image_reference": [
              {
                "offer": "UbuntuServer",
                "publisher": "Canonical",
                "sku": "18.04-LTS",
                "version": "latest"
              }
            ],
            "tags": {},
            "timeouts": null,
            "virtual_machine_id": "92745b91-5312-4d2f-afa2-62f6e62b00ed",
            "virtual_machine_scale_set_id": "",
            "zone": ""
          },
          "sensitive_attributes": [],
          "private": "eyJlMmJmYjczMC1lY2FhLTExZTYtOGY4OC0zNDM2M2JjN2M0YzAiOnsiY3JlYXRlIjoyNzAwMDAwMDAwMDAwLCJkZWxldGUiOjI3MDAwMDAwMDAwMDAsInJlYWQiOjMwMDAwMDAwMDAwMCwidXBkYXRlIjoyNzAwMDAwMDAwMDAwfX0=",
          "dependencies": [
            "module.farms.azurerm_network_interface.farm",
            "module.farms.azurerm_public_ip.farm_publicip",
            "module.farms.azurerm_resource_group.testfarm",
            "module.farms.azurerm_subnet.internal",
            "module.farms.azurerm_virtual_network.testfarm"
          ]
        },
        {
          "index_key": 4,
          "schema_version": 0,
          "attributes": {
            "additional_capabilities": [],
            "admin_password": null,
            "admin_ssh_key": [
              {
                "public_key": "ssh-rsa AAAAB3NzaC1yc2EAAAADAQABAAABAQDIX3pqSVNa2cBOBTmKJTKBABquP5CJarL8sTiOGSDhK9rKTN3PplUX9HAMk2yu2CTr6xUHpB8cj/jSD60dLhcvSTHxOW4kMQmHONr4zhD55Th1zG115wpp+Jf0ZNN+L+zWKQVT2kKuWSVeb4Rd3ftVvrfgEg/jDd2BjAN6K6i5/tX21PbDhTuppgnP8c7Vo7cjc7ded2B8sSZkU4BepFely4Un9rvUZzfXiygQN78qtzNfwqV9WPT4T79r/2TvchLh/F2wSlH0aaUsqrlEz5uqpiKROchPOzqkic6ARki+vtBse4oDlyA1Kkt79+8RwVWA6tv7B1WWpXuGrZJ9eBhN root@28cc2261df86\n",
                "username": "adminuser"
              }
            ],
            "admin_username": "adminuser",
            "allow_extension_operations": true,
            "availability_set_id": "",
            "boot_diagnostics": [],
            "computer_name": "farm-4",
            "custom_data": null,
            "dedicated_host_id": "",
            "disable_password_authentication": true,
            "encryption_at_host_enabled": false,
            "eviction_policy": "",
            "extensions_time_budget": "PT1H30M",
            "id": "/subscriptions/cb6e76ee-ca24-47b5-aedb-b843871af8d1/resourceGroups/testfarm-resourceseastus/providers/Microsoft.Compute/virtualMachines/farm-4",
            "identity": [],
            "location": "eastus",
            "max_bid_price": -1,
            "name": "farm-4",
            "network_interface_ids": [
              "/subscriptions/cb6e76ee-ca24-47b5-aedb-b843871af8d1/resourceGroups/testfarm-resourceseastus/providers/Microsoft.Network/networkInterfaces/testfarm-nic-4"
            ],
            "os_disk": [
              {
                "caching": "ReadWrite",
                "diff_disk_settings": [],
                "disk_encryption_set_id": "",
                "disk_size_gb": 30,
                "name": "farm-4_OsDisk_1_79830d8fb0be4effb754c1975252b38b",
                "storage_account_type": "Standard_LRS",
                "write_accelerator_enabled": false
              }
            ],
            "plan": [],
            "priority": "Regular",
            "private_ip_address": "10.0.2.7",
            "private_ip_addresses": [
              "10.0.2.7"
            ],
            "provision_vm_agent": true,
            "proximity_placement_group_id": "",
            "public_ip_address": "23.96.99.1",
            "public_ip_addresses": [
              "23.96.99.1"
            ],
            "resource_group_name": "testfarm-resourceseastus",
            "secret": [],
            "size": "Standard_D2s_v3",
            "source_image_id": "",
            "source_image_reference": [
              {
                "offer": "UbuntuServer",
                "publisher": "Canonical",
                "sku": "18.04-LTS",
                "version": "latest"
              }
            ],
            "tags": {},
            "timeouts": null,
            "virtual_machine_id": "49ee6f72-d6d6-44a8-8d76-98f8cc26b812",
            "virtual_machine_scale_set_id": "",
            "zone": ""
          },
          "sensitive_attributes": [],
          "private": "eyJlMmJmYjczMC1lY2FhLTExZTYtOGY4OC0zNDM2M2JjN2M0YzAiOnsiY3JlYXRlIjoyNzAwMDAwMDAwMDAwLCJkZWxldGUiOjI3MDAwMDAwMDAwMDAsInJlYWQiOjMwMDAwMDAwMDAwMCwidXBkYXRlIjoyNzAwMDAwMDAwMDAwfX0=",
          "dependencies": [
            "module.farms.azurerm_network_interface.farm",
            "module.farms.azurerm_public_ip.farm_publicip",
            "module.farms.azurerm_resource_group.testfarm",
            "module.farms.azurerm_subnet.internal",
            "module.farms.azurerm_virtual_network.testfarm"
          ]
        }
      ]
    },
    {
      "module": "module.farms[\"East US\"]",
      "mode": "managed",
      "type": "azurerm_network_interface",
      "name": "farm",
      "provider": "provider[\"registry.terraform.io/hashicorp/azurerm\"]",
      "instances": [
        {
          "index_key": 0,
          "schema_version": 0,
          "attributes": {
            "applied_dns_servers": [],
            "dns_servers": [],
            "enable_accelerated_networking": false,
            "enable_ip_forwarding": false,
            "id": "/subscriptions/cb6e76ee-ca24-47b5-aedb-b843871af8d1/resourceGroups/testfarm-resourceseastus/providers/Microsoft.Network/networkInterfaces/testfarm-nic-0",
            "internal_dns_name_label": "",
            "internal_domain_name_suffix": "thsjpjwacfpepnqzihrnbd2fqb.bx.internal.cloudapp.net",
            "ip_configuration": [
              {
                "name": "testconfiguration1",
                "primary": true,
                "private_ip_address": "10.0.2.4",
                "private_ip_address_allocation": "Dynamic",
                "private_ip_address_version": "IPv4",
                "public_ip_address_id": "/subscriptions/cb6e76ee-ca24-47b5-aedb-b843871af8d1/resourceGroups/testfarm-resourceseastus/providers/Microsoft.Network/publicIPAddresses/FarmPublicIp-0",
                "subnet_id": "/subscriptions/cb6e76ee-ca24-47b5-aedb-b843871af8d1/resourceGroups/testfarm-resourceseastus/providers/Microsoft.Network/virtualNetworks/testfarm-network-eastus/subnets/internal-eastus"
              }
            ],
            "location": "eastus",
            "mac_address": "00-0D-3A-8D-21-0B",
            "name": "testfarm-nic-0",
            "private_ip_address": "10.0.2.4",
            "private_ip_addresses": [
              "10.0.2.4"
            ],
            "resource_group_name": "testfarm-resourceseastus",
            "tags": {},
            "timeouts": null,
            "virtual_machine_id": "/subscriptions/cb6e76ee-ca24-47b5-aedb-b843871af8d1/resourceGroups/testfarm-resourceseastus/providers/Microsoft.Compute/virtualMachines/farm-0"
          },
          "sensitive_attributes": [],
          "private": "eyJlMmJmYjczMC1lY2FhLTExZTYtOGY4OC0zNDM2M2JjN2M0YzAiOnsiY3JlYXRlIjoxODAwMDAwMDAwMDAwLCJkZWxldGUiOjE4MDAwMDAwMDAwMDAsInJlYWQiOjMwMDAwMDAwMDAwMCwidXBkYXRlIjoxODAwMDAwMDAwMDAwfX0=",
          "dependencies": [
            "module.farms.azurerm_public_ip.farm_publicip",
            "module.farms.azurerm_resource_group.testfarm",
            "module.farms.azurerm_subnet.internal",
            "module.farms.azurerm_virtual_network.testfarm"
          ]
        },
        {
          "index_key": 1,
          "schema_version": 0,
          "attributes": {
            "applied_dns_servers": [],
            "dns_servers": [],
            "enable_accelerated_networking": false,
            "enable_ip_forwarding": false,
            "id": "/subscriptions/cb6e76ee-ca24-47b5-aedb-b843871af8d1/resourceGroups/testfarm-resourceseastus/providers/Microsoft.Network/networkInterfaces/testfarm-nic-1",
            "internal_dns_name_label": "",
            "internal_domain_name_suffix": "thsjpjwacfpepnqzihrnbd2fqb.bx.internal.cloudapp.net",
            "ip_configuration": [
              {
                "name": "testconfiguration1",
                "primary": true,
                "private_ip_address": "10.0.2.5",
                "private_ip_address_allocation": "Dynamic",
                "private_ip_address_version": "IPv4",
                "public_ip_address_id": "/subscriptions/cb6e76ee-ca24-47b5-aedb-b843871af8d1/resourceGroups/testfarm-resourceseastus/providers/Microsoft.Network/publicIPAddresses/FarmPublicIp-1",
                "subnet_id": "/subscriptions/cb6e76ee-ca24-47b5-aedb-b843871af8d1/resourceGroups/testfarm-resourceseastus/providers/Microsoft.Network/virtualNetworks/testfarm-network-eastus/subnets/internal-eastus"
              }
            ],
            "location": "eastus",
            "mac_address": "00-22-48-1D-38-55",
            "name": "testfarm-nic-1",
            "private_ip_address": "10.0.2.5",
            "private_ip_addresses": [
              "10.0.2.5"
            ],
            "resource_group_name": "testfarm-resourceseastus",
            "tags": {},
            "timeouts": null,
            "virtual_machine_id": "/subscriptions/cb6e76ee-ca24-47b5-aedb-b843871af8d1/resourceGroups/testfarm-resourceseastus/providers/Microsoft.Compute/virtualMachines/farm-1"
          },
          "sensitive_attributes": [],
          "private": "eyJlMmJmYjczMC1lY2FhLTExZTYtOGY4OC0zNDM2M2JjN2M0YzAiOnsiY3JlYXRlIjoxODAwMDAwMDAwMDAwLCJkZWxldGUiOjE4MDAwMDAwMDAwMDAsInJlYWQiOjMwMDAwMDAwMDAwMCwidXBkYXRlIjoxODAwMDAwMDAwMDAwfX0=",
          "dependencies": [
            "module.farms.azurerm_public_ip.farm_publicip",
            "module.farms.azurerm_resource_group.testfarm",
            "module.farms.azurerm_subnet.internal",
            "module.farms.azurerm_virtual_network.testfarm"
          ]
        },
        {
          "index_key": 2,
          "schema_version": 0,
          "attributes": {
            "applied_dns_servers": [],
            "dns_servers": [],
            "enable_accelerated_networking": false,
            "enable_ip_forwarding": false,
            "id": "/subscriptions/cb6e76ee-ca24-47b5-aedb-b843871af8d1/resourceGroups/testfarm-resourceseastus/providers/Microsoft.Network/networkInterfaces/testfarm-nic-2",
            "internal_dns_name_label": "",
            "internal_domain_name_suffix": "thsjpjwacfpepnqzihrnbd2fqb.bx.internal.cloudapp.net",
            "ip_configuration": [
              {
                "name": "testconfiguration1",
                "primary": true,
                "private_ip_address": "10.0.2.8",
                "private_ip_address_allocation": "Dynamic",
                "private_ip_address_version": "IPv4",
                "public_ip_address_id": "/subscriptions/cb6e76ee-ca24-47b5-aedb-b843871af8d1/resourceGroups/testfarm-resourceseastus/providers/Microsoft.Network/publicIPAddresses/FarmPublicIp-2",
                "subnet_id": "/subscriptions/cb6e76ee-ca24-47b5-aedb-b843871af8d1/resourceGroups/testfarm-resourceseastus/providers/Microsoft.Network/virtualNetworks/testfarm-network-eastus/subnets/internal-eastus"
              }
            ],
            "location": "eastus",
            "mac_address": "00-0D-3A-17-EA-88",
            "name": "testfarm-nic-2",
            "private_ip_address": "10.0.2.8",
            "private_ip_addresses": [
              "10.0.2.8"
            ],
            "resource_group_name": "testfarm-resourceseastus",
            "tags": {},
            "timeouts": null,
            "virtual_machine_id": "/subscriptions/cb6e76ee-ca24-47b5-aedb-b843871af8d1/resourceGroups/testfarm-resourceseastus/providers/Microsoft.Compute/virtualMachines/farm-2"
          },
          "sensitive_attributes": [],
          "private": "eyJlMmJmYjczMC1lY2FhLTExZTYtOGY4OC0zNDM2M2JjN2M0YzAiOnsiY3JlYXRlIjoxODAwMDAwMDAwMDAwLCJkZWxldGUiOjE4MDAwMDAwMDAwMDAsInJlYWQiOjMwMDAwMDAwMDAwMCwidXBkYXRlIjoxODAwMDAwMDAwMDAwfX0=",
          "dependencies": [
            "module.farms.azurerm_public_ip.farm_publicip",
            "module.farms.azurerm_resource_group.testfarm",
            "module.farms.azurerm_subnet.internal",
            "module.farms.azurerm_virtual_network.testfarm"
          ]
        },
        {
          "index_key": 3,
          "schema_version": 0,
          "attributes": {
            "applied_dns_servers": [],
            "dns_servers": [],
            "enable_accelerated_networking": false,
            "enable_ip_forwarding": false,
            "id": "/subscriptions/cb6e76ee-ca24-47b5-aedb-b843871af8d1/resourceGroups/testfarm-resourceseastus/providers/Microsoft.Network/networkInterfaces/testfarm-nic-3",
            "internal_dns_name_label": "",
            "internal_domain_name_suffix": "thsjpjwacfpepnqzihrnbd2fqb.bx.internal.cloudapp.net",
            "ip_configuration": [
              {
                "name": "testconfiguration1",
                "primary": true,
                "private_ip_address": "10.0.2.6",
                "private_ip_address_allocation": "Dynamic",
                "private_ip_address_version": "IPv4",
                "public_ip_address_id": "/subscriptions/cb6e76ee-ca24-47b5-aedb-b843871af8d1/resourceGroups/testfarm-resourceseastus/providers/Microsoft.Network/publicIPAddresses/FarmPublicIp-3",
                "subnet_id": "/subscriptions/cb6e76ee-ca24-47b5-aedb-b843871af8d1/resourceGroups/testfarm-resourceseastus/providers/Microsoft.Network/virtualNetworks/testfarm-network-eastus/subnets/internal-eastus"
              }
            ],
            "location": "eastus",
            "mac_address": "00-0D-3A-14-D4-09",
            "name": "testfarm-nic-3",
            "private_ip_address": "10.0.2.6",
            "private_ip_addresses": [
              "10.0.2.6"
            ],
            "resource_group_name": "testfarm-resourceseastus",
            "tags": {},
            "timeouts": null,
            "virtual_machine_id": "/subscriptions/cb6e76ee-ca24-47b5-aedb-b843871af8d1/resourceGroups/testfarm-resourceseastus/providers/Microsoft.Compute/virtualMachines/farm-3"
          },
          "sensitive_attributes": [],
          "private": "eyJlMmJmYjczMC1lY2FhLTExZTYtOGY4OC0zNDM2M2JjN2M0YzAiOnsiY3JlYXRlIjoxODAwMDAwMDAwMDAwLCJkZWxldGUiOjE4MDAwMDAwMDAwMDAsInJlYWQiOjMwMDAwMDAwMDAwMCwidXBkYXRlIjoxODAwMDAwMDAwMDAwfX0=",
          "dependencies": [
            "module.farms.azurerm_public_ip.farm_publicip",
            "module.farms.azurerm_resource_group.testfarm",
            "module.farms.azurerm_subnet.internal",
            "module.farms.azurerm_virtual_network.testfarm"
          ]
        },
        {
          "index_key": 4,
          "schema_version": 0,
          "attributes": {
            "applied_dns_servers": [],
            "dns_servers": [],
            "enable_accelerated_networking": false,
            "enable_ip_forwarding": false,
            "id": "/subscriptions/cb6e76ee-ca24-47b5-aedb-b843871af8d1/resourceGroups/testfarm-resourceseastus/providers/Microsoft.Network/networkInterfaces/testfarm-nic-4",
            "internal_dns_name_label": "",
            "internal_domain_name_suffix": "thsjpjwacfpepnqzihrnbd2fqb.bx.internal.cloudapp.net",
            "ip_configuration": [
              {
                "name": "testconfiguration1",
                "primary": true,
                "private_ip_address": "10.0.2.7",
                "private_ip_address_allocation": "Dynamic",
                "private_ip_address_version": "IPv4",
                "public_ip_address_id": "/subscriptions/cb6e76ee-ca24-47b5-aedb-b843871af8d1/resourceGroups/testfarm-resourceseastus/providers/Microsoft.Network/publicIPAddresses/FarmPublicIp-4",
                "subnet_id": "/subscriptions/cb6e76ee-ca24-47b5-aedb-b843871af8d1/resourceGroups/testfarm-resourceseastus/providers/Microsoft.Network/virtualNetworks/testfarm-network-eastus/subnets/internal-eastus"
              }
            ],
            "location": "eastus",
            "mac_address": "00-0D-3A-10-C1-FE",
            "name": "testfarm-nic-4",
            "private_ip_address": "10.0.2.7",
            "private_ip_addresses": [
              "10.0.2.7"
            ],
            "resource_group_name": "testfarm-resourceseastus",
            "tags": {},
            "timeouts": null,
            "virtual_machine_id": "/subscriptions/cb6e76ee-ca24-47b5-aedb-b843871af8d1/resourceGroups/testfarm-resourceseastus/providers/Microsoft.Compute/virtualMachines/farm-4"
          },
          "sensitive_attributes": [],
          "private": "eyJlMmJmYjczMC1lY2FhLTExZTYtOGY4OC0zNDM2M2JjN2M0YzAiOnsiY3JlYXRlIjoxODAwMDAwMDAwMDAwLCJkZWxldGUiOjE4MDAwMDAwMDAwMDAsInJlYWQiOjMwMDAwMDAwMDAwMCwidXBkYXRlIjoxODAwMDAwMDAwMDAwfX0=",
          "dependencies": [
            "module.farms.azurerm_public_ip.farm_publicip",
            "module.farms.azurerm_resource_group.testfarm",
            "module.farms.azurerm_subnet.internal",
            "module.farms.azurerm_virtual_network.testfarm"
          ]
        }
      ]
    },
    {
      "module": "module.farms[\"East US\"]",
      "mode": "managed",
      "type": "azurerm_public_ip",
      "name": "farm_publicip",
      "provider": "provider[\"registry.terraform.io/hashicorp/azurerm\"]",
      "instances": [
        {
          "index_key": 0,
          "schema_version": 0,
          "attributes": {
            "allocation_method": "Dynamic",
            "domain_name_label": null,
            "fqdn": null,
            "id": "/subscriptions/cb6e76ee-ca24-47b5-aedb-b843871af8d1/resourceGroups/testfarm-resourceseastus/providers/Microsoft.Network/publicIPAddresses/FarmPublicIp-0",
            "idle_timeout_in_minutes": 4,
            "ip_address": "137.135.80.95",
            "ip_version": "IPv4",
            "location": "eastus",
            "name": "FarmPublicIp-0",
            "public_ip_prefix_id": null,
            "resource_group_name": "testfarm-resourceseastus",
            "reverse_fqdn": null,
            "sku": "Basic",
            "tags": {
              "environment": "farm"
            },
            "timeouts": null,
            "zones": []
          },
          "sensitive_attributes": [],
          "private": "eyJlMmJmYjczMC1lY2FhLTExZTYtOGY4OC0zNDM2M2JjN2M0YzAiOnsiY3JlYXRlIjoxODAwMDAwMDAwMDAwLCJkZWxldGUiOjE4MDAwMDAwMDAwMDAsInJlYWQiOjMwMDAwMDAwMDAwMCwidXBkYXRlIjoxODAwMDAwMDAwMDAwfX0=",
          "dependencies": [
            "module.farms.azurerm_resource_group.testfarm"
          ]
        },
        {
          "index_key": 1,
          "schema_version": 0,
          "attributes": {
            "allocation_method": "Dynamic",
            "domain_name_label": null,
            "fqdn": null,
            "id": "/subscriptions/cb6e76ee-ca24-47b5-aedb-b843871af8d1/resourceGroups/testfarm-resourceseastus/providers/Microsoft.Network/publicIPAddresses/FarmPublicIp-1",
            "idle_timeout_in_minutes": 4,
            "ip_address": "137.135.82.130",
            "ip_version": "IPv4",
            "location": "eastus",
            "name": "FarmPublicIp-1",
            "public_ip_prefix_id": null,
            "resource_group_name": "testfarm-resourceseastus",
            "reverse_fqdn": null,
            "sku": "Basic",
            "tags": {
              "environment": "farm"
            },
            "timeouts": null,
            "zones": []
          },
          "sensitive_attributes": [],
          "private": "eyJlMmJmYjczMC1lY2FhLTExZTYtOGY4OC0zNDM2M2JjN2M0YzAiOnsiY3JlYXRlIjoxODAwMDAwMDAwMDAwLCJkZWxldGUiOjE4MDAwMDAwMDAwMDAsInJlYWQiOjMwMDAwMDAwMDAwMCwidXBkYXRlIjoxODAwMDAwMDAwMDAwfX0=",
          "dependencies": [
            "module.farms.azurerm_resource_group.testfarm"
          ]
        },
        {
          "index_key": 2,
          "schema_version": 0,
          "attributes": {
            "allocation_method": "Dynamic",
            "domain_name_label": null,
            "fqdn": null,
            "id": "/subscriptions/cb6e76ee-ca24-47b5-aedb-b843871af8d1/resourceGroups/testfarm-resourceseastus/providers/Microsoft.Network/publicIPAddresses/FarmPublicIp-2",
            "idle_timeout_in_minutes": 4,
            "ip_address": "40.80.145.180",
            "ip_version": "IPv4",
            "location": "eastus",
            "name": "FarmPublicIp-2",
            "public_ip_prefix_id": null,
            "resource_group_name": "testfarm-resourceseastus",
            "reverse_fqdn": null,
            "sku": "Basic",
            "tags": {
              "environment": "farm"
            },
            "timeouts": null,
            "zones": []
          },
          "sensitive_attributes": [],
          "private": "eyJlMmJmYjczMC1lY2FhLTExZTYtOGY4OC0zNDM2M2JjN2M0YzAiOnsiY3JlYXRlIjoxODAwMDAwMDAwMDAwLCJkZWxldGUiOjE4MDAwMDAwMDAwMDAsInJlYWQiOjMwMDAwMDAwMDAwMCwidXBkYXRlIjoxODAwMDAwMDAwMDAwfX0=",
          "dependencies": [
            "module.farms.azurerm_resource_group.testfarm"
          ]
        },
        {
          "index_key": 3,
          "schema_version": 0,
          "attributes": {
            "allocation_method": "Dynamic",
            "domain_name_label": null,
            "fqdn": null,
            "id": "/subscriptions/cb6e76ee-ca24-47b5-aedb-b843871af8d1/resourceGroups/testfarm-resourceseastus/providers/Microsoft.Network/publicIPAddresses/FarmPublicIp-3",
            "idle_timeout_in_minutes": 4,
            "ip_address": "40.85.186.70",
            "ip_version": "IPv4",
            "location": "eastus",
            "name": "FarmPublicIp-3",
            "public_ip_prefix_id": null,
            "resource_group_name": "testfarm-resourceseastus",
            "reverse_fqdn": null,
            "sku": "Basic",
            "tags": {
              "environment": "farm"
            },
            "timeouts": null,
            "zones": []
          },
          "sensitive_attributes": [],
          "private": "eyJlMmJmYjczMC1lY2FhLTExZTYtOGY4OC0zNDM2M2JjN2M0YzAiOnsiY3JlYXRlIjoxODAwMDAwMDAwMDAwLCJkZWxldGUiOjE4MDAwMDAwMDAwMDAsInJlYWQiOjMwMDAwMDAwMDAwMCwidXBkYXRlIjoxODAwMDAwMDAwMDAwfX0=",
          "dependencies": [
            "module.farms.azurerm_resource_group.testfarm"
          ]
        },
        {
          "index_key": 4,
          "schema_version": 0,
          "attributes": {
            "allocation_method": "Dynamic",
            "domain_name_label": null,
            "fqdn": null,
            "id": "/subscriptions/cb6e76ee-ca24-47b5-aedb-b843871af8d1/resourceGroups/testfarm-resourceseastus/providers/Microsoft.Network/publicIPAddresses/FarmPublicIp-4",
            "idle_timeout_in_minutes": 4,
            "ip_address": "23.96.99.1",
            "ip_version": "IPv4",
            "location": "eastus",
            "name": "FarmPublicIp-4",
            "public_ip_prefix_id": null,
            "resource_group_name": "testfarm-resourceseastus",
            "reverse_fqdn": null,
            "sku": "Basic",
            "tags": {
              "environment": "farm"
            },
            "timeouts": null,
            "zones": []
          },
          "sensitive_attributes": [],
          "private": "eyJlMmJmYjczMC1lY2FhLTExZTYtOGY4OC0zNDM2M2JjN2M0YzAiOnsiY3JlYXRlIjoxODAwMDAwMDAwMDAwLCJkZWxldGUiOjE4MDAwMDAwMDAwMDAsInJlYWQiOjMwMDAwMDAwMDAwMCwidXBkYXRlIjoxODAwMDAwMDAwMDAwfX0=",
          "dependencies": [
            "module.farms.azurerm_resource_group.testfarm"
          ]
        }
      ]
    },
    {
      "module": "module.farms[\"East US\"]",
      "mode": "managed",
      "type": "azurerm_resource_group",
      "name": "testfarm",
      "provider": "provider[\"registry.terraform.io/hashicorp/azurerm\"]",
      "instances": [
        {
          "schema_version": 0,
          "attributes": {
            "id": "/subscriptions/cb6e76ee-ca24-47b5-aedb-b843871af8d1/resourceGroups/testfarm-resourceseastus",
            "location": "eastus",
            "name": "testfarm-resourceseastus",
            "tags": {},
            "timeouts": null
          },
          "sensitive_attributes": [],
          "private": "eyJlMmJmYjczMC1lY2FhLTExZTYtOGY4OC0zNDM2M2JjN2M0YzAiOnsiY3JlYXRlIjo1NDAwMDAwMDAwMDAwLCJkZWxldGUiOjU0MDAwMDAwMDAwMDAsInJlYWQiOjMwMDAwMDAwMDAwMCwidXBkYXRlIjo1NDAwMDAwMDAwMDAwfX0="
        }
      ]
    },
    {
      "module": "module.farms[\"East US\"]",
      "mode": "managed",
      "type": "azurerm_subnet",
      "name": "internal",
      "provider": "provider[\"registry.terraform.io/hashicorp/azurerm\"]",
      "instances": [
        {
          "schema_version": 0,
          "attributes": {
            "address_prefix": "10.0.2.0/24",
            "address_prefixes": [
              "10.0.2.0/24"
            ],
            "delegation": [],
            "enforce_private_link_endpoint_network_policies": false,
            "enforce_private_link_service_network_policies": false,
            "id": "/subscriptions/cb6e76ee-ca24-47b5-aedb-b843871af8d1/resourceGroups/testfarm-resourceseastus/providers/Microsoft.Network/virtualNetworks/testfarm-network-eastus/subnets/internal-eastus",
            "name": "internal-eastus",
            "resource_group_name": "testfarm-resourceseastus",
            "service_endpoint_policy_ids": [],
            "service_endpoints": [],
            "timeouts": null,
            "virtual_network_name": "testfarm-network-eastus"
          },
          "sensitive_attributes": [],
          "private": "eyJlMmJmYjczMC1lY2FhLTExZTYtOGY4OC0zNDM2M2JjN2M0YzAiOnsiY3JlYXRlIjoxODAwMDAwMDAwMDAwLCJkZWxldGUiOjE4MDAwMDAwMDAwMDAsInJlYWQiOjMwMDAwMDAwMDAwMCwidXBkYXRlIjoxODAwMDAwMDAwMDAwfX0=",
          "dependencies": [
            "module.farms.azurerm_resource_group.testfarm",
            "module.farms.azurerm_virtual_network.testfarm"
          ]
        }
      ]
    },
    {
      "module": "module.farms[\"East US\"]",
      "mode": "managed",
      "type": "azurerm_virtual_network",
      "name": "testfarm",
      "provider": "provider[\"registry.terraform.io/hashicorp/azurerm\"]",
      "instances": [
        {
          "schema_version": 0,
          "attributes": {
            "address_space": [
              "10.0.0.0/16"
            ],
            "bgp_community": "",
            "ddos_protection_plan": [],
            "dns_servers": [],
            "guid": "a697e499-11c0-475e-b619-41e2d08f8581",
            "id": "/subscriptions/cb6e76ee-ca24-47b5-aedb-b843871af8d1/resourceGroups/testfarm-resourceseastus/providers/Microsoft.Network/virtualNetworks/testfarm-network-eastus",
            "location": "eastus",
            "name": "testfarm-network-eastus",
            "resource_group_name": "testfarm-resourceseastus",
            "subnet": [
              {
                "address_prefix": "10.0.2.0/24",
                "id": "/subscriptions/cb6e76ee-ca24-47b5-aedb-b843871af8d1/resourceGroups/testfarm-resourceseastus/providers/Microsoft.Network/virtualNetworks/testfarm-network-eastus/subnets/internal-eastus",
                "name": "internal-eastus",
                "security_group": ""
              }
            ],
            "tags": {},
            "timeouts": null,
            "vm_protection_enabled": false
          },
          "sensitive_attributes": [],
          "private": "eyJlMmJmYjczMC1lY2FhLTExZTYtOGY4OC0zNDM2M2JjN2M0YzAiOnsiY3JlYXRlIjoxODAwMDAwMDAwMDAwLCJkZWxldGUiOjE4MDAwMDAwMDAwMDAsInJlYWQiOjMwMDAwMDAwMDAwMCwidXBkYXRlIjoxODAwMDAwMDAwMDAwfX0=",
          "dependencies": [
            "module.farms.azurerm_resource_group.testfarm"
          ]
        }
      ]
    },
    {
      "module": "module.farms[\"France Central\"]",
      "mode": "managed",
      "type": "azurerm_linux_virtual_machine",
      "name": "farm",
      "provider": "provider[\"registry.terraform.io/hashicorp/azurerm\"]",
      "instances": [
        {
          "index_key": 0,
          "schema_version": 0,
          "attributes": {
            "additional_capabilities": [],
            "admin_password": null,
            "admin_ssh_key": [
              {
                "public_key": "ssh-rsa AAAAB3NzaC1yc2EAAAADAQABAAABAQDIX3pqSVNa2cBOBTmKJTKBABquP5CJarL8sTiOGSDhK9rKTN3PplUX9HAMk2yu2CTr6xUHpB8cj/jSD60dLhcvSTHxOW4kMQmHONr4zhD55Th1zG115wpp+Jf0ZNN+L+zWKQVT2kKuWSVeb4Rd3ftVvrfgEg/jDd2BjAN6K6i5/tX21PbDhTuppgnP8c7Vo7cjc7ded2B8sSZkU4BepFely4Un9rvUZzfXiygQN78qtzNfwqV9WPT4T79r/2TvchLh/F2wSlH0aaUsqrlEz5uqpiKROchPOzqkic6ARki+vtBse4oDlyA1Kkt79+8RwVWA6tv7B1WWpXuGrZJ9eBhN root@28cc2261df86\n",
                "username": "adminuser"
              }
            ],
            "admin_username": "adminuser",
            "allow_extension_operations": true,
            "availability_set_id": "",
            "boot_diagnostics": [],
            "computer_name": "farm-0",
            "custom_data": null,
            "dedicated_host_id": "",
            "disable_password_authentication": true,
            "encryption_at_host_enabled": false,
            "eviction_policy": "",
            "extensions_time_budget": "PT1H30M",
            "id": "/subscriptions/cb6e76ee-ca24-47b5-aedb-b843871af8d1/resourceGroups/testfarm-resourcesfrancecentral/providers/Microsoft.Compute/virtualMachines/farm-0",
            "identity": [],
            "location": "francecentral",
            "max_bid_price": -1,
            "name": "farm-0",
            "network_interface_ids": [
              "/subscriptions/cb6e76ee-ca24-47b5-aedb-b843871af8d1/resourceGroups/testfarm-resourcesfrancecentral/providers/Microsoft.Network/networkInterfaces/testfarm-nic-0"
            ],
            "os_disk": [
              {
                "caching": "ReadWrite",
                "diff_disk_settings": [],
                "disk_encryption_set_id": "",
                "disk_size_gb": 30,
                "name": "farm-0_OsDisk_1_3583cb6237e8477b953fd7f4e893bf3b",
                "storage_account_type": "Standard_LRS",
                "write_accelerator_enabled": false
              }
            ],
            "plan": [],
            "priority": "Regular",
            "private_ip_address": "10.0.2.4",
            "private_ip_addresses": [
              "10.0.2.4"
            ],
            "provision_vm_agent": true,
            "proximity_placement_group_id": "",
            "public_ip_address": "40.89.152.209",
            "public_ip_addresses": [
              "40.89.152.209"
            ],
            "resource_group_name": "testfarm-resourcesfrancecentral",
            "secret": [],
            "size": "Standard_D2s_v3",
            "source_image_id": "",
            "source_image_reference": [
              {
                "offer": "UbuntuServer",
                "publisher": "Canonical",
                "sku": "18.04-LTS",
                "version": "latest"
              }
            ],
            "tags": {},
            "timeouts": null,
            "virtual_machine_id": "08675a31-3ebb-4528-81b8-55bde1af018e",
            "virtual_machine_scale_set_id": "",
            "zone": ""
          },
          "sensitive_attributes": [],
          "private": "eyJlMmJmYjczMC1lY2FhLTExZTYtOGY4OC0zNDM2M2JjN2M0YzAiOnsiY3JlYXRlIjoyNzAwMDAwMDAwMDAwLCJkZWxldGUiOjI3MDAwMDAwMDAwMDAsInJlYWQiOjMwMDAwMDAwMDAwMCwidXBkYXRlIjoyNzAwMDAwMDAwMDAwfX0=",
          "dependencies": [
            "module.farms.azurerm_network_interface.farm",
            "module.farms.azurerm_public_ip.farm_publicip",
            "module.farms.azurerm_resource_group.testfarm",
            "module.farms.azurerm_subnet.internal",
            "module.farms.azurerm_virtual_network.testfarm"
          ]
        },
        {
          "index_key": 1,
          "schema_version": 0,
          "attributes": {
            "additional_capabilities": [],
            "admin_password": null,
            "admin_ssh_key": [
              {
                "public_key": "ssh-rsa AAAAB3NzaC1yc2EAAAADAQABAAABAQDIX3pqSVNa2cBOBTmKJTKBABquP5CJarL8sTiOGSDhK9rKTN3PplUX9HAMk2yu2CTr6xUHpB8cj/jSD60dLhcvSTHxOW4kMQmHONr4zhD55Th1zG115wpp+Jf0ZNN+L+zWKQVT2kKuWSVeb4Rd3ftVvrfgEg/jDd2BjAN6K6i5/tX21PbDhTuppgnP8c7Vo7cjc7ded2B8sSZkU4BepFely4Un9rvUZzfXiygQN78qtzNfwqV9WPT4T79r/2TvchLh/F2wSlH0aaUsqrlEz5uqpiKROchPOzqkic6ARki+vtBse4oDlyA1Kkt79+8RwVWA6tv7B1WWpXuGrZJ9eBhN root@28cc2261df86\n",
                "username": "adminuser"
              }
            ],
            "admin_username": "adminuser",
            "allow_extension_operations": true,
            "availability_set_id": "",
            "boot_diagnostics": [],
            "computer_name": "farm-1",
            "custom_data": null,
            "dedicated_host_id": "",
            "disable_password_authentication": true,
            "encryption_at_host_enabled": false,
            "eviction_policy": "",
            "extensions_time_budget": "PT1H30M",
            "id": "/subscriptions/cb6e76ee-ca24-47b5-aedb-b843871af8d1/resourceGroups/testfarm-resourcesfrancecentral/providers/Microsoft.Compute/virtualMachines/farm-1",
            "identity": [],
            "location": "francecentral",
            "max_bid_price": -1,
            "name": "farm-1",
            "network_interface_ids": [
              "/subscriptions/cb6e76ee-ca24-47b5-aedb-b843871af8d1/resourceGroups/testfarm-resourcesfrancecentral/providers/Microsoft.Network/networkInterfaces/testfarm-nic-1"
            ],
            "os_disk": [
              {
                "caching": "ReadWrite",
                "diff_disk_settings": [],
                "disk_encryption_set_id": "",
                "disk_size_gb": 30,
                "name": "farm-1_OsDisk_1_d351e5c36ba940bbb691bcb7146e409d",
                "storage_account_type": "Standard_LRS",
                "write_accelerator_enabled": false
              }
            ],
            "plan": [],
            "priority": "Regular",
            "private_ip_address": "10.0.2.5",
            "private_ip_addresses": [
              "10.0.2.5"
            ],
            "provision_vm_agent": true,
            "proximity_placement_group_id": "",
            "public_ip_address": "40.89.157.155",
            "public_ip_addresses": [
              "40.89.157.155"
            ],
            "resource_group_name": "testfarm-resourcesfrancecentral",
            "secret": [],
            "size": "Standard_D2s_v3",
            "source_image_id": "",
            "source_image_reference": [
              {
                "offer": "UbuntuServer",
                "publisher": "Canonical",
                "sku": "18.04-LTS",
                "version": "latest"
              }
            ],
            "tags": {},
            "timeouts": null,
            "virtual_machine_id": "29fa6ce7-5d20-48a5-884d-2ae160c9d95e",
            "virtual_machine_scale_set_id": "",
            "zone": ""
          },
          "sensitive_attributes": [],
          "private": "eyJlMmJmYjczMC1lY2FhLTExZTYtOGY4OC0zNDM2M2JjN2M0YzAiOnsiY3JlYXRlIjoyNzAwMDAwMDAwMDAwLCJkZWxldGUiOjI3MDAwMDAwMDAwMDAsInJlYWQiOjMwMDAwMDAwMDAwMCwidXBkYXRlIjoyNzAwMDAwMDAwMDAwfX0=",
          "dependencies": [
            "module.farms.azurerm_network_interface.farm",
            "module.farms.azurerm_public_ip.farm_publicip",
            "module.farms.azurerm_resource_group.testfarm",
            "module.farms.azurerm_subnet.internal",
            "module.farms.azurerm_virtual_network.testfarm"
          ]
        },
        {
          "index_key": 2,
          "schema_version": 0,
          "attributes": {
            "additional_capabilities": [],
            "admin_password": null,
            "admin_ssh_key": [
              {
                "public_key": "ssh-rsa AAAAB3NzaC1yc2EAAAADAQABAAABAQDIX3pqSVNa2cBOBTmKJTKBABquP5CJarL8sTiOGSDhK9rKTN3PplUX9HAMk2yu2CTr6xUHpB8cj/jSD60dLhcvSTHxOW4kMQmHONr4zhD55Th1zG115wpp+Jf0ZNN+L+zWKQVT2kKuWSVeb4Rd3ftVvrfgEg/jDd2BjAN6K6i5/tX21PbDhTuppgnP8c7Vo7cjc7ded2B8sSZkU4BepFely4Un9rvUZzfXiygQN78qtzNfwqV9WPT4T79r/2TvchLh/F2wSlH0aaUsqrlEz5uqpiKROchPOzqkic6ARki+vtBse4oDlyA1Kkt79+8RwVWA6tv7B1WWpXuGrZJ9eBhN root@28cc2261df86\n",
                "username": "adminuser"
              }
            ],
            "admin_username": "adminuser",
            "allow_extension_operations": true,
            "availability_set_id": "",
            "boot_diagnostics": [],
            "computer_name": "farm-2",
            "custom_data": null,
            "dedicated_host_id": "",
            "disable_password_authentication": true,
            "encryption_at_host_enabled": false,
            "eviction_policy": "",
            "extensions_time_budget": "PT1H30M",
            "id": "/subscriptions/cb6e76ee-ca24-47b5-aedb-b843871af8d1/resourceGroups/testfarm-resourcesfrancecentral/providers/Microsoft.Compute/virtualMachines/farm-2",
            "identity": [],
            "location": "francecentral",
            "max_bid_price": -1,
            "name": "farm-2",
            "network_interface_ids": [
              "/subscriptions/cb6e76ee-ca24-47b5-aedb-b843871af8d1/resourceGroups/testfarm-resourcesfrancecentral/providers/Microsoft.Network/networkInterfaces/testfarm-nic-2"
            ],
            "os_disk": [
              {
                "caching": "ReadWrite",
                "diff_disk_settings": [],
                "disk_encryption_set_id": "",
                "disk_size_gb": 30,
                "name": "farm-2_OsDisk_1_24409bea67c8458787604740377c313f",
                "storage_account_type": "Standard_LRS",
                "write_accelerator_enabled": false
              }
            ],
            "plan": [],
            "priority": "Regular",
            "private_ip_address": "10.0.2.8",
            "private_ip_addresses": [
              "10.0.2.8"
            ],
            "provision_vm_agent": true,
            "proximity_placement_group_id": "",
            "public_ip_address": "51.103.52.194",
            "public_ip_addresses": [
              "51.103.52.194"
            ],
            "resource_group_name": "testfarm-resourcesfrancecentral",
            "secret": [],
            "size": "Standard_D2s_v3",
            "source_image_id": "",
            "source_image_reference": [
              {
                "offer": "UbuntuServer",
                "publisher": "Canonical",
                "sku": "18.04-LTS",
                "version": "latest"
              }
            ],
            "tags": {},
            "timeouts": null,
            "virtual_machine_id": "4a6a7870-8bb8-42f8-ab41-bf777433a8e2",
            "virtual_machine_scale_set_id": "",
            "zone": ""
          },
          "sensitive_attributes": [],
          "private": "eyJlMmJmYjczMC1lY2FhLTExZTYtOGY4OC0zNDM2M2JjN2M0YzAiOnsiY3JlYXRlIjoyNzAwMDAwMDAwMDAwLCJkZWxldGUiOjI3MDAwMDAwMDAwMDAsInJlYWQiOjMwMDAwMDAwMDAwMCwidXBkYXRlIjoyNzAwMDAwMDAwMDAwfX0=",
          "dependencies": [
            "module.farms.azurerm_network_interface.farm",
            "module.farms.azurerm_public_ip.farm_publicip",
            "module.farms.azurerm_resource_group.testfarm",
            "module.farms.azurerm_subnet.internal",
            "module.farms.azurerm_virtual_network.testfarm"
          ]
        },
        {
          "index_key": 3,
          "schema_version": 0,
          "attributes": {
            "additional_capabilities": [],
            "admin_password": null,
            "admin_ssh_key": [
              {
                "public_key": "ssh-rsa AAAAB3NzaC1yc2EAAAADAQABAAABAQDIX3pqSVNa2cBOBTmKJTKBABquP5CJarL8sTiOGSDhK9rKTN3PplUX9HAMk2yu2CTr6xUHpB8cj/jSD60dLhcvSTHxOW4kMQmHONr4zhD55Th1zG115wpp+Jf0ZNN+L+zWKQVT2kKuWSVeb4Rd3ftVvrfgEg/jDd2BjAN6K6i5/tX21PbDhTuppgnP8c7Vo7cjc7ded2B8sSZkU4BepFely4Un9rvUZzfXiygQN78qtzNfwqV9WPT4T79r/2TvchLh/F2wSlH0aaUsqrlEz5uqpiKROchPOzqkic6ARki+vtBse4oDlyA1Kkt79+8RwVWA6tv7B1WWpXuGrZJ9eBhN root@28cc2261df86\n",
                "username": "adminuser"
              }
            ],
            "admin_username": "adminuser",
            "allow_extension_operations": true,
            "availability_set_id": "",
            "boot_diagnostics": [],
            "computer_name": "farm-3",
            "custom_data": null,
            "dedicated_host_id": "",
            "disable_password_authentication": true,
            "encryption_at_host_enabled": false,
            "eviction_policy": "",
            "extensions_time_budget": "PT1H30M",
            "id": "/subscriptions/cb6e76ee-ca24-47b5-aedb-b843871af8d1/resourceGroups/testfarm-resourcesfrancecentral/providers/Microsoft.Compute/virtualMachines/farm-3",
            "identity": [],
            "location": "francecentral",
            "max_bid_price": -1,
            "name": "farm-3",
            "network_interface_ids": [
              "/subscriptions/cb6e76ee-ca24-47b5-aedb-b843871af8d1/resourceGroups/testfarm-resourcesfrancecentral/providers/Microsoft.Network/networkInterfaces/testfarm-nic-3"
            ],
            "os_disk": [
              {
                "caching": "ReadWrite",
                "diff_disk_settings": [],
                "disk_encryption_set_id": "",
                "disk_size_gb": 30,
                "name": "farm-3_OsDisk_1_91ff6419d9234cc787b1a8d805278a2c",
                "storage_account_type": "Standard_LRS",
                "write_accelerator_enabled": false
              }
            ],
            "plan": [],
            "priority": "Regular",
            "private_ip_address": "10.0.2.6",
            "private_ip_addresses": [
              "10.0.2.6"
            ],
            "provision_vm_agent": true,
            "proximity_placement_group_id": "",
            "public_ip_address": "51.103.52.211",
            "public_ip_addresses": [
              "51.103.52.211"
            ],
            "resource_group_name": "testfarm-resourcesfrancecentral",
            "secret": [],
            "size": "Standard_D2s_v3",
            "source_image_id": "",
            "source_image_reference": [
              {
                "offer": "UbuntuServer",
                "publisher": "Canonical",
                "sku": "18.04-LTS",
                "version": "latest"
              }
            ],
            "tags": {},
            "timeouts": null,
            "virtual_machine_id": "94ac0f96-616f-4e16-bd3a-79a2f44978f7",
            "virtual_machine_scale_set_id": "",
            "zone": ""
          },
          "sensitive_attributes": [],
          "private": "eyJlMmJmYjczMC1lY2FhLTExZTYtOGY4OC0zNDM2M2JjN2M0YzAiOnsiY3JlYXRlIjoyNzAwMDAwMDAwMDAwLCJkZWxldGUiOjI3MDAwMDAwMDAwMDAsInJlYWQiOjMwMDAwMDAwMDAwMCwidXBkYXRlIjoyNzAwMDAwMDAwMDAwfX0=",
          "dependencies": [
            "module.farms.azurerm_network_interface.farm",
            "module.farms.azurerm_public_ip.farm_publicip",
            "module.farms.azurerm_resource_group.testfarm",
            "module.farms.azurerm_subnet.internal",
            "module.farms.azurerm_virtual_network.testfarm"
          ]
        },
        {
          "index_key": 4,
          "schema_version": 0,
          "attributes": {
            "additional_capabilities": [],
            "admin_password": null,
            "admin_ssh_key": [
              {
                "public_key": "ssh-rsa AAAAB3NzaC1yc2EAAAADAQABAAABAQDIX3pqSVNa2cBOBTmKJTKBABquP5CJarL8sTiOGSDhK9rKTN3PplUX9HAMk2yu2CTr6xUHpB8cj/jSD60dLhcvSTHxOW4kMQmHONr4zhD55Th1zG115wpp+Jf0ZNN+L+zWKQVT2kKuWSVeb4Rd3ftVvrfgEg/jDd2BjAN6K6i5/tX21PbDhTuppgnP8c7Vo7cjc7ded2B8sSZkU4BepFely4Un9rvUZzfXiygQN78qtzNfwqV9WPT4T79r/2TvchLh/F2wSlH0aaUsqrlEz5uqpiKROchPOzqkic6ARki+vtBse4oDlyA1Kkt79+8RwVWA6tv7B1WWpXuGrZJ9eBhN root@28cc2261df86\n",
                "username": "adminuser"
              }
            ],
            "admin_username": "adminuser",
            "allow_extension_operations": true,
            "availability_set_id": "",
            "boot_diagnostics": [],
            "computer_name": "farm-4",
            "custom_data": null,
            "dedicated_host_id": "",
            "disable_password_authentication": true,
            "encryption_at_host_enabled": false,
            "eviction_policy": "",
            "extensions_time_budget": "PT1H30M",
            "id": "/subscriptions/cb6e76ee-ca24-47b5-aedb-b843871af8d1/resourceGroups/testfarm-resourcesfrancecentral/providers/Microsoft.Compute/virtualMachines/farm-4",
            "identity": [],
            "location": "francecentral",
            "max_bid_price": -1,
            "name": "farm-4",
            "network_interface_ids": [
              "/subscriptions/cb6e76ee-ca24-47b5-aedb-b843871af8d1/resourceGroups/testfarm-resourcesfrancecentral/providers/Microsoft.Network/networkInterfaces/testfarm-nic-4"
            ],
            "os_disk": [
              {
                "caching": "ReadWrite",
                "diff_disk_settings": [],
                "disk_encryption_set_id": "",
                "disk_size_gb": 30,
                "name": "farm-4_OsDisk_1_082e3ccd9b7d4d09a1b87dd56bff92eb",
                "storage_account_type": "Standard_LRS",
                "write_accelerator_enabled": false
              }
            ],
            "plan": [],
            "priority": "Regular",
            "private_ip_address": "10.0.2.7",
            "private_ip_addresses": [
              "10.0.2.7"
            ],
            "provision_vm_agent": true,
            "proximity_placement_group_id": "",
            "public_ip_address": "20.188.63.86",
            "public_ip_addresses": [
              "20.188.63.86"
            ],
            "resource_group_name": "testfarm-resourcesfrancecentral",
            "secret": [],
            "size": "Standard_D2s_v3",
            "source_image_id": "",
            "source_image_reference": [
              {
                "offer": "UbuntuServer",
                "publisher": "Canonical",
                "sku": "18.04-LTS",
                "version": "latest"
              }
            ],
            "tags": {},
            "timeouts": null,
            "virtual_machine_id": "b9eb1ccc-5d6e-4323-a31c-3b989cec0d13",
            "virtual_machine_scale_set_id": "",
            "zone": ""
          },
          "sensitive_attributes": [],
          "private": "eyJlMmJmYjczMC1lY2FhLTExZTYtOGY4OC0zNDM2M2JjN2M0YzAiOnsiY3JlYXRlIjoyNzAwMDAwMDAwMDAwLCJkZWxldGUiOjI3MDAwMDAwMDAwMDAsInJlYWQiOjMwMDAwMDAwMDAwMCwidXBkYXRlIjoyNzAwMDAwMDAwMDAwfX0=",
          "dependencies": [
            "module.farms.azurerm_network_interface.farm",
            "module.farms.azurerm_public_ip.farm_publicip",
            "module.farms.azurerm_resource_group.testfarm",
            "module.farms.azurerm_subnet.internal",
            "module.farms.azurerm_virtual_network.testfarm"
          ]
        }
      ]
    },
    {
      "module": "module.farms[\"France Central\"]",
      "mode": "managed",
      "type": "azurerm_network_interface",
      "name": "farm",
      "provider": "provider[\"registry.terraform.io/hashicorp/azurerm\"]",
      "instances": [
        {
          "index_key": 0,
          "schema_version": 0,
          "attributes": {
            "applied_dns_servers": [],
            "dns_servers": [],
            "enable_accelerated_networking": false,
            "enable_ip_forwarding": false,
            "id": "/subscriptions/cb6e76ee-ca24-47b5-aedb-b843871af8d1/resourceGroups/testfarm-resourcesfrancecentral/providers/Microsoft.Network/networkInterfaces/testfarm-nic-0",
            "internal_dns_name_label": "",
            "internal_domain_name_suffix": "ip4mld2w0rwedimblzwkvnadfd.parx.internal.cloudapp.net",
            "ip_configuration": [
              {
                "name": "testconfiguration1",
                "primary": true,
                "private_ip_address": "10.0.2.4",
                "private_ip_address_allocation": "Dynamic",
                "private_ip_address_version": "IPv4",
                "public_ip_address_id": "/subscriptions/cb6e76ee-ca24-47b5-aedb-b843871af8d1/resourceGroups/testfarm-resourcesfrancecentral/providers/Microsoft.Network/publicIPAddresses/FarmPublicIp-0",
                "subnet_id": "/subscriptions/cb6e76ee-ca24-47b5-aedb-b843871af8d1/resourceGroups/testfarm-resourcesfrancecentral/providers/Microsoft.Network/virtualNetworks/testfarm-network-francecentral/subnets/internal-francecentral"
              }
            ],
            "location": "francecentral",
            "mac_address": "00-0D-3A-89-D0-F1",
            "name": "testfarm-nic-0",
            "private_ip_address": "10.0.2.4",
            "private_ip_addresses": [
              "10.0.2.4"
            ],
            "resource_group_name": "testfarm-resourcesfrancecentral",
            "tags": {},
            "timeouts": null,
            "virtual_machine_id": "/subscriptions/cb6e76ee-ca24-47b5-aedb-b843871af8d1/resourceGroups/testfarm-resourcesfrancecentral/providers/Microsoft.Compute/virtualMachines/farm-0"
          },
          "sensitive_attributes": [],
          "private": "eyJlMmJmYjczMC1lY2FhLTExZTYtOGY4OC0zNDM2M2JjN2M0YzAiOnsiY3JlYXRlIjoxODAwMDAwMDAwMDAwLCJkZWxldGUiOjE4MDAwMDAwMDAwMDAsInJlYWQiOjMwMDAwMDAwMDAwMCwidXBkYXRlIjoxODAwMDAwMDAwMDAwfX0=",
          "dependencies": [
            "module.farms.azurerm_public_ip.farm_publicip",
            "module.farms.azurerm_resource_group.testfarm",
            "module.farms.azurerm_subnet.internal",
            "module.farms.azurerm_virtual_network.testfarm"
          ]
        },
        {
          "index_key": 1,
          "schema_version": 0,
          "attributes": {
            "applied_dns_servers": [],
            "dns_servers": [],
            "enable_accelerated_networking": false,
            "enable_ip_forwarding": false,
            "id": "/subscriptions/cb6e76ee-ca24-47b5-aedb-b843871af8d1/resourceGroups/testfarm-resourcesfrancecentral/providers/Microsoft.Network/networkInterfaces/testfarm-nic-1",
            "internal_dns_name_label": "",
            "internal_domain_name_suffix": "ip4mld2w0rwedimblzwkvnadfd.parx.internal.cloudapp.net",
            "ip_configuration": [
              {
                "name": "testconfiguration1",
                "primary": true,
                "private_ip_address": "10.0.2.5",
                "private_ip_address_allocation": "Dynamic",
                "private_ip_address_version": "IPv4",
                "public_ip_address_id": "/subscriptions/cb6e76ee-ca24-47b5-aedb-b843871af8d1/resourceGroups/testfarm-resourcesfrancecentral/providers/Microsoft.Network/publicIPAddresses/FarmPublicIp-1",
                "subnet_id": "/subscriptions/cb6e76ee-ca24-47b5-aedb-b843871af8d1/resourceGroups/testfarm-resourcesfrancecentral/providers/Microsoft.Network/virtualNetworks/testfarm-network-francecentral/subnets/internal-francecentral"
              }
            ],
            "location": "francecentral",
            "mac_address": "00-0D-3A-89-D3-CC",
            "name": "testfarm-nic-1",
            "private_ip_address": "10.0.2.5",
            "private_ip_addresses": [
              "10.0.2.5"
            ],
            "resource_group_name": "testfarm-resourcesfrancecentral",
            "tags": {},
            "timeouts": null,
            "virtual_machine_id": "/subscriptions/cb6e76ee-ca24-47b5-aedb-b843871af8d1/resourceGroups/testfarm-resourcesfrancecentral/providers/Microsoft.Compute/virtualMachines/farm-1"
          },
          "sensitive_attributes": [],
          "private": "eyJlMmJmYjczMC1lY2FhLTExZTYtOGY4OC0zNDM2M2JjN2M0YzAiOnsiY3JlYXRlIjoxODAwMDAwMDAwMDAwLCJkZWxldGUiOjE4MDAwMDAwMDAwMDAsInJlYWQiOjMwMDAwMDAwMDAwMCwidXBkYXRlIjoxODAwMDAwMDAwMDAwfX0=",
          "dependencies": [
            "module.farms.azurerm_public_ip.farm_publicip",
            "module.farms.azurerm_resource_group.testfarm",
            "module.farms.azurerm_subnet.internal",
            "module.farms.azurerm_virtual_network.testfarm"
          ]
        },
        {
          "index_key": 2,
          "schema_version": 0,
          "attributes": {
            "applied_dns_servers": [],
            "dns_servers": [],
            "enable_accelerated_networking": false,
            "enable_ip_forwarding": false,
            "id": "/subscriptions/cb6e76ee-ca24-47b5-aedb-b843871af8d1/resourceGroups/testfarm-resourcesfrancecentral/providers/Microsoft.Network/networkInterfaces/testfarm-nic-2",
            "internal_dns_name_label": "",
            "internal_domain_name_suffix": "ip4mld2w0rwedimblzwkvnadfd.parx.internal.cloudapp.net",
            "ip_configuration": [
              {
                "name": "testconfiguration1",
                "primary": true,
                "private_ip_address": "10.0.2.8",
                "private_ip_address_allocation": "Dynamic",
                "private_ip_address_version": "IPv4",
                "public_ip_address_id": "/subscriptions/cb6e76ee-ca24-47b5-aedb-b843871af8d1/resourceGroups/testfarm-resourcesfrancecentral/providers/Microsoft.Network/publicIPAddresses/FarmPublicIp-2",
                "subnet_id": "/subscriptions/cb6e76ee-ca24-47b5-aedb-b843871af8d1/resourceGroups/testfarm-resourcesfrancecentral/providers/Microsoft.Network/virtualNetworks/testfarm-network-francecentral/subnets/internal-francecentral"
              }
            ],
            "location": "francecentral",
            "mac_address": "00-0D-3A-89-D5-BD",
            "name": "testfarm-nic-2",
            "private_ip_address": "10.0.2.8",
            "private_ip_addresses": [
              "10.0.2.8"
            ],
            "resource_group_name": "testfarm-resourcesfrancecentral",
            "tags": {},
            "timeouts": null,
            "virtual_machine_id": "/subscriptions/cb6e76ee-ca24-47b5-aedb-b843871af8d1/resourceGroups/testfarm-resourcesfrancecentral/providers/Microsoft.Compute/virtualMachines/farm-2"
          },
          "sensitive_attributes": [],
          "private": "eyJlMmJmYjczMC1lY2FhLTExZTYtOGY4OC0zNDM2M2JjN2M0YzAiOnsiY3JlYXRlIjoxODAwMDAwMDAwMDAwLCJkZWxldGUiOjE4MDAwMDAwMDAwMDAsInJlYWQiOjMwMDAwMDAwMDAwMCwidXBkYXRlIjoxODAwMDAwMDAwMDAwfX0=",
          "dependencies": [
            "module.farms.azurerm_public_ip.farm_publicip",
            "module.farms.azurerm_resource_group.testfarm",
            "module.farms.azurerm_subnet.internal",
            "module.farms.azurerm_virtual_network.testfarm"
          ]
        },
        {
          "index_key": 3,
          "schema_version": 0,
          "attributes": {
            "applied_dns_servers": [],
            "dns_servers": [],
            "enable_accelerated_networking": false,
            "enable_ip_forwarding": false,
            "id": "/subscriptions/cb6e76ee-ca24-47b5-aedb-b843871af8d1/resourceGroups/testfarm-resourcesfrancecentral/providers/Microsoft.Network/networkInterfaces/testfarm-nic-3",
            "internal_dns_name_label": "",
            "internal_domain_name_suffix": "ip4mld2w0rwedimblzwkvnadfd.parx.internal.cloudapp.net",
            "ip_configuration": [
              {
                "name": "testconfiguration1",
                "primary": true,
                "private_ip_address": "10.0.2.6",
                "private_ip_address_allocation": "Dynamic",
                "private_ip_address_version": "IPv4",
                "public_ip_address_id": "/subscriptions/cb6e76ee-ca24-47b5-aedb-b843871af8d1/resourceGroups/testfarm-resourcesfrancecentral/providers/Microsoft.Network/publicIPAddresses/FarmPublicIp-3",
                "subnet_id": "/subscriptions/cb6e76ee-ca24-47b5-aedb-b843871af8d1/resourceGroups/testfarm-resourcesfrancecentral/providers/Microsoft.Network/virtualNetworks/testfarm-network-francecentral/subnets/internal-francecentral"
              }
            ],
            "location": "francecentral",
            "mac_address": "00-0D-3A-89-91-0F",
            "name": "testfarm-nic-3",
            "private_ip_address": "10.0.2.6",
            "private_ip_addresses": [
              "10.0.2.6"
            ],
            "resource_group_name": "testfarm-resourcesfrancecentral",
            "tags": {},
            "timeouts": null,
            "virtual_machine_id": "/subscriptions/cb6e76ee-ca24-47b5-aedb-b843871af8d1/resourceGroups/testfarm-resourcesfrancecentral/providers/Microsoft.Compute/virtualMachines/farm-3"
          },
          "sensitive_attributes": [],
          "private": "eyJlMmJmYjczMC1lY2FhLTExZTYtOGY4OC0zNDM2M2JjN2M0YzAiOnsiY3JlYXRlIjoxODAwMDAwMDAwMDAwLCJkZWxldGUiOjE4MDAwMDAwMDAwMDAsInJlYWQiOjMwMDAwMDAwMDAwMCwidXBkYXRlIjoxODAwMDAwMDAwMDAwfX0=",
          "dependencies": [
            "module.farms.azurerm_public_ip.farm_publicip",
            "module.farms.azurerm_resource_group.testfarm",
            "module.farms.azurerm_subnet.internal",
            "module.farms.azurerm_virtual_network.testfarm"
          ]
        },
        {
          "index_key": 4,
          "schema_version": 0,
          "attributes": {
            "applied_dns_servers": [],
            "dns_servers": [],
            "enable_accelerated_networking": false,
            "enable_ip_forwarding": false,
            "id": "/subscriptions/cb6e76ee-ca24-47b5-aedb-b843871af8d1/resourceGroups/testfarm-resourcesfrancecentral/providers/Microsoft.Network/networkInterfaces/testfarm-nic-4",
            "internal_dns_name_label": "",
            "internal_domain_name_suffix": "ip4mld2w0rwedimblzwkvnadfd.parx.internal.cloudapp.net",
            "ip_configuration": [
              {
                "name": "testconfiguration1",
                "primary": true,
                "private_ip_address": "10.0.2.7",
                "private_ip_address_allocation": "Dynamic",
                "private_ip_address_version": "IPv4",
                "public_ip_address_id": "/subscriptions/cb6e76ee-ca24-47b5-aedb-b843871af8d1/resourceGroups/testfarm-resourcesfrancecentral/providers/Microsoft.Network/publicIPAddresses/FarmPublicIp-4",
                "subnet_id": "/subscriptions/cb6e76ee-ca24-47b5-aedb-b843871af8d1/resourceGroups/testfarm-resourcesfrancecentral/providers/Microsoft.Network/virtualNetworks/testfarm-network-francecentral/subnets/internal-francecentral"
              }
            ],
            "location": "francecentral",
            "mac_address": "00-0D-3A-89-D9-A8",
            "name": "testfarm-nic-4",
            "private_ip_address": "10.0.2.7",
            "private_ip_addresses": [
              "10.0.2.7"
            ],
            "resource_group_name": "testfarm-resourcesfrancecentral",
            "tags": {},
            "timeouts": null,
            "virtual_machine_id": "/subscriptions/cb6e76ee-ca24-47b5-aedb-b843871af8d1/resourceGroups/testfarm-resourcesfrancecentral/providers/Microsoft.Compute/virtualMachines/farm-4"
          },
          "sensitive_attributes": [],
          "private": "eyJlMmJmYjczMC1lY2FhLTExZTYtOGY4OC0zNDM2M2JjN2M0YzAiOnsiY3JlYXRlIjoxODAwMDAwMDAwMDAwLCJkZWxldGUiOjE4MDAwMDAwMDAwMDAsInJlYWQiOjMwMDAwMDAwMDAwMCwidXBkYXRlIjoxODAwMDAwMDAwMDAwfX0=",
          "dependencies": [
            "module.farms.azurerm_public_ip.farm_publicip",
            "module.farms.azurerm_resource_group.testfarm",
            "module.farms.azurerm_subnet.internal",
            "module.farms.azurerm_virtual_network.testfarm"
          ]
        }
      ]
    },
    {
      "module": "module.farms[\"France Central\"]",
      "mode": "managed",
      "type": "azurerm_public_ip",
      "name": "farm_publicip",
      "provider": "provider[\"registry.terraform.io/hashicorp/azurerm\"]",
      "instances": [
        {
          "index_key": 0,
          "schema_version": 0,
          "attributes": {
            "allocation_method": "Dynamic",
            "domain_name_label": null,
            "fqdn": null,
            "id": "/subscriptions/cb6e76ee-ca24-47b5-aedb-b843871af8d1/resourceGroups/testfarm-resourcesfrancecentral/providers/Microsoft.Network/publicIPAddresses/FarmPublicIp-0",
            "idle_timeout_in_minutes": 4,
            "ip_address": "40.89.152.209",
            "ip_version": "IPv4",
            "location": "francecentral",
            "name": "FarmPublicIp-0",
            "public_ip_prefix_id": null,
            "resource_group_name": "testfarm-resourcesfrancecentral",
            "reverse_fqdn": null,
            "sku": "Basic",
            "tags": {
              "environment": "farm"
            },
            "timeouts": null,
            "zones": []
          },
          "sensitive_attributes": [],
          "private": "eyJlMmJmYjczMC1lY2FhLTExZTYtOGY4OC0zNDM2M2JjN2M0YzAiOnsiY3JlYXRlIjoxODAwMDAwMDAwMDAwLCJkZWxldGUiOjE4MDAwMDAwMDAwMDAsInJlYWQiOjMwMDAwMDAwMDAwMCwidXBkYXRlIjoxODAwMDAwMDAwMDAwfX0=",
          "dependencies": [
            "module.farms.azurerm_resource_group.testfarm"
          ]
        },
        {
          "index_key": 1,
          "schema_version": 0,
          "attributes": {
            "allocation_method": "Dynamic",
            "domain_name_label": null,
            "fqdn": null,
            "id": "/subscriptions/cb6e76ee-ca24-47b5-aedb-b843871af8d1/resourceGroups/testfarm-resourcesfrancecentral/providers/Microsoft.Network/publicIPAddresses/FarmPublicIp-1",
            "idle_timeout_in_minutes": 4,
            "ip_address": "40.89.157.155",
            "ip_version": "IPv4",
            "location": "francecentral",
            "name": "FarmPublicIp-1",
            "public_ip_prefix_id": null,
            "resource_group_name": "testfarm-resourcesfrancecentral",
            "reverse_fqdn": null,
            "sku": "Basic",
            "tags": {
              "environment": "farm"
            },
            "timeouts": null,
            "zones": []
          },
          "sensitive_attributes": [],
          "private": "eyJlMmJmYjczMC1lY2FhLTExZTYtOGY4OC0zNDM2M2JjN2M0YzAiOnsiY3JlYXRlIjoxODAwMDAwMDAwMDAwLCJkZWxldGUiOjE4MDAwMDAwMDAwMDAsInJlYWQiOjMwMDAwMDAwMDAwMCwidXBkYXRlIjoxODAwMDAwMDAwMDAwfX0=",
          "dependencies": [
            "module.farms.azurerm_resource_group.testfarm"
          ]
        },
        {
          "index_key": 2,
          "schema_version": 0,
          "attributes": {
            "allocation_method": "Dynamic",
            "domain_name_label": null,
            "fqdn": null,
            "id": "/subscriptions/cb6e76ee-ca24-47b5-aedb-b843871af8d1/resourceGroups/testfarm-resourcesfrancecentral/providers/Microsoft.Network/publicIPAddresses/FarmPublicIp-2",
            "idle_timeout_in_minutes": 4,
            "ip_address": "51.103.52.194",
            "ip_version": "IPv4",
            "location": "francecentral",
            "name": "FarmPublicIp-2",
            "public_ip_prefix_id": null,
            "resource_group_name": "testfarm-resourcesfrancecentral",
            "reverse_fqdn": null,
            "sku": "Basic",
            "tags": {
              "environment": "farm"
            },
            "timeouts": null,
            "zones": []
          },
          "sensitive_attributes": [],
          "private": "eyJlMmJmYjczMC1lY2FhLTExZTYtOGY4OC0zNDM2M2JjN2M0YzAiOnsiY3JlYXRlIjoxODAwMDAwMDAwMDAwLCJkZWxldGUiOjE4MDAwMDAwMDAwMDAsInJlYWQiOjMwMDAwMDAwMDAwMCwidXBkYXRlIjoxODAwMDAwMDAwMDAwfX0=",
          "dependencies": [
            "module.farms.azurerm_resource_group.testfarm"
          ]
        },
        {
          "index_key": 3,
          "schema_version": 0,
          "attributes": {
            "allocation_method": "Dynamic",
            "domain_name_label": null,
            "fqdn": null,
            "id": "/subscriptions/cb6e76ee-ca24-47b5-aedb-b843871af8d1/resourceGroups/testfarm-resourcesfrancecentral/providers/Microsoft.Network/publicIPAddresses/FarmPublicIp-3",
            "idle_timeout_in_minutes": 4,
            "ip_address": "51.103.52.211",
            "ip_version": "IPv4",
            "location": "francecentral",
            "name": "FarmPublicIp-3",
            "public_ip_prefix_id": null,
            "resource_group_name": "testfarm-resourcesfrancecentral",
            "reverse_fqdn": null,
            "sku": "Basic",
            "tags": {
              "environment": "farm"
            },
            "timeouts": null,
            "zones": []
          },
          "sensitive_attributes": [],
          "private": "eyJlMmJmYjczMC1lY2FhLTExZTYtOGY4OC0zNDM2M2JjN2M0YzAiOnsiY3JlYXRlIjoxODAwMDAwMDAwMDAwLCJkZWxldGUiOjE4MDAwMDAwMDAwMDAsInJlYWQiOjMwMDAwMDAwMDAwMCwidXBkYXRlIjoxODAwMDAwMDAwMDAwfX0=",
          "dependencies": [
            "module.farms.azurerm_resource_group.testfarm"
          ]
        },
        {
          "index_key": 4,
          "schema_version": 0,
          "attributes": {
            "allocation_method": "Dynamic",
            "domain_name_label": null,
            "fqdn": null,
            "id": "/subscriptions/cb6e76ee-ca24-47b5-aedb-b843871af8d1/resourceGroups/testfarm-resourcesfrancecentral/providers/Microsoft.Network/publicIPAddresses/FarmPublicIp-4",
            "idle_timeout_in_minutes": 4,
            "ip_address": "20.188.63.86",
            "ip_version": "IPv4",
            "location": "francecentral",
            "name": "FarmPublicIp-4",
            "public_ip_prefix_id": null,
            "resource_group_name": "testfarm-resourcesfrancecentral",
            "reverse_fqdn": null,
            "sku": "Basic",
            "tags": {
              "environment": "farm"
            },
            "timeouts": null,
            "zones": []
          },
          "sensitive_attributes": [],
          "private": "eyJlMmJmYjczMC1lY2FhLTExZTYtOGY4OC0zNDM2M2JjN2M0YzAiOnsiY3JlYXRlIjoxODAwMDAwMDAwMDAwLCJkZWxldGUiOjE4MDAwMDAwMDAwMDAsInJlYWQiOjMwMDAwMDAwMDAwMCwidXBkYXRlIjoxODAwMDAwMDAwMDAwfX0=",
          "dependencies": [
            "module.farms.azurerm_resource_group.testfarm"
          ]
        }
      ]
    },
    {
      "module": "module.farms[\"France Central\"]",
      "mode": "managed",
      "type": "azurerm_resource_group",
      "name": "testfarm",
      "provider": "provider[\"registry.terraform.io/hashicorp/azurerm\"]",
      "instances": [
        {
          "schema_version": 0,
          "attributes": {
            "id": "/subscriptions/cb6e76ee-ca24-47b5-aedb-b843871af8d1/resourceGroups/testfarm-resourcesfrancecentral",
            "location": "francecentral",
            "name": "testfarm-resourcesfrancecentral",
            "tags": {},
            "timeouts": null
          },
          "sensitive_attributes": [],
          "private": "eyJlMmJmYjczMC1lY2FhLTExZTYtOGY4OC0zNDM2M2JjN2M0YzAiOnsiY3JlYXRlIjo1NDAwMDAwMDAwMDAwLCJkZWxldGUiOjU0MDAwMDAwMDAwMDAsInJlYWQiOjMwMDAwMDAwMDAwMCwidXBkYXRlIjo1NDAwMDAwMDAwMDAwfX0="
        }
      ]
    },
    {
      "module": "module.farms[\"France Central\"]",
      "mode": "managed",
      "type": "azurerm_subnet",
      "name": "internal",
      "provider": "provider[\"registry.terraform.io/hashicorp/azurerm\"]",
      "instances": [
        {
          "schema_version": 0,
          "attributes": {
            "address_prefix": "10.0.2.0/24",
            "address_prefixes": [
              "10.0.2.0/24"
            ],
            "delegation": [],
            "enforce_private_link_endpoint_network_policies": false,
            "enforce_private_link_service_network_policies": false,
            "id": "/subscriptions/cb6e76ee-ca24-47b5-aedb-b843871af8d1/resourceGroups/testfarm-resourcesfrancecentral/providers/Microsoft.Network/virtualNetworks/testfarm-network-francecentral/subnets/internal-francecentral",
            "name": "internal-francecentral",
            "resource_group_name": "testfarm-resourcesfrancecentral",
            "service_endpoint_policy_ids": [],
            "service_endpoints": [],
            "timeouts": null,
            "virtual_network_name": "testfarm-network-francecentral"
          },
          "sensitive_attributes": [],
          "private": "eyJlMmJmYjczMC1lY2FhLTExZTYtOGY4OC0zNDM2M2JjN2M0YzAiOnsiY3JlYXRlIjoxODAwMDAwMDAwMDAwLCJkZWxldGUiOjE4MDAwMDAwMDAwMDAsInJlYWQiOjMwMDAwMDAwMDAwMCwidXBkYXRlIjoxODAwMDAwMDAwMDAwfX0=",
          "dependencies": [
            "module.farms.azurerm_resource_group.testfarm",
            "module.farms.azurerm_virtual_network.testfarm"
          ]
        }
      ]
    },
    {
      "module": "module.farms[\"France Central\"]",
      "mode": "managed",
      "type": "azurerm_virtual_network",
      "name": "testfarm",
      "provider": "provider[\"registry.terraform.io/hashicorp/azurerm\"]",
      "instances": [
        {
          "schema_version": 0,
          "attributes": {
            "address_space": [
              "10.0.0.0/16"
            ],
            "bgp_community": "",
            "ddos_protection_plan": [],
            "dns_servers": [],
            "guid": "8fc5fc43-d496-416c-a181-5e6caab4032b",
            "id": "/subscriptions/cb6e76ee-ca24-47b5-aedb-b843871af8d1/resourceGroups/testfarm-resourcesfrancecentral/providers/Microsoft.Network/virtualNetworks/testfarm-network-francecentral",
            "location": "francecentral",
            "name": "testfarm-network-francecentral",
            "resource_group_name": "testfarm-resourcesfrancecentral",
            "subnet": [
              {
                "address_prefix": "10.0.2.0/24",
                "id": "/subscriptions/cb6e76ee-ca24-47b5-aedb-b843871af8d1/resourceGroups/testfarm-resourcesfrancecentral/providers/Microsoft.Network/virtualNetworks/testfarm-network-francecentral/subnets/internal-francecentral",
                "name": "internal-francecentral",
                "security_group": ""
              }
            ],
            "tags": {},
            "timeouts": null,
            "vm_protection_enabled": false
          },
          "sensitive_attributes": [],
          "private": "eyJlMmJmYjczMC1lY2FhLTExZTYtOGY4OC0zNDM2M2JjN2M0YzAiOnsiY3JlYXRlIjoxODAwMDAwMDAwMDAwLCJkZWxldGUiOjE4MDAwMDAwMDAwMDAsInJlYWQiOjMwMDAwMDAwMDAwMCwidXBkYXRlIjoxODAwMDAwMDAwMDAwfX0=",
          "dependencies": [
            "module.farms.azurerm_resource_group.testfarm"
          ]
        }
      ]
    },
    {
      "module": "module.farms[\"North Central US\"]",
      "mode": "managed",
      "type": "azurerm_linux_virtual_machine",
      "name": "farm",
      "provider": "provider[\"registry.terraform.io/hashicorp/azurerm\"]",
      "instances": [
        {
          "index_key": 0,
          "schema_version": 0,
          "attributes": {
            "additional_capabilities": [],
            "admin_password": null,
            "admin_ssh_key": [
              {
                "public_key": "ssh-rsa AAAAB3NzaC1yc2EAAAADAQABAAABAQDIX3pqSVNa2cBOBTmKJTKBABquP5CJarL8sTiOGSDhK9rKTN3PplUX9HAMk2yu2CTr6xUHpB8cj/jSD60dLhcvSTHxOW4kMQmHONr4zhD55Th1zG115wpp+Jf0ZNN+L+zWKQVT2kKuWSVeb4Rd3ftVvrfgEg/jDd2BjAN6K6i5/tX21PbDhTuppgnP8c7Vo7cjc7ded2B8sSZkU4BepFely4Un9rvUZzfXiygQN78qtzNfwqV9WPT4T79r/2TvchLh/F2wSlH0aaUsqrlEz5uqpiKROchPOzqkic6ARki+vtBse4oDlyA1Kkt79+8RwVWA6tv7B1WWpXuGrZJ9eBhN root@28cc2261df86\n",
                "username": "adminuser"
              }
            ],
            "admin_username": "adminuser",
            "allow_extension_operations": true,
            "availability_set_id": "",
            "boot_diagnostics": [],
            "computer_name": "farm-0",
            "custom_data": null,
            "dedicated_host_id": "",
            "disable_password_authentication": true,
            "encryption_at_host_enabled": false,
            "eviction_policy": "",
            "extensions_time_budget": "PT1H30M",
            "id": "/subscriptions/cb6e76ee-ca24-47b5-aedb-b843871af8d1/resourceGroups/testfarm-resourcesnorthcentralus/providers/Microsoft.Compute/virtualMachines/farm-0",
            "identity": [],
            "location": "northcentralus",
            "max_bid_price": -1,
            "name": "farm-0",
            "network_interface_ids": [
              "/subscriptions/cb6e76ee-ca24-47b5-aedb-b843871af8d1/resourceGroups/testfarm-resourcesnorthcentralus/providers/Microsoft.Network/networkInterfaces/testfarm-nic-0"
            ],
            "os_disk": [
              {
                "caching": "ReadWrite",
                "diff_disk_settings": [],
                "disk_encryption_set_id": "",
                "disk_size_gb": 30,
                "name": "farm-0_OsDisk_1_2622e81156304cff8bcdaa18f235745c",
                "storage_account_type": "Standard_LRS",
                "write_accelerator_enabled": false
              }
            ],
            "plan": [],
            "priority": "Regular",
            "private_ip_address": "10.0.2.4",
            "private_ip_addresses": [
              "10.0.2.4"
            ],
            "provision_vm_agent": true,
            "proximity_placement_group_id": "",
            "public_ip_address": "65.52.238.158",
            "public_ip_addresses": [
              "65.52.238.158"
            ],
            "resource_group_name": "testfarm-resourcesnorthcentralus",
            "secret": [],
            "size": "Standard_D2s_v3",
            "source_image_id": "",
            "source_image_reference": [
              {
                "offer": "UbuntuServer",
                "publisher": "Canonical",
                "sku": "18.04-LTS",
                "version": "latest"
              }
            ],
            "tags": {},
            "timeouts": null,
            "virtual_machine_id": "64767f94-a38c-4997-adff-312f07885fe8",
            "virtual_machine_scale_set_id": "",
            "zone": ""
          },
          "sensitive_attributes": [],
          "private": "eyJlMmJmYjczMC1lY2FhLTExZTYtOGY4OC0zNDM2M2JjN2M0YzAiOnsiY3JlYXRlIjoyNzAwMDAwMDAwMDAwLCJkZWxldGUiOjI3MDAwMDAwMDAwMDAsInJlYWQiOjMwMDAwMDAwMDAwMCwidXBkYXRlIjoyNzAwMDAwMDAwMDAwfX0=",
          "dependencies": [
            "module.farms.azurerm_network_interface.farm",
            "module.farms.azurerm_public_ip.farm_publicip",
            "module.farms.azurerm_resource_group.testfarm",
            "module.farms.azurerm_subnet.internal",
            "module.farms.azurerm_virtual_network.testfarm"
          ]
        },
        {
          "index_key": 1,
          "schema_version": 0,
          "attributes": {
            "additional_capabilities": [],
            "admin_password": null,
            "admin_ssh_key": [
              {
                "public_key": "ssh-rsa AAAAB3NzaC1yc2EAAAADAQABAAABAQDIX3pqSVNa2cBOBTmKJTKBABquP5CJarL8sTiOGSDhK9rKTN3PplUX9HAMk2yu2CTr6xUHpB8cj/jSD60dLhcvSTHxOW4kMQmHONr4zhD55Th1zG115wpp+Jf0ZNN+L+zWKQVT2kKuWSVeb4Rd3ftVvrfgEg/jDd2BjAN6K6i5/tX21PbDhTuppgnP8c7Vo7cjc7ded2B8sSZkU4BepFely4Un9rvUZzfXiygQN78qtzNfwqV9WPT4T79r/2TvchLh/F2wSlH0aaUsqrlEz5uqpiKROchPOzqkic6ARki+vtBse4oDlyA1Kkt79+8RwVWA6tv7B1WWpXuGrZJ9eBhN root@28cc2261df86\n",
                "username": "adminuser"
              }
            ],
            "admin_username": "adminuser",
            "allow_extension_operations": true,
            "availability_set_id": "",
            "boot_diagnostics": [],
            "computer_name": "farm-1",
            "custom_data": null,
            "dedicated_host_id": "",
            "disable_password_authentication": true,
            "encryption_at_host_enabled": false,
            "eviction_policy": "",
            "extensions_time_budget": "PT1H30M",
            "id": "/subscriptions/cb6e76ee-ca24-47b5-aedb-b843871af8d1/resourceGroups/testfarm-resourcesnorthcentralus/providers/Microsoft.Compute/virtualMachines/farm-1",
            "identity": [],
            "location": "northcentralus",
            "max_bid_price": -1,
            "name": "farm-1",
            "network_interface_ids": [
              "/subscriptions/cb6e76ee-ca24-47b5-aedb-b843871af8d1/resourceGroups/testfarm-resourcesnorthcentralus/providers/Microsoft.Network/networkInterfaces/testfarm-nic-1"
            ],
            "os_disk": [
              {
                "caching": "ReadWrite",
                "diff_disk_settings": [],
                "disk_encryption_set_id": "",
                "disk_size_gb": 30,
                "name": "farm-1_OsDisk_1_0ffd7157057f421b8429a3ccd1f5483b",
                "storage_account_type": "Standard_LRS",
                "write_accelerator_enabled": false
              }
            ],
            "plan": [],
            "priority": "Regular",
            "private_ip_address": "10.0.2.5",
            "private_ip_addresses": [
              "10.0.2.5"
            ],
            "provision_vm_agent": true,
            "proximity_placement_group_id": "",
            "public_ip_address": "65.52.238.206",
            "public_ip_addresses": [
              "65.52.238.206"
            ],
            "resource_group_name": "testfarm-resourcesnorthcentralus",
            "secret": [],
            "size": "Standard_D2s_v3",
            "source_image_id": "",
            "source_image_reference": [
              {
                "offer": "UbuntuServer",
                "publisher": "Canonical",
                "sku": "18.04-LTS",
                "version": "latest"
              }
            ],
            "tags": {},
            "timeouts": null,
            "virtual_machine_id": "9929779c-3fd3-4a38-b68c-9405924d5671",
            "virtual_machine_scale_set_id": "",
            "zone": ""
          },
          "sensitive_attributes": [],
          "private": "eyJlMmJmYjczMC1lY2FhLTExZTYtOGY4OC0zNDM2M2JjN2M0YzAiOnsiY3JlYXRlIjoyNzAwMDAwMDAwMDAwLCJkZWxldGUiOjI3MDAwMDAwMDAwMDAsInJlYWQiOjMwMDAwMDAwMDAwMCwidXBkYXRlIjoyNzAwMDAwMDAwMDAwfX0=",
          "dependencies": [
            "module.farms.azurerm_network_interface.farm",
            "module.farms.azurerm_public_ip.farm_publicip",
            "module.farms.azurerm_resource_group.testfarm",
            "module.farms.azurerm_subnet.internal",
            "module.farms.azurerm_virtual_network.testfarm"
          ]
        },
        {
          "index_key": 2,
          "schema_version": 0,
          "attributes": {
            "additional_capabilities": [],
            "admin_password": null,
            "admin_ssh_key": [
              {
                "public_key": "ssh-rsa AAAAB3NzaC1yc2EAAAADAQABAAABAQDIX3pqSVNa2cBOBTmKJTKBABquP5CJarL8sTiOGSDhK9rKTN3PplUX9HAMk2yu2CTr6xUHpB8cj/jSD60dLhcvSTHxOW4kMQmHONr4zhD55Th1zG115wpp+Jf0ZNN+L+zWKQVT2kKuWSVeb4Rd3ftVvrfgEg/jDd2BjAN6K6i5/tX21PbDhTuppgnP8c7Vo7cjc7ded2B8sSZkU4BepFely4Un9rvUZzfXiygQN78qtzNfwqV9WPT4T79r/2TvchLh/F2wSlH0aaUsqrlEz5uqpiKROchPOzqkic6ARki+vtBse4oDlyA1Kkt79+8RwVWA6tv7B1WWpXuGrZJ9eBhN root@28cc2261df86\n",
                "username": "adminuser"
              }
            ],
            "admin_username": "adminuser",
            "allow_extension_operations": true,
            "availability_set_id": "",
            "boot_diagnostics": [],
            "computer_name": "farm-2",
            "custom_data": null,
            "dedicated_host_id": "",
            "disable_password_authentication": true,
            "encryption_at_host_enabled": false,
            "eviction_policy": "",
            "extensions_time_budget": "PT1H30M",
            "id": "/subscriptions/cb6e76ee-ca24-47b5-aedb-b843871af8d1/resourceGroups/testfarm-resourcesnorthcentralus/providers/Microsoft.Compute/virtualMachines/farm-2",
            "identity": [],
            "location": "northcentralus",
            "max_bid_price": -1,
            "name": "farm-2",
            "network_interface_ids": [
              "/subscriptions/cb6e76ee-ca24-47b5-aedb-b843871af8d1/resourceGroups/testfarm-resourcesnorthcentralus/providers/Microsoft.Network/networkInterfaces/testfarm-nic-2"
            ],
            "os_disk": [
              {
                "caching": "ReadWrite",
                "diff_disk_settings": [],
                "disk_encryption_set_id": "",
                "disk_size_gb": 30,
                "name": "farm-2_OsDisk_1_175cd50548e741a4b5b1262d3fb3ba9e",
                "storage_account_type": "Standard_LRS",
                "write_accelerator_enabled": false
              }
            ],
            "plan": [],
            "priority": "Regular",
            "private_ip_address": "10.0.2.8",
            "private_ip_addresses": [
              "10.0.2.8"
            ],
            "provision_vm_agent": true,
            "proximity_placement_group_id": "",
            "public_ip_address": "168.62.241.84",
            "public_ip_addresses": [
              "168.62.241.84"
            ],
            "resource_group_name": "testfarm-resourcesnorthcentralus",
            "secret": [],
            "size": "Standard_D2s_v3",
            "source_image_id": "",
            "source_image_reference": [
              {
                "offer": "UbuntuServer",
                "publisher": "Canonical",
                "sku": "18.04-LTS",
                "version": "latest"
              }
            ],
            "tags": {},
            "timeouts": null,
            "virtual_machine_id": "3977f954-d949-46b1-80f9-6544c84e489f",
            "virtual_machine_scale_set_id": "",
            "zone": ""
          },
          "sensitive_attributes": [],
          "private": "eyJlMmJmYjczMC1lY2FhLTExZTYtOGY4OC0zNDM2M2JjN2M0YzAiOnsiY3JlYXRlIjoyNzAwMDAwMDAwMDAwLCJkZWxldGUiOjI3MDAwMDAwMDAwMDAsInJlYWQiOjMwMDAwMDAwMDAwMCwidXBkYXRlIjoyNzAwMDAwMDAwMDAwfX0=",
          "dependencies": [
            "module.farms.azurerm_network_interface.farm",
            "module.farms.azurerm_public_ip.farm_publicip",
            "module.farms.azurerm_resource_group.testfarm",
            "module.farms.azurerm_subnet.internal",
            "module.farms.azurerm_virtual_network.testfarm"
          ]
        },
        {
          "index_key": 3,
          "schema_version": 0,
          "attributes": {
            "additional_capabilities": [],
            "admin_password": null,
            "admin_ssh_key": [
              {
                "public_key": "ssh-rsa AAAAB3NzaC1yc2EAAAADAQABAAABAQDIX3pqSVNa2cBOBTmKJTKBABquP5CJarL8sTiOGSDhK9rKTN3PplUX9HAMk2yu2CTr6xUHpB8cj/jSD60dLhcvSTHxOW4kMQmHONr4zhD55Th1zG115wpp+Jf0ZNN+L+zWKQVT2kKuWSVeb4Rd3ftVvrfgEg/jDd2BjAN6K6i5/tX21PbDhTuppgnP8c7Vo7cjc7ded2B8sSZkU4BepFely4Un9rvUZzfXiygQN78qtzNfwqV9WPT4T79r/2TvchLh/F2wSlH0aaUsqrlEz5uqpiKROchPOzqkic6ARki+vtBse4oDlyA1Kkt79+8RwVWA6tv7B1WWpXuGrZJ9eBhN root@28cc2261df86\n",
                "username": "adminuser"
              }
            ],
            "admin_username": "adminuser",
            "allow_extension_operations": true,
            "availability_set_id": "",
            "boot_diagnostics": [],
            "computer_name": "farm-3",
            "custom_data": null,
            "dedicated_host_id": "",
            "disable_password_authentication": true,
            "encryption_at_host_enabled": false,
            "eviction_policy": "",
            "extensions_time_budget": "PT1H30M",
            "id": "/subscriptions/cb6e76ee-ca24-47b5-aedb-b843871af8d1/resourceGroups/testfarm-resourcesnorthcentralus/providers/Microsoft.Compute/virtualMachines/farm-3",
            "identity": [],
            "location": "northcentralus",
            "max_bid_price": -1,
            "name": "farm-3",
            "network_interface_ids": [
              "/subscriptions/cb6e76ee-ca24-47b5-aedb-b843871af8d1/resourceGroups/testfarm-resourcesnorthcentralus/providers/Microsoft.Network/networkInterfaces/testfarm-nic-3"
            ],
            "os_disk": [
              {
                "caching": "ReadWrite",
                "diff_disk_settings": [],
                "disk_encryption_set_id": "",
                "disk_size_gb": 30,
                "name": "farm-3_OsDisk_1_acf12a91280b4bf2be5ac795eac0329b",
                "storage_account_type": "Standard_LRS",
                "write_accelerator_enabled": false
              }
            ],
            "plan": [],
            "priority": "Regular",
            "private_ip_address": "10.0.2.6",
            "private_ip_addresses": [
              "10.0.2.6"
            ],
            "provision_vm_agent": true,
            "proximity_placement_group_id": "",
            "public_ip_address": "23.96.185.207",
            "public_ip_addresses": [
              "23.96.185.207"
            ],
            "resource_group_name": "testfarm-resourcesnorthcentralus",
            "secret": [],
            "size": "Standard_D2s_v3",
            "source_image_id": "",
            "source_image_reference": [
              {
                "offer": "UbuntuServer",
                "publisher": "Canonical",
                "sku": "18.04-LTS",
                "version": "latest"
              }
            ],
            "tags": {},
            "timeouts": null,
            "virtual_machine_id": "7aca749c-0720-4d0f-b8f6-2dfdf4a14cef",
            "virtual_machine_scale_set_id": "",
            "zone": ""
          },
          "sensitive_attributes": [],
          "private": "eyJlMmJmYjczMC1lY2FhLTExZTYtOGY4OC0zNDM2M2JjN2M0YzAiOnsiY3JlYXRlIjoyNzAwMDAwMDAwMDAwLCJkZWxldGUiOjI3MDAwMDAwMDAwMDAsInJlYWQiOjMwMDAwMDAwMDAwMCwidXBkYXRlIjoyNzAwMDAwMDAwMDAwfX0=",
          "dependencies": [
            "module.farms.azurerm_network_interface.farm",
            "module.farms.azurerm_public_ip.farm_publicip",
            "module.farms.azurerm_resource_group.testfarm",
            "module.farms.azurerm_subnet.internal",
            "module.farms.azurerm_virtual_network.testfarm"
          ]
        },
        {
          "index_key": 4,
          "schema_version": 0,
          "attributes": {
            "additional_capabilities": [],
            "admin_password": null,
            "admin_ssh_key": [
              {
                "public_key": "ssh-rsa AAAAB3NzaC1yc2EAAAADAQABAAABAQDIX3pqSVNa2cBOBTmKJTKBABquP5CJarL8sTiOGSDhK9rKTN3PplUX9HAMk2yu2CTr6xUHpB8cj/jSD60dLhcvSTHxOW4kMQmHONr4zhD55Th1zG115wpp+Jf0ZNN+L+zWKQVT2kKuWSVeb4Rd3ftVvrfgEg/jDd2BjAN6K6i5/tX21PbDhTuppgnP8c7Vo7cjc7ded2B8sSZkU4BepFely4Un9rvUZzfXiygQN78qtzNfwqV9WPT4T79r/2TvchLh/F2wSlH0aaUsqrlEz5uqpiKROchPOzqkic6ARki+vtBse4oDlyA1Kkt79+8RwVWA6tv7B1WWpXuGrZJ9eBhN root@28cc2261df86\n",
                "username": "adminuser"
              }
            ],
            "admin_username": "adminuser",
            "allow_extension_operations": true,
            "availability_set_id": "",
            "boot_diagnostics": [],
            "computer_name": "farm-4",
            "custom_data": null,
            "dedicated_host_id": "",
            "disable_password_authentication": true,
            "encryption_at_host_enabled": false,
            "eviction_policy": "",
            "extensions_time_budget": "PT1H30M",
            "id": "/subscriptions/cb6e76ee-ca24-47b5-aedb-b843871af8d1/resourceGroups/testfarm-resourcesnorthcentralus/providers/Microsoft.Compute/virtualMachines/farm-4",
            "identity": [],
            "location": "northcentralus",
            "max_bid_price": -1,
            "name": "farm-4",
            "network_interface_ids": [
              "/subscriptions/cb6e76ee-ca24-47b5-aedb-b843871af8d1/resourceGroups/testfarm-resourcesnorthcentralus/providers/Microsoft.Network/networkInterfaces/testfarm-nic-4"
            ],
            "os_disk": [
              {
                "caching": "ReadWrite",
                "diff_disk_settings": [],
                "disk_encryption_set_id": "",
                "disk_size_gb": 30,
                "name": "farm-4_OsDisk_1_064b29d746854bc59f63d981fe870785",
                "storage_account_type": "Standard_LRS",
                "write_accelerator_enabled": false
              }
            ],
            "plan": [],
            "priority": "Regular",
            "private_ip_address": "10.0.2.7",
            "private_ip_addresses": [
              "10.0.2.7"
            ],
            "provision_vm_agent": true,
            "proximity_placement_group_id": "",
            "public_ip_address": "168.62.106.249",
            "public_ip_addresses": [
              "168.62.106.249"
            ],
            "resource_group_name": "testfarm-resourcesnorthcentralus",
            "secret": [],
            "size": "Standard_D2s_v3",
            "source_image_id": "",
            "source_image_reference": [
              {
                "offer": "UbuntuServer",
                "publisher": "Canonical",
                "sku": "18.04-LTS",
                "version": "latest"
              }
            ],
            "tags": {},
            "timeouts": null,
            "virtual_machine_id": "b57a3483-88f6-4c24-84bb-20dfafdac361",
            "virtual_machine_scale_set_id": "",
            "zone": ""
          },
          "sensitive_attributes": [],
          "private": "eyJlMmJmYjczMC1lY2FhLTExZTYtOGY4OC0zNDM2M2JjN2M0YzAiOnsiY3JlYXRlIjoyNzAwMDAwMDAwMDAwLCJkZWxldGUiOjI3MDAwMDAwMDAwMDAsInJlYWQiOjMwMDAwMDAwMDAwMCwidXBkYXRlIjoyNzAwMDAwMDAwMDAwfX0=",
          "dependencies": [
            "module.farms.azurerm_network_interface.farm",
            "module.farms.azurerm_public_ip.farm_publicip",
            "module.farms.azurerm_resource_group.testfarm",
            "module.farms.azurerm_subnet.internal",
            "module.farms.azurerm_virtual_network.testfarm"
          ]
        }
      ]
    },
    {
      "module": "module.farms[\"North Central US\"]",
      "mode": "managed",
      "type": "azurerm_network_interface",
      "name": "farm",
      "provider": "provider[\"registry.terraform.io/hashicorp/azurerm\"]",
      "instances": [
        {
          "index_key": 0,
          "schema_version": 0,
          "attributes": {
            "applied_dns_servers": [],
            "dns_servers": [],
            "enable_accelerated_networking": false,
            "enable_ip_forwarding": false,
            "id": "/subscriptions/cb6e76ee-ca24-47b5-aedb-b843871af8d1/resourceGroups/testfarm-resourcesnorthcentralus/providers/Microsoft.Network/networkInterfaces/testfarm-nic-0",
            "internal_dns_name_label": "",
            "internal_domain_name_suffix": "il0spb4asfiencnuorrzzcpcch.ex.internal.cloudapp.net",
            "ip_configuration": [
              {
                "name": "testconfiguration1",
                "primary": true,
                "private_ip_address": "10.0.2.4",
                "private_ip_address_allocation": "Dynamic",
                "private_ip_address_version": "IPv4",
                "public_ip_address_id": "/subscriptions/cb6e76ee-ca24-47b5-aedb-b843871af8d1/resourceGroups/testfarm-resourcesnorthcentralus/providers/Microsoft.Network/publicIPAddresses/FarmPublicIp-0",
                "subnet_id": "/subscriptions/cb6e76ee-ca24-47b5-aedb-b843871af8d1/resourceGroups/testfarm-resourcesnorthcentralus/providers/Microsoft.Network/virtualNetworks/testfarm-network-northcentralus/subnets/internal-northcentralus"
              }
            ],
            "location": "northcentralus",
            "mac_address": "00-22-48-8C-F1-40",
            "name": "testfarm-nic-0",
            "private_ip_address": "10.0.2.4",
            "private_ip_addresses": [
              "10.0.2.4"
            ],
            "resource_group_name": "testfarm-resourcesnorthcentralus",
            "tags": {},
            "timeouts": null,
            "virtual_machine_id": "/subscriptions/cb6e76ee-ca24-47b5-aedb-b843871af8d1/resourceGroups/testfarm-resourcesnorthcentralus/providers/Microsoft.Compute/virtualMachines/farm-0"
          },
          "sensitive_attributes": [],
          "private": "eyJlMmJmYjczMC1lY2FhLTExZTYtOGY4OC0zNDM2M2JjN2M0YzAiOnsiY3JlYXRlIjoxODAwMDAwMDAwMDAwLCJkZWxldGUiOjE4MDAwMDAwMDAwMDAsInJlYWQiOjMwMDAwMDAwMDAwMCwidXBkYXRlIjoxODAwMDAwMDAwMDAwfX0=",
          "dependencies": [
            "module.farms.azurerm_public_ip.farm_publicip",
            "module.farms.azurerm_resource_group.testfarm",
            "module.farms.azurerm_subnet.internal",
            "module.farms.azurerm_virtual_network.testfarm"
          ]
        },
        {
          "index_key": 1,
          "schema_version": 0,
          "attributes": {
            "applied_dns_servers": [],
            "dns_servers": [],
            "enable_accelerated_networking": false,
            "enable_ip_forwarding": false,
            "id": "/subscriptions/cb6e76ee-ca24-47b5-aedb-b843871af8d1/resourceGroups/testfarm-resourcesnorthcentralus/providers/Microsoft.Network/networkInterfaces/testfarm-nic-1",
            "internal_dns_name_label": "",
            "internal_domain_name_suffix": "il0spb4asfiencnuorrzzcpcch.ex.internal.cloudapp.net",
            "ip_configuration": [
              {
                "name": "testconfiguration1",
                "primary": true,
                "private_ip_address": "10.0.2.5",
                "private_ip_address_allocation": "Dynamic",
                "private_ip_address_version": "IPv4",
                "public_ip_address_id": "/subscriptions/cb6e76ee-ca24-47b5-aedb-b843871af8d1/resourceGroups/testfarm-resourcesnorthcentralus/providers/Microsoft.Network/publicIPAddresses/FarmPublicIp-1",
                "subnet_id": "/subscriptions/cb6e76ee-ca24-47b5-aedb-b843871af8d1/resourceGroups/testfarm-resourcesnorthcentralus/providers/Microsoft.Network/virtualNetworks/testfarm-network-northcentralus/subnets/internal-northcentralus"
              }
            ],
            "location": "northcentralus",
            "mac_address": "00-22-48-8C-F4-5A",
            "name": "testfarm-nic-1",
            "private_ip_address": "10.0.2.5",
            "private_ip_addresses": [
              "10.0.2.5"
            ],
            "resource_group_name": "testfarm-resourcesnorthcentralus",
            "tags": {},
            "timeouts": null,
            "virtual_machine_id": "/subscriptions/cb6e76ee-ca24-47b5-aedb-b843871af8d1/resourceGroups/testfarm-resourcesnorthcentralus/providers/Microsoft.Compute/virtualMachines/farm-1"
          },
          "sensitive_attributes": [],
          "private": "eyJlMmJmYjczMC1lY2FhLTExZTYtOGY4OC0zNDM2M2JjN2M0YzAiOnsiY3JlYXRlIjoxODAwMDAwMDAwMDAwLCJkZWxldGUiOjE4MDAwMDAwMDAwMDAsInJlYWQiOjMwMDAwMDAwMDAwMCwidXBkYXRlIjoxODAwMDAwMDAwMDAwfX0=",
          "dependencies": [
            "module.farms.azurerm_public_ip.farm_publicip",
            "module.farms.azurerm_resource_group.testfarm",
            "module.farms.azurerm_subnet.internal",
            "module.farms.azurerm_virtual_network.testfarm"
          ]
        },
        {
          "index_key": 2,
          "schema_version": 0,
          "attributes": {
            "applied_dns_servers": [],
            "dns_servers": [],
            "enable_accelerated_networking": false,
            "enable_ip_forwarding": false,
            "id": "/subscriptions/cb6e76ee-ca24-47b5-aedb-b843871af8d1/resourceGroups/testfarm-resourcesnorthcentralus/providers/Microsoft.Network/networkInterfaces/testfarm-nic-2",
            "internal_dns_name_label": "",
            "internal_domain_name_suffix": "il0spb4asfiencnuorrzzcpcch.ex.internal.cloudapp.net",
            "ip_configuration": [
              {
                "name": "testconfiguration1",
                "primary": true,
                "private_ip_address": "10.0.2.8",
                "private_ip_address_allocation": "Dynamic",
                "private_ip_address_version": "IPv4",
                "public_ip_address_id": "/subscriptions/cb6e76ee-ca24-47b5-aedb-b843871af8d1/resourceGroups/testfarm-resourcesnorthcentralus/providers/Microsoft.Network/publicIPAddresses/FarmPublicIp-2",
                "subnet_id": "/subscriptions/cb6e76ee-ca24-47b5-aedb-b843871af8d1/resourceGroups/testfarm-resourcesnorthcentralus/providers/Microsoft.Network/virtualNetworks/testfarm-network-northcentralus/subnets/internal-northcentralus"
              }
            ],
            "location": "northcentralus",
            "mac_address": "00-22-48-8C-7B-B0",
            "name": "testfarm-nic-2",
            "private_ip_address": "10.0.2.8",
            "private_ip_addresses": [
              "10.0.2.8"
            ],
            "resource_group_name": "testfarm-resourcesnorthcentralus",
            "tags": {},
            "timeouts": null,
            "virtual_machine_id": "/subscriptions/cb6e76ee-ca24-47b5-aedb-b843871af8d1/resourceGroups/testfarm-resourcesnorthcentralus/providers/Microsoft.Compute/virtualMachines/farm-2"
          },
          "sensitive_attributes": [],
          "private": "eyJlMmJmYjczMC1lY2FhLTExZTYtOGY4OC0zNDM2M2JjN2M0YzAiOnsiY3JlYXRlIjoxODAwMDAwMDAwMDAwLCJkZWxldGUiOjE4MDAwMDAwMDAwMDAsInJlYWQiOjMwMDAwMDAwMDAwMCwidXBkYXRlIjoxODAwMDAwMDAwMDAwfX0=",
          "dependencies": [
            "module.farms.azurerm_public_ip.farm_publicip",
            "module.farms.azurerm_resource_group.testfarm",
            "module.farms.azurerm_subnet.internal",
            "module.farms.azurerm_virtual_network.testfarm"
          ]
        },
        {
          "index_key": 3,
          "schema_version": 0,
          "attributes": {
            "applied_dns_servers": [],
            "dns_servers": [],
            "enable_accelerated_networking": false,
            "enable_ip_forwarding": false,
            "id": "/subscriptions/cb6e76ee-ca24-47b5-aedb-b843871af8d1/resourceGroups/testfarm-resourcesnorthcentralus/providers/Microsoft.Network/networkInterfaces/testfarm-nic-3",
            "internal_dns_name_label": "",
            "internal_domain_name_suffix": "il0spb4asfiencnuorrzzcpcch.ex.internal.cloudapp.net",
            "ip_configuration": [
              {
                "name": "testconfiguration1",
                "primary": true,
                "private_ip_address": "10.0.2.6",
                "private_ip_address_allocation": "Dynamic",
                "private_ip_address_version": "IPv4",
                "public_ip_address_id": "/subscriptions/cb6e76ee-ca24-47b5-aedb-b843871af8d1/resourceGroups/testfarm-resourcesnorthcentralus/providers/Microsoft.Network/publicIPAddresses/FarmPublicIp-3",
                "subnet_id": "/subscriptions/cb6e76ee-ca24-47b5-aedb-b843871af8d1/resourceGroups/testfarm-resourcesnorthcentralus/providers/Microsoft.Network/virtualNetworks/testfarm-network-northcentralus/subnets/internal-northcentralus"
              }
            ],
            "location": "northcentralus",
            "mac_address": "00-22-48-8D-B0-9B",
            "name": "testfarm-nic-3",
            "private_ip_address": "10.0.2.6",
            "private_ip_addresses": [
              "10.0.2.6"
            ],
            "resource_group_name": "testfarm-resourcesnorthcentralus",
            "tags": {},
            "timeouts": null,
            "virtual_machine_id": "/subscriptions/cb6e76ee-ca24-47b5-aedb-b843871af8d1/resourceGroups/testfarm-resourcesnorthcentralus/providers/Microsoft.Compute/virtualMachines/farm-3"
          },
          "sensitive_attributes": [],
          "private": "eyJlMmJmYjczMC1lY2FhLTExZTYtOGY4OC0zNDM2M2JjN2M0YzAiOnsiY3JlYXRlIjoxODAwMDAwMDAwMDAwLCJkZWxldGUiOjE4MDAwMDAwMDAwMDAsInJlYWQiOjMwMDAwMDAwMDAwMCwidXBkYXRlIjoxODAwMDAwMDAwMDAwfX0=",
          "dependencies": [
            "module.farms.azurerm_public_ip.farm_publicip",
            "module.farms.azurerm_resource_group.testfarm",
            "module.farms.azurerm_subnet.internal",
            "module.farms.azurerm_virtual_network.testfarm"
          ]
        },
        {
          "index_key": 4,
          "schema_version": 0,
          "attributes": {
            "applied_dns_servers": [],
            "dns_servers": [],
            "enable_accelerated_networking": false,
            "enable_ip_forwarding": false,
            "id": "/subscriptions/cb6e76ee-ca24-47b5-aedb-b843871af8d1/resourceGroups/testfarm-resourcesnorthcentralus/providers/Microsoft.Network/networkInterfaces/testfarm-nic-4",
            "internal_dns_name_label": "",
            "internal_domain_name_suffix": "il0spb4asfiencnuorrzzcpcch.ex.internal.cloudapp.net",
            "ip_configuration": [
              {
                "name": "testconfiguration1",
                "primary": true,
                "private_ip_address": "10.0.2.7",
                "private_ip_address_allocation": "Dynamic",
                "private_ip_address_version": "IPv4",
                "public_ip_address_id": "/subscriptions/cb6e76ee-ca24-47b5-aedb-b843871af8d1/resourceGroups/testfarm-resourcesnorthcentralus/providers/Microsoft.Network/publicIPAddresses/FarmPublicIp-4",
                "subnet_id": "/subscriptions/cb6e76ee-ca24-47b5-aedb-b843871af8d1/resourceGroups/testfarm-resourcesnorthcentralus/providers/Microsoft.Network/virtualNetworks/testfarm-network-northcentralus/subnets/internal-northcentralus"
              }
            ],
            "location": "northcentralus",
            "mac_address": "00-22-48-8D-1C-46",
            "name": "testfarm-nic-4",
            "private_ip_address": "10.0.2.7",
            "private_ip_addresses": [
              "10.0.2.7"
            ],
            "resource_group_name": "testfarm-resourcesnorthcentralus",
            "tags": {},
            "timeouts": null,
            "virtual_machine_id": "/subscriptions/cb6e76ee-ca24-47b5-aedb-b843871af8d1/resourceGroups/testfarm-resourcesnorthcentralus/providers/Microsoft.Compute/virtualMachines/farm-4"
          },
          "sensitive_attributes": [],
          "private": "eyJlMmJmYjczMC1lY2FhLTExZTYtOGY4OC0zNDM2M2JjN2M0YzAiOnsiY3JlYXRlIjoxODAwMDAwMDAwMDAwLCJkZWxldGUiOjE4MDAwMDAwMDAwMDAsInJlYWQiOjMwMDAwMDAwMDAwMCwidXBkYXRlIjoxODAwMDAwMDAwMDAwfX0=",
          "dependencies": [
            "module.farms.azurerm_public_ip.farm_publicip",
            "module.farms.azurerm_resource_group.testfarm",
            "module.farms.azurerm_subnet.internal",
            "module.farms.azurerm_virtual_network.testfarm"
          ]
        }
      ]
    },
    {
      "module": "module.farms[\"North Central US\"]",
      "mode": "managed",
      "type": "azurerm_public_ip",
      "name": "farm_publicip",
      "provider": "provider[\"registry.terraform.io/hashicorp/azurerm\"]",
      "instances": [
        {
          "index_key": 0,
          "schema_version": 0,
          "attributes": {
            "allocation_method": "Dynamic",
            "domain_name_label": null,
            "fqdn": null,
            "id": "/subscriptions/cb6e76ee-ca24-47b5-aedb-b843871af8d1/resourceGroups/testfarm-resourcesnorthcentralus/providers/Microsoft.Network/publicIPAddresses/FarmPublicIp-0",
            "idle_timeout_in_minutes": 4,
            "ip_address": "65.52.238.158",
            "ip_version": "IPv4",
            "location": "northcentralus",
            "name": "FarmPublicIp-0",
            "public_ip_prefix_id": null,
            "resource_group_name": "testfarm-resourcesnorthcentralus",
            "reverse_fqdn": null,
            "sku": "Basic",
            "tags": {
              "environment": "farm"
            },
            "timeouts": null,
            "zones": []
          },
          "sensitive_attributes": [],
          "private": "eyJlMmJmYjczMC1lY2FhLTExZTYtOGY4OC0zNDM2M2JjN2M0YzAiOnsiY3JlYXRlIjoxODAwMDAwMDAwMDAwLCJkZWxldGUiOjE4MDAwMDAwMDAwMDAsInJlYWQiOjMwMDAwMDAwMDAwMCwidXBkYXRlIjoxODAwMDAwMDAwMDAwfX0=",
          "dependencies": [
            "module.farms.azurerm_resource_group.testfarm"
          ]
        },
        {
          "index_key": 1,
          "schema_version": 0,
          "attributes": {
            "allocation_method": "Dynamic",
            "domain_name_label": null,
            "fqdn": null,
            "id": "/subscriptions/cb6e76ee-ca24-47b5-aedb-b843871af8d1/resourceGroups/testfarm-resourcesnorthcentralus/providers/Microsoft.Network/publicIPAddresses/FarmPublicIp-1",
            "idle_timeout_in_minutes": 4,
            "ip_address": "65.52.238.206",
            "ip_version": "IPv4",
            "location": "northcentralus",
            "name": "FarmPublicIp-1",
            "public_ip_prefix_id": null,
            "resource_group_name": "testfarm-resourcesnorthcentralus",
            "reverse_fqdn": null,
            "sku": "Basic",
            "tags": {
              "environment": "farm"
            },
            "timeouts": null,
            "zones": []
          },
          "sensitive_attributes": [],
          "private": "eyJlMmJmYjczMC1lY2FhLTExZTYtOGY4OC0zNDM2M2JjN2M0YzAiOnsiY3JlYXRlIjoxODAwMDAwMDAwMDAwLCJkZWxldGUiOjE4MDAwMDAwMDAwMDAsInJlYWQiOjMwMDAwMDAwMDAwMCwidXBkYXRlIjoxODAwMDAwMDAwMDAwfX0=",
          "dependencies": [
            "module.farms.azurerm_resource_group.testfarm"
          ]
        },
        {
          "index_key": 2,
          "schema_version": 0,
          "attributes": {
            "allocation_method": "Dynamic",
            "domain_name_label": null,
            "fqdn": null,
            "id": "/subscriptions/cb6e76ee-ca24-47b5-aedb-b843871af8d1/resourceGroups/testfarm-resourcesnorthcentralus/providers/Microsoft.Network/publicIPAddresses/FarmPublicIp-2",
            "idle_timeout_in_minutes": 4,
            "ip_address": "168.62.241.84",
            "ip_version": "IPv4",
            "location": "northcentralus",
            "name": "FarmPublicIp-2",
            "public_ip_prefix_id": null,
            "resource_group_name": "testfarm-resourcesnorthcentralus",
            "reverse_fqdn": null,
            "sku": "Basic",
            "tags": {
              "environment": "farm"
            },
            "timeouts": null,
            "zones": []
          },
          "sensitive_attributes": [],
          "private": "eyJlMmJmYjczMC1lY2FhLTExZTYtOGY4OC0zNDM2M2JjN2M0YzAiOnsiY3JlYXRlIjoxODAwMDAwMDAwMDAwLCJkZWxldGUiOjE4MDAwMDAwMDAwMDAsInJlYWQiOjMwMDAwMDAwMDAwMCwidXBkYXRlIjoxODAwMDAwMDAwMDAwfX0=",
          "dependencies": [
            "module.farms.azurerm_resource_group.testfarm"
          ]
        },
        {
          "index_key": 3,
          "schema_version": 0,
          "attributes": {
            "allocation_method": "Dynamic",
            "domain_name_label": null,
            "fqdn": null,
            "id": "/subscriptions/cb6e76ee-ca24-47b5-aedb-b843871af8d1/resourceGroups/testfarm-resourcesnorthcentralus/providers/Microsoft.Network/publicIPAddresses/FarmPublicIp-3",
            "idle_timeout_in_minutes": 4,
            "ip_address": "23.96.185.207",
            "ip_version": "IPv4",
            "location": "northcentralus",
            "name": "FarmPublicIp-3",
            "public_ip_prefix_id": null,
            "resource_group_name": "testfarm-resourcesnorthcentralus",
            "reverse_fqdn": null,
            "sku": "Basic",
            "tags": {
              "environment": "farm"
            },
            "timeouts": null,
            "zones": []
          },
          "sensitive_attributes": [],
          "private": "eyJlMmJmYjczMC1lY2FhLTExZTYtOGY4OC0zNDM2M2JjN2M0YzAiOnsiY3JlYXRlIjoxODAwMDAwMDAwMDAwLCJkZWxldGUiOjE4MDAwMDAwMDAwMDAsInJlYWQiOjMwMDAwMDAwMDAwMCwidXBkYXRlIjoxODAwMDAwMDAwMDAwfX0=",
          "dependencies": [
            "module.farms.azurerm_resource_group.testfarm"
          ]
        },
        {
          "index_key": 4,
          "schema_version": 0,
          "attributes": {
            "allocation_method": "Dynamic",
            "domain_name_label": null,
            "fqdn": null,
            "id": "/subscriptions/cb6e76ee-ca24-47b5-aedb-b843871af8d1/resourceGroups/testfarm-resourcesnorthcentralus/providers/Microsoft.Network/publicIPAddresses/FarmPublicIp-4",
            "idle_timeout_in_minutes": 4,
            "ip_address": "168.62.106.249",
            "ip_version": "IPv4",
            "location": "northcentralus",
            "name": "FarmPublicIp-4",
            "public_ip_prefix_id": null,
            "resource_group_name": "testfarm-resourcesnorthcentralus",
            "reverse_fqdn": null,
            "sku": "Basic",
            "tags": {
              "environment": "farm"
            },
            "timeouts": null,
            "zones": []
          },
          "sensitive_attributes": [],
          "private": "eyJlMmJmYjczMC1lY2FhLTExZTYtOGY4OC0zNDM2M2JjN2M0YzAiOnsiY3JlYXRlIjoxODAwMDAwMDAwMDAwLCJkZWxldGUiOjE4MDAwMDAwMDAwMDAsInJlYWQiOjMwMDAwMDAwMDAwMCwidXBkYXRlIjoxODAwMDAwMDAwMDAwfX0=",
          "dependencies": [
            "module.farms.azurerm_resource_group.testfarm"
          ]
        }
      ]
    },
    {
      "module": "module.farms[\"North Central US\"]",
      "mode": "managed",
      "type": "azurerm_resource_group",
      "name": "testfarm",
      "provider": "provider[\"registry.terraform.io/hashicorp/azurerm\"]",
      "instances": [
        {
          "schema_version": 0,
          "attributes": {
            "id": "/subscriptions/cb6e76ee-ca24-47b5-aedb-b843871af8d1/resourceGroups/testfarm-resourcesnorthcentralus",
            "location": "northcentralus",
            "name": "testfarm-resourcesnorthcentralus",
            "tags": {},
            "timeouts": null
          },
          "sensitive_attributes": [],
          "private": "eyJlMmJmYjczMC1lY2FhLTExZTYtOGY4OC0zNDM2M2JjN2M0YzAiOnsiY3JlYXRlIjo1NDAwMDAwMDAwMDAwLCJkZWxldGUiOjU0MDAwMDAwMDAwMDAsInJlYWQiOjMwMDAwMDAwMDAwMCwidXBkYXRlIjo1NDAwMDAwMDAwMDAwfX0="
        }
      ]
    },
    {
      "module": "module.farms[\"North Central US\"]",
      "mode": "managed",
      "type": "azurerm_subnet",
      "name": "internal",
      "provider": "provider[\"registry.terraform.io/hashicorp/azurerm\"]",
      "instances": [
        {
          "schema_version": 0,
          "attributes": {
            "address_prefix": "10.0.2.0/24",
            "address_prefixes": [
              "10.0.2.0/24"
            ],
            "delegation": [],
            "enforce_private_link_endpoint_network_policies": false,
            "enforce_private_link_service_network_policies": false,
            "id": "/subscriptions/cb6e76ee-ca24-47b5-aedb-b843871af8d1/resourceGroups/testfarm-resourcesnorthcentralus/providers/Microsoft.Network/virtualNetworks/testfarm-network-northcentralus/subnets/internal-northcentralus",
            "name": "internal-northcentralus",
            "resource_group_name": "testfarm-resourcesnorthcentralus",
            "service_endpoint_policy_ids": [],
            "service_endpoints": [],
            "timeouts": null,
            "virtual_network_name": "testfarm-network-northcentralus"
          },
          "sensitive_attributes": [],
          "private": "eyJlMmJmYjczMC1lY2FhLTExZTYtOGY4OC0zNDM2M2JjN2M0YzAiOnsiY3JlYXRlIjoxODAwMDAwMDAwMDAwLCJkZWxldGUiOjE4MDAwMDAwMDAwMDAsInJlYWQiOjMwMDAwMDAwMDAwMCwidXBkYXRlIjoxODAwMDAwMDAwMDAwfX0=",
          "dependencies": [
            "module.farms.azurerm_resource_group.testfarm",
            "module.farms.azurerm_virtual_network.testfarm"
          ]
        }
      ]
    },
    {
      "module": "module.farms[\"North Central US\"]",
      "mode": "managed",
      "type": "azurerm_virtual_network",
      "name": "testfarm",
      "provider": "provider[\"registry.terraform.io/hashicorp/azurerm\"]",
      "instances": [
        {
          "schema_version": 0,
          "attributes": {
            "address_space": [
              "10.0.0.0/16"
            ],
            "bgp_community": "",
            "ddos_protection_plan": [],
            "dns_servers": [],
            "guid": "8727f542-91c0-4650-89b4-74639c89e217",
            "id": "/subscriptions/cb6e76ee-ca24-47b5-aedb-b843871af8d1/resourceGroups/testfarm-resourcesnorthcentralus/providers/Microsoft.Network/virtualNetworks/testfarm-network-northcentralus",
            "location": "northcentralus",
            "name": "testfarm-network-northcentralus",
            "resource_group_name": "testfarm-resourcesnorthcentralus",
            "subnet": [
              {
                "address_prefix": "10.0.2.0/24",
                "id": "/subscriptions/cb6e76ee-ca24-47b5-aedb-b843871af8d1/resourceGroups/testfarm-resourcesnorthcentralus/providers/Microsoft.Network/virtualNetworks/testfarm-network-northcentralus/subnets/internal-northcentralus",
                "name": "internal-northcentralus",
                "security_group": ""
              }
            ],
            "tags": {},
            "timeouts": null,
            "vm_protection_enabled": false
          },
          "sensitive_attributes": [],
          "private": "eyJlMmJmYjczMC1lY2FhLTExZTYtOGY4OC0zNDM2M2JjN2M0YzAiOnsiY3JlYXRlIjoxODAwMDAwMDAwMDAwLCJkZWxldGUiOjE4MDAwMDAwMDAwMDAsInJlYWQiOjMwMDAwMDAwMDAwMCwidXBkYXRlIjoxODAwMDAwMDAwMDAwfX0=",
          "dependencies": [
            "module.farms.azurerm_resource_group.testfarm"
          ]
        }
      ]
    },
    {
      "module": "module.farms[\"North Europe\"]",
      "mode": "managed",
      "type": "azurerm_linux_virtual_machine",
      "name": "farm",
      "provider": "provider[\"registry.terraform.io/hashicorp/azurerm\"]",
      "instances": [
        {
          "index_key": 0,
          "schema_version": 0,
          "attributes": {
            "additional_capabilities": [],
            "admin_password": null,
            "admin_ssh_key": [
              {
                "public_key": "ssh-rsa AAAAB3NzaC1yc2EAAAADAQABAAABAQDIX3pqSVNa2cBOBTmKJTKBABquP5CJarL8sTiOGSDhK9rKTN3PplUX9HAMk2yu2CTr6xUHpB8cj/jSD60dLhcvSTHxOW4kMQmHONr4zhD55Th1zG115wpp+Jf0ZNN+L+zWKQVT2kKuWSVeb4Rd3ftVvrfgEg/jDd2BjAN6K6i5/tX21PbDhTuppgnP8c7Vo7cjc7ded2B8sSZkU4BepFely4Un9rvUZzfXiygQN78qtzNfwqV9WPT4T79r/2TvchLh/F2wSlH0aaUsqrlEz5uqpiKROchPOzqkic6ARki+vtBse4oDlyA1Kkt79+8RwVWA6tv7B1WWpXuGrZJ9eBhN root@28cc2261df86\n",
                "username": "adminuser"
              }
            ],
            "admin_username": "adminuser",
            "allow_extension_operations": true,
            "availability_set_id": "",
            "boot_diagnostics": [],
            "computer_name": "farm-0",
            "custom_data": null,
            "dedicated_host_id": "",
            "disable_password_authentication": true,
            "encryption_at_host_enabled": false,
            "eviction_policy": "",
            "extensions_time_budget": "PT1H30M",
            "id": "/subscriptions/cb6e76ee-ca24-47b5-aedb-b843871af8d1/resourceGroups/testfarm-resourcesnortheurope/providers/Microsoft.Compute/virtualMachines/farm-0",
            "identity": [],
            "location": "northeurope",
            "max_bid_price": -1,
            "name": "farm-0",
            "network_interface_ids": [
              "/subscriptions/cb6e76ee-ca24-47b5-aedb-b843871af8d1/resourceGroups/testfarm-resourcesnortheurope/providers/Microsoft.Network/networkInterfaces/testfarm-nic-0"
            ],
            "os_disk": [
              {
                "caching": "ReadWrite",
                "diff_disk_settings": [],
                "disk_encryption_set_id": "",
                "disk_size_gb": 30,
                "name": "farm-0_OsDisk_1_fc158e873ddd423589fd8e01b7b89c1d",
                "storage_account_type": "Standard_LRS",
                "write_accelerator_enabled": false
              }
            ],
            "plan": [],
            "priority": "Regular",
            "private_ip_address": "10.0.2.4",
            "private_ip_addresses": [
              "10.0.2.4"
            ],
            "provision_vm_agent": true,
            "proximity_placement_group_id": "",
            "public_ip_address": "40.85.73.241",
            "public_ip_addresses": [
              "40.85.73.241"
            ],
            "resource_group_name": "testfarm-resourcesnortheurope",
            "secret": [],
            "size": "Standard_D2s_v3",
            "source_image_id": "",
            "source_image_reference": [
              {
                "offer": "UbuntuServer",
                "publisher": "Canonical",
                "sku": "18.04-LTS",
                "version": "latest"
              }
            ],
            "tags": {},
            "timeouts": null,
            "virtual_machine_id": "902c56c1-7443-4b75-8b87-818123242dfe",
            "virtual_machine_scale_set_id": "",
            "zone": ""
          },
          "sensitive_attributes": [],
          "private": "eyJlMmJmYjczMC1lY2FhLTExZTYtOGY4OC0zNDM2M2JjN2M0YzAiOnsiY3JlYXRlIjoyNzAwMDAwMDAwMDAwLCJkZWxldGUiOjI3MDAwMDAwMDAwMDAsInJlYWQiOjMwMDAwMDAwMDAwMCwidXBkYXRlIjoyNzAwMDAwMDAwMDAwfX0=",
          "dependencies": [
            "module.farms.azurerm_network_interface.farm",
            "module.farms.azurerm_public_ip.farm_publicip",
            "module.farms.azurerm_resource_group.testfarm",
            "module.farms.azurerm_subnet.internal",
            "module.farms.azurerm_virtual_network.testfarm"
          ]
        },
        {
          "index_key": 1,
          "schema_version": 0,
          "attributes": {
            "additional_capabilities": [],
            "admin_password": null,
            "admin_ssh_key": [
              {
                "public_key": "ssh-rsa AAAAB3NzaC1yc2EAAAADAQABAAABAQDIX3pqSVNa2cBOBTmKJTKBABquP5CJarL8sTiOGSDhK9rKTN3PplUX9HAMk2yu2CTr6xUHpB8cj/jSD60dLhcvSTHxOW4kMQmHONr4zhD55Th1zG115wpp+Jf0ZNN+L+zWKQVT2kKuWSVeb4Rd3ftVvrfgEg/jDd2BjAN6K6i5/tX21PbDhTuppgnP8c7Vo7cjc7ded2B8sSZkU4BepFely4Un9rvUZzfXiygQN78qtzNfwqV9WPT4T79r/2TvchLh/F2wSlH0aaUsqrlEz5uqpiKROchPOzqkic6ARki+vtBse4oDlyA1Kkt79+8RwVWA6tv7B1WWpXuGrZJ9eBhN root@28cc2261df86\n",
                "username": "adminuser"
              }
            ],
            "admin_username": "adminuser",
            "allow_extension_operations": true,
            "availability_set_id": "",
            "boot_diagnostics": [],
            "computer_name": "farm-1",
            "custom_data": null,
            "dedicated_host_id": "",
            "disable_password_authentication": true,
            "encryption_at_host_enabled": false,
            "eviction_policy": "",
            "extensions_time_budget": "PT1H30M",
            "id": "/subscriptions/cb6e76ee-ca24-47b5-aedb-b843871af8d1/resourceGroups/testfarm-resourcesnortheurope/providers/Microsoft.Compute/virtualMachines/farm-1",
            "identity": [],
            "location": "northeurope",
            "max_bid_price": -1,
            "name": "farm-1",
            "network_interface_ids": [
              "/subscriptions/cb6e76ee-ca24-47b5-aedb-b843871af8d1/resourceGroups/testfarm-resourcesnortheurope/providers/Microsoft.Network/networkInterfaces/testfarm-nic-1"
            ],
            "os_disk": [
              {
                "caching": "ReadWrite",
                "diff_disk_settings": [],
                "disk_encryption_set_id": "",
                "disk_size_gb": 30,
                "name": "farm-1_OsDisk_1_8f075a7e20c14978a25d3940782768e4",
                "storage_account_type": "Standard_LRS",
                "write_accelerator_enabled": false
              }
            ],
            "plan": [],
            "priority": "Regular",
            "private_ip_address": "10.0.2.5",
            "private_ip_addresses": [
              "10.0.2.5"
            ],
            "provision_vm_agent": true,
            "proximity_placement_group_id": "",
            "public_ip_address": "40.87.144.184",
            "public_ip_addresses": [
              "40.87.144.184"
            ],
            "resource_group_name": "testfarm-resourcesnortheurope",
            "secret": [],
            "size": "Standard_D2s_v3",
            "source_image_id": "",
            "source_image_reference": [
              {
                "offer": "UbuntuServer",
                "publisher": "Canonical",
                "sku": "18.04-LTS",
                "version": "latest"
              }
            ],
            "tags": {},
            "timeouts": null,
            "virtual_machine_id": "137bc04f-0884-4b7b-8fb2-55022cfdf463",
            "virtual_machine_scale_set_id": "",
            "zone": ""
          },
          "sensitive_attributes": [],
          "private": "eyJlMmJmYjczMC1lY2FhLTExZTYtOGY4OC0zNDM2M2JjN2M0YzAiOnsiY3JlYXRlIjoyNzAwMDAwMDAwMDAwLCJkZWxldGUiOjI3MDAwMDAwMDAwMDAsInJlYWQiOjMwMDAwMDAwMDAwMCwidXBkYXRlIjoyNzAwMDAwMDAwMDAwfX0=",
          "dependencies": [
            "module.farms.azurerm_network_interface.farm",
            "module.farms.azurerm_public_ip.farm_publicip",
            "module.farms.azurerm_resource_group.testfarm",
            "module.farms.azurerm_subnet.internal",
            "module.farms.azurerm_virtual_network.testfarm"
          ]
        },
        {
          "index_key": 2,
          "schema_version": 0,
          "attributes": {
            "additional_capabilities": [],
            "admin_password": null,
            "admin_ssh_key": [
              {
                "public_key": "ssh-rsa AAAAB3NzaC1yc2EAAAADAQABAAABAQDIX3pqSVNa2cBOBTmKJTKBABquP5CJarL8sTiOGSDhK9rKTN3PplUX9HAMk2yu2CTr6xUHpB8cj/jSD60dLhcvSTHxOW4kMQmHONr4zhD55Th1zG115wpp+Jf0ZNN+L+zWKQVT2kKuWSVeb4Rd3ftVvrfgEg/jDd2BjAN6K6i5/tX21PbDhTuppgnP8c7Vo7cjc7ded2B8sSZkU4BepFely4Un9rvUZzfXiygQN78qtzNfwqV9WPT4T79r/2TvchLh/F2wSlH0aaUsqrlEz5uqpiKROchPOzqkic6ARki+vtBse4oDlyA1Kkt79+8RwVWA6tv7B1WWpXuGrZJ9eBhN root@28cc2261df86\n",
                "username": "adminuser"
              }
            ],
            "admin_username": "adminuser",
            "allow_extension_operations": true,
            "availability_set_id": "",
            "boot_diagnostics": [],
            "computer_name": "farm-2",
            "custom_data": null,
            "dedicated_host_id": "",
            "disable_password_authentication": true,
            "encryption_at_host_enabled": false,
            "eviction_policy": "",
            "extensions_time_budget": "PT1H30M",
            "id": "/subscriptions/cb6e76ee-ca24-47b5-aedb-b843871af8d1/resourceGroups/testfarm-resourcesnortheurope/providers/Microsoft.Compute/virtualMachines/farm-2",
            "identity": [],
            "location": "northeurope",
            "max_bid_price": -1,
            "name": "farm-2",
            "network_interface_ids": [
              "/subscriptions/cb6e76ee-ca24-47b5-aedb-b843871af8d1/resourceGroups/testfarm-resourcesnortheurope/providers/Microsoft.Network/networkInterfaces/testfarm-nic-2"
            ],
            "os_disk": [
              {
                "caching": "ReadWrite",
                "diff_disk_settings": [],
                "disk_encryption_set_id": "",
                "disk_size_gb": 30,
                "name": "farm-2_OsDisk_1_f86fb4df7e524a28a83d15c93743a0c2",
                "storage_account_type": "Standard_LRS",
                "write_accelerator_enabled": false
              }
            ],
            "plan": [],
            "priority": "Regular",
            "private_ip_address": "10.0.2.8",
            "private_ip_addresses": [
              "10.0.2.8"
            ],
            "provision_vm_agent": true,
            "proximity_placement_group_id": "",
            "public_ip_address": "168.63.77.44",
            "public_ip_addresses": [
              "168.63.77.44"
            ],
            "resource_group_name": "testfarm-resourcesnortheurope",
            "secret": [],
            "size": "Standard_D2s_v3",
            "source_image_id": "",
            "source_image_reference": [
              {
                "offer": "UbuntuServer",
                "publisher": "Canonical",
                "sku": "18.04-LTS",
                "version": "latest"
              }
            ],
            "tags": {},
            "timeouts": null,
            "virtual_machine_id": "657642c0-c244-4353-9df3-2a06508e00a6",
            "virtual_machine_scale_set_id": "",
            "zone": ""
          },
          "sensitive_attributes": [],
          "private": "eyJlMmJmYjczMC1lY2FhLTExZTYtOGY4OC0zNDM2M2JjN2M0YzAiOnsiY3JlYXRlIjoyNzAwMDAwMDAwMDAwLCJkZWxldGUiOjI3MDAwMDAwMDAwMDAsInJlYWQiOjMwMDAwMDAwMDAwMCwidXBkYXRlIjoyNzAwMDAwMDAwMDAwfX0=",
          "dependencies": [
            "module.farms.azurerm_network_interface.farm",
            "module.farms.azurerm_public_ip.farm_publicip",
            "module.farms.azurerm_resource_group.testfarm",
            "module.farms.azurerm_subnet.internal",
            "module.farms.azurerm_virtual_network.testfarm"
          ]
        },
        {
          "index_key": 3,
          "schema_version": 0,
          "attributes": {
            "additional_capabilities": [],
            "admin_password": null,
            "admin_ssh_key": [
              {
                "public_key": "ssh-rsa AAAAB3NzaC1yc2EAAAADAQABAAABAQDIX3pqSVNa2cBOBTmKJTKBABquP5CJarL8sTiOGSDhK9rKTN3PplUX9HAMk2yu2CTr6xUHpB8cj/jSD60dLhcvSTHxOW4kMQmHONr4zhD55Th1zG115wpp+Jf0ZNN+L+zWKQVT2kKuWSVeb4Rd3ftVvrfgEg/jDd2BjAN6K6i5/tX21PbDhTuppgnP8c7Vo7cjc7ded2B8sSZkU4BepFely4Un9rvUZzfXiygQN78qtzNfwqV9WPT4T79r/2TvchLh/F2wSlH0aaUsqrlEz5uqpiKROchPOzqkic6ARki+vtBse4oDlyA1Kkt79+8RwVWA6tv7B1WWpXuGrZJ9eBhN root@28cc2261df86\n",
                "username": "adminuser"
              }
            ],
            "admin_username": "adminuser",
            "allow_extension_operations": true,
            "availability_set_id": "",
            "boot_diagnostics": [],
            "computer_name": "farm-3",
            "custom_data": null,
            "dedicated_host_id": "",
            "disable_password_authentication": true,
            "encryption_at_host_enabled": false,
            "eviction_policy": "",
            "extensions_time_budget": "PT1H30M",
            "id": "/subscriptions/cb6e76ee-ca24-47b5-aedb-b843871af8d1/resourceGroups/testfarm-resourcesnortheurope/providers/Microsoft.Compute/virtualMachines/farm-3",
            "identity": [],
            "location": "northeurope",
            "max_bid_price": -1,
            "name": "farm-3",
            "network_interface_ids": [
              "/subscriptions/cb6e76ee-ca24-47b5-aedb-b843871af8d1/resourceGroups/testfarm-resourcesnortheurope/providers/Microsoft.Network/networkInterfaces/testfarm-nic-3"
            ],
            "os_disk": [
              {
                "caching": "ReadWrite",
                "diff_disk_settings": [],
                "disk_encryption_set_id": "",
                "disk_size_gb": 30,
                "name": "farm-3_OsDisk_1_54cd68c8894341d494ccb8597784b184",
                "storage_account_type": "Standard_LRS",
                "write_accelerator_enabled": false
              }
            ],
            "plan": [],
            "priority": "Regular",
            "private_ip_address": "10.0.2.6",
            "private_ip_addresses": [
              "10.0.2.6"
            ],
            "provision_vm_agent": true,
            "proximity_placement_group_id": "",
            "public_ip_address": "13.74.36.39",
            "public_ip_addresses": [
              "13.74.36.39"
            ],
            "resource_group_name": "testfarm-resourcesnortheurope",
            "secret": [],
            "size": "Standard_D2s_v3",
            "source_image_id": "",
            "source_image_reference": [
              {
                "offer": "UbuntuServer",
                "publisher": "Canonical",
                "sku": "18.04-LTS",
                "version": "latest"
              }
            ],
            "tags": {},
            "timeouts": null,
            "virtual_machine_id": "2de02f89-8915-4928-ad7a-9093d0bae3ca",
            "virtual_machine_scale_set_id": "",
            "zone": ""
          },
          "sensitive_attributes": [],
          "private": "eyJlMmJmYjczMC1lY2FhLTExZTYtOGY4OC0zNDM2M2JjN2M0YzAiOnsiY3JlYXRlIjoyNzAwMDAwMDAwMDAwLCJkZWxldGUiOjI3MDAwMDAwMDAwMDAsInJlYWQiOjMwMDAwMDAwMDAwMCwidXBkYXRlIjoyNzAwMDAwMDAwMDAwfX0=",
          "dependencies": [
            "module.farms.azurerm_network_interface.farm",
            "module.farms.azurerm_public_ip.farm_publicip",
            "module.farms.azurerm_resource_group.testfarm",
            "module.farms.azurerm_subnet.internal",
            "module.farms.azurerm_virtual_network.testfarm"
          ]
        },
        {
          "index_key": 4,
          "schema_version": 0,
          "attributes": {
            "additional_capabilities": [],
            "admin_password": null,
            "admin_ssh_key": [
              {
                "public_key": "ssh-rsa AAAAB3NzaC1yc2EAAAADAQABAAABAQDIX3pqSVNa2cBOBTmKJTKBABquP5CJarL8sTiOGSDhK9rKTN3PplUX9HAMk2yu2CTr6xUHpB8cj/jSD60dLhcvSTHxOW4kMQmHONr4zhD55Th1zG115wpp+Jf0ZNN+L+zWKQVT2kKuWSVeb4Rd3ftVvrfgEg/jDd2BjAN6K6i5/tX21PbDhTuppgnP8c7Vo7cjc7ded2B8sSZkU4BepFely4Un9rvUZzfXiygQN78qtzNfwqV9WPT4T79r/2TvchLh/F2wSlH0aaUsqrlEz5uqpiKROchPOzqkic6ARki+vtBse4oDlyA1Kkt79+8RwVWA6tv7B1WWpXuGrZJ9eBhN root@28cc2261df86\n",
                "username": "adminuser"
              }
            ],
            "admin_username": "adminuser",
            "allow_extension_operations": true,
            "availability_set_id": "",
            "boot_diagnostics": [],
            "computer_name": "farm-4",
            "custom_data": null,
            "dedicated_host_id": "",
            "disable_password_authentication": true,
            "encryption_at_host_enabled": false,
            "eviction_policy": "",
            "extensions_time_budget": "PT1H30M",
            "id": "/subscriptions/cb6e76ee-ca24-47b5-aedb-b843871af8d1/resourceGroups/testfarm-resourcesnortheurope/providers/Microsoft.Compute/virtualMachines/farm-4",
            "identity": [],
            "location": "northeurope",
            "max_bid_price": -1,
            "name": "farm-4",
            "network_interface_ids": [
              "/subscriptions/cb6e76ee-ca24-47b5-aedb-b843871af8d1/resourceGroups/testfarm-resourcesnortheurope/providers/Microsoft.Network/networkInterfaces/testfarm-nic-4"
            ],
            "os_disk": [
              {
                "caching": "ReadWrite",
                "diff_disk_settings": [],
                "disk_encryption_set_id": "",
                "disk_size_gb": 30,
                "name": "farm-4_OsDisk_1_a3dcbbc1e82d49ebbb497b2332180316",
                "storage_account_type": "Standard_LRS",
                "write_accelerator_enabled": false
              }
            ],
            "plan": [],
            "priority": "Regular",
            "private_ip_address": "10.0.2.7",
            "private_ip_addresses": [
              "10.0.2.7"
            ],
            "provision_vm_agent": true,
            "proximity_placement_group_id": "",
            "public_ip_address": "168.63.60.45",
            "public_ip_addresses": [
              "168.63.60.45"
            ],
            "resource_group_name": "testfarm-resourcesnortheurope",
            "secret": [],
            "size": "Standard_D2s_v3",
            "source_image_id": "",
            "source_image_reference": [
              {
                "offer": "UbuntuServer",
                "publisher": "Canonical",
                "sku": "18.04-LTS",
                "version": "latest"
              }
            ],
            "tags": {},
            "timeouts": null,
            "virtual_machine_id": "2d27b96b-da25-4d41-8990-4ee637c15351",
            "virtual_machine_scale_set_id": "",
            "zone": ""
          },
          "sensitive_attributes": [],
          "private": "eyJlMmJmYjczMC1lY2FhLTExZTYtOGY4OC0zNDM2M2JjN2M0YzAiOnsiY3JlYXRlIjoyNzAwMDAwMDAwMDAwLCJkZWxldGUiOjI3MDAwMDAwMDAwMDAsInJlYWQiOjMwMDAwMDAwMDAwMCwidXBkYXRlIjoyNzAwMDAwMDAwMDAwfX0=",
          "dependencies": [
            "module.farms.azurerm_network_interface.farm",
            "module.farms.azurerm_public_ip.farm_publicip",
            "module.farms.azurerm_resource_group.testfarm",
            "module.farms.azurerm_subnet.internal",
            "module.farms.azurerm_virtual_network.testfarm"
          ]
        }
      ]
    },
    {
      "module": "module.farms[\"North Europe\"]",
      "mode": "managed",
      "type": "azurerm_network_interface",
      "name": "farm",
      "provider": "provider[\"registry.terraform.io/hashicorp/azurerm\"]",
      "instances": [
        {
          "index_key": 0,
          "schema_version": 0,
          "attributes": {
            "applied_dns_servers": [],
            "dns_servers": [],
            "enable_accelerated_networking": false,
            "enable_ip_forwarding": false,
            "id": "/subscriptions/cb6e76ee-ca24-47b5-aedb-b843871af8d1/resourceGroups/testfarm-resourcesnortheurope/providers/Microsoft.Network/networkInterfaces/testfarm-nic-0",
            "internal_dns_name_label": "",
            "internal_domain_name_suffix": "2m2k2uzzieau3ev0rez4llfu4c.fx.internal.cloudapp.net",
            "ip_configuration": [
              {
                "name": "testconfiguration1",
                "primary": true,
                "private_ip_address": "10.0.2.4",
                "private_ip_address_allocation": "Dynamic",
                "private_ip_address_version": "IPv4",
                "public_ip_address_id": "/subscriptions/cb6e76ee-ca24-47b5-aedb-b843871af8d1/resourceGroups/testfarm-resourcesnortheurope/providers/Microsoft.Network/publicIPAddresses/FarmPublicIp-0",
                "subnet_id": "/subscriptions/cb6e76ee-ca24-47b5-aedb-b843871af8d1/resourceGroups/testfarm-resourcesnortheurope/providers/Microsoft.Network/virtualNetworks/testfarm-network-northeurope/subnets/internal-northeurope"
              }
            ],
            "location": "northeurope",
            "mac_address": "00-0D-3A-D8-F5-E6",
            "name": "testfarm-nic-0",
            "private_ip_address": "10.0.2.4",
            "private_ip_addresses": [
              "10.0.2.4"
            ],
            "resource_group_name": "testfarm-resourcesnortheurope",
            "tags": {},
            "timeouts": null,
            "virtual_machine_id": "/subscriptions/cb6e76ee-ca24-47b5-aedb-b843871af8d1/resourceGroups/testfarm-resourcesnortheurope/providers/Microsoft.Compute/virtualMachines/farm-0"
          },
          "sensitive_attributes": [],
          "private": "eyJlMmJmYjczMC1lY2FhLTExZTYtOGY4OC0zNDM2M2JjN2M0YzAiOnsiY3JlYXRlIjoxODAwMDAwMDAwMDAwLCJkZWxldGUiOjE4MDAwMDAwMDAwMDAsInJlYWQiOjMwMDAwMDAwMDAwMCwidXBkYXRlIjoxODAwMDAwMDAwMDAwfX0=",
          "dependencies": [
            "module.farms.azurerm_public_ip.farm_publicip",
            "module.farms.azurerm_resource_group.testfarm",
            "module.farms.azurerm_subnet.internal",
            "module.farms.azurerm_virtual_network.testfarm"
          ]
        },
        {
          "index_key": 1,
          "schema_version": 0,
          "attributes": {
            "applied_dns_servers": [],
            "dns_servers": [],
            "enable_accelerated_networking": false,
            "enable_ip_forwarding": false,
            "id": "/subscriptions/cb6e76ee-ca24-47b5-aedb-b843871af8d1/resourceGroups/testfarm-resourcesnortheurope/providers/Microsoft.Network/networkInterfaces/testfarm-nic-1",
            "internal_dns_name_label": "",
            "internal_domain_name_suffix": "2m2k2uzzieau3ev0rez4llfu4c.fx.internal.cloudapp.net",
            "ip_configuration": [
              {
                "name": "testconfiguration1",
                "primary": true,
                "private_ip_address": "10.0.2.5",
                "private_ip_address_allocation": "Dynamic",
                "private_ip_address_version": "IPv4",
                "public_ip_address_id": "/subscriptions/cb6e76ee-ca24-47b5-aedb-b843871af8d1/resourceGroups/testfarm-resourcesnortheurope/providers/Microsoft.Network/publicIPAddresses/FarmPublicIp-1",
                "subnet_id": "/subscriptions/cb6e76ee-ca24-47b5-aedb-b843871af8d1/resourceGroups/testfarm-resourcesnortheurope/providers/Microsoft.Network/virtualNetworks/testfarm-network-northeurope/subnets/internal-northeurope"
              }
            ],
            "location": "northeurope",
            "mac_address": "00-0D-3A-D8-27-C8",
            "name": "testfarm-nic-1",
            "private_ip_address": "10.0.2.5",
            "private_ip_addresses": [
              "10.0.2.5"
            ],
            "resource_group_name": "testfarm-resourcesnortheurope",
            "tags": {},
            "timeouts": null,
            "virtual_machine_id": "/subscriptions/cb6e76ee-ca24-47b5-aedb-b843871af8d1/resourceGroups/testfarm-resourcesnortheurope/providers/Microsoft.Compute/virtualMachines/farm-1"
          },
          "sensitive_attributes": [],
          "private": "eyJlMmJmYjczMC1lY2FhLTExZTYtOGY4OC0zNDM2M2JjN2M0YzAiOnsiY3JlYXRlIjoxODAwMDAwMDAwMDAwLCJkZWxldGUiOjE4MDAwMDAwMDAwMDAsInJlYWQiOjMwMDAwMDAwMDAwMCwidXBkYXRlIjoxODAwMDAwMDAwMDAwfX0=",
          "dependencies": [
            "module.farms.azurerm_public_ip.farm_publicip",
            "module.farms.azurerm_resource_group.testfarm",
            "module.farms.azurerm_subnet.internal",
            "module.farms.azurerm_virtual_network.testfarm"
          ]
        },
        {
          "index_key": 2,
          "schema_version": 0,
          "attributes": {
            "applied_dns_servers": [],
            "dns_servers": [],
            "enable_accelerated_networking": false,
            "enable_ip_forwarding": false,
            "id": "/subscriptions/cb6e76ee-ca24-47b5-aedb-b843871af8d1/resourceGroups/testfarm-resourcesnortheurope/providers/Microsoft.Network/networkInterfaces/testfarm-nic-2",
            "internal_dns_name_label": "",
            "internal_domain_name_suffix": "2m2k2uzzieau3ev0rez4llfu4c.fx.internal.cloudapp.net",
            "ip_configuration": [
              {
                "name": "testconfiguration1",
                "primary": true,
                "private_ip_address": "10.0.2.8",
                "private_ip_address_allocation": "Dynamic",
                "private_ip_address_version": "IPv4",
                "public_ip_address_id": "/subscriptions/cb6e76ee-ca24-47b5-aedb-b843871af8d1/resourceGroups/testfarm-resourcesnortheurope/providers/Microsoft.Network/publicIPAddresses/FarmPublicIp-2",
                "subnet_id": "/subscriptions/cb6e76ee-ca24-47b5-aedb-b843871af8d1/resourceGroups/testfarm-resourcesnortheurope/providers/Microsoft.Network/virtualNetworks/testfarm-network-northeurope/subnets/internal-northeurope"
              }
            ],
            "location": "northeurope",
            "mac_address": "00-0D-3A-D7-B1-C8",
            "name": "testfarm-nic-2",
            "private_ip_address": "10.0.2.8",
            "private_ip_addresses": [
              "10.0.2.8"
            ],
            "resource_group_name": "testfarm-resourcesnortheurope",
            "tags": {},
            "timeouts": null,
            "virtual_machine_id": "/subscriptions/cb6e76ee-ca24-47b5-aedb-b843871af8d1/resourceGroups/testfarm-resourcesnortheurope/providers/Microsoft.Compute/virtualMachines/farm-2"
          },
          "sensitive_attributes": [],
          "private": "eyJlMmJmYjczMC1lY2FhLTExZTYtOGY4OC0zNDM2M2JjN2M0YzAiOnsiY3JlYXRlIjoxODAwMDAwMDAwMDAwLCJkZWxldGUiOjE4MDAwMDAwMDAwMDAsInJlYWQiOjMwMDAwMDAwMDAwMCwidXBkYXRlIjoxODAwMDAwMDAwMDAwfX0=",
          "dependencies": [
            "module.farms.azurerm_public_ip.farm_publicip",
            "module.farms.azurerm_resource_group.testfarm",
            "module.farms.azurerm_subnet.internal",
            "module.farms.azurerm_virtual_network.testfarm"
          ]
        },
        {
          "index_key": 3,
          "schema_version": 0,
          "attributes": {
            "applied_dns_servers": [],
            "dns_servers": [],
            "enable_accelerated_networking": false,
            "enable_ip_forwarding": false,
            "id": "/subscriptions/cb6e76ee-ca24-47b5-aedb-b843871af8d1/resourceGroups/testfarm-resourcesnortheurope/providers/Microsoft.Network/networkInterfaces/testfarm-nic-3",
            "internal_dns_name_label": "",
            "internal_domain_name_suffix": "2m2k2uzzieau3ev0rez4llfu4c.fx.internal.cloudapp.net",
            "ip_configuration": [
              {
                "name": "testconfiguration1",
                "primary": true,
                "private_ip_address": "10.0.2.6",
                "private_ip_address_allocation": "Dynamic",
                "private_ip_address_version": "IPv4",
                "public_ip_address_id": "/subscriptions/cb6e76ee-ca24-47b5-aedb-b843871af8d1/resourceGroups/testfarm-resourcesnortheurope/providers/Microsoft.Network/publicIPAddresses/FarmPublicIp-3",
                "subnet_id": "/subscriptions/cb6e76ee-ca24-47b5-aedb-b843871af8d1/resourceGroups/testfarm-resourcesnortheurope/providers/Microsoft.Network/virtualNetworks/testfarm-network-northeurope/subnets/internal-northeurope"
              }
            ],
            "location": "northeurope",
            "mac_address": "00-0D-3A-D8-8A-5D",
            "name": "testfarm-nic-3",
            "private_ip_address": "10.0.2.6",
            "private_ip_addresses": [
              "10.0.2.6"
            ],
            "resource_group_name": "testfarm-resourcesnortheurope",
            "tags": {},
            "timeouts": null,
            "virtual_machine_id": "/subscriptions/cb6e76ee-ca24-47b5-aedb-b843871af8d1/resourceGroups/testfarm-resourcesnortheurope/providers/Microsoft.Compute/virtualMachines/farm-3"
          },
          "sensitive_attributes": [],
          "private": "eyJlMmJmYjczMC1lY2FhLTExZTYtOGY4OC0zNDM2M2JjN2M0YzAiOnsiY3JlYXRlIjoxODAwMDAwMDAwMDAwLCJkZWxldGUiOjE4MDAwMDAwMDAwMDAsInJlYWQiOjMwMDAwMDAwMDAwMCwidXBkYXRlIjoxODAwMDAwMDAwMDAwfX0=",
          "dependencies": [
            "module.farms.azurerm_public_ip.farm_publicip",
            "module.farms.azurerm_resource_group.testfarm",
            "module.farms.azurerm_subnet.internal",
            "module.farms.azurerm_virtual_network.testfarm"
          ]
        },
        {
          "index_key": 4,
          "schema_version": 0,
          "attributes": {
            "applied_dns_servers": [],
            "dns_servers": [],
            "enable_accelerated_networking": false,
            "enable_ip_forwarding": false,
            "id": "/subscriptions/cb6e76ee-ca24-47b5-aedb-b843871af8d1/resourceGroups/testfarm-resourcesnortheurope/providers/Microsoft.Network/networkInterfaces/testfarm-nic-4",
            "internal_dns_name_label": "",
            "internal_domain_name_suffix": "2m2k2uzzieau3ev0rez4llfu4c.fx.internal.cloudapp.net",
            "ip_configuration": [
              {
                "name": "testconfiguration1",
                "primary": true,
                "private_ip_address": "10.0.2.7",
                "private_ip_address_allocation": "Dynamic",
                "private_ip_address_version": "IPv4",
                "public_ip_address_id": "/subscriptions/cb6e76ee-ca24-47b5-aedb-b843871af8d1/resourceGroups/testfarm-resourcesnortheurope/providers/Microsoft.Network/publicIPAddresses/FarmPublicIp-4",
                "subnet_id": "/subscriptions/cb6e76ee-ca24-47b5-aedb-b843871af8d1/resourceGroups/testfarm-resourcesnortheurope/providers/Microsoft.Network/virtualNetworks/testfarm-network-northeurope/subnets/internal-northeurope"
              }
            ],
            "location": "northeurope",
            "mac_address": "00-0D-3A-D7-BB-C2",
            "name": "testfarm-nic-4",
            "private_ip_address": "10.0.2.7",
            "private_ip_addresses": [
              "10.0.2.7"
            ],
            "resource_group_name": "testfarm-resourcesnortheurope",
            "tags": {},
            "timeouts": null,
            "virtual_machine_id": "/subscriptions/cb6e76ee-ca24-47b5-aedb-b843871af8d1/resourceGroups/testfarm-resourcesnortheurope/providers/Microsoft.Compute/virtualMachines/farm-4"
          },
          "sensitive_attributes": [],
          "private": "eyJlMmJmYjczMC1lY2FhLTExZTYtOGY4OC0zNDM2M2JjN2M0YzAiOnsiY3JlYXRlIjoxODAwMDAwMDAwMDAwLCJkZWxldGUiOjE4MDAwMDAwMDAwMDAsInJlYWQiOjMwMDAwMDAwMDAwMCwidXBkYXRlIjoxODAwMDAwMDAwMDAwfX0=",
          "dependencies": [
            "module.farms.azurerm_public_ip.farm_publicip",
            "module.farms.azurerm_resource_group.testfarm",
            "module.farms.azurerm_subnet.internal",
            "module.farms.azurerm_virtual_network.testfarm"
          ]
        }
      ]
    },
    {
      "module": "module.farms[\"North Europe\"]",
      "mode": "managed",
      "type": "azurerm_public_ip",
      "name": "farm_publicip",
      "provider": "provider[\"registry.terraform.io/hashicorp/azurerm\"]",
      "instances": [
        {
          "index_key": 0,
          "schema_version": 0,
          "attributes": {
            "allocation_method": "Dynamic",
            "domain_name_label": null,
            "fqdn": null,
            "id": "/subscriptions/cb6e76ee-ca24-47b5-aedb-b843871af8d1/resourceGroups/testfarm-resourcesnortheurope/providers/Microsoft.Network/publicIPAddresses/FarmPublicIp-0",
            "idle_timeout_in_minutes": 4,
            "ip_address": "40.85.73.241",
            "ip_version": "IPv4",
            "location": "northeurope",
            "name": "FarmPublicIp-0",
            "public_ip_prefix_id": null,
            "resource_group_name": "testfarm-resourcesnortheurope",
            "reverse_fqdn": null,
            "sku": "Basic",
            "tags": {
              "environment": "farm"
            },
            "timeouts": null,
            "zones": []
          },
          "sensitive_attributes": [],
          "private": "eyJlMmJmYjczMC1lY2FhLTExZTYtOGY4OC0zNDM2M2JjN2M0YzAiOnsiY3JlYXRlIjoxODAwMDAwMDAwMDAwLCJkZWxldGUiOjE4MDAwMDAwMDAwMDAsInJlYWQiOjMwMDAwMDAwMDAwMCwidXBkYXRlIjoxODAwMDAwMDAwMDAwfX0=",
          "dependencies": [
            "module.farms.azurerm_resource_group.testfarm"
          ]
        },
        {
          "index_key": 1,
          "schema_version": 0,
          "attributes": {
            "allocation_method": "Dynamic",
            "domain_name_label": null,
            "fqdn": null,
            "id": "/subscriptions/cb6e76ee-ca24-47b5-aedb-b843871af8d1/resourceGroups/testfarm-resourcesnortheurope/providers/Microsoft.Network/publicIPAddresses/FarmPublicIp-1",
            "idle_timeout_in_minutes": 4,
            "ip_address": "40.87.144.184",
            "ip_version": "IPv4",
            "location": "northeurope",
            "name": "FarmPublicIp-1",
            "public_ip_prefix_id": null,
            "resource_group_name": "testfarm-resourcesnortheurope",
            "reverse_fqdn": null,
            "sku": "Basic",
            "tags": {
              "environment": "farm"
            },
            "timeouts": null,
            "zones": []
          },
          "sensitive_attributes": [],
          "private": "eyJlMmJmYjczMC1lY2FhLTExZTYtOGY4OC0zNDM2M2JjN2M0YzAiOnsiY3JlYXRlIjoxODAwMDAwMDAwMDAwLCJkZWxldGUiOjE4MDAwMDAwMDAwMDAsInJlYWQiOjMwMDAwMDAwMDAwMCwidXBkYXRlIjoxODAwMDAwMDAwMDAwfX0=",
          "dependencies": [
            "module.farms.azurerm_resource_group.testfarm"
          ]
        },
        {
          "index_key": 2,
          "schema_version": 0,
          "attributes": {
            "allocation_method": "Dynamic",
            "domain_name_label": null,
            "fqdn": null,
            "id": "/subscriptions/cb6e76ee-ca24-47b5-aedb-b843871af8d1/resourceGroups/testfarm-resourcesnortheurope/providers/Microsoft.Network/publicIPAddresses/FarmPublicIp-2",
            "idle_timeout_in_minutes": 4,
            "ip_address": "168.63.77.44",
            "ip_version": "IPv4",
            "location": "northeurope",
            "name": "FarmPublicIp-2",
            "public_ip_prefix_id": null,
            "resource_group_name": "testfarm-resourcesnortheurope",
            "reverse_fqdn": null,
            "sku": "Basic",
            "tags": {
              "environment": "farm"
            },
            "timeouts": null,
            "zones": []
          },
          "sensitive_attributes": [],
          "private": "eyJlMmJmYjczMC1lY2FhLTExZTYtOGY4OC0zNDM2M2JjN2M0YzAiOnsiY3JlYXRlIjoxODAwMDAwMDAwMDAwLCJkZWxldGUiOjE4MDAwMDAwMDAwMDAsInJlYWQiOjMwMDAwMDAwMDAwMCwidXBkYXRlIjoxODAwMDAwMDAwMDAwfX0=",
          "dependencies": [
            "module.farms.azurerm_resource_group.testfarm"
          ]
        },
        {
          "index_key": 3,
          "schema_version": 0,
          "attributes": {
            "allocation_method": "Dynamic",
            "domain_name_label": null,
            "fqdn": null,
            "id": "/subscriptions/cb6e76ee-ca24-47b5-aedb-b843871af8d1/resourceGroups/testfarm-resourcesnortheurope/providers/Microsoft.Network/publicIPAddresses/FarmPublicIp-3",
            "idle_timeout_in_minutes": 4,
            "ip_address": "13.74.36.39",
            "ip_version": "IPv4",
            "location": "northeurope",
            "name": "FarmPublicIp-3",
            "public_ip_prefix_id": null,
            "resource_group_name": "testfarm-resourcesnortheurope",
            "reverse_fqdn": null,
            "sku": "Basic",
            "tags": {
              "environment": "farm"
            },
            "timeouts": null,
            "zones": []
          },
          "sensitive_attributes": [],
          "private": "eyJlMmJmYjczMC1lY2FhLTExZTYtOGY4OC0zNDM2M2JjN2M0YzAiOnsiY3JlYXRlIjoxODAwMDAwMDAwMDAwLCJkZWxldGUiOjE4MDAwMDAwMDAwMDAsInJlYWQiOjMwMDAwMDAwMDAwMCwidXBkYXRlIjoxODAwMDAwMDAwMDAwfX0=",
          "dependencies": [
            "module.farms.azurerm_resource_group.testfarm"
          ]
        },
        {
          "index_key": 4,
          "schema_version": 0,
          "attributes": {
            "allocation_method": "Dynamic",
            "domain_name_label": null,
            "fqdn": null,
            "id": "/subscriptions/cb6e76ee-ca24-47b5-aedb-b843871af8d1/resourceGroups/testfarm-resourcesnortheurope/providers/Microsoft.Network/publicIPAddresses/FarmPublicIp-4",
            "idle_timeout_in_minutes": 4,
            "ip_address": "168.63.60.45",
            "ip_version": "IPv4",
            "location": "northeurope",
            "name": "FarmPublicIp-4",
            "public_ip_prefix_id": null,
            "resource_group_name": "testfarm-resourcesnortheurope",
            "reverse_fqdn": null,
            "sku": "Basic",
            "tags": {
              "environment": "farm"
            },
            "timeouts": null,
            "zones": []
          },
          "sensitive_attributes": [],
          "private": "eyJlMmJmYjczMC1lY2FhLTExZTYtOGY4OC0zNDM2M2JjN2M0YzAiOnsiY3JlYXRlIjoxODAwMDAwMDAwMDAwLCJkZWxldGUiOjE4MDAwMDAwMDAwMDAsInJlYWQiOjMwMDAwMDAwMDAwMCwidXBkYXRlIjoxODAwMDAwMDAwMDAwfX0=",
          "dependencies": [
            "module.farms.azurerm_resource_group.testfarm"
          ]
        }
      ]
    },
    {
      "module": "module.farms[\"North Europe\"]",
      "mode": "managed",
      "type": "azurerm_resource_group",
      "name": "testfarm",
      "provider": "provider[\"registry.terraform.io/hashicorp/azurerm\"]",
      "instances": [
        {
          "schema_version": 0,
          "attributes": {
            "id": "/subscriptions/cb6e76ee-ca24-47b5-aedb-b843871af8d1/resourceGroups/testfarm-resourcesnortheurope",
            "location": "northeurope",
            "name": "testfarm-resourcesnortheurope",
            "tags": {},
            "timeouts": null
          },
          "sensitive_attributes": [],
          "private": "eyJlMmJmYjczMC1lY2FhLTExZTYtOGY4OC0zNDM2M2JjN2M0YzAiOnsiY3JlYXRlIjo1NDAwMDAwMDAwMDAwLCJkZWxldGUiOjU0MDAwMDAwMDAwMDAsInJlYWQiOjMwMDAwMDAwMDAwMCwidXBkYXRlIjo1NDAwMDAwMDAwMDAwfX0="
        }
      ]
    },
    {
      "module": "module.farms[\"North Europe\"]",
      "mode": "managed",
      "type": "azurerm_subnet",
      "name": "internal",
      "provider": "provider[\"registry.terraform.io/hashicorp/azurerm\"]",
      "instances": [
        {
          "schema_version": 0,
          "attributes": {
            "address_prefix": "10.0.2.0/24",
            "address_prefixes": [
              "10.0.2.0/24"
            ],
            "delegation": [],
            "enforce_private_link_endpoint_network_policies": false,
            "enforce_private_link_service_network_policies": false,
            "id": "/subscriptions/cb6e76ee-ca24-47b5-aedb-b843871af8d1/resourceGroups/testfarm-resourcesnortheurope/providers/Microsoft.Network/virtualNetworks/testfarm-network-northeurope/subnets/internal-northeurope",
            "name": "internal-northeurope",
            "resource_group_name": "testfarm-resourcesnortheurope",
            "service_endpoint_policy_ids": [],
            "service_endpoints": [],
            "timeouts": null,
            "virtual_network_name": "testfarm-network-northeurope"
          },
          "sensitive_attributes": [],
          "private": "eyJlMmJmYjczMC1lY2FhLTExZTYtOGY4OC0zNDM2M2JjN2M0YzAiOnsiY3JlYXRlIjoxODAwMDAwMDAwMDAwLCJkZWxldGUiOjE4MDAwMDAwMDAwMDAsInJlYWQiOjMwMDAwMDAwMDAwMCwidXBkYXRlIjoxODAwMDAwMDAwMDAwfX0=",
          "dependencies": [
            "module.farms.azurerm_resource_group.testfarm",
            "module.farms.azurerm_virtual_network.testfarm"
          ]
        }
      ]
    },
    {
      "module": "module.farms[\"North Europe\"]",
      "mode": "managed",
      "type": "azurerm_virtual_network",
      "name": "testfarm",
      "provider": "provider[\"registry.terraform.io/hashicorp/azurerm\"]",
      "instances": [
        {
          "schema_version": 0,
          "attributes": {
            "address_space": [
              "10.0.0.0/16"
            ],
            "bgp_community": "",
            "ddos_protection_plan": [],
            "dns_servers": [],
            "guid": "53ae38e3-4139-4e01-92ba-8933e5acb4f2",
            "id": "/subscriptions/cb6e76ee-ca24-47b5-aedb-b843871af8d1/resourceGroups/testfarm-resourcesnortheurope/providers/Microsoft.Network/virtualNetworks/testfarm-network-northeurope",
            "location": "northeurope",
            "name": "testfarm-network-northeurope",
            "resource_group_name": "testfarm-resourcesnortheurope",
            "subnet": [
              {
                "address_prefix": "10.0.2.0/24",
                "id": "/subscriptions/cb6e76ee-ca24-47b5-aedb-b843871af8d1/resourceGroups/testfarm-resourcesnortheurope/providers/Microsoft.Network/virtualNetworks/testfarm-network-northeurope/subnets/internal-northeurope",
                "name": "internal-northeurope",
                "security_group": ""
              }
            ],
            "tags": {},
            "timeouts": null,
            "vm_protection_enabled": false
          },
          "sensitive_attributes": [],
          "private": "eyJlMmJmYjczMC1lY2FhLTExZTYtOGY4OC0zNDM2M2JjN2M0YzAiOnsiY3JlYXRlIjoxODAwMDAwMDAwMDAwLCJkZWxldGUiOjE4MDAwMDAwMDAwMDAsInJlYWQiOjMwMDAwMDAwMDAwMCwidXBkYXRlIjoxODAwMDAwMDAwMDAwfX0=",
          "dependencies": [
            "module.farms.azurerm_resource_group.testfarm"
          ]
        }
      ]
    },
    {
      "module": "module.farms[\"South Central US\"]",
      "mode": "managed",
      "type": "azurerm_linux_virtual_machine",
      "name": "farm",
      "provider": "provider[\"registry.terraform.io/hashicorp/azurerm\"]",
      "instances": [
        {
          "index_key": 0,
          "schema_version": 0,
          "attributes": {
            "additional_capabilities": [],
            "admin_password": null,
            "admin_ssh_key": [
              {
                "public_key": "ssh-rsa AAAAB3NzaC1yc2EAAAADAQABAAABAQDIX3pqSVNa2cBOBTmKJTKBABquP5CJarL8sTiOGSDhK9rKTN3PplUX9HAMk2yu2CTr6xUHpB8cj/jSD60dLhcvSTHxOW4kMQmHONr4zhD55Th1zG115wpp+Jf0ZNN+L+zWKQVT2kKuWSVeb4Rd3ftVvrfgEg/jDd2BjAN6K6i5/tX21PbDhTuppgnP8c7Vo7cjc7ded2B8sSZkU4BepFely4Un9rvUZzfXiygQN78qtzNfwqV9WPT4T79r/2TvchLh/F2wSlH0aaUsqrlEz5uqpiKROchPOzqkic6ARki+vtBse4oDlyA1Kkt79+8RwVWA6tv7B1WWpXuGrZJ9eBhN root@28cc2261df86\n",
                "username": "adminuser"
              }
            ],
            "admin_username": "adminuser",
            "allow_extension_operations": true,
            "availability_set_id": "",
            "boot_diagnostics": [],
            "computer_name": "farm-0",
            "custom_data": null,
            "dedicated_host_id": "",
            "disable_password_authentication": true,
            "encryption_at_host_enabled": false,
            "eviction_policy": "",
            "extensions_time_budget": "PT1H30M",
            "id": "/subscriptions/cb6e76ee-ca24-47b5-aedb-b843871af8d1/resourceGroups/testfarm-resourcessouthcentralus/providers/Microsoft.Compute/virtualMachines/farm-0",
            "identity": [],
            "location": "southcentralus",
            "max_bid_price": -1,
            "name": "farm-0",
            "network_interface_ids": [
              "/subscriptions/cb6e76ee-ca24-47b5-aedb-b843871af8d1/resourceGroups/testfarm-resourcessouthcentralus/providers/Microsoft.Network/networkInterfaces/testfarm-nic-0"
            ],
            "os_disk": [
              {
                "caching": "ReadWrite",
                "diff_disk_settings": [],
                "disk_encryption_set_id": "",
                "disk_size_gb": 30,
                "name": "farm-0_OsDisk_1_32efc4a8f3714f4392b1601ad5c3709f",
                "storage_account_type": "Standard_LRS",
                "write_accelerator_enabled": false
              }
            ],
            "plan": [],
            "priority": "Regular",
            "private_ip_address": "10.0.2.4",
            "private_ip_addresses": [
              "10.0.2.4"
            ],
            "provision_vm_agent": true,
            "proximity_placement_group_id": "",
            "public_ip_address": "13.66.22.47",
            "public_ip_addresses": [
              "13.66.22.47"
            ],
            "resource_group_name": "testfarm-resourcessouthcentralus",
            "secret": [],
            "size": "Standard_D2s_v3",
            "source_image_id": "",
            "source_image_reference": [
              {
                "offer": "UbuntuServer",
                "publisher": "Canonical",
                "sku": "18.04-LTS",
                "version": "latest"
              }
            ],
            "tags": {},
            "timeouts": null,
            "virtual_machine_id": "73c4f326-51f1-4954-aa8d-503c99068bd1",
            "virtual_machine_scale_set_id": "",
            "zone": ""
          },
          "sensitive_attributes": [],
          "private": "eyJlMmJmYjczMC1lY2FhLTExZTYtOGY4OC0zNDM2M2JjN2M0YzAiOnsiY3JlYXRlIjoyNzAwMDAwMDAwMDAwLCJkZWxldGUiOjI3MDAwMDAwMDAwMDAsInJlYWQiOjMwMDAwMDAwMDAwMCwidXBkYXRlIjoyNzAwMDAwMDAwMDAwfX0=",
          "dependencies": [
            "module.farms.azurerm_network_interface.farm",
            "module.farms.azurerm_public_ip.farm_publicip",
            "module.farms.azurerm_resource_group.testfarm",
            "module.farms.azurerm_subnet.internal",
            "module.farms.azurerm_virtual_network.testfarm"
          ]
        },
        {
          "index_key": 1,
          "schema_version": 0,
          "attributes": {
            "additional_capabilities": [],
            "admin_password": null,
            "admin_ssh_key": [
              {
                "public_key": "ssh-rsa AAAAB3NzaC1yc2EAAAADAQABAAABAQDIX3pqSVNa2cBOBTmKJTKBABquP5CJarL8sTiOGSDhK9rKTN3PplUX9HAMk2yu2CTr6xUHpB8cj/jSD60dLhcvSTHxOW4kMQmHONr4zhD55Th1zG115wpp+Jf0ZNN+L+zWKQVT2kKuWSVeb4Rd3ftVvrfgEg/jDd2BjAN6K6i5/tX21PbDhTuppgnP8c7Vo7cjc7ded2B8sSZkU4BepFely4Un9rvUZzfXiygQN78qtzNfwqV9WPT4T79r/2TvchLh/F2wSlH0aaUsqrlEz5uqpiKROchPOzqkic6ARki+vtBse4oDlyA1Kkt79+8RwVWA6tv7B1WWpXuGrZJ9eBhN root@28cc2261df86\n",
                "username": "adminuser"
              }
            ],
            "admin_username": "adminuser",
            "allow_extension_operations": true,
            "availability_set_id": "",
            "boot_diagnostics": [],
            "computer_name": "farm-1",
            "custom_data": null,
            "dedicated_host_id": "",
            "disable_password_authentication": true,
            "encryption_at_host_enabled": false,
            "eviction_policy": "",
            "extensions_time_budget": "PT1H30M",
            "id": "/subscriptions/cb6e76ee-ca24-47b5-aedb-b843871af8d1/resourceGroups/testfarm-resourcessouthcentralus/providers/Microsoft.Compute/virtualMachines/farm-1",
            "identity": [],
            "location": "southcentralus",
            "max_bid_price": -1,
            "name": "farm-1",
            "network_interface_ids": [
              "/subscriptions/cb6e76ee-ca24-47b5-aedb-b843871af8d1/resourceGroups/testfarm-resourcessouthcentralus/providers/Microsoft.Network/networkInterfaces/testfarm-nic-1"
            ],
            "os_disk": [
              {
                "caching": "ReadWrite",
                "diff_disk_settings": [],
                "disk_encryption_set_id": "",
                "disk_size_gb": 30,
                "name": "farm-1_OsDisk_1_9e0b4c13e2cc4edca88e6ed6647f1da3",
                "storage_account_type": "Standard_LRS",
                "write_accelerator_enabled": false
              }
            ],
            "plan": [],
            "priority": "Regular",
            "private_ip_address": "10.0.2.5",
            "private_ip_addresses": [
              "10.0.2.5"
            ],
            "provision_vm_agent": true,
            "proximity_placement_group_id": "",
            "public_ip_address": "13.84.155.138",
            "public_ip_addresses": [
              "13.84.155.138"
            ],
            "resource_group_name": "testfarm-resourcessouthcentralus",
            "secret": [],
            "size": "Standard_D2s_v3",
            "source_image_id": "",
            "source_image_reference": [
              {
                "offer": "UbuntuServer",
                "publisher": "Canonical",
                "sku": "18.04-LTS",
                "version": "latest"
              }
            ],
            "tags": {},
            "timeouts": null,
            "virtual_machine_id": "e91a06b9-6c2f-499c-91d3-4afafa4bbac3",
            "virtual_machine_scale_set_id": "",
            "zone": ""
          },
          "sensitive_attributes": [],
          "private": "eyJlMmJmYjczMC1lY2FhLTExZTYtOGY4OC0zNDM2M2JjN2M0YzAiOnsiY3JlYXRlIjoyNzAwMDAwMDAwMDAwLCJkZWxldGUiOjI3MDAwMDAwMDAwMDAsInJlYWQiOjMwMDAwMDAwMDAwMCwidXBkYXRlIjoyNzAwMDAwMDAwMDAwfX0=",
          "dependencies": [
            "module.farms.azurerm_network_interface.farm",
            "module.farms.azurerm_public_ip.farm_publicip",
            "module.farms.azurerm_resource_group.testfarm",
            "module.farms.azurerm_subnet.internal",
            "module.farms.azurerm_virtual_network.testfarm"
          ]
        },
        {
          "index_key": 2,
          "schema_version": 0,
          "attributes": {
            "additional_capabilities": [],
            "admin_password": null,
            "admin_ssh_key": [
              {
                "public_key": "ssh-rsa AAAAB3NzaC1yc2EAAAADAQABAAABAQDIX3pqSVNa2cBOBTmKJTKBABquP5CJarL8sTiOGSDhK9rKTN3PplUX9HAMk2yu2CTr6xUHpB8cj/jSD60dLhcvSTHxOW4kMQmHONr4zhD55Th1zG115wpp+Jf0ZNN+L+zWKQVT2kKuWSVeb4Rd3ftVvrfgEg/jDd2BjAN6K6i5/tX21PbDhTuppgnP8c7Vo7cjc7ded2B8sSZkU4BepFely4Un9rvUZzfXiygQN78qtzNfwqV9WPT4T79r/2TvchLh/F2wSlH0aaUsqrlEz5uqpiKROchPOzqkic6ARki+vtBse4oDlyA1Kkt79+8RwVWA6tv7B1WWpXuGrZJ9eBhN root@28cc2261df86\n",
                "username": "adminuser"
              }
            ],
            "admin_username": "adminuser",
            "allow_extension_operations": true,
            "availability_set_id": "",
            "boot_diagnostics": [],
            "computer_name": "farm-2",
            "custom_data": null,
            "dedicated_host_id": "",
            "disable_password_authentication": true,
            "encryption_at_host_enabled": false,
            "eviction_policy": "",
            "extensions_time_budget": "PT1H30M",
            "id": "/subscriptions/cb6e76ee-ca24-47b5-aedb-b843871af8d1/resourceGroups/testfarm-resourcessouthcentralus/providers/Microsoft.Compute/virtualMachines/farm-2",
            "identity": [],
            "location": "southcentralus",
            "max_bid_price": -1,
            "name": "farm-2",
            "network_interface_ids": [
              "/subscriptions/cb6e76ee-ca24-47b5-aedb-b843871af8d1/resourceGroups/testfarm-resourcessouthcentralus/providers/Microsoft.Network/networkInterfaces/testfarm-nic-2"
            ],
            "os_disk": [
              {
                "caching": "ReadWrite",
                "diff_disk_settings": [],
                "disk_encryption_set_id": "",
                "disk_size_gb": 30,
                "name": "farm-2_OsDisk_1_a07fe08f82f24b5c8ea83a5037f19f1d",
                "storage_account_type": "Standard_LRS",
                "write_accelerator_enabled": false
              }
            ],
            "plan": [],
            "priority": "Regular",
            "private_ip_address": "10.0.2.8",
            "private_ip_addresses": [
              "10.0.2.8"
            ],
            "provision_vm_agent": true,
            "proximity_placement_group_id": "",
            "public_ip_address": "104.214.76.43",
            "public_ip_addresses": [
              "104.214.76.43"
            ],
            "resource_group_name": "testfarm-resourcessouthcentralus",
            "secret": [],
            "size": "Standard_D2s_v3",
            "source_image_id": "",
            "source_image_reference": [
              {
                "offer": "UbuntuServer",
                "publisher": "Canonical",
                "sku": "18.04-LTS",
                "version": "latest"
              }
            ],
            "tags": {},
            "timeouts": null,
            "virtual_machine_id": "d705ea11-6424-4131-97f7-b426a9fa4303",
            "virtual_machine_scale_set_id": "",
            "zone": ""
          },
          "sensitive_attributes": [],
          "private": "eyJlMmJmYjczMC1lY2FhLTExZTYtOGY4OC0zNDM2M2JjN2M0YzAiOnsiY3JlYXRlIjoyNzAwMDAwMDAwMDAwLCJkZWxldGUiOjI3MDAwMDAwMDAwMDAsInJlYWQiOjMwMDAwMDAwMDAwMCwidXBkYXRlIjoyNzAwMDAwMDAwMDAwfX0=",
          "dependencies": [
            "module.farms.azurerm_network_interface.farm",
            "module.farms.azurerm_public_ip.farm_publicip",
            "module.farms.azurerm_resource_group.testfarm",
            "module.farms.azurerm_subnet.internal",
            "module.farms.azurerm_virtual_network.testfarm"
          ]
        },
        {
          "index_key": 3,
          "schema_version": 0,
          "attributes": {
            "additional_capabilities": [],
            "admin_password": null,
            "admin_ssh_key": [
              {
                "public_key": "ssh-rsa AAAAB3NzaC1yc2EAAAADAQABAAABAQDIX3pqSVNa2cBOBTmKJTKBABquP5CJarL8sTiOGSDhK9rKTN3PplUX9HAMk2yu2CTr6xUHpB8cj/jSD60dLhcvSTHxOW4kMQmHONr4zhD55Th1zG115wpp+Jf0ZNN+L+zWKQVT2kKuWSVeb4Rd3ftVvrfgEg/jDd2BjAN6K6i5/tX21PbDhTuppgnP8c7Vo7cjc7ded2B8sSZkU4BepFely4Un9rvUZzfXiygQN78qtzNfwqV9WPT4T79r/2TvchLh/F2wSlH0aaUsqrlEz5uqpiKROchPOzqkic6ARki+vtBse4oDlyA1Kkt79+8RwVWA6tv7B1WWpXuGrZJ9eBhN root@28cc2261df86\n",
                "username": "adminuser"
              }
            ],
            "admin_username": "adminuser",
            "allow_extension_operations": true,
            "availability_set_id": "",
            "boot_diagnostics": [],
            "computer_name": "farm-3",
            "custom_data": null,
            "dedicated_host_id": "",
            "disable_password_authentication": true,
            "encryption_at_host_enabled": false,
            "eviction_policy": "",
            "extensions_time_budget": "PT1H30M",
            "id": "/subscriptions/cb6e76ee-ca24-47b5-aedb-b843871af8d1/resourceGroups/testfarm-resourcessouthcentralus/providers/Microsoft.Compute/virtualMachines/farm-3",
            "identity": [],
            "location": "southcentralus",
            "max_bid_price": -1,
            "name": "farm-3",
            "network_interface_ids": [
              "/subscriptions/cb6e76ee-ca24-47b5-aedb-b843871af8d1/resourceGroups/testfarm-resourcessouthcentralus/providers/Microsoft.Network/networkInterfaces/testfarm-nic-3"
            ],
            "os_disk": [
              {
                "caching": "ReadWrite",
                "diff_disk_settings": [],
                "disk_encryption_set_id": "",
                "disk_size_gb": 30,
                "name": "farm-3_OsDisk_1_288e17863e294eaaae4e825524e9a1d8",
                "storage_account_type": "Standard_LRS",
                "write_accelerator_enabled": false
              }
            ],
            "plan": [],
            "priority": "Regular",
            "private_ip_address": "10.0.2.6",
            "private_ip_addresses": [
              "10.0.2.6"
            ],
            "provision_vm_agent": true,
            "proximity_placement_group_id": "",
            "public_ip_address": "157.55.87.150",
            "public_ip_addresses": [
              "157.55.87.150"
            ],
            "resource_group_name": "testfarm-resourcessouthcentralus",
            "secret": [],
            "size": "Standard_D2s_v3",
            "source_image_id": "",
            "source_image_reference": [
              {
                "offer": "UbuntuServer",
                "publisher": "Canonical",
                "sku": "18.04-LTS",
                "version": "latest"
              }
            ],
            "tags": {},
            "timeouts": null,
            "virtual_machine_id": "50440413-5908-448a-9dff-17454b299a5d",
            "virtual_machine_scale_set_id": "",
            "zone": ""
          },
          "sensitive_attributes": [],
          "private": "eyJlMmJmYjczMC1lY2FhLTExZTYtOGY4OC0zNDM2M2JjN2M0YzAiOnsiY3JlYXRlIjoyNzAwMDAwMDAwMDAwLCJkZWxldGUiOjI3MDAwMDAwMDAwMDAsInJlYWQiOjMwMDAwMDAwMDAwMCwidXBkYXRlIjoyNzAwMDAwMDAwMDAwfX0=",
          "dependencies": [
            "module.farms.azurerm_network_interface.farm",
            "module.farms.azurerm_public_ip.farm_publicip",
            "module.farms.azurerm_resource_group.testfarm",
            "module.farms.azurerm_subnet.internal",
            "module.farms.azurerm_virtual_network.testfarm"
          ]
        },
        {
          "index_key": 4,
          "schema_version": 0,
          "attributes": {
            "additional_capabilities": [],
            "admin_password": null,
            "admin_ssh_key": [
              {
                "public_key": "ssh-rsa AAAAB3NzaC1yc2EAAAADAQABAAABAQDIX3pqSVNa2cBOBTmKJTKBABquP5CJarL8sTiOGSDhK9rKTN3PplUX9HAMk2yu2CTr6xUHpB8cj/jSD60dLhcvSTHxOW4kMQmHONr4zhD55Th1zG115wpp+Jf0ZNN+L+zWKQVT2kKuWSVeb4Rd3ftVvrfgEg/jDd2BjAN6K6i5/tX21PbDhTuppgnP8c7Vo7cjc7ded2B8sSZkU4BepFely4Un9rvUZzfXiygQN78qtzNfwqV9WPT4T79r/2TvchLh/F2wSlH0aaUsqrlEz5uqpiKROchPOzqkic6ARki+vtBse4oDlyA1Kkt79+8RwVWA6tv7B1WWpXuGrZJ9eBhN root@28cc2261df86\n",
                "username": "adminuser"
              }
            ],
            "admin_username": "adminuser",
            "allow_extension_operations": true,
            "availability_set_id": "",
            "boot_diagnostics": [],
            "computer_name": "farm-4",
            "custom_data": null,
            "dedicated_host_id": "",
            "disable_password_authentication": true,
            "encryption_at_host_enabled": false,
            "eviction_policy": "",
            "extensions_time_budget": "PT1H30M",
            "id": "/subscriptions/cb6e76ee-ca24-47b5-aedb-b843871af8d1/resourceGroups/testfarm-resourcessouthcentralus/providers/Microsoft.Compute/virtualMachines/farm-4",
            "identity": [],
            "location": "southcentralus",
            "max_bid_price": -1,
            "name": "farm-4",
            "network_interface_ids": [
              "/subscriptions/cb6e76ee-ca24-47b5-aedb-b843871af8d1/resourceGroups/testfarm-resourcessouthcentralus/providers/Microsoft.Network/networkInterfaces/testfarm-nic-4"
            ],
            "os_disk": [
              {
                "caching": "ReadWrite",
                "diff_disk_settings": [],
                "disk_encryption_set_id": "",
                "disk_size_gb": 30,
                "name": "farm-4_OsDisk_1_1b862a4646cf4897aa65fbbcf82ac8f3",
                "storage_account_type": "Standard_LRS",
                "write_accelerator_enabled": false
              }
            ],
            "plan": [],
            "priority": "Regular",
            "private_ip_address": "10.0.2.7",
            "private_ip_addresses": [
              "10.0.2.7"
            ],
            "provision_vm_agent": true,
            "proximity_placement_group_id": "",
            "public_ip_address": "40.74.230.171",
            "public_ip_addresses": [
              "40.74.230.171"
            ],
            "resource_group_name": "testfarm-resourcessouthcentralus",
            "secret": [],
            "size": "Standard_D2s_v3",
            "source_image_id": "",
            "source_image_reference": [
              {
                "offer": "UbuntuServer",
                "publisher": "Canonical",
                "sku": "18.04-LTS",
                "version": "latest"
              }
            ],
            "tags": {},
            "timeouts": null,
            "virtual_machine_id": "0896ce26-11f4-42d5-85f1-ad15475b1b5d",
            "virtual_machine_scale_set_id": "",
            "zone": ""
          },
          "sensitive_attributes": [],
          "private": "eyJlMmJmYjczMC1lY2FhLTExZTYtOGY4OC0zNDM2M2JjN2M0YzAiOnsiY3JlYXRlIjoyNzAwMDAwMDAwMDAwLCJkZWxldGUiOjI3MDAwMDAwMDAwMDAsInJlYWQiOjMwMDAwMDAwMDAwMCwidXBkYXRlIjoyNzAwMDAwMDAwMDAwfX0=",
          "dependencies": [
            "module.farms.azurerm_network_interface.farm",
            "module.farms.azurerm_public_ip.farm_publicip",
            "module.farms.azurerm_resource_group.testfarm",
            "module.farms.azurerm_subnet.internal",
            "module.farms.azurerm_virtual_network.testfarm"
          ]
        }
      ]
    },
    {
      "module": "module.farms[\"South Central US\"]",
      "mode": "managed",
      "type": "azurerm_network_interface",
      "name": "farm",
      "provider": "provider[\"registry.terraform.io/hashicorp/azurerm\"]",
      "instances": [
        {
          "index_key": 0,
          "schema_version": 0,
          "attributes": {
            "applied_dns_servers": [],
            "dns_servers": [],
            "enable_accelerated_networking": false,
            "enable_ip_forwarding": false,
            "id": "/subscriptions/cb6e76ee-ca24-47b5-aedb-b843871af8d1/resourceGroups/testfarm-resourcessouthcentralus/providers/Microsoft.Network/networkInterfaces/testfarm-nic-0",
            "internal_dns_name_label": "",
            "internal_domain_name_suffix": "lh2kc0amjx4u1iwausfesm4oze.jx.internal.cloudapp.net",
            "ip_configuration": [
              {
                "name": "testconfiguration1",
                "primary": true,
                "private_ip_address": "10.0.2.4",
                "private_ip_address_allocation": "Dynamic",
                "private_ip_address_version": "IPv4",
                "public_ip_address_id": "/subscriptions/cb6e76ee-ca24-47b5-aedb-b843871af8d1/resourceGroups/testfarm-resourcessouthcentralus/providers/Microsoft.Network/publicIPAddresses/FarmPublicIp-0",
                "subnet_id": "/subscriptions/cb6e76ee-ca24-47b5-aedb-b843871af8d1/resourceGroups/testfarm-resourcessouthcentralus/providers/Microsoft.Network/virtualNetworks/testfarm-network-southcentralus/subnets/internal-southcentralus"
              }
            ],
            "location": "southcentralus",
            "mac_address": "00-0D-3A-71-06-B6",
            "name": "testfarm-nic-0",
            "private_ip_address": "10.0.2.4",
            "private_ip_addresses": [
              "10.0.2.4"
            ],
            "resource_group_name": "testfarm-resourcessouthcentralus",
            "tags": {},
            "timeouts": null,
            "virtual_machine_id": "/subscriptions/cb6e76ee-ca24-47b5-aedb-b843871af8d1/resourceGroups/testfarm-resourcessouthcentralus/providers/Microsoft.Compute/virtualMachines/farm-0"
          },
          "sensitive_attributes": [],
          "private": "eyJlMmJmYjczMC1lY2FhLTExZTYtOGY4OC0zNDM2M2JjN2M0YzAiOnsiY3JlYXRlIjoxODAwMDAwMDAwMDAwLCJkZWxldGUiOjE4MDAwMDAwMDAwMDAsInJlYWQiOjMwMDAwMDAwMDAwMCwidXBkYXRlIjoxODAwMDAwMDAwMDAwfX0=",
          "dependencies": [
            "module.farms.azurerm_public_ip.farm_publicip",
            "module.farms.azurerm_resource_group.testfarm",
            "module.farms.azurerm_subnet.internal",
            "module.farms.azurerm_virtual_network.testfarm"
          ]
        },
        {
          "index_key": 1,
          "schema_version": 0,
          "attributes": {
            "applied_dns_servers": [],
            "dns_servers": [],
            "enable_accelerated_networking": false,
            "enable_ip_forwarding": false,
            "id": "/subscriptions/cb6e76ee-ca24-47b5-aedb-b843871af8d1/resourceGroups/testfarm-resourcessouthcentralus/providers/Microsoft.Network/networkInterfaces/testfarm-nic-1",
            "internal_dns_name_label": "",
            "internal_domain_name_suffix": "lh2kc0amjx4u1iwausfesm4oze.jx.internal.cloudapp.net",
            "ip_configuration": [
              {
                "name": "testconfiguration1",
                "primary": true,
                "private_ip_address": "10.0.2.5",
                "private_ip_address_allocation": "Dynamic",
                "private_ip_address_version": "IPv4",
                "public_ip_address_id": "/subscriptions/cb6e76ee-ca24-47b5-aedb-b843871af8d1/resourceGroups/testfarm-resourcessouthcentralus/providers/Microsoft.Network/publicIPAddresses/FarmPublicIp-1",
                "subnet_id": "/subscriptions/cb6e76ee-ca24-47b5-aedb-b843871af8d1/resourceGroups/testfarm-resourcessouthcentralus/providers/Microsoft.Network/virtualNetworks/testfarm-network-southcentralus/subnets/internal-southcentralus"
              }
            ],
            "location": "southcentralus",
            "mac_address": "00-0D-3A-71-EB-18",
            "name": "testfarm-nic-1",
            "private_ip_address": "10.0.2.5",
            "private_ip_addresses": [
              "10.0.2.5"
            ],
            "resource_group_name": "testfarm-resourcessouthcentralus",
            "tags": {},
            "timeouts": null,
            "virtual_machine_id": "/subscriptions/cb6e76ee-ca24-47b5-aedb-b843871af8d1/resourceGroups/testfarm-resourcessouthcentralus/providers/Microsoft.Compute/virtualMachines/farm-1"
          },
          "sensitive_attributes": [],
          "private": "eyJlMmJmYjczMC1lY2FhLTExZTYtOGY4OC0zNDM2M2JjN2M0YzAiOnsiY3JlYXRlIjoxODAwMDAwMDAwMDAwLCJkZWxldGUiOjE4MDAwMDAwMDAwMDAsInJlYWQiOjMwMDAwMDAwMDAwMCwidXBkYXRlIjoxODAwMDAwMDAwMDAwfX0=",
          "dependencies": [
            "module.farms.azurerm_public_ip.farm_publicip",
            "module.farms.azurerm_resource_group.testfarm",
            "module.farms.azurerm_subnet.internal",
            "module.farms.azurerm_virtual_network.testfarm"
          ]
        },
        {
          "index_key": 2,
          "schema_version": 0,
          "attributes": {
            "applied_dns_servers": [],
            "dns_servers": [],
            "enable_accelerated_networking": false,
            "enable_ip_forwarding": false,
            "id": "/subscriptions/cb6e76ee-ca24-47b5-aedb-b843871af8d1/resourceGroups/testfarm-resourcessouthcentralus/providers/Microsoft.Network/networkInterfaces/testfarm-nic-2",
            "internal_dns_name_label": "",
            "internal_domain_name_suffix": "lh2kc0amjx4u1iwausfesm4oze.jx.internal.cloudapp.net",
            "ip_configuration": [
              {
                "name": "testconfiguration1",
                "primary": true,
                "private_ip_address": "10.0.2.8",
                "private_ip_address_allocation": "Dynamic",
                "private_ip_address_version": "IPv4",
                "public_ip_address_id": "/subscriptions/cb6e76ee-ca24-47b5-aedb-b843871af8d1/resourceGroups/testfarm-resourcessouthcentralus/providers/Microsoft.Network/publicIPAddresses/FarmPublicIp-2",
                "subnet_id": "/subscriptions/cb6e76ee-ca24-47b5-aedb-b843871af8d1/resourceGroups/testfarm-resourcessouthcentralus/providers/Microsoft.Network/virtualNetworks/testfarm-network-southcentralus/subnets/internal-southcentralus"
              }
            ],
            "location": "southcentralus",
            "mac_address": "00-0D-3A-EE-0D-09",
            "name": "testfarm-nic-2",
            "private_ip_address": "10.0.2.8",
            "private_ip_addresses": [
              "10.0.2.8"
            ],
            "resource_group_name": "testfarm-resourcessouthcentralus",
            "tags": {},
            "timeouts": null,
            "virtual_machine_id": "/subscriptions/cb6e76ee-ca24-47b5-aedb-b843871af8d1/resourceGroups/testfarm-resourcessouthcentralus/providers/Microsoft.Compute/virtualMachines/farm-2"
          },
          "sensitive_attributes": [],
          "private": "eyJlMmJmYjczMC1lY2FhLTExZTYtOGY4OC0zNDM2M2JjN2M0YzAiOnsiY3JlYXRlIjoxODAwMDAwMDAwMDAwLCJkZWxldGUiOjE4MDAwMDAwMDAwMDAsInJlYWQiOjMwMDAwMDAwMDAwMCwidXBkYXRlIjoxODAwMDAwMDAwMDAwfX0=",
          "dependencies": [
            "module.farms.azurerm_public_ip.farm_publicip",
            "module.farms.azurerm_resource_group.testfarm",
            "module.farms.azurerm_subnet.internal",
            "module.farms.azurerm_virtual_network.testfarm"
          ]
        },
        {
          "index_key": 3,
          "schema_version": 0,
          "attributes": {
            "applied_dns_servers": [],
            "dns_servers": [],
            "enable_accelerated_networking": false,
            "enable_ip_forwarding": false,
            "id": "/subscriptions/cb6e76ee-ca24-47b5-aedb-b843871af8d1/resourceGroups/testfarm-resourcessouthcentralus/providers/Microsoft.Network/networkInterfaces/testfarm-nic-3",
            "internal_dns_name_label": "",
            "internal_domain_name_suffix": "lh2kc0amjx4u1iwausfesm4oze.jx.internal.cloudapp.net",
            "ip_configuration": [
              {
                "name": "testconfiguration1",
                "primary": true,
                "private_ip_address": "10.0.2.6",
                "private_ip_address_allocation": "Dynamic",
                "private_ip_address_version": "IPv4",
                "public_ip_address_id": "/subscriptions/cb6e76ee-ca24-47b5-aedb-b843871af8d1/resourceGroups/testfarm-resourcessouthcentralus/providers/Microsoft.Network/publicIPAddresses/FarmPublicIp-3",
                "subnet_id": "/subscriptions/cb6e76ee-ca24-47b5-aedb-b843871af8d1/resourceGroups/testfarm-resourcessouthcentralus/providers/Microsoft.Network/virtualNetworks/testfarm-network-southcentralus/subnets/internal-southcentralus"
              }
            ],
            "location": "southcentralus",
            "mac_address": "00-0D-3A-EE-06-5B",
            "name": "testfarm-nic-3",
            "private_ip_address": "10.0.2.6",
            "private_ip_addresses": [
              "10.0.2.6"
            ],
            "resource_group_name": "testfarm-resourcessouthcentralus",
            "tags": {},
            "timeouts": null,
            "virtual_machine_id": "/subscriptions/cb6e76ee-ca24-47b5-aedb-b843871af8d1/resourceGroups/testfarm-resourcessouthcentralus/providers/Microsoft.Compute/virtualMachines/farm-3"
          },
          "sensitive_attributes": [],
          "private": "eyJlMmJmYjczMC1lY2FhLTExZTYtOGY4OC0zNDM2M2JjN2M0YzAiOnsiY3JlYXRlIjoxODAwMDAwMDAwMDAwLCJkZWxldGUiOjE4MDAwMDAwMDAwMDAsInJlYWQiOjMwMDAwMDAwMDAwMCwidXBkYXRlIjoxODAwMDAwMDAwMDAwfX0=",
          "dependencies": [
            "module.farms.azurerm_public_ip.farm_publicip",
            "module.farms.azurerm_resource_group.testfarm",
            "module.farms.azurerm_subnet.internal",
            "module.farms.azurerm_virtual_network.testfarm"
          ]
        },
        {
          "index_key": 4,
          "schema_version": 0,
          "attributes": {
            "applied_dns_servers": [],
            "dns_servers": [],
            "enable_accelerated_networking": false,
            "enable_ip_forwarding": false,
            "id": "/subscriptions/cb6e76ee-ca24-47b5-aedb-b843871af8d1/resourceGroups/testfarm-resourcessouthcentralus/providers/Microsoft.Network/networkInterfaces/testfarm-nic-4",
            "internal_dns_name_label": "",
            "internal_domain_name_suffix": "lh2kc0amjx4u1iwausfesm4oze.jx.internal.cloudapp.net",
            "ip_configuration": [
              {
                "name": "testconfiguration1",
                "primary": true,
                "private_ip_address": "10.0.2.7",
                "private_ip_address_allocation": "Dynamic",
                "private_ip_address_version": "IPv4",
                "public_ip_address_id": "/subscriptions/cb6e76ee-ca24-47b5-aedb-b843871af8d1/resourceGroups/testfarm-resourcessouthcentralus/providers/Microsoft.Network/publicIPAddresses/FarmPublicIp-4",
                "subnet_id": "/subscriptions/cb6e76ee-ca24-47b5-aedb-b843871af8d1/resourceGroups/testfarm-resourcessouthcentralus/providers/Microsoft.Network/virtualNetworks/testfarm-network-southcentralus/subnets/internal-southcentralus"
              }
            ],
            "location": "southcentralus",
            "mac_address": "00-0D-3A-EA-E3-CF",
            "name": "testfarm-nic-4",
            "private_ip_address": "10.0.2.7",
            "private_ip_addresses": [
              "10.0.2.7"
            ],
            "resource_group_name": "testfarm-resourcessouthcentralus",
            "tags": {},
            "timeouts": null,
            "virtual_machine_id": "/subscriptions/cb6e76ee-ca24-47b5-aedb-b843871af8d1/resourceGroups/testfarm-resourcessouthcentralus/providers/Microsoft.Compute/virtualMachines/farm-4"
          },
          "sensitive_attributes": [],
          "private": "eyJlMmJmYjczMC1lY2FhLTExZTYtOGY4OC0zNDM2M2JjN2M0YzAiOnsiY3JlYXRlIjoxODAwMDAwMDAwMDAwLCJkZWxldGUiOjE4MDAwMDAwMDAwMDAsInJlYWQiOjMwMDAwMDAwMDAwMCwidXBkYXRlIjoxODAwMDAwMDAwMDAwfX0=",
          "dependencies": [
            "module.farms.azurerm_public_ip.farm_publicip",
            "module.farms.azurerm_resource_group.testfarm",
            "module.farms.azurerm_subnet.internal",
            "module.farms.azurerm_virtual_network.testfarm"
          ]
        }
      ]
    },
    {
      "module": "module.farms[\"South Central US\"]",
      "mode": "managed",
      "type": "azurerm_public_ip",
      "name": "farm_publicip",
      "provider": "provider[\"registry.terraform.io/hashicorp/azurerm\"]",
      "instances": [
        {
          "index_key": 0,
          "schema_version": 0,
          "attributes": {
            "allocation_method": "Dynamic",
            "domain_name_label": null,
            "fqdn": null,
            "id": "/subscriptions/cb6e76ee-ca24-47b5-aedb-b843871af8d1/resourceGroups/testfarm-resourcessouthcentralus/providers/Microsoft.Network/publicIPAddresses/FarmPublicIp-0",
            "idle_timeout_in_minutes": 4,
            "ip_address": "13.66.22.47",
            "ip_version": "IPv4",
            "location": "southcentralus",
            "name": "FarmPublicIp-0",
            "public_ip_prefix_id": null,
            "resource_group_name": "testfarm-resourcessouthcentralus",
            "reverse_fqdn": null,
            "sku": "Basic",
            "tags": {
              "environment": "farm"
            },
            "timeouts": null,
            "zones": []
          },
          "sensitive_attributes": [],
          "private": "eyJlMmJmYjczMC1lY2FhLTExZTYtOGY4OC0zNDM2M2JjN2M0YzAiOnsiY3JlYXRlIjoxODAwMDAwMDAwMDAwLCJkZWxldGUiOjE4MDAwMDAwMDAwMDAsInJlYWQiOjMwMDAwMDAwMDAwMCwidXBkYXRlIjoxODAwMDAwMDAwMDAwfX0=",
          "dependencies": [
            "module.farms.azurerm_resource_group.testfarm"
          ]
        },
        {
          "index_key": 1,
          "schema_version": 0,
          "attributes": {
            "allocation_method": "Dynamic",
            "domain_name_label": null,
            "fqdn": null,
            "id": "/subscriptions/cb6e76ee-ca24-47b5-aedb-b843871af8d1/resourceGroups/testfarm-resourcessouthcentralus/providers/Microsoft.Network/publicIPAddresses/FarmPublicIp-1",
            "idle_timeout_in_minutes": 4,
            "ip_address": "13.84.155.138",
            "ip_version": "IPv4",
            "location": "southcentralus",
            "name": "FarmPublicIp-1",
            "public_ip_prefix_id": null,
            "resource_group_name": "testfarm-resourcessouthcentralus",
            "reverse_fqdn": null,
            "sku": "Basic",
            "tags": {
              "environment": "farm"
            },
            "timeouts": null,
            "zones": []
          },
          "sensitive_attributes": [],
          "private": "eyJlMmJmYjczMC1lY2FhLTExZTYtOGY4OC0zNDM2M2JjN2M0YzAiOnsiY3JlYXRlIjoxODAwMDAwMDAwMDAwLCJkZWxldGUiOjE4MDAwMDAwMDAwMDAsInJlYWQiOjMwMDAwMDAwMDAwMCwidXBkYXRlIjoxODAwMDAwMDAwMDAwfX0=",
          "dependencies": [
            "module.farms.azurerm_resource_group.testfarm"
          ]
        },
        {
          "index_key": 2,
          "schema_version": 0,
          "attributes": {
            "allocation_method": "Dynamic",
            "domain_name_label": null,
            "fqdn": null,
            "id": "/subscriptions/cb6e76ee-ca24-47b5-aedb-b843871af8d1/resourceGroups/testfarm-resourcessouthcentralus/providers/Microsoft.Network/publicIPAddresses/FarmPublicIp-2",
            "idle_timeout_in_minutes": 4,
            "ip_address": "104.214.76.43",
            "ip_version": "IPv4",
            "location": "southcentralus",
            "name": "FarmPublicIp-2",
            "public_ip_prefix_id": null,
            "resource_group_name": "testfarm-resourcessouthcentralus",
            "reverse_fqdn": null,
            "sku": "Basic",
            "tags": {
              "environment": "farm"
            },
            "timeouts": null,
            "zones": []
          },
          "sensitive_attributes": [],
          "private": "eyJlMmJmYjczMC1lY2FhLTExZTYtOGY4OC0zNDM2M2JjN2M0YzAiOnsiY3JlYXRlIjoxODAwMDAwMDAwMDAwLCJkZWxldGUiOjE4MDAwMDAwMDAwMDAsInJlYWQiOjMwMDAwMDAwMDAwMCwidXBkYXRlIjoxODAwMDAwMDAwMDAwfX0=",
          "dependencies": [
            "module.farms.azurerm_resource_group.testfarm"
          ]
        },
        {
          "index_key": 3,
          "schema_version": 0,
          "attributes": {
            "allocation_method": "Dynamic",
            "domain_name_label": null,
            "fqdn": null,
            "id": "/subscriptions/cb6e76ee-ca24-47b5-aedb-b843871af8d1/resourceGroups/testfarm-resourcessouthcentralus/providers/Microsoft.Network/publicIPAddresses/FarmPublicIp-3",
            "idle_timeout_in_minutes": 4,
            "ip_address": "157.55.87.150",
            "ip_version": "IPv4",
            "location": "southcentralus",
            "name": "FarmPublicIp-3",
            "public_ip_prefix_id": null,
            "resource_group_name": "testfarm-resourcessouthcentralus",
            "reverse_fqdn": null,
            "sku": "Basic",
            "tags": {
              "environment": "farm"
            },
            "timeouts": null,
            "zones": []
          },
          "sensitive_attributes": [],
          "private": "eyJlMmJmYjczMC1lY2FhLTExZTYtOGY4OC0zNDM2M2JjN2M0YzAiOnsiY3JlYXRlIjoxODAwMDAwMDAwMDAwLCJkZWxldGUiOjE4MDAwMDAwMDAwMDAsInJlYWQiOjMwMDAwMDAwMDAwMCwidXBkYXRlIjoxODAwMDAwMDAwMDAwfX0=",
          "dependencies": [
            "module.farms.azurerm_resource_group.testfarm"
          ]
        },
        {
          "index_key": 4,
          "schema_version": 0,
          "attributes": {
            "allocation_method": "Dynamic",
            "domain_name_label": null,
            "fqdn": null,
            "id": "/subscriptions/cb6e76ee-ca24-47b5-aedb-b843871af8d1/resourceGroups/testfarm-resourcessouthcentralus/providers/Microsoft.Network/publicIPAddresses/FarmPublicIp-4",
            "idle_timeout_in_minutes": 4,
            "ip_address": "40.74.230.171",
            "ip_version": "IPv4",
            "location": "southcentralus",
            "name": "FarmPublicIp-4",
            "public_ip_prefix_id": null,
            "resource_group_name": "testfarm-resourcessouthcentralus",
            "reverse_fqdn": null,
            "sku": "Basic",
            "tags": {
              "environment": "farm"
            },
            "timeouts": null,
            "zones": []
          },
          "sensitive_attributes": [],
          "private": "eyJlMmJmYjczMC1lY2FhLTExZTYtOGY4OC0zNDM2M2JjN2M0YzAiOnsiY3JlYXRlIjoxODAwMDAwMDAwMDAwLCJkZWxldGUiOjE4MDAwMDAwMDAwMDAsInJlYWQiOjMwMDAwMDAwMDAwMCwidXBkYXRlIjoxODAwMDAwMDAwMDAwfX0=",
          "dependencies": [
            "module.farms.azurerm_resource_group.testfarm"
          ]
        }
      ]
    },
    {
      "module": "module.farms[\"South Central US\"]",
      "mode": "managed",
      "type": "azurerm_resource_group",
      "name": "testfarm",
      "provider": "provider[\"registry.terraform.io/hashicorp/azurerm\"]",
      "instances": [
        {
          "schema_version": 0,
          "attributes": {
            "id": "/subscriptions/cb6e76ee-ca24-47b5-aedb-b843871af8d1/resourceGroups/testfarm-resourcessouthcentralus",
            "location": "southcentralus",
            "name": "testfarm-resourcessouthcentralus",
            "tags": {},
            "timeouts": null
          },
          "sensitive_attributes": [],
          "private": "eyJlMmJmYjczMC1lY2FhLTExZTYtOGY4OC0zNDM2M2JjN2M0YzAiOnsiY3JlYXRlIjo1NDAwMDAwMDAwMDAwLCJkZWxldGUiOjU0MDAwMDAwMDAwMDAsInJlYWQiOjMwMDAwMDAwMDAwMCwidXBkYXRlIjo1NDAwMDAwMDAwMDAwfX0="
        }
      ]
    },
    {
      "module": "module.farms[\"South Central US\"]",
      "mode": "managed",
      "type": "azurerm_subnet",
      "name": "internal",
      "provider": "provider[\"registry.terraform.io/hashicorp/azurerm\"]",
      "instances": [
        {
          "schema_version": 0,
          "attributes": {
            "address_prefix": "10.0.2.0/24",
            "address_prefixes": [
              "10.0.2.0/24"
            ],
            "delegation": [],
            "enforce_private_link_endpoint_network_policies": false,
            "enforce_private_link_service_network_policies": false,
            "id": "/subscriptions/cb6e76ee-ca24-47b5-aedb-b843871af8d1/resourceGroups/testfarm-resourcessouthcentralus/providers/Microsoft.Network/virtualNetworks/testfarm-network-southcentralus/subnets/internal-southcentralus",
            "name": "internal-southcentralus",
            "resource_group_name": "testfarm-resourcessouthcentralus",
            "service_endpoint_policy_ids": [],
            "service_endpoints": [],
            "timeouts": null,
            "virtual_network_name": "testfarm-network-southcentralus"
          },
          "sensitive_attributes": [],
          "private": "eyJlMmJmYjczMC1lY2FhLTExZTYtOGY4OC0zNDM2M2JjN2M0YzAiOnsiY3JlYXRlIjoxODAwMDAwMDAwMDAwLCJkZWxldGUiOjE4MDAwMDAwMDAwMDAsInJlYWQiOjMwMDAwMDAwMDAwMCwidXBkYXRlIjoxODAwMDAwMDAwMDAwfX0=",
          "dependencies": [
            "module.farms.azurerm_resource_group.testfarm",
            "module.farms.azurerm_virtual_network.testfarm"
          ]
        }
      ]
    },
    {
      "module": "module.farms[\"South Central US\"]",
      "mode": "managed",
      "type": "azurerm_virtual_network",
      "name": "testfarm",
      "provider": "provider[\"registry.terraform.io/hashicorp/azurerm\"]",
      "instances": [
        {
          "schema_version": 0,
          "attributes": {
            "address_space": [
              "10.0.0.0/16"
            ],
            "bgp_community": "",
            "ddos_protection_plan": [],
            "dns_servers": [],
            "guid": "68a1f859-4d0c-4dfd-a2c0-a48a4933cecc",
            "id": "/subscriptions/cb6e76ee-ca24-47b5-aedb-b843871af8d1/resourceGroups/testfarm-resourcessouthcentralus/providers/Microsoft.Network/virtualNetworks/testfarm-network-southcentralus",
            "location": "southcentralus",
            "name": "testfarm-network-southcentralus",
            "resource_group_name": "testfarm-resourcessouthcentralus",
            "subnet": [
              {
                "address_prefix": "10.0.2.0/24",
                "id": "/subscriptions/cb6e76ee-ca24-47b5-aedb-b843871af8d1/resourceGroups/testfarm-resourcessouthcentralus/providers/Microsoft.Network/virtualNetworks/testfarm-network-southcentralus/subnets/internal-southcentralus",
                "name": "internal-southcentralus",
                "security_group": ""
              }
            ],
            "tags": {},
            "timeouts": null,
            "vm_protection_enabled": false
          },
          "sensitive_attributes": [],
          "private": "eyJlMmJmYjczMC1lY2FhLTExZTYtOGY4OC0zNDM2M2JjN2M0YzAiOnsiY3JlYXRlIjoxODAwMDAwMDAwMDAwLCJkZWxldGUiOjE4MDAwMDAwMDAwMDAsInJlYWQiOjMwMDAwMDAwMDAwMCwidXBkYXRlIjoxODAwMDAwMDAwMDAwfX0=",
          "dependencies": [
            "module.farms.azurerm_resource_group.testfarm"
          ]
        }
      ]
    },
    {
      "module": "module.farms[\"UK South\"]",
      "mode": "managed",
      "type": "azurerm_linux_virtual_machine",
      "name": "farm",
      "provider": "provider[\"registry.terraform.io/hashicorp/azurerm\"]",
      "instances": [
        {
          "index_key": 0,
          "schema_version": 0,
          "attributes": {
            "additional_capabilities": [],
            "admin_password": null,
            "admin_ssh_key": [
              {
                "public_key": "ssh-rsa AAAAB3NzaC1yc2EAAAADAQABAAABAQDIX3pqSVNa2cBOBTmKJTKBABquP5CJarL8sTiOGSDhK9rKTN3PplUX9HAMk2yu2CTr6xUHpB8cj/jSD60dLhcvSTHxOW4kMQmHONr4zhD55Th1zG115wpp+Jf0ZNN+L+zWKQVT2kKuWSVeb4Rd3ftVvrfgEg/jDd2BjAN6K6i5/tX21PbDhTuppgnP8c7Vo7cjc7ded2B8sSZkU4BepFely4Un9rvUZzfXiygQN78qtzNfwqV9WPT4T79r/2TvchLh/F2wSlH0aaUsqrlEz5uqpiKROchPOzqkic6ARki+vtBse4oDlyA1Kkt79+8RwVWA6tv7B1WWpXuGrZJ9eBhN root@28cc2261df86\n",
                "username": "adminuser"
              }
            ],
            "admin_username": "adminuser",
            "allow_extension_operations": true,
            "availability_set_id": "",
            "boot_diagnostics": [],
            "computer_name": "farm-0",
            "custom_data": null,
            "dedicated_host_id": "",
            "disable_password_authentication": true,
            "encryption_at_host_enabled": false,
            "eviction_policy": "",
            "extensions_time_budget": "PT1H30M",
            "id": "/subscriptions/cb6e76ee-ca24-47b5-aedb-b843871af8d1/resourceGroups/testfarm-resourcesuksouth/providers/Microsoft.Compute/virtualMachines/farm-0",
            "identity": [],
            "location": "uksouth",
            "max_bid_price": -1,
            "name": "farm-0",
            "network_interface_ids": [
              "/subscriptions/cb6e76ee-ca24-47b5-aedb-b843871af8d1/resourceGroups/testfarm-resourcesuksouth/providers/Microsoft.Network/networkInterfaces/testfarm-nic-0"
            ],
            "os_disk": [
              {
                "caching": "ReadWrite",
                "diff_disk_settings": [],
                "disk_encryption_set_id": "",
                "disk_size_gb": 30,
                "name": "farm-0_OsDisk_1_af0343f52c864e1b8f92fcfeab510772",
                "storage_account_type": "Standard_LRS",
                "write_accelerator_enabled": false
              }
            ],
            "plan": [],
            "priority": "Regular",
            "private_ip_address": "10.0.2.4",
            "private_ip_addresses": [
              "10.0.2.4"
            ],
            "provision_vm_agent": true,
            "proximity_placement_group_id": "",
            "public_ip_address": "51.145.16.235",
            "public_ip_addresses": [
              "51.145.16.235"
            ],
            "resource_group_name": "testfarm-resourcesuksouth",
            "secret": [],
            "size": "Standard_D2s_v3",
            "source_image_id": "",
            "source_image_reference": [
              {
                "offer": "UbuntuServer",
                "publisher": "Canonical",
                "sku": "18.04-LTS",
                "version": "latest"
              }
            ],
            "tags": {},
            "timeouts": null,
            "virtual_machine_id": "dd5695c6-afb5-475d-b457-b0ab9fff8d43",
            "virtual_machine_scale_set_id": "",
            "zone": ""
          },
          "sensitive_attributes": [],
          "private": "eyJlMmJmYjczMC1lY2FhLTExZTYtOGY4OC0zNDM2M2JjN2M0YzAiOnsiY3JlYXRlIjoyNzAwMDAwMDAwMDAwLCJkZWxldGUiOjI3MDAwMDAwMDAwMDAsInJlYWQiOjMwMDAwMDAwMDAwMCwidXBkYXRlIjoyNzAwMDAwMDAwMDAwfX0=",
          "dependencies": [
            "module.farms.azurerm_network_interface.farm",
            "module.farms.azurerm_public_ip.farm_publicip",
            "module.farms.azurerm_resource_group.testfarm",
            "module.farms.azurerm_subnet.internal",
            "module.farms.azurerm_virtual_network.testfarm"
          ]
        },
        {
          "index_key": 1,
          "schema_version": 0,
          "attributes": {
            "additional_capabilities": [],
            "admin_password": null,
            "admin_ssh_key": [
              {
                "public_key": "ssh-rsa AAAAB3NzaC1yc2EAAAADAQABAAABAQDIX3pqSVNa2cBOBTmKJTKBABquP5CJarL8sTiOGSDhK9rKTN3PplUX9HAMk2yu2CTr6xUHpB8cj/jSD60dLhcvSTHxOW4kMQmHONr4zhD55Th1zG115wpp+Jf0ZNN+L+zWKQVT2kKuWSVeb4Rd3ftVvrfgEg/jDd2BjAN6K6i5/tX21PbDhTuppgnP8c7Vo7cjc7ded2B8sSZkU4BepFely4Un9rvUZzfXiygQN78qtzNfwqV9WPT4T79r/2TvchLh/F2wSlH0aaUsqrlEz5uqpiKROchPOzqkic6ARki+vtBse4oDlyA1Kkt79+8RwVWA6tv7B1WWpXuGrZJ9eBhN root@28cc2261df86\n",
                "username": "adminuser"
              }
            ],
            "admin_username": "adminuser",
            "allow_extension_operations": true,
            "availability_set_id": "",
            "boot_diagnostics": [],
            "computer_name": "farm-1",
            "custom_data": null,
            "dedicated_host_id": "",
            "disable_password_authentication": true,
            "encryption_at_host_enabled": false,
            "eviction_policy": "",
            "extensions_time_budget": "PT1H30M",
            "id": "/subscriptions/cb6e76ee-ca24-47b5-aedb-b843871af8d1/resourceGroups/testfarm-resourcesuksouth/providers/Microsoft.Compute/virtualMachines/farm-1",
            "identity": [],
            "location": "uksouth",
            "max_bid_price": -1,
            "name": "farm-1",
            "network_interface_ids": [
              "/subscriptions/cb6e76ee-ca24-47b5-aedb-b843871af8d1/resourceGroups/testfarm-resourcesuksouth/providers/Microsoft.Network/networkInterfaces/testfarm-nic-1"
            ],
            "os_disk": [
              {
                "caching": "ReadWrite",
                "diff_disk_settings": [],
                "disk_encryption_set_id": "",
                "disk_size_gb": 30,
                "name": "farm-1_OsDisk_1_6dcd2baf6ba240df84daee375428bd51",
                "storage_account_type": "Standard_LRS",
                "write_accelerator_enabled": false
              }
            ],
            "plan": [],
            "priority": "Regular",
            "private_ip_address": "10.0.2.5",
            "private_ip_addresses": [
              "10.0.2.5"
            ],
            "provision_vm_agent": true,
            "proximity_placement_group_id": "",
            "public_ip_address": "51.140.34.228",
            "public_ip_addresses": [
              "51.140.34.228"
            ],
            "resource_group_name": "testfarm-resourcesuksouth",
            "secret": [],
            "size": "Standard_D2s_v3",
            "source_image_id": "",
            "source_image_reference": [
              {
                "offer": "UbuntuServer",
                "publisher": "Canonical",
                "sku": "18.04-LTS",
                "version": "latest"
              }
            ],
            "tags": {},
            "timeouts": null,
            "virtual_machine_id": "493564d1-16cc-4ad6-9945-8879516dd25e",
            "virtual_machine_scale_set_id": "",
            "zone": ""
          },
          "sensitive_attributes": [],
          "private": "eyJlMmJmYjczMC1lY2FhLTExZTYtOGY4OC0zNDM2M2JjN2M0YzAiOnsiY3JlYXRlIjoyNzAwMDAwMDAwMDAwLCJkZWxldGUiOjI3MDAwMDAwMDAwMDAsInJlYWQiOjMwMDAwMDAwMDAwMCwidXBkYXRlIjoyNzAwMDAwMDAwMDAwfX0=",
          "dependencies": [
            "module.farms.azurerm_network_interface.farm",
            "module.farms.azurerm_public_ip.farm_publicip",
            "module.farms.azurerm_resource_group.testfarm",
            "module.farms.azurerm_subnet.internal",
            "module.farms.azurerm_virtual_network.testfarm"
          ]
        },
        {
          "index_key": 2,
          "schema_version": 0,
          "attributes": {
            "additional_capabilities": [],
            "admin_password": null,
            "admin_ssh_key": [
              {
                "public_key": "ssh-rsa AAAAB3NzaC1yc2EAAAADAQABAAABAQDIX3pqSVNa2cBOBTmKJTKBABquP5CJarL8sTiOGSDhK9rKTN3PplUX9HAMk2yu2CTr6xUHpB8cj/jSD60dLhcvSTHxOW4kMQmHONr4zhD55Th1zG115wpp+Jf0ZNN+L+zWKQVT2kKuWSVeb4Rd3ftVvrfgEg/jDd2BjAN6K6i5/tX21PbDhTuppgnP8c7Vo7cjc7ded2B8sSZkU4BepFely4Un9rvUZzfXiygQN78qtzNfwqV9WPT4T79r/2TvchLh/F2wSlH0aaUsqrlEz5uqpiKROchPOzqkic6ARki+vtBse4oDlyA1Kkt79+8RwVWA6tv7B1WWpXuGrZJ9eBhN root@28cc2261df86\n",
                "username": "adminuser"
              }
            ],
            "admin_username": "adminuser",
            "allow_extension_operations": true,
            "availability_set_id": "",
            "boot_diagnostics": [],
            "computer_name": "farm-2",
            "custom_data": null,
            "dedicated_host_id": "",
            "disable_password_authentication": true,
            "encryption_at_host_enabled": false,
            "eviction_policy": "",
            "extensions_time_budget": "PT1H30M",
            "id": "/subscriptions/cb6e76ee-ca24-47b5-aedb-b843871af8d1/resourceGroups/testfarm-resourcesuksouth/providers/Microsoft.Compute/virtualMachines/farm-2",
            "identity": [],
            "location": "uksouth",
            "max_bid_price": -1,
            "name": "farm-2",
            "network_interface_ids": [
              "/subscriptions/cb6e76ee-ca24-47b5-aedb-b843871af8d1/resourceGroups/testfarm-resourcesuksouth/providers/Microsoft.Network/networkInterfaces/testfarm-nic-2"
            ],
            "os_disk": [
              {
                "caching": "ReadWrite",
                "diff_disk_settings": [],
                "disk_encryption_set_id": "",
                "disk_size_gb": 30,
                "name": "farm-2_OsDisk_1_830077ef629f47d19301b68d3dc34bc9",
                "storage_account_type": "Standard_LRS",
                "write_accelerator_enabled": false
              }
            ],
            "plan": [],
            "priority": "Regular",
            "private_ip_address": "10.0.2.8",
            "private_ip_addresses": [
              "10.0.2.8"
            ],
            "provision_vm_agent": true,
            "proximity_placement_group_id": "",
            "public_ip_address": "51.104.18.55",
            "public_ip_addresses": [
              "51.104.18.55"
            ],
            "resource_group_name": "testfarm-resourcesuksouth",
            "secret": [],
            "size": "Standard_D2s_v3",
            "source_image_id": "",
            "source_image_reference": [
              {
                "offer": "UbuntuServer",
                "publisher": "Canonical",
                "sku": "18.04-LTS",
                "version": "latest"
              }
            ],
            "tags": {},
            "timeouts": null,
            "virtual_machine_id": "cb0b536a-4cd3-4aa6-9a01-ac69d28e5e6f",
            "virtual_machine_scale_set_id": "",
            "zone": ""
          },
          "sensitive_attributes": [],
          "private": "eyJlMmJmYjczMC1lY2FhLTExZTYtOGY4OC0zNDM2M2JjN2M0YzAiOnsiY3JlYXRlIjoyNzAwMDAwMDAwMDAwLCJkZWxldGUiOjI3MDAwMDAwMDAwMDAsInJlYWQiOjMwMDAwMDAwMDAwMCwidXBkYXRlIjoyNzAwMDAwMDAwMDAwfX0=",
          "dependencies": [
            "module.farms.azurerm_network_interface.farm",
            "module.farms.azurerm_public_ip.farm_publicip",
            "module.farms.azurerm_resource_group.testfarm",
            "module.farms.azurerm_subnet.internal",
            "module.farms.azurerm_virtual_network.testfarm"
          ]
        },
        {
          "index_key": 3,
          "schema_version": 0,
          "attributes": {
            "additional_capabilities": [],
            "admin_password": null,
            "admin_ssh_key": [
              {
                "public_key": "ssh-rsa AAAAB3NzaC1yc2EAAAADAQABAAABAQDIX3pqSVNa2cBOBTmKJTKBABquP5CJarL8sTiOGSDhK9rKTN3PplUX9HAMk2yu2CTr6xUHpB8cj/jSD60dLhcvSTHxOW4kMQmHONr4zhD55Th1zG115wpp+Jf0ZNN+L+zWKQVT2kKuWSVeb4Rd3ftVvrfgEg/jDd2BjAN6K6i5/tX21PbDhTuppgnP8c7Vo7cjc7ded2B8sSZkU4BepFely4Un9rvUZzfXiygQN78qtzNfwqV9WPT4T79r/2TvchLh/F2wSlH0aaUsqrlEz5uqpiKROchPOzqkic6ARki+vtBse4oDlyA1Kkt79+8RwVWA6tv7B1WWpXuGrZJ9eBhN root@28cc2261df86\n",
                "username": "adminuser"
              }
            ],
            "admin_username": "adminuser",
            "allow_extension_operations": true,
            "availability_set_id": "",
            "boot_diagnostics": [],
            "computer_name": "farm-3",
            "custom_data": null,
            "dedicated_host_id": "",
            "disable_password_authentication": true,
            "encryption_at_host_enabled": false,
            "eviction_policy": "",
            "extensions_time_budget": "PT1H30M",
            "id": "/subscriptions/cb6e76ee-ca24-47b5-aedb-b843871af8d1/resourceGroups/testfarm-resourcesuksouth/providers/Microsoft.Compute/virtualMachines/farm-3",
            "identity": [],
            "location": "uksouth",
            "max_bid_price": -1,
            "name": "farm-3",
            "network_interface_ids": [
              "/subscriptions/cb6e76ee-ca24-47b5-aedb-b843871af8d1/resourceGroups/testfarm-resourcesuksouth/providers/Microsoft.Network/networkInterfaces/testfarm-nic-3"
            ],
            "os_disk": [
              {
                "caching": "ReadWrite",
                "diff_disk_settings": [],
                "disk_encryption_set_id": "",
                "disk_size_gb": 30,
                "name": "farm-3_OsDisk_1_6126fe3f4f3b43ffa40936b525f27ab4",
                "storage_account_type": "Standard_LRS",
                "write_accelerator_enabled": false
              }
            ],
            "plan": [],
            "priority": "Regular",
            "private_ip_address": "10.0.2.6",
            "private_ip_addresses": [
              "10.0.2.6"
            ],
            "provision_vm_agent": true,
            "proximity_placement_group_id": "",
            "public_ip_address": "51.132.238.175",
            "public_ip_addresses": [
              "51.132.238.175"
            ],
            "resource_group_name": "testfarm-resourcesuksouth",
            "secret": [],
            "size": "Standard_D2s_v3",
            "source_image_id": "",
            "source_image_reference": [
              {
                "offer": "UbuntuServer",
                "publisher": "Canonical",
                "sku": "18.04-LTS",
                "version": "latest"
              }
            ],
            "tags": {},
            "timeouts": null,
            "virtual_machine_id": "1bd3625d-a115-4519-b4bf-a8da72f12797",
            "virtual_machine_scale_set_id": "",
            "zone": ""
          },
          "sensitive_attributes": [],
          "private": "eyJlMmJmYjczMC1lY2FhLTExZTYtOGY4OC0zNDM2M2JjN2M0YzAiOnsiY3JlYXRlIjoyNzAwMDAwMDAwMDAwLCJkZWxldGUiOjI3MDAwMDAwMDAwMDAsInJlYWQiOjMwMDAwMDAwMDAwMCwidXBkYXRlIjoyNzAwMDAwMDAwMDAwfX0=",
          "dependencies": [
            "module.farms.azurerm_network_interface.farm",
            "module.farms.azurerm_public_ip.farm_publicip",
            "module.farms.azurerm_resource_group.testfarm",
            "module.farms.azurerm_subnet.internal",
            "module.farms.azurerm_virtual_network.testfarm"
          ]
        },
        {
          "index_key": 4,
          "schema_version": 0,
          "attributes": {
            "additional_capabilities": [],
            "admin_password": null,
            "admin_ssh_key": [
              {
                "public_key": "ssh-rsa AAAAB3NzaC1yc2EAAAADAQABAAABAQDIX3pqSVNa2cBOBTmKJTKBABquP5CJarL8sTiOGSDhK9rKTN3PplUX9HAMk2yu2CTr6xUHpB8cj/jSD60dLhcvSTHxOW4kMQmHONr4zhD55Th1zG115wpp+Jf0ZNN+L+zWKQVT2kKuWSVeb4Rd3ftVvrfgEg/jDd2BjAN6K6i5/tX21PbDhTuppgnP8c7Vo7cjc7ded2B8sSZkU4BepFely4Un9rvUZzfXiygQN78qtzNfwqV9WPT4T79r/2TvchLh/F2wSlH0aaUsqrlEz5uqpiKROchPOzqkic6ARki+vtBse4oDlyA1Kkt79+8RwVWA6tv7B1WWpXuGrZJ9eBhN root@28cc2261df86\n",
                "username": "adminuser"
              }
            ],
            "admin_username": "adminuser",
            "allow_extension_operations": true,
            "availability_set_id": "",
            "boot_diagnostics": [],
            "computer_name": "farm-4",
            "custom_data": null,
            "dedicated_host_id": "",
            "disable_password_authentication": true,
            "encryption_at_host_enabled": false,
            "eviction_policy": "",
            "extensions_time_budget": "PT1H30M",
            "id": "/subscriptions/cb6e76ee-ca24-47b5-aedb-b843871af8d1/resourceGroups/testfarm-resourcesuksouth/providers/Microsoft.Compute/virtualMachines/farm-4",
            "identity": [],
            "location": "uksouth",
            "max_bid_price": -1,
            "name": "farm-4",
            "network_interface_ids": [
              "/subscriptions/cb6e76ee-ca24-47b5-aedb-b843871af8d1/resourceGroups/testfarm-resourcesuksouth/providers/Microsoft.Network/networkInterfaces/testfarm-nic-4"
            ],
            "os_disk": [
              {
                "caching": "ReadWrite",
                "diff_disk_settings": [],
                "disk_encryption_set_id": "",
                "disk_size_gb": 30,
                "name": "farm-4_OsDisk_1_1469a6d9f8264d73b05fa8d62f41c908",
                "storage_account_type": "Standard_LRS",
                "write_accelerator_enabled": false
              }
            ],
            "plan": [],
            "priority": "Regular",
            "private_ip_address": "10.0.2.7",
            "private_ip_addresses": [
              "10.0.2.7"
            ],
            "provision_vm_agent": true,
            "proximity_placement_group_id": "",
            "public_ip_address": "51.104.20.28",
            "public_ip_addresses": [
              "51.104.20.28"
            ],
            "resource_group_name": "testfarm-resourcesuksouth",
            "secret": [],
            "size": "Standard_D2s_v3",
            "source_image_id": "",
            "source_image_reference": [
              {
                "offer": "UbuntuServer",
                "publisher": "Canonical",
                "sku": "18.04-LTS",
                "version": "latest"
              }
            ],
            "tags": {},
            "timeouts": null,
            "virtual_machine_id": "4b5202e8-9288-4569-9330-87518e6df177",
            "virtual_machine_scale_set_id": "",
            "zone": ""
          },
          "sensitive_attributes": [],
          "private": "eyJlMmJmYjczMC1lY2FhLTExZTYtOGY4OC0zNDM2M2JjN2M0YzAiOnsiY3JlYXRlIjoyNzAwMDAwMDAwMDAwLCJkZWxldGUiOjI3MDAwMDAwMDAwMDAsInJlYWQiOjMwMDAwMDAwMDAwMCwidXBkYXRlIjoyNzAwMDAwMDAwMDAwfX0=",
          "dependencies": [
            "module.farms.azurerm_network_interface.farm",
            "module.farms.azurerm_public_ip.farm_publicip",
            "module.farms.azurerm_resource_group.testfarm",
            "module.farms.azurerm_subnet.internal",
            "module.farms.azurerm_virtual_network.testfarm"
          ]
        }
      ]
    },
    {
      "module": "module.farms[\"UK South\"]",
      "mode": "managed",
      "type": "azurerm_network_interface",
      "name": "farm",
      "provider": "provider[\"registry.terraform.io/hashicorp/azurerm\"]",
      "instances": [
        {
          "index_key": 0,
          "schema_version": 0,
          "attributes": {
            "applied_dns_servers": [],
            "dns_servers": [],
            "enable_accelerated_networking": false,
            "enable_ip_forwarding": false,
            "id": "/subscriptions/cb6e76ee-ca24-47b5-aedb-b843871af8d1/resourceGroups/testfarm-resourcesuksouth/providers/Microsoft.Network/networkInterfaces/testfarm-nic-0",
            "internal_dns_name_label": "",
            "internal_domain_name_suffix": "dzbcdrzcmm3ezd4a0uhmz1jhag.zx.internal.cloudapp.net",
            "ip_configuration": [
              {
                "name": "testconfiguration1",
                "primary": true,
                "private_ip_address": "10.0.2.4",
                "private_ip_address_allocation": "Dynamic",
                "private_ip_address_version": "IPv4",
                "public_ip_address_id": "/subscriptions/cb6e76ee-ca24-47b5-aedb-b843871af8d1/resourceGroups/testfarm-resourcesuksouth/providers/Microsoft.Network/publicIPAddresses/FarmPublicIp-0",
                "subnet_id": "/subscriptions/cb6e76ee-ca24-47b5-aedb-b843871af8d1/resourceGroups/testfarm-resourcesuksouth/providers/Microsoft.Network/virtualNetworks/testfarm-network-uksouth/subnets/internal-uksouth"
              }
            ],
            "location": "uksouth",
            "mac_address": "00-22-48-3F-5A-FD",
            "name": "testfarm-nic-0",
            "private_ip_address": "10.0.2.4",
            "private_ip_addresses": [
              "10.0.2.4"
            ],
            "resource_group_name": "testfarm-resourcesuksouth",
            "tags": {},
            "timeouts": null,
            "virtual_machine_id": "/subscriptions/cb6e76ee-ca24-47b5-aedb-b843871af8d1/resourceGroups/testfarm-resourcesuksouth/providers/Microsoft.Compute/virtualMachines/farm-0"
          },
          "sensitive_attributes": [],
          "private": "eyJlMmJmYjczMC1lY2FhLTExZTYtOGY4OC0zNDM2M2JjN2M0YzAiOnsiY3JlYXRlIjoxODAwMDAwMDAwMDAwLCJkZWxldGUiOjE4MDAwMDAwMDAwMDAsInJlYWQiOjMwMDAwMDAwMDAwMCwidXBkYXRlIjoxODAwMDAwMDAwMDAwfX0=",
          "dependencies": [
            "module.farms.azurerm_public_ip.farm_publicip",
            "module.farms.azurerm_resource_group.testfarm",
            "module.farms.azurerm_subnet.internal",
            "module.farms.azurerm_virtual_network.testfarm"
          ]
        },
        {
          "index_key": 1,
          "schema_version": 0,
          "attributes": {
            "applied_dns_servers": [],
            "dns_servers": [],
            "enable_accelerated_networking": false,
            "enable_ip_forwarding": false,
            "id": "/subscriptions/cb6e76ee-ca24-47b5-aedb-b843871af8d1/resourceGroups/testfarm-resourcesuksouth/providers/Microsoft.Network/networkInterfaces/testfarm-nic-1",
            "internal_dns_name_label": "",
            "internal_domain_name_suffix": "dzbcdrzcmm3ezd4a0uhmz1jhag.zx.internal.cloudapp.net",
            "ip_configuration": [
              {
                "name": "testconfiguration1",
                "primary": true,
                "private_ip_address": "10.0.2.5",
                "private_ip_address_allocation": "Dynamic",
                "private_ip_address_version": "IPv4",
                "public_ip_address_id": "/subscriptions/cb6e76ee-ca24-47b5-aedb-b843871af8d1/resourceGroups/testfarm-resourcesuksouth/providers/Microsoft.Network/publicIPAddresses/FarmPublicIp-1",
                "subnet_id": "/subscriptions/cb6e76ee-ca24-47b5-aedb-b843871af8d1/resourceGroups/testfarm-resourcesuksouth/providers/Microsoft.Network/virtualNetworks/testfarm-network-uksouth/subnets/internal-uksouth"
              }
            ],
            "location": "uksouth",
            "mac_address": "00-22-48-3F-EB-2D",
            "name": "testfarm-nic-1",
            "private_ip_address": "10.0.2.5",
            "private_ip_addresses": [
              "10.0.2.5"
            ],
            "resource_group_name": "testfarm-resourcesuksouth",
            "tags": {},
            "timeouts": null,
            "virtual_machine_id": "/subscriptions/cb6e76ee-ca24-47b5-aedb-b843871af8d1/resourceGroups/testfarm-resourcesuksouth/providers/Microsoft.Compute/virtualMachines/farm-1"
          },
          "sensitive_attributes": [],
          "private": "eyJlMmJmYjczMC1lY2FhLTExZTYtOGY4OC0zNDM2M2JjN2M0YzAiOnsiY3JlYXRlIjoxODAwMDAwMDAwMDAwLCJkZWxldGUiOjE4MDAwMDAwMDAwMDAsInJlYWQiOjMwMDAwMDAwMDAwMCwidXBkYXRlIjoxODAwMDAwMDAwMDAwfX0=",
          "dependencies": [
            "module.farms.azurerm_public_ip.farm_publicip",
            "module.farms.azurerm_resource_group.testfarm",
            "module.farms.azurerm_subnet.internal",
            "module.farms.azurerm_virtual_network.testfarm"
          ]
        },
        {
          "index_key": 2,
          "schema_version": 0,
          "attributes": {
            "applied_dns_servers": [],
            "dns_servers": [],
            "enable_accelerated_networking": false,
            "enable_ip_forwarding": false,
            "id": "/subscriptions/cb6e76ee-ca24-47b5-aedb-b843871af8d1/resourceGroups/testfarm-resourcesuksouth/providers/Microsoft.Network/networkInterfaces/testfarm-nic-2",
            "internal_dns_name_label": "",
            "internal_domain_name_suffix": "dzbcdrzcmm3ezd4a0uhmz1jhag.zx.internal.cloudapp.net",
            "ip_configuration": [
              {
                "name": "testconfiguration1",
                "primary": true,
                "private_ip_address": "10.0.2.8",
                "private_ip_address_allocation": "Dynamic",
                "private_ip_address_version": "IPv4",
                "public_ip_address_id": "/subscriptions/cb6e76ee-ca24-47b5-aedb-b843871af8d1/resourceGroups/testfarm-resourcesuksouth/providers/Microsoft.Network/publicIPAddresses/FarmPublicIp-2",
                "subnet_id": "/subscriptions/cb6e76ee-ca24-47b5-aedb-b843871af8d1/resourceGroups/testfarm-resourcesuksouth/providers/Microsoft.Network/virtualNetworks/testfarm-network-uksouth/subnets/internal-uksouth"
              }
            ],
            "location": "uksouth",
            "mac_address": "00-0D-3A-7F-0A-60",
            "name": "testfarm-nic-2",
            "private_ip_address": "10.0.2.8",
            "private_ip_addresses": [
              "10.0.2.8"
            ],
            "resource_group_name": "testfarm-resourcesuksouth",
            "tags": {},
            "timeouts": null,
            "virtual_machine_id": "/subscriptions/cb6e76ee-ca24-47b5-aedb-b843871af8d1/resourceGroups/testfarm-resourcesuksouth/providers/Microsoft.Compute/virtualMachines/farm-2"
          },
          "sensitive_attributes": [],
          "private": "eyJlMmJmYjczMC1lY2FhLTExZTYtOGY4OC0zNDM2M2JjN2M0YzAiOnsiY3JlYXRlIjoxODAwMDAwMDAwMDAwLCJkZWxldGUiOjE4MDAwMDAwMDAwMDAsInJlYWQiOjMwMDAwMDAwMDAwMCwidXBkYXRlIjoxODAwMDAwMDAwMDAwfX0=",
          "dependencies": [
            "module.farms.azurerm_public_ip.farm_publicip",
            "module.farms.azurerm_resource_group.testfarm",
            "module.farms.azurerm_subnet.internal",
            "module.farms.azurerm_virtual_network.testfarm"
          ]
        },
        {
          "index_key": 3,
          "schema_version": 0,
          "attributes": {
            "applied_dns_servers": [],
            "dns_servers": [],
            "enable_accelerated_networking": false,
            "enable_ip_forwarding": false,
            "id": "/subscriptions/cb6e76ee-ca24-47b5-aedb-b843871af8d1/resourceGroups/testfarm-resourcesuksouth/providers/Microsoft.Network/networkInterfaces/testfarm-nic-3",
            "internal_dns_name_label": "",
            "internal_domain_name_suffix": "dzbcdrzcmm3ezd4a0uhmz1jhag.zx.internal.cloudapp.net",
            "ip_configuration": [
              {
                "name": "testconfiguration1",
                "primary": true,
                "private_ip_address": "10.0.2.6",
                "private_ip_address_allocation": "Dynamic",
                "private_ip_address_version": "IPv4",
                "public_ip_address_id": "/subscriptions/cb6e76ee-ca24-47b5-aedb-b843871af8d1/resourceGroups/testfarm-resourcesuksouth/providers/Microsoft.Network/publicIPAddresses/FarmPublicIp-3",
                "subnet_id": "/subscriptions/cb6e76ee-ca24-47b5-aedb-b843871af8d1/resourceGroups/testfarm-resourcesuksouth/providers/Microsoft.Network/virtualNetworks/testfarm-network-uksouth/subnets/internal-uksouth"
              }
            ],
            "location": "uksouth",
            "mac_address": "00-0D-3A-7E-82-BF",
            "name": "testfarm-nic-3",
            "private_ip_address": "10.0.2.6",
            "private_ip_addresses": [
              "10.0.2.6"
            ],
            "resource_group_name": "testfarm-resourcesuksouth",
            "tags": {},
            "timeouts": null,
            "virtual_machine_id": "/subscriptions/cb6e76ee-ca24-47b5-aedb-b843871af8d1/resourceGroups/testfarm-resourcesuksouth/providers/Microsoft.Compute/virtualMachines/farm-3"
          },
          "sensitive_attributes": [],
          "private": "eyJlMmJmYjczMC1lY2FhLTExZTYtOGY4OC0zNDM2M2JjN2M0YzAiOnsiY3JlYXRlIjoxODAwMDAwMDAwMDAwLCJkZWxldGUiOjE4MDAwMDAwMDAwMDAsInJlYWQiOjMwMDAwMDAwMDAwMCwidXBkYXRlIjoxODAwMDAwMDAwMDAwfX0=",
          "dependencies": [
            "module.farms.azurerm_public_ip.farm_publicip",
            "module.farms.azurerm_resource_group.testfarm",
            "module.farms.azurerm_subnet.internal",
            "module.farms.azurerm_virtual_network.testfarm"
          ]
        },
        {
          "index_key": 4,
          "schema_version": 0,
          "attributes": {
            "applied_dns_servers": [],
            "dns_servers": [],
            "enable_accelerated_networking": false,
            "enable_ip_forwarding": false,
            "id": "/subscriptions/cb6e76ee-ca24-47b5-aedb-b843871af8d1/resourceGroups/testfarm-resourcesuksouth/providers/Microsoft.Network/networkInterfaces/testfarm-nic-4",
            "internal_dns_name_label": "",
            "internal_domain_name_suffix": "dzbcdrzcmm3ezd4a0uhmz1jhag.zx.internal.cloudapp.net",
            "ip_configuration": [
              {
                "name": "testconfiguration1",
                "primary": true,
                "private_ip_address": "10.0.2.7",
                "private_ip_address_allocation": "Dynamic",
                "private_ip_address_version": "IPv4",
                "public_ip_address_id": "/subscriptions/cb6e76ee-ca24-47b5-aedb-b843871af8d1/resourceGroups/testfarm-resourcesuksouth/providers/Microsoft.Network/publicIPAddresses/FarmPublicIp-4",
                "subnet_id": "/subscriptions/cb6e76ee-ca24-47b5-aedb-b843871af8d1/resourceGroups/testfarm-resourcesuksouth/providers/Microsoft.Network/virtualNetworks/testfarm-network-uksouth/subnets/internal-uksouth"
              }
            ],
            "location": "uksouth",
            "mac_address": "00-0D-3A-7F-07-82",
            "name": "testfarm-nic-4",
            "private_ip_address": "10.0.2.7",
            "private_ip_addresses": [
              "10.0.2.7"
            ],
            "resource_group_name": "testfarm-resourcesuksouth",
            "tags": {},
            "timeouts": null,
            "virtual_machine_id": "/subscriptions/cb6e76ee-ca24-47b5-aedb-b843871af8d1/resourceGroups/testfarm-resourcesuksouth/providers/Microsoft.Compute/virtualMachines/farm-4"
          },
          "sensitive_attributes": [],
          "private": "eyJlMmJmYjczMC1lY2FhLTExZTYtOGY4OC0zNDM2M2JjN2M0YzAiOnsiY3JlYXRlIjoxODAwMDAwMDAwMDAwLCJkZWxldGUiOjE4MDAwMDAwMDAwMDAsInJlYWQiOjMwMDAwMDAwMDAwMCwidXBkYXRlIjoxODAwMDAwMDAwMDAwfX0=",
          "dependencies": [
            "module.farms.azurerm_public_ip.farm_publicip",
            "module.farms.azurerm_resource_group.testfarm",
            "module.farms.azurerm_subnet.internal",
            "module.farms.azurerm_virtual_network.testfarm"
          ]
        }
      ]
    },
    {
      "module": "module.farms[\"UK South\"]",
      "mode": "managed",
      "type": "azurerm_public_ip",
      "name": "farm_publicip",
      "provider": "provider[\"registry.terraform.io/hashicorp/azurerm\"]",
      "instances": [
        {
          "index_key": 0,
          "schema_version": 0,
          "attributes": {
            "allocation_method": "Dynamic",
            "domain_name_label": null,
            "fqdn": null,
            "id": "/subscriptions/cb6e76ee-ca24-47b5-aedb-b843871af8d1/resourceGroups/testfarm-resourcesuksouth/providers/Microsoft.Network/publicIPAddresses/FarmPublicIp-0",
            "idle_timeout_in_minutes": 4,
            "ip_address": "51.145.16.235",
            "ip_version": "IPv4",
            "location": "uksouth",
            "name": "FarmPublicIp-0",
            "public_ip_prefix_id": null,
            "resource_group_name": "testfarm-resourcesuksouth",
            "reverse_fqdn": null,
            "sku": "Basic",
            "tags": {
              "environment": "farm"
            },
            "timeouts": null,
            "zones": []
          },
          "sensitive_attributes": [],
          "private": "eyJlMmJmYjczMC1lY2FhLTExZTYtOGY4OC0zNDM2M2JjN2M0YzAiOnsiY3JlYXRlIjoxODAwMDAwMDAwMDAwLCJkZWxldGUiOjE4MDAwMDAwMDAwMDAsInJlYWQiOjMwMDAwMDAwMDAwMCwidXBkYXRlIjoxODAwMDAwMDAwMDAwfX0=",
          "dependencies": [
            "module.farms.azurerm_resource_group.testfarm"
          ]
        },
        {
          "index_key": 1,
          "schema_version": 0,
          "attributes": {
            "allocation_method": "Dynamic",
            "domain_name_label": null,
            "fqdn": null,
            "id": "/subscriptions/cb6e76ee-ca24-47b5-aedb-b843871af8d1/resourceGroups/testfarm-resourcesuksouth/providers/Microsoft.Network/publicIPAddresses/FarmPublicIp-1",
            "idle_timeout_in_minutes": 4,
            "ip_address": "51.140.34.228",
            "ip_version": "IPv4",
            "location": "uksouth",
            "name": "FarmPublicIp-1",
            "public_ip_prefix_id": null,
            "resource_group_name": "testfarm-resourcesuksouth",
            "reverse_fqdn": null,
            "sku": "Basic",
            "tags": {
              "environment": "farm"
            },
            "timeouts": null,
            "zones": []
          },
          "sensitive_attributes": [],
          "private": "eyJlMmJmYjczMC1lY2FhLTExZTYtOGY4OC0zNDM2M2JjN2M0YzAiOnsiY3JlYXRlIjoxODAwMDAwMDAwMDAwLCJkZWxldGUiOjE4MDAwMDAwMDAwMDAsInJlYWQiOjMwMDAwMDAwMDAwMCwidXBkYXRlIjoxODAwMDAwMDAwMDAwfX0=",
          "dependencies": [
            "module.farms.azurerm_resource_group.testfarm"
          ]
        },
        {
          "index_key": 2,
          "schema_version": 0,
          "attributes": {
            "allocation_method": "Dynamic",
            "domain_name_label": null,
            "fqdn": null,
            "id": "/subscriptions/cb6e76ee-ca24-47b5-aedb-b843871af8d1/resourceGroups/testfarm-resourcesuksouth/providers/Microsoft.Network/publicIPAddresses/FarmPublicIp-2",
            "idle_timeout_in_minutes": 4,
            "ip_address": "51.104.18.55",
            "ip_version": "IPv4",
            "location": "uksouth",
            "name": "FarmPublicIp-2",
            "public_ip_prefix_id": null,
            "resource_group_name": "testfarm-resourcesuksouth",
            "reverse_fqdn": null,
            "sku": "Basic",
            "tags": {
              "environment": "farm"
            },
            "timeouts": null,
            "zones": []
          },
          "sensitive_attributes": [],
          "private": "eyJlMmJmYjczMC1lY2FhLTExZTYtOGY4OC0zNDM2M2JjN2M0YzAiOnsiY3JlYXRlIjoxODAwMDAwMDAwMDAwLCJkZWxldGUiOjE4MDAwMDAwMDAwMDAsInJlYWQiOjMwMDAwMDAwMDAwMCwidXBkYXRlIjoxODAwMDAwMDAwMDAwfX0=",
          "dependencies": [
            "module.farms.azurerm_resource_group.testfarm"
          ]
        },
        {
          "index_key": 3,
          "schema_version": 0,
          "attributes": {
            "allocation_method": "Dynamic",
            "domain_name_label": null,
            "fqdn": null,
            "id": "/subscriptions/cb6e76ee-ca24-47b5-aedb-b843871af8d1/resourceGroups/testfarm-resourcesuksouth/providers/Microsoft.Network/publicIPAddresses/FarmPublicIp-3",
            "idle_timeout_in_minutes": 4,
            "ip_address": "51.132.238.175",
            "ip_version": "IPv4",
            "location": "uksouth",
            "name": "FarmPublicIp-3",
            "public_ip_prefix_id": null,
            "resource_group_name": "testfarm-resourcesuksouth",
            "reverse_fqdn": null,
            "sku": "Basic",
            "tags": {
              "environment": "farm"
            },
            "timeouts": null,
            "zones": []
          },
          "sensitive_attributes": [],
          "private": "eyJlMmJmYjczMC1lY2FhLTExZTYtOGY4OC0zNDM2M2JjN2M0YzAiOnsiY3JlYXRlIjoxODAwMDAwMDAwMDAwLCJkZWxldGUiOjE4MDAwMDAwMDAwMDAsInJlYWQiOjMwMDAwMDAwMDAwMCwidXBkYXRlIjoxODAwMDAwMDAwMDAwfX0=",
          "dependencies": [
            "module.farms.azurerm_resource_group.testfarm"
          ]
        },
        {
          "index_key": 4,
          "schema_version": 0,
          "attributes": {
            "allocation_method": "Dynamic",
            "domain_name_label": null,
            "fqdn": null,
            "id": "/subscriptions/cb6e76ee-ca24-47b5-aedb-b843871af8d1/resourceGroups/testfarm-resourcesuksouth/providers/Microsoft.Network/publicIPAddresses/FarmPublicIp-4",
            "idle_timeout_in_minutes": 4,
            "ip_address": "51.104.20.28",
            "ip_version": "IPv4",
            "location": "uksouth",
            "name": "FarmPublicIp-4",
            "public_ip_prefix_id": null,
            "resource_group_name": "testfarm-resourcesuksouth",
            "reverse_fqdn": null,
            "sku": "Basic",
            "tags": {
              "environment": "farm"
            },
            "timeouts": null,
            "zones": []
          },
          "sensitive_attributes": [],
          "private": "eyJlMmJmYjczMC1lY2FhLTExZTYtOGY4OC0zNDM2M2JjN2M0YzAiOnsiY3JlYXRlIjoxODAwMDAwMDAwMDAwLCJkZWxldGUiOjE4MDAwMDAwMDAwMDAsInJlYWQiOjMwMDAwMDAwMDAwMCwidXBkYXRlIjoxODAwMDAwMDAwMDAwfX0=",
          "dependencies": [
            "module.farms.azurerm_resource_group.testfarm"
          ]
        }
      ]
    },
    {
      "module": "module.farms[\"UK South\"]",
      "mode": "managed",
      "type": "azurerm_resource_group",
      "name": "testfarm",
      "provider": "provider[\"registry.terraform.io/hashicorp/azurerm\"]",
      "instances": [
        {
          "schema_version": 0,
          "attributes": {
            "id": "/subscriptions/cb6e76ee-ca24-47b5-aedb-b843871af8d1/resourceGroups/testfarm-resourcesuksouth",
            "location": "uksouth",
            "name": "testfarm-resourcesuksouth",
            "tags": {},
            "timeouts": null
          },
          "sensitive_attributes": [],
          "private": "eyJlMmJmYjczMC1lY2FhLTExZTYtOGY4OC0zNDM2M2JjN2M0YzAiOnsiY3JlYXRlIjo1NDAwMDAwMDAwMDAwLCJkZWxldGUiOjU0MDAwMDAwMDAwMDAsInJlYWQiOjMwMDAwMDAwMDAwMCwidXBkYXRlIjo1NDAwMDAwMDAwMDAwfX0="
        }
      ]
    },
    {
      "module": "module.farms[\"UK South\"]",
      "mode": "managed",
      "type": "azurerm_subnet",
      "name": "internal",
      "provider": "provider[\"registry.terraform.io/hashicorp/azurerm\"]",
      "instances": [
        {
          "schema_version": 0,
          "attributes": {
            "address_prefix": "10.0.2.0/24",
            "address_prefixes": [
              "10.0.2.0/24"
            ],
            "delegation": [],
            "enforce_private_link_endpoint_network_policies": false,
            "enforce_private_link_service_network_policies": false,
            "id": "/subscriptions/cb6e76ee-ca24-47b5-aedb-b843871af8d1/resourceGroups/testfarm-resourcesuksouth/providers/Microsoft.Network/virtualNetworks/testfarm-network-uksouth/subnets/internal-uksouth",
            "name": "internal-uksouth",
            "resource_group_name": "testfarm-resourcesuksouth",
            "service_endpoint_policy_ids": [],
            "service_endpoints": [],
            "timeouts": null,
            "virtual_network_name": "testfarm-network-uksouth"
          },
          "sensitive_attributes": [],
          "private": "eyJlMmJmYjczMC1lY2FhLTExZTYtOGY4OC0zNDM2M2JjN2M0YzAiOnsiY3JlYXRlIjoxODAwMDAwMDAwMDAwLCJkZWxldGUiOjE4MDAwMDAwMDAwMDAsInJlYWQiOjMwMDAwMDAwMDAwMCwidXBkYXRlIjoxODAwMDAwMDAwMDAwfX0=",
          "dependencies": [
            "module.farms.azurerm_resource_group.testfarm",
            "module.farms.azurerm_virtual_network.testfarm"
          ]
        }
      ]
    },
    {
      "module": "module.farms[\"UK South\"]",
      "mode": "managed",
      "type": "azurerm_virtual_network",
      "name": "testfarm",
      "provider": "provider[\"registry.terraform.io/hashicorp/azurerm\"]",
      "instances": [
        {
          "schema_version": 0,
          "attributes": {
            "address_space": [
              "10.0.0.0/16"
            ],
            "bgp_community": "",
            "ddos_protection_plan": [],
            "dns_servers": [],
            "guid": "c721421e-6322-4c3a-8fc0-d50ecced2706",
            "id": "/subscriptions/cb6e76ee-ca24-47b5-aedb-b843871af8d1/resourceGroups/testfarm-resourcesuksouth/providers/Microsoft.Network/virtualNetworks/testfarm-network-uksouth",
            "location": "uksouth",
            "name": "testfarm-network-uksouth",
            "resource_group_name": "testfarm-resourcesuksouth",
            "subnet": [
              {
                "address_prefix": "10.0.2.0/24",
                "id": "/subscriptions/cb6e76ee-ca24-47b5-aedb-b843871af8d1/resourceGroups/testfarm-resourcesuksouth/providers/Microsoft.Network/virtualNetworks/testfarm-network-uksouth/subnets/internal-uksouth",
                "name": "internal-uksouth",
                "security_group": ""
              }
            ],
            "tags": {},
            "timeouts": null,
            "vm_protection_enabled": false
          },
          "sensitive_attributes": [],
          "private": "eyJlMmJmYjczMC1lY2FhLTExZTYtOGY4OC0zNDM2M2JjN2M0YzAiOnsiY3JlYXRlIjoxODAwMDAwMDAwMDAwLCJkZWxldGUiOjE4MDAwMDAwMDAwMDAsInJlYWQiOjMwMDAwMDAwMDAwMCwidXBkYXRlIjoxODAwMDAwMDAwMDAwfX0=",
          "dependencies": [
            "module.farms.azurerm_resource_group.testfarm"
          ]
        }
      ]
    },
    {
      "module": "module.farms[\"UK West\"]",
      "mode": "managed",
      "type": "azurerm_linux_virtual_machine",
      "name": "farm",
      "provider": "provider[\"registry.terraform.io/hashicorp/azurerm\"]",
      "instances": [
        {
          "index_key": 0,
          "schema_version": 0,
          "attributes": {
            "additional_capabilities": [],
            "admin_password": null,
            "admin_ssh_key": [
              {
                "public_key": "ssh-rsa AAAAB3NzaC1yc2EAAAADAQABAAABAQDIX3pqSVNa2cBOBTmKJTKBABquP5CJarL8sTiOGSDhK9rKTN3PplUX9HAMk2yu2CTr6xUHpB8cj/jSD60dLhcvSTHxOW4kMQmHONr4zhD55Th1zG115wpp+Jf0ZNN+L+zWKQVT2kKuWSVeb4Rd3ftVvrfgEg/jDd2BjAN6K6i5/tX21PbDhTuppgnP8c7Vo7cjc7ded2B8sSZkU4BepFely4Un9rvUZzfXiygQN78qtzNfwqV9WPT4T79r/2TvchLh/F2wSlH0aaUsqrlEz5uqpiKROchPOzqkic6ARki+vtBse4oDlyA1Kkt79+8RwVWA6tv7B1WWpXuGrZJ9eBhN root@28cc2261df86\n",
                "username": "adminuser"
              }
            ],
            "admin_username": "adminuser",
            "allow_extension_operations": true,
            "availability_set_id": "",
            "boot_diagnostics": [],
            "computer_name": "farm-0",
            "custom_data": null,
            "dedicated_host_id": "",
            "disable_password_authentication": true,
            "encryption_at_host_enabled": false,
            "eviction_policy": "",
            "extensions_time_budget": "PT1H30M",
            "id": "/subscriptions/cb6e76ee-ca24-47b5-aedb-b843871af8d1/resourceGroups/testfarm-resourcesukwest/providers/Microsoft.Compute/virtualMachines/farm-0",
            "identity": [],
            "location": "ukwest",
            "max_bid_price": -1,
            "name": "farm-0",
            "network_interface_ids": [
              "/subscriptions/cb6e76ee-ca24-47b5-aedb-b843871af8d1/resourceGroups/testfarm-resourcesukwest/providers/Microsoft.Network/networkInterfaces/testfarm-nic-0"
            ],
            "os_disk": [
              {
                "caching": "ReadWrite",
                "diff_disk_settings": [],
                "disk_encryption_set_id": "",
                "disk_size_gb": 30,
                "name": "farm-0_OsDisk_1_1f896b8efe7d486985dbd3859f905665",
                "storage_account_type": "Standard_LRS",
                "write_accelerator_enabled": false
              }
            ],
            "plan": [],
            "priority": "Regular",
            "private_ip_address": "10.0.2.4",
            "private_ip_addresses": [
              "10.0.2.4"
            ],
            "provision_vm_agent": true,
            "proximity_placement_group_id": "",
            "public_ip_address": "20.68.120.251",
            "public_ip_addresses": [
              "20.68.120.251"
            ],
            "resource_group_name": "testfarm-resourcesukwest",
            "secret": [],
            "size": "Standard_D2s_v3",
            "source_image_id": "",
            "source_image_reference": [
              {
                "offer": "UbuntuServer",
                "publisher": "Canonical",
                "sku": "18.04-LTS",
                "version": "latest"
              }
            ],
            "tags": {},
            "timeouts": null,
            "virtual_machine_id": "fb9b0157-b018-4985-b30d-3523d6654875",
            "virtual_machine_scale_set_id": "",
            "zone": ""
          },
          "sensitive_attributes": [],
          "private": "eyJlMmJmYjczMC1lY2FhLTExZTYtOGY4OC0zNDM2M2JjN2M0YzAiOnsiY3JlYXRlIjoyNzAwMDAwMDAwMDAwLCJkZWxldGUiOjI3MDAwMDAwMDAwMDAsInJlYWQiOjMwMDAwMDAwMDAwMCwidXBkYXRlIjoyNzAwMDAwMDAwMDAwfX0=",
          "dependencies": [
            "module.farms.azurerm_network_interface.farm",
            "module.farms.azurerm_public_ip.farm_publicip",
            "module.farms.azurerm_resource_group.testfarm",
            "module.farms.azurerm_subnet.internal",
            "module.farms.azurerm_virtual_network.testfarm"
          ]
        },
        {
          "index_key": 1,
          "schema_version": 0,
          "attributes": {
            "additional_capabilities": [],
            "admin_password": null,
            "admin_ssh_key": [
              {
                "public_key": "ssh-rsa AAAAB3NzaC1yc2EAAAADAQABAAABAQDIX3pqSVNa2cBOBTmKJTKBABquP5CJarL8sTiOGSDhK9rKTN3PplUX9HAMk2yu2CTr6xUHpB8cj/jSD60dLhcvSTHxOW4kMQmHONr4zhD55Th1zG115wpp+Jf0ZNN+L+zWKQVT2kKuWSVeb4Rd3ftVvrfgEg/jDd2BjAN6K6i5/tX21PbDhTuppgnP8c7Vo7cjc7ded2B8sSZkU4BepFely4Un9rvUZzfXiygQN78qtzNfwqV9WPT4T79r/2TvchLh/F2wSlH0aaUsqrlEz5uqpiKROchPOzqkic6ARki+vtBse4oDlyA1Kkt79+8RwVWA6tv7B1WWpXuGrZJ9eBhN root@28cc2261df86\n",
                "username": "adminuser"
              }
            ],
            "admin_username": "adminuser",
            "allow_extension_operations": true,
            "availability_set_id": "",
            "boot_diagnostics": [],
            "computer_name": "farm-1",
            "custom_data": null,
            "dedicated_host_id": "",
            "disable_password_authentication": true,
            "encryption_at_host_enabled": false,
            "eviction_policy": "",
            "extensions_time_budget": "PT1H30M",
            "id": "/subscriptions/cb6e76ee-ca24-47b5-aedb-b843871af8d1/resourceGroups/testfarm-resourcesukwest/providers/Microsoft.Compute/virtualMachines/farm-1",
            "identity": [],
            "location": "ukwest",
            "max_bid_price": -1,
            "name": "farm-1",
            "network_interface_ids": [
              "/subscriptions/cb6e76ee-ca24-47b5-aedb-b843871af8d1/resourceGroups/testfarm-resourcesukwest/providers/Microsoft.Network/networkInterfaces/testfarm-nic-1"
            ],
            "os_disk": [
              {
                "caching": "ReadWrite",
                "diff_disk_settings": [],
                "disk_encryption_set_id": "",
                "disk_size_gb": 30,
                "name": "farm-1_OsDisk_1_eb1251f2f36b4caaacc6b63c0c2c0e2f",
                "storage_account_type": "Standard_LRS",
                "write_accelerator_enabled": false
              }
            ],
            "plan": [],
            "priority": "Regular",
            "private_ip_address": "10.0.2.5",
            "private_ip_addresses": [
              "10.0.2.5"
            ],
            "provision_vm_agent": true,
            "proximity_placement_group_id": "",
            "public_ip_address": "52.142.165.245",
            "public_ip_addresses": [
              "52.142.165.245"
            ],
            "resource_group_name": "testfarm-resourcesukwest",
            "secret": [],
            "size": "Standard_D2s_v3",
            "source_image_id": "",
            "source_image_reference": [
              {
                "offer": "UbuntuServer",
                "publisher": "Canonical",
                "sku": "18.04-LTS",
                "version": "latest"
              }
            ],
            "tags": {},
            "timeouts": null,
            "virtual_machine_id": "919e5f0d-7f26-4c49-baf3-346b5853d038",
            "virtual_machine_scale_set_id": "",
            "zone": ""
          },
          "sensitive_attributes": [],
          "private": "eyJlMmJmYjczMC1lY2FhLTExZTYtOGY4OC0zNDM2M2JjN2M0YzAiOnsiY3JlYXRlIjoyNzAwMDAwMDAwMDAwLCJkZWxldGUiOjI3MDAwMDAwMDAwMDAsInJlYWQiOjMwMDAwMDAwMDAwMCwidXBkYXRlIjoyNzAwMDAwMDAwMDAwfX0=",
          "dependencies": [
            "module.farms.azurerm_network_interface.farm",
            "module.farms.azurerm_public_ip.farm_publicip",
            "module.farms.azurerm_resource_group.testfarm",
            "module.farms.azurerm_subnet.internal",
            "module.farms.azurerm_virtual_network.testfarm"
          ]
        },
        {
          "index_key": 2,
          "schema_version": 0,
          "attributes": {
            "additional_capabilities": [],
            "admin_password": null,
            "admin_ssh_key": [
              {
                "public_key": "ssh-rsa AAAAB3NzaC1yc2EAAAADAQABAAABAQDIX3pqSVNa2cBOBTmKJTKBABquP5CJarL8sTiOGSDhK9rKTN3PplUX9HAMk2yu2CTr6xUHpB8cj/jSD60dLhcvSTHxOW4kMQmHONr4zhD55Th1zG115wpp+Jf0ZNN+L+zWKQVT2kKuWSVeb4Rd3ftVvrfgEg/jDd2BjAN6K6i5/tX21PbDhTuppgnP8c7Vo7cjc7ded2B8sSZkU4BepFely4Un9rvUZzfXiygQN78qtzNfwqV9WPT4T79r/2TvchLh/F2wSlH0aaUsqrlEz5uqpiKROchPOzqkic6ARki+vtBse4oDlyA1Kkt79+8RwVWA6tv7B1WWpXuGrZJ9eBhN root@28cc2261df86\n",
                "username": "adminuser"
              }
            ],
            "admin_username": "adminuser",
            "allow_extension_operations": true,
            "availability_set_id": "",
            "boot_diagnostics": [],
            "computer_name": "farm-2",
            "custom_data": null,
            "dedicated_host_id": "",
            "disable_password_authentication": true,
            "encryption_at_host_enabled": false,
            "eviction_policy": "",
            "extensions_time_budget": "PT1H30M",
            "id": "/subscriptions/cb6e76ee-ca24-47b5-aedb-b843871af8d1/resourceGroups/testfarm-resourcesukwest/providers/Microsoft.Compute/virtualMachines/farm-2",
            "identity": [],
            "location": "ukwest",
            "max_bid_price": -1,
            "name": "farm-2",
            "network_interface_ids": [
              "/subscriptions/cb6e76ee-ca24-47b5-aedb-b843871af8d1/resourceGroups/testfarm-resourcesukwest/providers/Microsoft.Network/networkInterfaces/testfarm-nic-2"
            ],
            "os_disk": [
              {
                "caching": "ReadWrite",
                "diff_disk_settings": [],
                "disk_encryption_set_id": "",
                "disk_size_gb": 30,
                "name": "farm-2_OsDisk_1_28db79a08bf84716b4dadb1b2c7799ac",
                "storage_account_type": "Standard_LRS",
                "write_accelerator_enabled": false
              }
            ],
            "plan": [],
            "priority": "Regular",
            "private_ip_address": "10.0.2.8",
            "private_ip_addresses": [
              "10.0.2.8"
            ],
            "provision_vm_agent": true,
            "proximity_placement_group_id": "",
            "public_ip_address": "51.141.100.73",
            "public_ip_addresses": [
              "51.141.100.73"
            ],
            "resource_group_name": "testfarm-resourcesukwest",
            "secret": [],
            "size": "Standard_D2s_v3",
            "source_image_id": "",
            "source_image_reference": [
              {
                "offer": "UbuntuServer",
                "publisher": "Canonical",
                "sku": "18.04-LTS",
                "version": "latest"
              }
            ],
            "tags": {},
            "timeouts": null,
            "virtual_machine_id": "117565df-14c5-4efe-ad1f-25b33ed3f97d",
            "virtual_machine_scale_set_id": "",
            "zone": ""
          },
          "sensitive_attributes": [],
          "private": "eyJlMmJmYjczMC1lY2FhLTExZTYtOGY4OC0zNDM2M2JjN2M0YzAiOnsiY3JlYXRlIjoyNzAwMDAwMDAwMDAwLCJkZWxldGUiOjI3MDAwMDAwMDAwMDAsInJlYWQiOjMwMDAwMDAwMDAwMCwidXBkYXRlIjoyNzAwMDAwMDAwMDAwfX0=",
          "dependencies": [
            "module.farms.azurerm_network_interface.farm",
            "module.farms.azurerm_public_ip.farm_publicip",
            "module.farms.azurerm_resource_group.testfarm",
            "module.farms.azurerm_subnet.internal",
            "module.farms.azurerm_virtual_network.testfarm"
          ]
        },
        {
          "index_key": 3,
          "schema_version": 0,
          "attributes": {
            "additional_capabilities": [],
            "admin_password": null,
            "admin_ssh_key": [
              {
                "public_key": "ssh-rsa AAAAB3NzaC1yc2EAAAADAQABAAABAQDIX3pqSVNa2cBOBTmKJTKBABquP5CJarL8sTiOGSDhK9rKTN3PplUX9HAMk2yu2CTr6xUHpB8cj/jSD60dLhcvSTHxOW4kMQmHONr4zhD55Th1zG115wpp+Jf0ZNN+L+zWKQVT2kKuWSVeb4Rd3ftVvrfgEg/jDd2BjAN6K6i5/tX21PbDhTuppgnP8c7Vo7cjc7ded2B8sSZkU4BepFely4Un9rvUZzfXiygQN78qtzNfwqV9WPT4T79r/2TvchLh/F2wSlH0aaUsqrlEz5uqpiKROchPOzqkic6ARki+vtBse4oDlyA1Kkt79+8RwVWA6tv7B1WWpXuGrZJ9eBhN root@28cc2261df86\n",
                "username": "adminuser"
              }
            ],
            "admin_username": "adminuser",
            "allow_extension_operations": true,
            "availability_set_id": "",
            "boot_diagnostics": [],
            "computer_name": "farm-3",
            "custom_data": null,
            "dedicated_host_id": "",
            "disable_password_authentication": true,
            "encryption_at_host_enabled": false,
            "eviction_policy": "",
            "extensions_time_budget": "PT1H30M",
            "id": "/subscriptions/cb6e76ee-ca24-47b5-aedb-b843871af8d1/resourceGroups/testfarm-resourcesukwest/providers/Microsoft.Compute/virtualMachines/farm-3",
            "identity": [],
            "location": "ukwest",
            "max_bid_price": -1,
            "name": "farm-3",
            "network_interface_ids": [
              "/subscriptions/cb6e76ee-ca24-47b5-aedb-b843871af8d1/resourceGroups/testfarm-resourcesukwest/providers/Microsoft.Network/networkInterfaces/testfarm-nic-3"
            ],
            "os_disk": [
              {
                "caching": "ReadWrite",
                "diff_disk_settings": [],
                "disk_encryption_set_id": "",
                "disk_size_gb": 30,
                "name": "farm-3_OsDisk_1_a39618a90d3245399208fb85a7aea050",
                "storage_account_type": "Standard_LRS",
                "write_accelerator_enabled": false
              }
            ],
            "plan": [],
            "priority": "Regular",
            "private_ip_address": "10.0.2.6",
            "private_ip_addresses": [
              "10.0.2.6"
            ],
            "provision_vm_agent": true,
            "proximity_placement_group_id": "",
            "public_ip_address": "51.141.106.206",
            "public_ip_addresses": [
              "51.141.106.206"
            ],
            "resource_group_name": "testfarm-resourcesukwest",
            "secret": [],
            "size": "Standard_D2s_v3",
            "source_image_id": "",
            "source_image_reference": [
              {
                "offer": "UbuntuServer",
                "publisher": "Canonical",
                "sku": "18.04-LTS",
                "version": "latest"
              }
            ],
            "tags": {},
            "timeouts": null,
            "virtual_machine_id": "4e571386-6a01-4ee8-976f-f3ab2e5cfabe",
            "virtual_machine_scale_set_id": "",
            "zone": ""
          },
          "sensitive_attributes": [],
          "private": "eyJlMmJmYjczMC1lY2FhLTExZTYtOGY4OC0zNDM2M2JjN2M0YzAiOnsiY3JlYXRlIjoyNzAwMDAwMDAwMDAwLCJkZWxldGUiOjI3MDAwMDAwMDAwMDAsInJlYWQiOjMwMDAwMDAwMDAwMCwidXBkYXRlIjoyNzAwMDAwMDAwMDAwfX0=",
          "dependencies": [
            "module.farms.azurerm_network_interface.farm",
            "module.farms.azurerm_public_ip.farm_publicip",
            "module.farms.azurerm_resource_group.testfarm",
            "module.farms.azurerm_subnet.internal",
            "module.farms.azurerm_virtual_network.testfarm"
          ]
        },
        {
          "index_key": 4,
          "schema_version": 0,
          "attributes": {
            "additional_capabilities": [],
            "admin_password": null,
            "admin_ssh_key": [
              {
                "public_key": "ssh-rsa AAAAB3NzaC1yc2EAAAADAQABAAABAQDIX3pqSVNa2cBOBTmKJTKBABquP5CJarL8sTiOGSDhK9rKTN3PplUX9HAMk2yu2CTr6xUHpB8cj/jSD60dLhcvSTHxOW4kMQmHONr4zhD55Th1zG115wpp+Jf0ZNN+L+zWKQVT2kKuWSVeb4Rd3ftVvrfgEg/jDd2BjAN6K6i5/tX21PbDhTuppgnP8c7Vo7cjc7ded2B8sSZkU4BepFely4Un9rvUZzfXiygQN78qtzNfwqV9WPT4T79r/2TvchLh/F2wSlH0aaUsqrlEz5uqpiKROchPOzqkic6ARki+vtBse4oDlyA1Kkt79+8RwVWA6tv7B1WWpXuGrZJ9eBhN root@28cc2261df86\n",
                "username": "adminuser"
              }
            ],
            "admin_username": "adminuser",
            "allow_extension_operations": true,
            "availability_set_id": "",
            "boot_diagnostics": [],
            "computer_name": "farm-4",
            "custom_data": null,
            "dedicated_host_id": "",
            "disable_password_authentication": true,
            "encryption_at_host_enabled": false,
            "eviction_policy": "",
            "extensions_time_budget": "PT1H30M",
            "id": "/subscriptions/cb6e76ee-ca24-47b5-aedb-b843871af8d1/resourceGroups/testfarm-resourcesukwest/providers/Microsoft.Compute/virtualMachines/farm-4",
            "identity": [],
            "location": "ukwest",
            "max_bid_price": -1,
            "name": "farm-4",
            "network_interface_ids": [
              "/subscriptions/cb6e76ee-ca24-47b5-aedb-b843871af8d1/resourceGroups/testfarm-resourcesukwest/providers/Microsoft.Network/networkInterfaces/testfarm-nic-4"
            ],
            "os_disk": [
              {
                "caching": "ReadWrite",
                "diff_disk_settings": [],
                "disk_encryption_set_id": "",
                "disk_size_gb": 30,
                "name": "farm-4_OsDisk_1_2299cae608d141f18fb628e14dc2c8fd",
                "storage_account_type": "Standard_LRS",
                "write_accelerator_enabled": false
              }
            ],
            "plan": [],
            "priority": "Regular",
            "private_ip_address": "10.0.2.7",
            "private_ip_addresses": [
              "10.0.2.7"
            ],
            "provision_vm_agent": true,
            "proximity_placement_group_id": "",
            "public_ip_address": "51.141.103.41",
            "public_ip_addresses": [
              "51.141.103.41"
            ],
            "resource_group_name": "testfarm-resourcesukwest",
            "secret": [],
            "size": "Standard_D2s_v3",
            "source_image_id": "",
            "source_image_reference": [
              {
                "offer": "UbuntuServer",
                "publisher": "Canonical",
                "sku": "18.04-LTS",
                "version": "latest"
              }
            ],
            "tags": {},
            "timeouts": null,
            "virtual_machine_id": "7db259cc-e851-4acd-8ac0-ca2ae2ae96ee",
            "virtual_machine_scale_set_id": "",
            "zone": ""
          },
          "sensitive_attributes": [],
          "private": "eyJlMmJmYjczMC1lY2FhLTExZTYtOGY4OC0zNDM2M2JjN2M0YzAiOnsiY3JlYXRlIjoyNzAwMDAwMDAwMDAwLCJkZWxldGUiOjI3MDAwMDAwMDAwMDAsInJlYWQiOjMwMDAwMDAwMDAwMCwidXBkYXRlIjoyNzAwMDAwMDAwMDAwfX0=",
          "dependencies": [
            "module.farms.azurerm_network_interface.farm",
            "module.farms.azurerm_public_ip.farm_publicip",
            "module.farms.azurerm_resource_group.testfarm",
            "module.farms.azurerm_subnet.internal",
            "module.farms.azurerm_virtual_network.testfarm"
          ]
        }
      ]
    },
    {
      "module": "module.farms[\"UK West\"]",
      "mode": "managed",
      "type": "azurerm_network_interface",
      "name": "farm",
      "provider": "provider[\"registry.terraform.io/hashicorp/azurerm\"]",
      "instances": [
        {
          "index_key": 0,
          "schema_version": 0,
          "attributes": {
            "applied_dns_servers": [],
            "dns_servers": [],
            "enable_accelerated_networking": false,
            "enable_ip_forwarding": false,
            "id": "/subscriptions/cb6e76ee-ca24-47b5-aedb-b843871af8d1/resourceGroups/testfarm-resourcesukwest/providers/Microsoft.Network/networkInterfaces/testfarm-nic-0",
            "internal_dns_name_label": "",
            "internal_domain_name_suffix": "juvvuheqr5yu5jebhq5qr4442b.cwx.internal.cloudapp.net",
            "ip_configuration": [
              {
                "name": "testconfiguration1",
                "primary": true,
                "private_ip_address": "10.0.2.4",
                "private_ip_address_allocation": "Dynamic",
                "private_ip_address_version": "IPv4",
                "public_ip_address_id": "/subscriptions/cb6e76ee-ca24-47b5-aedb-b843871af8d1/resourceGroups/testfarm-resourcesukwest/providers/Microsoft.Network/publicIPAddresses/FarmPublicIp-0",
                "subnet_id": "/subscriptions/cb6e76ee-ca24-47b5-aedb-b843871af8d1/resourceGroups/testfarm-resourcesukwest/providers/Microsoft.Network/virtualNetworks/testfarm-network-ukwest/subnets/internal-ukwest"
              }
            ],
            "location": "ukwest",
            "mac_address": "00-0D-3A-86-A0-1E",
            "name": "testfarm-nic-0",
            "private_ip_address": "10.0.2.4",
            "private_ip_addresses": [
              "10.0.2.4"
            ],
            "resource_group_name": "testfarm-resourcesukwest",
            "tags": {},
            "timeouts": null,
            "virtual_machine_id": "/subscriptions/cb6e76ee-ca24-47b5-aedb-b843871af8d1/resourceGroups/testfarm-resourcesukwest/providers/Microsoft.Compute/virtualMachines/farm-0"
          },
          "sensitive_attributes": [],
          "private": "eyJlMmJmYjczMC1lY2FhLTExZTYtOGY4OC0zNDM2M2JjN2M0YzAiOnsiY3JlYXRlIjoxODAwMDAwMDAwMDAwLCJkZWxldGUiOjE4MDAwMDAwMDAwMDAsInJlYWQiOjMwMDAwMDAwMDAwMCwidXBkYXRlIjoxODAwMDAwMDAwMDAwfX0=",
          "dependencies": [
            "module.farms.azurerm_public_ip.farm_publicip",
            "module.farms.azurerm_resource_group.testfarm",
            "module.farms.azurerm_subnet.internal",
            "module.farms.azurerm_virtual_network.testfarm"
          ]
        },
        {
          "index_key": 1,
          "schema_version": 0,
          "attributes": {
            "applied_dns_servers": [],
            "dns_servers": [],
            "enable_accelerated_networking": false,
            "enable_ip_forwarding": false,
            "id": "/subscriptions/cb6e76ee-ca24-47b5-aedb-b843871af8d1/resourceGroups/testfarm-resourcesukwest/providers/Microsoft.Network/networkInterfaces/testfarm-nic-1",
            "internal_dns_name_label": "",
            "internal_domain_name_suffix": "juvvuheqr5yu5jebhq5qr4442b.cwx.internal.cloudapp.net",
            "ip_configuration": [
              {
                "name": "testconfiguration1",
                "primary": true,
                "private_ip_address": "10.0.2.5",
                "private_ip_address_allocation": "Dynamic",
                "private_ip_address_version": "IPv4",
                "public_ip_address_id": "/subscriptions/cb6e76ee-ca24-47b5-aedb-b843871af8d1/resourceGroups/testfarm-resourcesukwest/providers/Microsoft.Network/publicIPAddresses/FarmPublicIp-1",
                "subnet_id": "/subscriptions/cb6e76ee-ca24-47b5-aedb-b843871af8d1/resourceGroups/testfarm-resourcesukwest/providers/Microsoft.Network/virtualNetworks/testfarm-network-ukwest/subnets/internal-ukwest"
              }
            ],
            "location": "ukwest",
            "mac_address": "00-22-48-1A-6C-27",
            "name": "testfarm-nic-1",
            "private_ip_address": "10.0.2.5",
            "private_ip_addresses": [
              "10.0.2.5"
            ],
            "resource_group_name": "testfarm-resourcesukwest",
            "tags": {},
            "timeouts": null,
            "virtual_machine_id": "/subscriptions/cb6e76ee-ca24-47b5-aedb-b843871af8d1/resourceGroups/testfarm-resourcesukwest/providers/Microsoft.Compute/virtualMachines/farm-1"
          },
          "sensitive_attributes": [],
          "private": "eyJlMmJmYjczMC1lY2FhLTExZTYtOGY4OC0zNDM2M2JjN2M0YzAiOnsiY3JlYXRlIjoxODAwMDAwMDAwMDAwLCJkZWxldGUiOjE4MDAwMDAwMDAwMDAsInJlYWQiOjMwMDAwMDAwMDAwMCwidXBkYXRlIjoxODAwMDAwMDAwMDAwfX0=",
          "dependencies": [
            "module.farms.azurerm_public_ip.farm_publicip",
            "module.farms.azurerm_resource_group.testfarm",
            "module.farms.azurerm_subnet.internal",
            "module.farms.azurerm_virtual_network.testfarm"
          ]
        },
        {
          "index_key": 2,
          "schema_version": 0,
          "attributes": {
            "applied_dns_servers": [],
            "dns_servers": [],
            "enable_accelerated_networking": false,
            "enable_ip_forwarding": false,
            "id": "/subscriptions/cb6e76ee-ca24-47b5-aedb-b843871af8d1/resourceGroups/testfarm-resourcesukwest/providers/Microsoft.Network/networkInterfaces/testfarm-nic-2",
            "internal_dns_name_label": "",
            "internal_domain_name_suffix": "juvvuheqr5yu5jebhq5qr4442b.cwx.internal.cloudapp.net",
            "ip_configuration": [
              {
                "name": "testconfiguration1",
                "primary": true,
                "private_ip_address": "10.0.2.8",
                "private_ip_address_allocation": "Dynamic",
                "private_ip_address_version": "IPv4",
                "public_ip_address_id": "/subscriptions/cb6e76ee-ca24-47b5-aedb-b843871af8d1/resourceGroups/testfarm-resourcesukwest/providers/Microsoft.Network/publicIPAddresses/FarmPublicIp-2",
                "subnet_id": "/subscriptions/cb6e76ee-ca24-47b5-aedb-b843871af8d1/resourceGroups/testfarm-resourcesukwest/providers/Microsoft.Network/virtualNetworks/testfarm-network-ukwest/subnets/internal-ukwest"
              }
            ],
            "location": "ukwest",
            "mac_address": "00-22-48-1A-59-3C",
            "name": "testfarm-nic-2",
            "private_ip_address": "10.0.2.8",
            "private_ip_addresses": [
              "10.0.2.8"
            ],
            "resource_group_name": "testfarm-resourcesukwest",
            "tags": {},
            "timeouts": null,
            "virtual_machine_id": "/subscriptions/cb6e76ee-ca24-47b5-aedb-b843871af8d1/resourceGroups/testfarm-resourcesukwest/providers/Microsoft.Compute/virtualMachines/farm-2"
          },
          "sensitive_attributes": [],
          "private": "eyJlMmJmYjczMC1lY2FhLTExZTYtOGY4OC0zNDM2M2JjN2M0YzAiOnsiY3JlYXRlIjoxODAwMDAwMDAwMDAwLCJkZWxldGUiOjE4MDAwMDAwMDAwMDAsInJlYWQiOjMwMDAwMDAwMDAwMCwidXBkYXRlIjoxODAwMDAwMDAwMDAwfX0=",
          "dependencies": [
            "module.farms.azurerm_public_ip.farm_publicip",
            "module.farms.azurerm_resource_group.testfarm",
            "module.farms.azurerm_subnet.internal",
            "module.farms.azurerm_virtual_network.testfarm"
          ]
        },
        {
          "index_key": 3,
          "schema_version": 0,
          "attributes": {
            "applied_dns_servers": [],
            "dns_servers": [],
            "enable_accelerated_networking": false,
            "enable_ip_forwarding": false,
            "id": "/subscriptions/cb6e76ee-ca24-47b5-aedb-b843871af8d1/resourceGroups/testfarm-resourcesukwest/providers/Microsoft.Network/networkInterfaces/testfarm-nic-3",
            "internal_dns_name_label": "",
            "internal_domain_name_suffix": "juvvuheqr5yu5jebhq5qr4442b.cwx.internal.cloudapp.net",
            "ip_configuration": [
              {
                "name": "testconfiguration1",
                "primary": true,
                "private_ip_address": "10.0.2.6",
                "private_ip_address_allocation": "Dynamic",
                "private_ip_address_version": "IPv4",
                "public_ip_address_id": "/subscriptions/cb6e76ee-ca24-47b5-aedb-b843871af8d1/resourceGroups/testfarm-resourcesukwest/providers/Microsoft.Network/publicIPAddresses/FarmPublicIp-3",
                "subnet_id": "/subscriptions/cb6e76ee-ca24-47b5-aedb-b843871af8d1/resourceGroups/testfarm-resourcesukwest/providers/Microsoft.Network/virtualNetworks/testfarm-network-ukwest/subnets/internal-ukwest"
              }
            ],
            "location": "ukwest",
            "mac_address": "00-22-48-1A-57-A6",
            "name": "testfarm-nic-3",
            "private_ip_address": "10.0.2.6",
            "private_ip_addresses": [
              "10.0.2.6"
            ],
            "resource_group_name": "testfarm-resourcesukwest",
            "tags": {},
            "timeouts": null,
            "virtual_machine_id": "/subscriptions/cb6e76ee-ca24-47b5-aedb-b843871af8d1/resourceGroups/testfarm-resourcesukwest/providers/Microsoft.Compute/virtualMachines/farm-3"
          },
          "sensitive_attributes": [],
          "private": "eyJlMmJmYjczMC1lY2FhLTExZTYtOGY4OC0zNDM2M2JjN2M0YzAiOnsiY3JlYXRlIjoxODAwMDAwMDAwMDAwLCJkZWxldGUiOjE4MDAwMDAwMDAwMDAsInJlYWQiOjMwMDAwMDAwMDAwMCwidXBkYXRlIjoxODAwMDAwMDAwMDAwfX0=",
          "dependencies": [
            "module.farms.azurerm_public_ip.farm_publicip",
            "module.farms.azurerm_resource_group.testfarm",
            "module.farms.azurerm_subnet.internal",
            "module.farms.azurerm_virtual_network.testfarm"
          ]
        },
        {
          "index_key": 4,
          "schema_version": 0,
          "attributes": {
            "applied_dns_servers": [],
            "dns_servers": [],
            "enable_accelerated_networking": false,
            "enable_ip_forwarding": false,
            "id": "/subscriptions/cb6e76ee-ca24-47b5-aedb-b843871af8d1/resourceGroups/testfarm-resourcesukwest/providers/Microsoft.Network/networkInterfaces/testfarm-nic-4",
            "internal_dns_name_label": "",
            "internal_domain_name_suffix": "juvvuheqr5yu5jebhq5qr4442b.cwx.internal.cloudapp.net",
            "ip_configuration": [
              {
                "name": "testconfiguration1",
                "primary": true,
                "private_ip_address": "10.0.2.7",
                "private_ip_address_allocation": "Dynamic",
                "private_ip_address_version": "IPv4",
                "public_ip_address_id": "/subscriptions/cb6e76ee-ca24-47b5-aedb-b843871af8d1/resourceGroups/testfarm-resourcesukwest/providers/Microsoft.Network/publicIPAddresses/FarmPublicIp-4",
                "subnet_id": "/subscriptions/cb6e76ee-ca24-47b5-aedb-b843871af8d1/resourceGroups/testfarm-resourcesukwest/providers/Microsoft.Network/virtualNetworks/testfarm-network-ukwest/subnets/internal-ukwest"
              }
            ],
            "location": "ukwest",
            "mac_address": "00-22-48-1A-51-49",
            "name": "testfarm-nic-4",
            "private_ip_address": "10.0.2.7",
            "private_ip_addresses": [
              "10.0.2.7"
            ],
            "resource_group_name": "testfarm-resourcesukwest",
            "tags": {},
            "timeouts": null,
            "virtual_machine_id": "/subscriptions/cb6e76ee-ca24-47b5-aedb-b843871af8d1/resourceGroups/testfarm-resourcesukwest/providers/Microsoft.Compute/virtualMachines/farm-4"
          },
          "sensitive_attributes": [],
          "private": "eyJlMmJmYjczMC1lY2FhLTExZTYtOGY4OC0zNDM2M2JjN2M0YzAiOnsiY3JlYXRlIjoxODAwMDAwMDAwMDAwLCJkZWxldGUiOjE4MDAwMDAwMDAwMDAsInJlYWQiOjMwMDAwMDAwMDAwMCwidXBkYXRlIjoxODAwMDAwMDAwMDAwfX0=",
          "dependencies": [
            "module.farms.azurerm_public_ip.farm_publicip",
            "module.farms.azurerm_resource_group.testfarm",
            "module.farms.azurerm_subnet.internal",
            "module.farms.azurerm_virtual_network.testfarm"
          ]
        }
      ]
    },
    {
      "module": "module.farms[\"UK West\"]",
      "mode": "managed",
      "type": "azurerm_public_ip",
      "name": "farm_publicip",
      "provider": "provider[\"registry.terraform.io/hashicorp/azurerm\"]",
      "instances": [
        {
          "index_key": 0,
          "schema_version": 0,
          "attributes": {
            "allocation_method": "Dynamic",
            "domain_name_label": null,
            "fqdn": null,
            "id": "/subscriptions/cb6e76ee-ca24-47b5-aedb-b843871af8d1/resourceGroups/testfarm-resourcesukwest/providers/Microsoft.Network/publicIPAddresses/FarmPublicIp-0",
            "idle_timeout_in_minutes": 4,
            "ip_address": "20.68.120.251",
            "ip_version": "IPv4",
            "location": "ukwest",
            "name": "FarmPublicIp-0",
            "public_ip_prefix_id": null,
            "resource_group_name": "testfarm-resourcesukwest",
            "reverse_fqdn": null,
            "sku": "Basic",
            "tags": {
              "environment": "farm"
            },
            "timeouts": null,
            "zones": []
          },
          "sensitive_attributes": [],
          "private": "eyJlMmJmYjczMC1lY2FhLTExZTYtOGY4OC0zNDM2M2JjN2M0YzAiOnsiY3JlYXRlIjoxODAwMDAwMDAwMDAwLCJkZWxldGUiOjE4MDAwMDAwMDAwMDAsInJlYWQiOjMwMDAwMDAwMDAwMCwidXBkYXRlIjoxODAwMDAwMDAwMDAwfX0=",
          "dependencies": [
            "module.farms.azurerm_resource_group.testfarm"
          ]
        },
        {
          "index_key": 1,
          "schema_version": 0,
          "attributes": {
            "allocation_method": "Dynamic",
            "domain_name_label": null,
            "fqdn": null,
            "id": "/subscriptions/cb6e76ee-ca24-47b5-aedb-b843871af8d1/resourceGroups/testfarm-resourcesukwest/providers/Microsoft.Network/publicIPAddresses/FarmPublicIp-1",
            "idle_timeout_in_minutes": 4,
            "ip_address": "52.142.165.245",
            "ip_version": "IPv4",
            "location": "ukwest",
            "name": "FarmPublicIp-1",
            "public_ip_prefix_id": null,
            "resource_group_name": "testfarm-resourcesukwest",
            "reverse_fqdn": null,
            "sku": "Basic",
            "tags": {
              "environment": "farm"
            },
            "timeouts": null,
            "zones": []
          },
          "sensitive_attributes": [],
          "private": "eyJlMmJmYjczMC1lY2FhLTExZTYtOGY4OC0zNDM2M2JjN2M0YzAiOnsiY3JlYXRlIjoxODAwMDAwMDAwMDAwLCJkZWxldGUiOjE4MDAwMDAwMDAwMDAsInJlYWQiOjMwMDAwMDAwMDAwMCwidXBkYXRlIjoxODAwMDAwMDAwMDAwfX0=",
          "dependencies": [
            "module.farms.azurerm_resource_group.testfarm"
          ]
        },
        {
          "index_key": 2,
          "schema_version": 0,
          "attributes": {
            "allocation_method": "Dynamic",
            "domain_name_label": null,
            "fqdn": null,
            "id": "/subscriptions/cb6e76ee-ca24-47b5-aedb-b843871af8d1/resourceGroups/testfarm-resourcesukwest/providers/Microsoft.Network/publicIPAddresses/FarmPublicIp-2",
            "idle_timeout_in_minutes": 4,
            "ip_address": "51.141.100.73",
            "ip_version": "IPv4",
            "location": "ukwest",
            "name": "FarmPublicIp-2",
            "public_ip_prefix_id": null,
            "resource_group_name": "testfarm-resourcesukwest",
            "reverse_fqdn": null,
            "sku": "Basic",
            "tags": {
              "environment": "farm"
            },
            "timeouts": null,
            "zones": []
          },
          "sensitive_attributes": [],
          "private": "eyJlMmJmYjczMC1lY2FhLTExZTYtOGY4OC0zNDM2M2JjN2M0YzAiOnsiY3JlYXRlIjoxODAwMDAwMDAwMDAwLCJkZWxldGUiOjE4MDAwMDAwMDAwMDAsInJlYWQiOjMwMDAwMDAwMDAwMCwidXBkYXRlIjoxODAwMDAwMDAwMDAwfX0=",
          "dependencies": [
            "module.farms.azurerm_resource_group.testfarm"
          ]
        },
        {
          "index_key": 3,
          "schema_version": 0,
          "attributes": {
            "allocation_method": "Dynamic",
            "domain_name_label": null,
            "fqdn": null,
            "id": "/subscriptions/cb6e76ee-ca24-47b5-aedb-b843871af8d1/resourceGroups/testfarm-resourcesukwest/providers/Microsoft.Network/publicIPAddresses/FarmPublicIp-3",
            "idle_timeout_in_minutes": 4,
            "ip_address": "51.141.106.206",
            "ip_version": "IPv4",
            "location": "ukwest",
            "name": "FarmPublicIp-3",
            "public_ip_prefix_id": null,
            "resource_group_name": "testfarm-resourcesukwest",
            "reverse_fqdn": null,
            "sku": "Basic",
            "tags": {
              "environment": "farm"
            },
            "timeouts": null,
            "zones": []
          },
          "sensitive_attributes": [],
          "private": "eyJlMmJmYjczMC1lY2FhLTExZTYtOGY4OC0zNDM2M2JjN2M0YzAiOnsiY3JlYXRlIjoxODAwMDAwMDAwMDAwLCJkZWxldGUiOjE4MDAwMDAwMDAwMDAsInJlYWQiOjMwMDAwMDAwMDAwMCwidXBkYXRlIjoxODAwMDAwMDAwMDAwfX0=",
          "dependencies": [
            "module.farms.azurerm_resource_group.testfarm"
          ]
        },
        {
          "index_key": 4,
          "schema_version": 0,
          "attributes": {
            "allocation_method": "Dynamic",
            "domain_name_label": null,
            "fqdn": null,
            "id": "/subscriptions/cb6e76ee-ca24-47b5-aedb-b843871af8d1/resourceGroups/testfarm-resourcesukwest/providers/Microsoft.Network/publicIPAddresses/FarmPublicIp-4",
            "idle_timeout_in_minutes": 4,
            "ip_address": "51.141.103.41",
            "ip_version": "IPv4",
            "location": "ukwest",
            "name": "FarmPublicIp-4",
            "public_ip_prefix_id": null,
            "resource_group_name": "testfarm-resourcesukwest",
            "reverse_fqdn": null,
            "sku": "Basic",
            "tags": {
              "environment": "farm"
            },
            "timeouts": null,
            "zones": []
          },
          "sensitive_attributes": [],
          "private": "eyJlMmJmYjczMC1lY2FhLTExZTYtOGY4OC0zNDM2M2JjN2M0YzAiOnsiY3JlYXRlIjoxODAwMDAwMDAwMDAwLCJkZWxldGUiOjE4MDAwMDAwMDAwMDAsInJlYWQiOjMwMDAwMDAwMDAwMCwidXBkYXRlIjoxODAwMDAwMDAwMDAwfX0=",
          "dependencies": [
            "module.farms.azurerm_resource_group.testfarm"
          ]
        }
      ]
    },
    {
      "module": "module.farms[\"UK West\"]",
      "mode": "managed",
      "type": "azurerm_resource_group",
      "name": "testfarm",
      "provider": "provider[\"registry.terraform.io/hashicorp/azurerm\"]",
      "instances": [
        {
          "schema_version": 0,
          "attributes": {
            "id": "/subscriptions/cb6e76ee-ca24-47b5-aedb-b843871af8d1/resourceGroups/testfarm-resourcesukwest",
            "location": "ukwest",
            "name": "testfarm-resourcesukwest",
            "tags": {},
            "timeouts": null
          },
          "sensitive_attributes": [],
          "private": "eyJlMmJmYjczMC1lY2FhLTExZTYtOGY4OC0zNDM2M2JjN2M0YzAiOnsiY3JlYXRlIjo1NDAwMDAwMDAwMDAwLCJkZWxldGUiOjU0MDAwMDAwMDAwMDAsInJlYWQiOjMwMDAwMDAwMDAwMCwidXBkYXRlIjo1NDAwMDAwMDAwMDAwfX0="
        }
      ]
    },
    {
      "module": "module.farms[\"UK West\"]",
      "mode": "managed",
      "type": "azurerm_subnet",
      "name": "internal",
      "provider": "provider[\"registry.terraform.io/hashicorp/azurerm\"]",
      "instances": [
        {
          "schema_version": 0,
          "attributes": {
            "address_prefix": "10.0.2.0/24",
            "address_prefixes": [
              "10.0.2.0/24"
            ],
            "delegation": [],
            "enforce_private_link_endpoint_network_policies": false,
            "enforce_private_link_service_network_policies": false,
            "id": "/subscriptions/cb6e76ee-ca24-47b5-aedb-b843871af8d1/resourceGroups/testfarm-resourcesukwest/providers/Microsoft.Network/virtualNetworks/testfarm-network-ukwest/subnets/internal-ukwest",
            "name": "internal-ukwest",
            "resource_group_name": "testfarm-resourcesukwest",
            "service_endpoint_policy_ids": [],
            "service_endpoints": [],
            "timeouts": null,
            "virtual_network_name": "testfarm-network-ukwest"
          },
          "sensitive_attributes": [],
          "private": "eyJlMmJmYjczMC1lY2FhLTExZTYtOGY4OC0zNDM2M2JjN2M0YzAiOnsiY3JlYXRlIjoxODAwMDAwMDAwMDAwLCJkZWxldGUiOjE4MDAwMDAwMDAwMDAsInJlYWQiOjMwMDAwMDAwMDAwMCwidXBkYXRlIjoxODAwMDAwMDAwMDAwfX0=",
          "dependencies": [
            "module.farms.azurerm_resource_group.testfarm",
            "module.farms.azurerm_virtual_network.testfarm"
          ]
        }
      ]
    },
    {
      "module": "module.farms[\"UK West\"]",
      "mode": "managed",
      "type": "azurerm_virtual_network",
      "name": "testfarm",
      "provider": "provider[\"registry.terraform.io/hashicorp/azurerm\"]",
      "instances": [
        {
          "schema_version": 0,
          "attributes": {
            "address_space": [
              "10.0.0.0/16"
            ],
            "bgp_community": "",
            "ddos_protection_plan": [],
            "dns_servers": [],
            "guid": "1c5a2b4d-8f90-4ff1-a481-3c3f08fbdee1",
            "id": "/subscriptions/cb6e76ee-ca24-47b5-aedb-b843871af8d1/resourceGroups/testfarm-resourcesukwest/providers/Microsoft.Network/virtualNetworks/testfarm-network-ukwest",
            "location": "ukwest",
            "name": "testfarm-network-ukwest",
            "resource_group_name": "testfarm-resourcesukwest",
            "subnet": [
              {
                "address_prefix": "10.0.2.0/24",
                "id": "/subscriptions/cb6e76ee-ca24-47b5-aedb-b843871af8d1/resourceGroups/testfarm-resourcesukwest/providers/Microsoft.Network/virtualNetworks/testfarm-network-ukwest/subnets/internal-ukwest",
                "name": "internal-ukwest",
                "security_group": ""
              }
            ],
            "tags": {},
            "timeouts": null,
            "vm_protection_enabled": false
          },
          "sensitive_attributes": [],
          "private": "eyJlMmJmYjczMC1lY2FhLTExZTYtOGY4OC0zNDM2M2JjN2M0YzAiOnsiY3JlYXRlIjoxODAwMDAwMDAwMDAwLCJkZWxldGUiOjE4MDAwMDAwMDAwMDAsInJlYWQiOjMwMDAwMDAwMDAwMCwidXBkYXRlIjoxODAwMDAwMDAwMDAwfX0=",
          "dependencies": [
            "module.farms.azurerm_resource_group.testfarm"
          ]
        }
      ]
    },
    {
      "module": "module.farms[\"West Central US\"]",
      "mode": "managed",
      "type": "azurerm_linux_virtual_machine",
      "name": "farm",
      "provider": "provider[\"registry.terraform.io/hashicorp/azurerm\"]",
      "instances": [
        {
          "index_key": 0,
          "schema_version": 0,
          "attributes": {
            "additional_capabilities": [],
            "admin_password": null,
            "admin_ssh_key": [
              {
                "public_key": "ssh-rsa AAAAB3NzaC1yc2EAAAADAQABAAABAQDIX3pqSVNa2cBOBTmKJTKBABquP5CJarL8sTiOGSDhK9rKTN3PplUX9HAMk2yu2CTr6xUHpB8cj/jSD60dLhcvSTHxOW4kMQmHONr4zhD55Th1zG115wpp+Jf0ZNN+L+zWKQVT2kKuWSVeb4Rd3ftVvrfgEg/jDd2BjAN6K6i5/tX21PbDhTuppgnP8c7Vo7cjc7ded2B8sSZkU4BepFely4Un9rvUZzfXiygQN78qtzNfwqV9WPT4T79r/2TvchLh/F2wSlH0aaUsqrlEz5uqpiKROchPOzqkic6ARki+vtBse4oDlyA1Kkt79+8RwVWA6tv7B1WWpXuGrZJ9eBhN root@28cc2261df86\n",
                "username": "adminuser"
              }
            ],
            "admin_username": "adminuser",
            "allow_extension_operations": true,
            "availability_set_id": "",
            "boot_diagnostics": [],
            "computer_name": "farm-0",
            "custom_data": null,
            "dedicated_host_id": "",
            "disable_password_authentication": true,
            "encryption_at_host_enabled": false,
            "eviction_policy": "",
            "extensions_time_budget": "PT1H30M",
            "id": "/subscriptions/cb6e76ee-ca24-47b5-aedb-b843871af8d1/resourceGroups/testfarm-resourceswestcentralus/providers/Microsoft.Compute/virtualMachines/farm-0",
            "identity": [],
            "location": "westcentralus",
            "max_bid_price": -1,
            "name": "farm-0",
            "network_interface_ids": [
              "/subscriptions/cb6e76ee-ca24-47b5-aedb-b843871af8d1/resourceGroups/testfarm-resourceswestcentralus/providers/Microsoft.Network/networkInterfaces/testfarm-nic-0"
            ],
            "os_disk": [
              {
                "caching": "ReadWrite",
                "diff_disk_settings": [],
                "disk_encryption_set_id": "",
                "disk_size_gb": 30,
                "name": "farm-0_OsDisk_1_2c21465c74134a4ba5d3cb3e41bdfcd8",
                "storage_account_type": "Standard_LRS",
                "write_accelerator_enabled": false
              }
            ],
            "plan": [],
            "priority": "Regular",
            "private_ip_address": "10.0.2.4",
            "private_ip_addresses": [
              "10.0.2.4"
            ],
            "provision_vm_agent": true,
            "proximity_placement_group_id": "",
            "public_ip_address": "13.77.206.220",
            "public_ip_addresses": [
              "13.77.206.220"
            ],
            "resource_group_name": "testfarm-resourceswestcentralus",
            "secret": [],
            "size": "Standard_D2s_v3",
            "source_image_id": "",
            "source_image_reference": [
              {
                "offer": "UbuntuServer",
                "publisher": "Canonical",
                "sku": "18.04-LTS",
                "version": "latest"
              }
            ],
            "tags": {},
            "timeouts": null,
            "virtual_machine_id": "e82d4814-fbf7-4f35-9af1-376a23341c21",
            "virtual_machine_scale_set_id": "",
            "zone": ""
          },
          "sensitive_attributes": [],
          "private": "eyJlMmJmYjczMC1lY2FhLTExZTYtOGY4OC0zNDM2M2JjN2M0YzAiOnsiY3JlYXRlIjoyNzAwMDAwMDAwMDAwLCJkZWxldGUiOjI3MDAwMDAwMDAwMDAsInJlYWQiOjMwMDAwMDAwMDAwMCwidXBkYXRlIjoyNzAwMDAwMDAwMDAwfX0=",
          "dependencies": [
            "module.farms.azurerm_network_interface.farm",
            "module.farms.azurerm_public_ip.farm_publicip",
            "module.farms.azurerm_resource_group.testfarm",
            "module.farms.azurerm_subnet.internal",
            "module.farms.azurerm_virtual_network.testfarm"
          ]
        },
        {
          "index_key": 1,
          "schema_version": 0,
          "attributes": {
            "additional_capabilities": [],
            "admin_password": null,
            "admin_ssh_key": [
              {
                "public_key": "ssh-rsa AAAAB3NzaC1yc2EAAAADAQABAAABAQDIX3pqSVNa2cBOBTmKJTKBABquP5CJarL8sTiOGSDhK9rKTN3PplUX9HAMk2yu2CTr6xUHpB8cj/jSD60dLhcvSTHxOW4kMQmHONr4zhD55Th1zG115wpp+Jf0ZNN+L+zWKQVT2kKuWSVeb4Rd3ftVvrfgEg/jDd2BjAN6K6i5/tX21PbDhTuppgnP8c7Vo7cjc7ded2B8sSZkU4BepFely4Un9rvUZzfXiygQN78qtzNfwqV9WPT4T79r/2TvchLh/F2wSlH0aaUsqrlEz5uqpiKROchPOzqkic6ARki+vtBse4oDlyA1Kkt79+8RwVWA6tv7B1WWpXuGrZJ9eBhN root@28cc2261df86\n",
                "username": "adminuser"
              }
            ],
            "admin_username": "adminuser",
            "allow_extension_operations": true,
            "availability_set_id": "",
            "boot_diagnostics": [],
            "computer_name": "farm-1",
            "custom_data": null,
            "dedicated_host_id": "",
            "disable_password_authentication": true,
            "encryption_at_host_enabled": false,
            "eviction_policy": "",
            "extensions_time_budget": "PT1H30M",
            "id": "/subscriptions/cb6e76ee-ca24-47b5-aedb-b843871af8d1/resourceGroups/testfarm-resourceswestcentralus/providers/Microsoft.Compute/virtualMachines/farm-1",
            "identity": [],
            "location": "westcentralus",
            "max_bid_price": -1,
            "name": "farm-1",
            "network_interface_ids": [
              "/subscriptions/cb6e76ee-ca24-47b5-aedb-b843871af8d1/resourceGroups/testfarm-resourceswestcentralus/providers/Microsoft.Network/networkInterfaces/testfarm-nic-1"
            ],
            "os_disk": [
              {
                "caching": "ReadWrite",
                "diff_disk_settings": [],
                "disk_encryption_set_id": "",
                "disk_size_gb": 30,
                "name": "farm-1_OsDisk_1_5f1757d8a361470290dcb6932ccb1e7b",
                "storage_account_type": "Standard_LRS",
                "write_accelerator_enabled": false
              }
            ],
            "plan": [],
            "priority": "Regular",
            "private_ip_address": "10.0.2.5",
            "private_ip_addresses": [
              "10.0.2.5"
            ],
            "provision_vm_agent": true,
            "proximity_placement_group_id": "",
            "public_ip_address": "13.78.141.134",
            "public_ip_addresses": [
              "13.78.141.134"
            ],
            "resource_group_name": "testfarm-resourceswestcentralus",
            "secret": [],
            "size": "Standard_D2s_v3",
            "source_image_id": "",
            "source_image_reference": [
              {
                "offer": "UbuntuServer",
                "publisher": "Canonical",
                "sku": "18.04-LTS",
                "version": "latest"
              }
            ],
            "tags": {},
            "timeouts": null,
            "virtual_machine_id": "f3909219-f199-46b8-80bf-f6707b53027f",
            "virtual_machine_scale_set_id": "",
            "zone": ""
          },
          "sensitive_attributes": [],
          "private": "eyJlMmJmYjczMC1lY2FhLTExZTYtOGY4OC0zNDM2M2JjN2M0YzAiOnsiY3JlYXRlIjoyNzAwMDAwMDAwMDAwLCJkZWxldGUiOjI3MDAwMDAwMDAwMDAsInJlYWQiOjMwMDAwMDAwMDAwMCwidXBkYXRlIjoyNzAwMDAwMDAwMDAwfX0=",
          "dependencies": [
            "module.farms.azurerm_network_interface.farm",
            "module.farms.azurerm_public_ip.farm_publicip",
            "module.farms.azurerm_resource_group.testfarm",
            "module.farms.azurerm_subnet.internal",
            "module.farms.azurerm_virtual_network.testfarm"
          ]
        },
        {
          "index_key": 2,
          "schema_version": 0,
          "attributes": {
            "additional_capabilities": [],
            "admin_password": null,
            "admin_ssh_key": [
              {
                "public_key": "ssh-rsa AAAAB3NzaC1yc2EAAAADAQABAAABAQDIX3pqSVNa2cBOBTmKJTKBABquP5CJarL8sTiOGSDhK9rKTN3PplUX9HAMk2yu2CTr6xUHpB8cj/jSD60dLhcvSTHxOW4kMQmHONr4zhD55Th1zG115wpp+Jf0ZNN+L+zWKQVT2kKuWSVeb4Rd3ftVvrfgEg/jDd2BjAN6K6i5/tX21PbDhTuppgnP8c7Vo7cjc7ded2B8sSZkU4BepFely4Un9rvUZzfXiygQN78qtzNfwqV9WPT4T79r/2TvchLh/F2wSlH0aaUsqrlEz5uqpiKROchPOzqkic6ARki+vtBse4oDlyA1Kkt79+8RwVWA6tv7B1WWpXuGrZJ9eBhN root@28cc2261df86\n",
                "username": "adminuser"
              }
            ],
            "admin_username": "adminuser",
            "allow_extension_operations": true,
            "availability_set_id": "",
            "boot_diagnostics": [],
            "computer_name": "farm-2",
            "custom_data": null,
            "dedicated_host_id": "",
            "disable_password_authentication": true,
            "encryption_at_host_enabled": false,
            "eviction_policy": "",
            "extensions_time_budget": "PT1H30M",
            "id": "/subscriptions/cb6e76ee-ca24-47b5-aedb-b843871af8d1/resourceGroups/testfarm-resourceswestcentralus/providers/Microsoft.Compute/virtualMachines/farm-2",
            "identity": [],
            "location": "westcentralus",
            "max_bid_price": -1,
            "name": "farm-2",
            "network_interface_ids": [
              "/subscriptions/cb6e76ee-ca24-47b5-aedb-b843871af8d1/resourceGroups/testfarm-resourceswestcentralus/providers/Microsoft.Network/networkInterfaces/testfarm-nic-2"
            ],
            "os_disk": [
              {
                "caching": "ReadWrite",
                "diff_disk_settings": [],
                "disk_encryption_set_id": "",
                "disk_size_gb": 30,
                "name": "farm-2_OsDisk_1_f1e297f96c564fc4bd106ec1dcedcc14",
                "storage_account_type": "Standard_LRS",
                "write_accelerator_enabled": false
              }
            ],
            "plan": [],
            "priority": "Regular",
            "private_ip_address": "10.0.2.8",
            "private_ip_addresses": [
              "10.0.2.8"
            ],
            "provision_vm_agent": true,
            "proximity_placement_group_id": "",
            "public_ip_address": "13.77.205.111",
            "public_ip_addresses": [
              "13.77.205.111"
            ],
            "resource_group_name": "testfarm-resourceswestcentralus",
            "secret": [],
            "size": "Standard_D2s_v3",
            "source_image_id": "",
            "source_image_reference": [
              {
                "offer": "UbuntuServer",
                "publisher": "Canonical",
                "sku": "18.04-LTS",
                "version": "latest"
              }
            ],
            "tags": {},
            "timeouts": null,
            "virtual_machine_id": "f9832c04-afef-4869-ad4b-410cc330ab0e",
            "virtual_machine_scale_set_id": "",
            "zone": ""
          },
          "sensitive_attributes": [],
          "private": "eyJlMmJmYjczMC1lY2FhLTExZTYtOGY4OC0zNDM2M2JjN2M0YzAiOnsiY3JlYXRlIjoyNzAwMDAwMDAwMDAwLCJkZWxldGUiOjI3MDAwMDAwMDAwMDAsInJlYWQiOjMwMDAwMDAwMDAwMCwidXBkYXRlIjoyNzAwMDAwMDAwMDAwfX0=",
          "dependencies": [
            "module.farms.azurerm_network_interface.farm",
            "module.farms.azurerm_public_ip.farm_publicip",
            "module.farms.azurerm_resource_group.testfarm",
            "module.farms.azurerm_subnet.internal",
            "module.farms.azurerm_virtual_network.testfarm"
          ]
        },
        {
          "index_key": 3,
          "schema_version": 0,
          "attributes": {
            "additional_capabilities": [],
            "admin_password": null,
            "admin_ssh_key": [
              {
                "public_key": "ssh-rsa AAAAB3NzaC1yc2EAAAADAQABAAABAQDIX3pqSVNa2cBOBTmKJTKBABquP5CJarL8sTiOGSDhK9rKTN3PplUX9HAMk2yu2CTr6xUHpB8cj/jSD60dLhcvSTHxOW4kMQmHONr4zhD55Th1zG115wpp+Jf0ZNN+L+zWKQVT2kKuWSVeb4Rd3ftVvrfgEg/jDd2BjAN6K6i5/tX21PbDhTuppgnP8c7Vo7cjc7ded2B8sSZkU4BepFely4Un9rvUZzfXiygQN78qtzNfwqV9WPT4T79r/2TvchLh/F2wSlH0aaUsqrlEz5uqpiKROchPOzqkic6ARki+vtBse4oDlyA1Kkt79+8RwVWA6tv7B1WWpXuGrZJ9eBhN root@28cc2261df86\n",
                "username": "adminuser"
              }
            ],
            "admin_username": "adminuser",
            "allow_extension_operations": true,
            "availability_set_id": "",
            "boot_diagnostics": [],
            "computer_name": "farm-3",
            "custom_data": null,
            "dedicated_host_id": "",
            "disable_password_authentication": true,
            "encryption_at_host_enabled": false,
            "eviction_policy": "",
            "extensions_time_budget": "PT1H30M",
            "id": "/subscriptions/cb6e76ee-ca24-47b5-aedb-b843871af8d1/resourceGroups/testfarm-resourceswestcentralus/providers/Microsoft.Compute/virtualMachines/farm-3",
            "identity": [],
            "location": "westcentralus",
            "max_bid_price": -1,
            "name": "farm-3",
            "network_interface_ids": [
              "/subscriptions/cb6e76ee-ca24-47b5-aedb-b843871af8d1/resourceGroups/testfarm-resourceswestcentralus/providers/Microsoft.Network/networkInterfaces/testfarm-nic-3"
            ],
            "os_disk": [
              {
                "caching": "ReadWrite",
                "diff_disk_settings": [],
                "disk_encryption_set_id": "",
                "disk_size_gb": 30,
                "name": "farm-3_OsDisk_1_3c76f00627ad4c978bc6805c7b766ddd",
                "storage_account_type": "Standard_LRS",
                "write_accelerator_enabled": false
              }
            ],
            "plan": [],
            "priority": "Regular",
            "private_ip_address": "10.0.2.6",
            "private_ip_addresses": [
              "10.0.2.6"
            ],
            "provision_vm_agent": true,
            "proximity_placement_group_id": "",
            "public_ip_address": "13.78.228.247",
            "public_ip_addresses": [
              "13.78.228.247"
            ],
            "resource_group_name": "testfarm-resourceswestcentralus",
            "secret": [],
            "size": "Standard_D2s_v3",
            "source_image_id": "",
            "source_image_reference": [
              {
                "offer": "UbuntuServer",
                "publisher": "Canonical",
                "sku": "18.04-LTS",
                "version": "latest"
              }
            ],
            "tags": {},
            "timeouts": null,
            "virtual_machine_id": "76447ce6-84b8-469a-97a1-37bc3589b301",
            "virtual_machine_scale_set_id": "",
            "zone": ""
          },
          "sensitive_attributes": [],
          "private": "eyJlMmJmYjczMC1lY2FhLTExZTYtOGY4OC0zNDM2M2JjN2M0YzAiOnsiY3JlYXRlIjoyNzAwMDAwMDAwMDAwLCJkZWxldGUiOjI3MDAwMDAwMDAwMDAsInJlYWQiOjMwMDAwMDAwMDAwMCwidXBkYXRlIjoyNzAwMDAwMDAwMDAwfX0=",
          "dependencies": [
            "module.farms.azurerm_network_interface.farm",
            "module.farms.azurerm_public_ip.farm_publicip",
            "module.farms.azurerm_resource_group.testfarm",
            "module.farms.azurerm_subnet.internal",
            "module.farms.azurerm_virtual_network.testfarm"
          ]
        },
        {
          "index_key": 4,
          "schema_version": 0,
          "attributes": {
            "additional_capabilities": [],
            "admin_password": null,
            "admin_ssh_key": [
              {
                "public_key": "ssh-rsa AAAAB3NzaC1yc2EAAAADAQABAAABAQDIX3pqSVNa2cBOBTmKJTKBABquP5CJarL8sTiOGSDhK9rKTN3PplUX9HAMk2yu2CTr6xUHpB8cj/jSD60dLhcvSTHxOW4kMQmHONr4zhD55Th1zG115wpp+Jf0ZNN+L+zWKQVT2kKuWSVeb4Rd3ftVvrfgEg/jDd2BjAN6K6i5/tX21PbDhTuppgnP8c7Vo7cjc7ded2B8sSZkU4BepFely4Un9rvUZzfXiygQN78qtzNfwqV9WPT4T79r/2TvchLh/F2wSlH0aaUsqrlEz5uqpiKROchPOzqkic6ARki+vtBse4oDlyA1Kkt79+8RwVWA6tv7B1WWpXuGrZJ9eBhN root@28cc2261df86\n",
                "username": "adminuser"
              }
            ],
            "admin_username": "adminuser",
            "allow_extension_operations": true,
            "availability_set_id": "",
            "boot_diagnostics": [],
            "computer_name": "farm-4",
            "custom_data": null,
            "dedicated_host_id": "",
            "disable_password_authentication": true,
            "encryption_at_host_enabled": false,
            "eviction_policy": "",
            "extensions_time_budget": "PT1H30M",
            "id": "/subscriptions/cb6e76ee-ca24-47b5-aedb-b843871af8d1/resourceGroups/testfarm-resourceswestcentralus/providers/Microsoft.Compute/virtualMachines/farm-4",
            "identity": [],
            "location": "westcentralus",
            "max_bid_price": -1,
            "name": "farm-4",
            "network_interface_ids": [
              "/subscriptions/cb6e76ee-ca24-47b5-aedb-b843871af8d1/resourceGroups/testfarm-resourceswestcentralus/providers/Microsoft.Network/networkInterfaces/testfarm-nic-4"
            ],
            "os_disk": [
              {
                "caching": "ReadWrite",
                "diff_disk_settings": [],
                "disk_encryption_set_id": "",
                "disk_size_gb": 30,
                "name": "farm-4_OsDisk_1_211a75ef04714b86ad6443b28fad7187",
                "storage_account_type": "Standard_LRS",
                "write_accelerator_enabled": false
              }
            ],
            "plan": [],
            "priority": "Regular",
            "private_ip_address": "10.0.2.7",
            "private_ip_addresses": [
              "10.0.2.7"
            ],
            "provision_vm_agent": true,
            "proximity_placement_group_id": "",
            "public_ip_address": "52.161.102.65",
            "public_ip_addresses": [
              "52.161.102.65"
            ],
            "resource_group_name": "testfarm-resourceswestcentralus",
            "secret": [],
            "size": "Standard_D2s_v3",
            "source_image_id": "",
            "source_image_reference": [
              {
                "offer": "UbuntuServer",
                "publisher": "Canonical",
                "sku": "18.04-LTS",
                "version": "latest"
              }
            ],
            "tags": {},
            "timeouts": null,
            "virtual_machine_id": "bce52ea9-e665-4f1c-b987-87dc439ccbe8",
            "virtual_machine_scale_set_id": "",
            "zone": ""
          },
          "sensitive_attributes": [],
          "private": "eyJlMmJmYjczMC1lY2FhLTExZTYtOGY4OC0zNDM2M2JjN2M0YzAiOnsiY3JlYXRlIjoyNzAwMDAwMDAwMDAwLCJkZWxldGUiOjI3MDAwMDAwMDAwMDAsInJlYWQiOjMwMDAwMDAwMDAwMCwidXBkYXRlIjoyNzAwMDAwMDAwMDAwfX0=",
          "dependencies": [
            "module.farms.azurerm_network_interface.farm",
            "module.farms.azurerm_public_ip.farm_publicip",
            "module.farms.azurerm_resource_group.testfarm",
            "module.farms.azurerm_subnet.internal",
            "module.farms.azurerm_virtual_network.testfarm"
          ]
        }
      ]
    },
    {
      "module": "module.farms[\"West Central US\"]",
      "mode": "managed",
      "type": "azurerm_network_interface",
      "name": "farm",
      "provider": "provider[\"registry.terraform.io/hashicorp/azurerm\"]",
      "instances": [
        {
          "index_key": 0,
          "schema_version": 0,
          "attributes": {
            "applied_dns_servers": [],
            "dns_servers": [],
            "enable_accelerated_networking": false,
            "enable_ip_forwarding": false,
            "id": "/subscriptions/cb6e76ee-ca24-47b5-aedb-b843871af8d1/resourceGroups/testfarm-resourceswestcentralus/providers/Microsoft.Network/networkInterfaces/testfarm-nic-0",
            "internal_dns_name_label": "",
            "internal_domain_name_suffix": "kcwpe12vs3rebeckfothlf5akh.yx.internal.cloudapp.net",
            "ip_configuration": [
              {
                "name": "testconfiguration1",
                "primary": true,
                "private_ip_address": "10.0.2.4",
                "private_ip_address_allocation": "Dynamic",
                "private_ip_address_version": "IPv4",
                "public_ip_address_id": "/subscriptions/cb6e76ee-ca24-47b5-aedb-b843871af8d1/resourceGroups/testfarm-resourceswestcentralus/providers/Microsoft.Network/publicIPAddresses/FarmPublicIp-0",
                "subnet_id": "/subscriptions/cb6e76ee-ca24-47b5-aedb-b843871af8d1/resourceGroups/testfarm-resourceswestcentralus/providers/Microsoft.Network/virtualNetworks/testfarm-network-westcentralus/subnets/internal-westcentralus"
              }
            ],
            "location": "westcentralus",
            "mac_address": "00-22-48-5D-89-9E",
            "name": "testfarm-nic-0",
            "private_ip_address": "10.0.2.4",
            "private_ip_addresses": [
              "10.0.2.4"
            ],
            "resource_group_name": "testfarm-resourceswestcentralus",
            "tags": {},
            "timeouts": null,
            "virtual_machine_id": "/subscriptions/cb6e76ee-ca24-47b5-aedb-b843871af8d1/resourceGroups/testfarm-resourceswestcentralus/providers/Microsoft.Compute/virtualMachines/farm-0"
          },
          "sensitive_attributes": [],
          "private": "eyJlMmJmYjczMC1lY2FhLTExZTYtOGY4OC0zNDM2M2JjN2M0YzAiOnsiY3JlYXRlIjoxODAwMDAwMDAwMDAwLCJkZWxldGUiOjE4MDAwMDAwMDAwMDAsInJlYWQiOjMwMDAwMDAwMDAwMCwidXBkYXRlIjoxODAwMDAwMDAwMDAwfX0=",
          "dependencies": [
            "module.farms.azurerm_public_ip.farm_publicip",
            "module.farms.azurerm_resource_group.testfarm",
            "module.farms.azurerm_subnet.internal",
            "module.farms.azurerm_virtual_network.testfarm"
          ]
        },
        {
          "index_key": 1,
          "schema_version": 0,
          "attributes": {
            "applied_dns_servers": [],
            "dns_servers": [],
            "enable_accelerated_networking": false,
            "enable_ip_forwarding": false,
            "id": "/subscriptions/cb6e76ee-ca24-47b5-aedb-b843871af8d1/resourceGroups/testfarm-resourceswestcentralus/providers/Microsoft.Network/networkInterfaces/testfarm-nic-1",
            "internal_dns_name_label": "",
            "internal_domain_name_suffix": "kcwpe12vs3rebeckfothlf5akh.yx.internal.cloudapp.net",
            "ip_configuration": [
              {
                "name": "testconfiguration1",
                "primary": true,
                "private_ip_address": "10.0.2.5",
                "private_ip_address_allocation": "Dynamic",
                "private_ip_address_version": "IPv4",
                "public_ip_address_id": "/subscriptions/cb6e76ee-ca24-47b5-aedb-b843871af8d1/resourceGroups/testfarm-resourceswestcentralus/providers/Microsoft.Network/publicIPAddresses/FarmPublicIp-1",
                "subnet_id": "/subscriptions/cb6e76ee-ca24-47b5-aedb-b843871af8d1/resourceGroups/testfarm-resourceswestcentralus/providers/Microsoft.Network/virtualNetworks/testfarm-network-westcentralus/subnets/internal-westcentralus"
              }
            ],
            "location": "westcentralus",
            "mac_address": "00-22-48-5D-89-C0",
            "name": "testfarm-nic-1",
            "private_ip_address": "10.0.2.5",
            "private_ip_addresses": [
              "10.0.2.5"
            ],
            "resource_group_name": "testfarm-resourceswestcentralus",
            "tags": {},
            "timeouts": null,
            "virtual_machine_id": "/subscriptions/cb6e76ee-ca24-47b5-aedb-b843871af8d1/resourceGroups/testfarm-resourceswestcentralus/providers/Microsoft.Compute/virtualMachines/farm-1"
          },
          "sensitive_attributes": [],
          "private": "eyJlMmJmYjczMC1lY2FhLTExZTYtOGY4OC0zNDM2M2JjN2M0YzAiOnsiY3JlYXRlIjoxODAwMDAwMDAwMDAwLCJkZWxldGUiOjE4MDAwMDAwMDAwMDAsInJlYWQiOjMwMDAwMDAwMDAwMCwidXBkYXRlIjoxODAwMDAwMDAwMDAwfX0=",
          "dependencies": [
            "module.farms.azurerm_public_ip.farm_publicip",
            "module.farms.azurerm_resource_group.testfarm",
            "module.farms.azurerm_subnet.internal",
            "module.farms.azurerm_virtual_network.testfarm"
          ]
        },
        {
          "index_key": 2,
          "schema_version": 0,
          "attributes": {
            "applied_dns_servers": [],
            "dns_servers": [],
            "enable_accelerated_networking": false,
            "enable_ip_forwarding": false,
            "id": "/subscriptions/cb6e76ee-ca24-47b5-aedb-b843871af8d1/resourceGroups/testfarm-resourceswestcentralus/providers/Microsoft.Network/networkInterfaces/testfarm-nic-2",
            "internal_dns_name_label": "",
            "internal_domain_name_suffix": "kcwpe12vs3rebeckfothlf5akh.yx.internal.cloudapp.net",
            "ip_configuration": [
              {
                "name": "testconfiguration1",
                "primary": true,
                "private_ip_address": "10.0.2.8",
                "private_ip_address_allocation": "Dynamic",
                "private_ip_address_version": "IPv4",
                "public_ip_address_id": "/subscriptions/cb6e76ee-ca24-47b5-aedb-b843871af8d1/resourceGroups/testfarm-resourceswestcentralus/providers/Microsoft.Network/publicIPAddresses/FarmPublicIp-2",
                "subnet_id": "/subscriptions/cb6e76ee-ca24-47b5-aedb-b843871af8d1/resourceGroups/testfarm-resourceswestcentralus/providers/Microsoft.Network/virtualNetworks/testfarm-network-westcentralus/subnets/internal-westcentralus"
              }
            ],
            "location": "westcentralus",
            "mac_address": "00-22-48-5D-84-5C",
            "name": "testfarm-nic-2",
            "private_ip_address": "10.0.2.8",
            "private_ip_addresses": [
              "10.0.2.8"
            ],
            "resource_group_name": "testfarm-resourceswestcentralus",
            "tags": {},
            "timeouts": null,
            "virtual_machine_id": "/subscriptions/cb6e76ee-ca24-47b5-aedb-b843871af8d1/resourceGroups/testfarm-resourceswestcentralus/providers/Microsoft.Compute/virtualMachines/farm-2"
          },
          "sensitive_attributes": [],
          "private": "eyJlMmJmYjczMC1lY2FhLTExZTYtOGY4OC0zNDM2M2JjN2M0YzAiOnsiY3JlYXRlIjoxODAwMDAwMDAwMDAwLCJkZWxldGUiOjE4MDAwMDAwMDAwMDAsInJlYWQiOjMwMDAwMDAwMDAwMCwidXBkYXRlIjoxODAwMDAwMDAwMDAwfX0=",
          "dependencies": [
            "module.farms.azurerm_public_ip.farm_publicip",
            "module.farms.azurerm_resource_group.testfarm",
            "module.farms.azurerm_subnet.internal",
            "module.farms.azurerm_virtual_network.testfarm"
          ]
        },
        {
          "index_key": 3,
          "schema_version": 0,
          "attributes": {
            "applied_dns_servers": [],
            "dns_servers": [],
            "enable_accelerated_networking": false,
            "enable_ip_forwarding": false,
            "id": "/subscriptions/cb6e76ee-ca24-47b5-aedb-b843871af8d1/resourceGroups/testfarm-resourceswestcentralus/providers/Microsoft.Network/networkInterfaces/testfarm-nic-3",
            "internal_dns_name_label": "",
            "internal_domain_name_suffix": "kcwpe12vs3rebeckfothlf5akh.yx.internal.cloudapp.net",
            "ip_configuration": [
              {
                "name": "testconfiguration1",
                "primary": true,
                "private_ip_address": "10.0.2.6",
                "private_ip_address_allocation": "Dynamic",
                "private_ip_address_version": "IPv4",
                "public_ip_address_id": "/subscriptions/cb6e76ee-ca24-47b5-aedb-b843871af8d1/resourceGroups/testfarm-resourceswestcentralus/providers/Microsoft.Network/publicIPAddresses/FarmPublicIp-3",
                "subnet_id": "/subscriptions/cb6e76ee-ca24-47b5-aedb-b843871af8d1/resourceGroups/testfarm-resourceswestcentralus/providers/Microsoft.Network/virtualNetworks/testfarm-network-westcentralus/subnets/internal-westcentralus"
              }
            ],
            "location": "westcentralus",
            "mac_address": "00-22-48-5E-3E-43",
            "name": "testfarm-nic-3",
            "private_ip_address": "10.0.2.6",
            "private_ip_addresses": [
              "10.0.2.6"
            ],
            "resource_group_name": "testfarm-resourceswestcentralus",
            "tags": {},
            "timeouts": null,
            "virtual_machine_id": "/subscriptions/cb6e76ee-ca24-47b5-aedb-b843871af8d1/resourceGroups/testfarm-resourceswestcentralus/providers/Microsoft.Compute/virtualMachines/farm-3"
          },
          "sensitive_attributes": [],
          "private": "eyJlMmJmYjczMC1lY2FhLTExZTYtOGY4OC0zNDM2M2JjN2M0YzAiOnsiY3JlYXRlIjoxODAwMDAwMDAwMDAwLCJkZWxldGUiOjE4MDAwMDAwMDAwMDAsInJlYWQiOjMwMDAwMDAwMDAwMCwidXBkYXRlIjoxODAwMDAwMDAwMDAwfX0=",
          "dependencies": [
            "module.farms.azurerm_public_ip.farm_publicip",
            "module.farms.azurerm_resource_group.testfarm",
            "module.farms.azurerm_subnet.internal",
            "module.farms.azurerm_virtual_network.testfarm"
          ]
        },
        {
          "index_key": 4,
          "schema_version": 0,
          "attributes": {
            "applied_dns_servers": [],
            "dns_servers": [],
            "enable_accelerated_networking": false,
            "enable_ip_forwarding": false,
            "id": "/subscriptions/cb6e76ee-ca24-47b5-aedb-b843871af8d1/resourceGroups/testfarm-resourceswestcentralus/providers/Microsoft.Network/networkInterfaces/testfarm-nic-4",
            "internal_dns_name_label": "",
            "internal_domain_name_suffix": "kcwpe12vs3rebeckfothlf5akh.yx.internal.cloudapp.net",
            "ip_configuration": [
              {
                "name": "testconfiguration1",
                "primary": true,
                "private_ip_address": "10.0.2.7",
                "private_ip_address_allocation": "Dynamic",
                "private_ip_address_version": "IPv4",
                "public_ip_address_id": "/subscriptions/cb6e76ee-ca24-47b5-aedb-b843871af8d1/resourceGroups/testfarm-resourceswestcentralus/providers/Microsoft.Network/publicIPAddresses/FarmPublicIp-4",
                "subnet_id": "/subscriptions/cb6e76ee-ca24-47b5-aedb-b843871af8d1/resourceGroups/testfarm-resourceswestcentralus/providers/Microsoft.Network/virtualNetworks/testfarm-network-westcentralus/subnets/internal-westcentralus"
              }
            ],
            "location": "westcentralus",
            "mac_address": "00-22-48-5D-BD-1D",
            "name": "testfarm-nic-4",
            "private_ip_address": "10.0.2.7",
            "private_ip_addresses": [
              "10.0.2.7"
            ],
            "resource_group_name": "testfarm-resourceswestcentralus",
            "tags": {},
            "timeouts": null,
            "virtual_machine_id": "/subscriptions/cb6e76ee-ca24-47b5-aedb-b843871af8d1/resourceGroups/testfarm-resourceswestcentralus/providers/Microsoft.Compute/virtualMachines/farm-4"
          },
          "sensitive_attributes": [],
          "private": "eyJlMmJmYjczMC1lY2FhLTExZTYtOGY4OC0zNDM2M2JjN2M0YzAiOnsiY3JlYXRlIjoxODAwMDAwMDAwMDAwLCJkZWxldGUiOjE4MDAwMDAwMDAwMDAsInJlYWQiOjMwMDAwMDAwMDAwMCwidXBkYXRlIjoxODAwMDAwMDAwMDAwfX0=",
          "dependencies": [
            "module.farms.azurerm_public_ip.farm_publicip",
            "module.farms.azurerm_resource_group.testfarm",
            "module.farms.azurerm_subnet.internal",
            "module.farms.azurerm_virtual_network.testfarm"
          ]
        }
      ]
    },
    {
      "module": "module.farms[\"West Central US\"]",
      "mode": "managed",
      "type": "azurerm_public_ip",
      "name": "farm_publicip",
      "provider": "provider[\"registry.terraform.io/hashicorp/azurerm\"]",
      "instances": [
        {
          "index_key": 0,
          "schema_version": 0,
          "attributes": {
            "allocation_method": "Dynamic",
            "domain_name_label": null,
            "fqdn": null,
            "id": "/subscriptions/cb6e76ee-ca24-47b5-aedb-b843871af8d1/resourceGroups/testfarm-resourceswestcentralus/providers/Microsoft.Network/publicIPAddresses/FarmPublicIp-0",
            "idle_timeout_in_minutes": 4,
            "ip_address": "13.77.206.220",
            "ip_version": "IPv4",
            "location": "westcentralus",
            "name": "FarmPublicIp-0",
            "public_ip_prefix_id": null,
            "resource_group_name": "testfarm-resourceswestcentralus",
            "reverse_fqdn": null,
            "sku": "Basic",
            "tags": {
              "environment": "farm"
            },
            "timeouts": null,
            "zones": []
          },
          "sensitive_attributes": [],
          "private": "eyJlMmJmYjczMC1lY2FhLTExZTYtOGY4OC0zNDM2M2JjN2M0YzAiOnsiY3JlYXRlIjoxODAwMDAwMDAwMDAwLCJkZWxldGUiOjE4MDAwMDAwMDAwMDAsInJlYWQiOjMwMDAwMDAwMDAwMCwidXBkYXRlIjoxODAwMDAwMDAwMDAwfX0=",
          "dependencies": [
            "module.farms.azurerm_resource_group.testfarm"
          ]
        },
        {
          "index_key": 1,
          "schema_version": 0,
          "attributes": {
            "allocation_method": "Dynamic",
            "domain_name_label": null,
            "fqdn": null,
            "id": "/subscriptions/cb6e76ee-ca24-47b5-aedb-b843871af8d1/resourceGroups/testfarm-resourceswestcentralus/providers/Microsoft.Network/publicIPAddresses/FarmPublicIp-1",
            "idle_timeout_in_minutes": 4,
            "ip_address": "13.78.141.134",
            "ip_version": "IPv4",
            "location": "westcentralus",
            "name": "FarmPublicIp-1",
            "public_ip_prefix_id": null,
            "resource_group_name": "testfarm-resourceswestcentralus",
            "reverse_fqdn": null,
            "sku": "Basic",
            "tags": {
              "environment": "farm"
            },
            "timeouts": null,
            "zones": []
          },
          "sensitive_attributes": [],
          "private": "eyJlMmJmYjczMC1lY2FhLTExZTYtOGY4OC0zNDM2M2JjN2M0YzAiOnsiY3JlYXRlIjoxODAwMDAwMDAwMDAwLCJkZWxldGUiOjE4MDAwMDAwMDAwMDAsInJlYWQiOjMwMDAwMDAwMDAwMCwidXBkYXRlIjoxODAwMDAwMDAwMDAwfX0=",
          "dependencies": [
            "module.farms.azurerm_resource_group.testfarm"
          ]
        },
        {
          "index_key": 2,
          "schema_version": 0,
          "attributes": {
            "allocation_method": "Dynamic",
            "domain_name_label": null,
            "fqdn": null,
            "id": "/subscriptions/cb6e76ee-ca24-47b5-aedb-b843871af8d1/resourceGroups/testfarm-resourceswestcentralus/providers/Microsoft.Network/publicIPAddresses/FarmPublicIp-2",
            "idle_timeout_in_minutes": 4,
            "ip_address": "13.77.205.111",
            "ip_version": "IPv4",
            "location": "westcentralus",
            "name": "FarmPublicIp-2",
            "public_ip_prefix_id": null,
            "resource_group_name": "testfarm-resourceswestcentralus",
            "reverse_fqdn": null,
            "sku": "Basic",
            "tags": {
              "environment": "farm"
            },
            "timeouts": null,
            "zones": []
          },
          "sensitive_attributes": [],
          "private": "eyJlMmJmYjczMC1lY2FhLTExZTYtOGY4OC0zNDM2M2JjN2M0YzAiOnsiY3JlYXRlIjoxODAwMDAwMDAwMDAwLCJkZWxldGUiOjE4MDAwMDAwMDAwMDAsInJlYWQiOjMwMDAwMDAwMDAwMCwidXBkYXRlIjoxODAwMDAwMDAwMDAwfX0=",
          "dependencies": [
            "module.farms.azurerm_resource_group.testfarm"
          ]
        },
        {
          "index_key": 3,
          "schema_version": 0,
          "attributes": {
            "allocation_method": "Dynamic",
            "domain_name_label": null,
            "fqdn": null,
            "id": "/subscriptions/cb6e76ee-ca24-47b5-aedb-b843871af8d1/resourceGroups/testfarm-resourceswestcentralus/providers/Microsoft.Network/publicIPAddresses/FarmPublicIp-3",
            "idle_timeout_in_minutes": 4,
            "ip_address": "13.78.228.247",
            "ip_version": "IPv4",
            "location": "westcentralus",
            "name": "FarmPublicIp-3",
            "public_ip_prefix_id": null,
            "resource_group_name": "testfarm-resourceswestcentralus",
            "reverse_fqdn": null,
            "sku": "Basic",
            "tags": {
              "environment": "farm"
            },
            "timeouts": null,
            "zones": []
          },
          "sensitive_attributes": [],
          "private": "eyJlMmJmYjczMC1lY2FhLTExZTYtOGY4OC0zNDM2M2JjN2M0YzAiOnsiY3JlYXRlIjoxODAwMDAwMDAwMDAwLCJkZWxldGUiOjE4MDAwMDAwMDAwMDAsInJlYWQiOjMwMDAwMDAwMDAwMCwidXBkYXRlIjoxODAwMDAwMDAwMDAwfX0=",
          "dependencies": [
            "module.farms.azurerm_resource_group.testfarm"
          ]
        },
        {
          "index_key": 4,
          "schema_version": 0,
          "attributes": {
            "allocation_method": "Dynamic",
            "domain_name_label": null,
            "fqdn": null,
            "id": "/subscriptions/cb6e76ee-ca24-47b5-aedb-b843871af8d1/resourceGroups/testfarm-resourceswestcentralus/providers/Microsoft.Network/publicIPAddresses/FarmPublicIp-4",
            "idle_timeout_in_minutes": 4,
            "ip_address": "52.161.102.65",
            "ip_version": "IPv4",
            "location": "westcentralus",
            "name": "FarmPublicIp-4",
            "public_ip_prefix_id": null,
            "resource_group_name": "testfarm-resourceswestcentralus",
            "reverse_fqdn": null,
            "sku": "Basic",
            "tags": {
              "environment": "farm"
            },
            "timeouts": null,
            "zones": []
          },
          "sensitive_attributes": [],
          "private": "eyJlMmJmYjczMC1lY2FhLTExZTYtOGY4OC0zNDM2M2JjN2M0YzAiOnsiY3JlYXRlIjoxODAwMDAwMDAwMDAwLCJkZWxldGUiOjE4MDAwMDAwMDAwMDAsInJlYWQiOjMwMDAwMDAwMDAwMCwidXBkYXRlIjoxODAwMDAwMDAwMDAwfX0=",
          "dependencies": [
            "module.farms.azurerm_resource_group.testfarm"
          ]
        }
      ]
    },
    {
      "module": "module.farms[\"West Central US\"]",
      "mode": "managed",
      "type": "azurerm_resource_group",
      "name": "testfarm",
      "provider": "provider[\"registry.terraform.io/hashicorp/azurerm\"]",
      "instances": [
        {
          "schema_version": 0,
          "attributes": {
            "id": "/subscriptions/cb6e76ee-ca24-47b5-aedb-b843871af8d1/resourceGroups/testfarm-resourceswestcentralus",
            "location": "westcentralus",
            "name": "testfarm-resourceswestcentralus",
            "tags": {},
            "timeouts": null
          },
          "sensitive_attributes": [],
          "private": "eyJlMmJmYjczMC1lY2FhLTExZTYtOGY4OC0zNDM2M2JjN2M0YzAiOnsiY3JlYXRlIjo1NDAwMDAwMDAwMDAwLCJkZWxldGUiOjU0MDAwMDAwMDAwMDAsInJlYWQiOjMwMDAwMDAwMDAwMCwidXBkYXRlIjo1NDAwMDAwMDAwMDAwfX0="
        }
      ]
    },
    {
      "module": "module.farms[\"West Central US\"]",
      "mode": "managed",
      "type": "azurerm_subnet",
      "name": "internal",
      "provider": "provider[\"registry.terraform.io/hashicorp/azurerm\"]",
      "instances": [
        {
          "schema_version": 0,
          "attributes": {
            "address_prefix": "10.0.2.0/24",
            "address_prefixes": [
              "10.0.2.0/24"
            ],
            "delegation": [],
            "enforce_private_link_endpoint_network_policies": false,
            "enforce_private_link_service_network_policies": false,
            "id": "/subscriptions/cb6e76ee-ca24-47b5-aedb-b843871af8d1/resourceGroups/testfarm-resourceswestcentralus/providers/Microsoft.Network/virtualNetworks/testfarm-network-westcentralus/subnets/internal-westcentralus",
            "name": "internal-westcentralus",
            "resource_group_name": "testfarm-resourceswestcentralus",
            "service_endpoint_policy_ids": [],
            "service_endpoints": [],
            "timeouts": null,
            "virtual_network_name": "testfarm-network-westcentralus"
          },
          "sensitive_attributes": [],
          "private": "eyJlMmJmYjczMC1lY2FhLTExZTYtOGY4OC0zNDM2M2JjN2M0YzAiOnsiY3JlYXRlIjoxODAwMDAwMDAwMDAwLCJkZWxldGUiOjE4MDAwMDAwMDAwMDAsInJlYWQiOjMwMDAwMDAwMDAwMCwidXBkYXRlIjoxODAwMDAwMDAwMDAwfX0=",
          "dependencies": [
            "module.farms.azurerm_resource_group.testfarm",
            "module.farms.azurerm_virtual_network.testfarm"
          ]
        }
      ]
    },
    {
      "module": "module.farms[\"West Central US\"]",
      "mode": "managed",
      "type": "azurerm_virtual_network",
      "name": "testfarm",
      "provider": "provider[\"registry.terraform.io/hashicorp/azurerm\"]",
      "instances": [
        {
          "schema_version": 0,
          "attributes": {
            "address_space": [
              "10.0.0.0/16"
            ],
            "bgp_community": "",
            "ddos_protection_plan": [],
            "dns_servers": [],
            "guid": "6ff2ac50-9795-4062-904a-2ba67597e057",
            "id": "/subscriptions/cb6e76ee-ca24-47b5-aedb-b843871af8d1/resourceGroups/testfarm-resourceswestcentralus/providers/Microsoft.Network/virtualNetworks/testfarm-network-westcentralus",
            "location": "westcentralus",
            "name": "testfarm-network-westcentralus",
            "resource_group_name": "testfarm-resourceswestcentralus",
            "subnet": [
              {
                "address_prefix": "10.0.2.0/24",
                "id": "/subscriptions/cb6e76ee-ca24-47b5-aedb-b843871af8d1/resourceGroups/testfarm-resourceswestcentralus/providers/Microsoft.Network/virtualNetworks/testfarm-network-westcentralus/subnets/internal-westcentralus",
                "name": "internal-westcentralus",
                "security_group": ""
              }
            ],
            "tags": {},
            "timeouts": null,
            "vm_protection_enabled": false
          },
          "sensitive_attributes": [],
          "private": "eyJlMmJmYjczMC1lY2FhLTExZTYtOGY4OC0zNDM2M2JjN2M0YzAiOnsiY3JlYXRlIjoxODAwMDAwMDAwMDAwLCJkZWxldGUiOjE4MDAwMDAwMDAwMDAsInJlYWQiOjMwMDAwMDAwMDAwMCwidXBkYXRlIjoxODAwMDAwMDAwMDAwfX0=",
          "dependencies": [
            "module.farms.azurerm_resource_group.testfarm"
          ]
        }
      ]
    },
    {
      "module": "module.farms[\"West Europe\"]",
      "mode": "managed",
      "type": "azurerm_linux_virtual_machine",
      "name": "farm",
      "provider": "provider[\"registry.terraform.io/hashicorp/azurerm\"]",
      "instances": [
        {
          "index_key": 0,
          "schema_version": 0,
          "attributes": {
            "additional_capabilities": [],
            "admin_password": null,
            "admin_ssh_key": [
              {
                "public_key": "ssh-rsa AAAAB3NzaC1yc2EAAAADAQABAAABAQDIX3pqSVNa2cBOBTmKJTKBABquP5CJarL8sTiOGSDhK9rKTN3PplUX9HAMk2yu2CTr6xUHpB8cj/jSD60dLhcvSTHxOW4kMQmHONr4zhD55Th1zG115wpp+Jf0ZNN+L+zWKQVT2kKuWSVeb4Rd3ftVvrfgEg/jDd2BjAN6K6i5/tX21PbDhTuppgnP8c7Vo7cjc7ded2B8sSZkU4BepFely4Un9rvUZzfXiygQN78qtzNfwqV9WPT4T79r/2TvchLh/F2wSlH0aaUsqrlEz5uqpiKROchPOzqkic6ARki+vtBse4oDlyA1Kkt79+8RwVWA6tv7B1WWpXuGrZJ9eBhN root@28cc2261df86\n",
                "username": "adminuser"
              }
            ],
            "admin_username": "adminuser",
            "allow_extension_operations": true,
            "availability_set_id": "",
            "boot_diagnostics": [],
            "computer_name": "farm-0",
            "custom_data": null,
            "dedicated_host_id": "",
            "disable_password_authentication": true,
            "encryption_at_host_enabled": false,
            "eviction_policy": "",
            "extensions_time_budget": "PT1H30M",
            "id": "/subscriptions/cb6e76ee-ca24-47b5-aedb-b843871af8d1/resourceGroups/testfarm-resourceswesteurope/providers/Microsoft.Compute/virtualMachines/farm-0",
            "identity": [],
            "location": "westeurope",
            "max_bid_price": -1,
            "name": "farm-0",
            "network_interface_ids": [
              "/subscriptions/cb6e76ee-ca24-47b5-aedb-b843871af8d1/resourceGroups/testfarm-resourceswesteurope/providers/Microsoft.Network/networkInterfaces/testfarm-nic-0"
            ],
            "os_disk": [
              {
                "caching": "ReadWrite",
                "diff_disk_settings": [],
                "disk_encryption_set_id": "",
                "disk_size_gb": 30,
                "name": "farm-0_OsDisk_1_1be58d7ea0c74083ba8ead5a67cbe76b",
                "storage_account_type": "Standard_LRS",
                "write_accelerator_enabled": false
              }
            ],
            "plan": [],
            "priority": "Regular",
            "private_ip_address": "10.0.2.4",
            "private_ip_addresses": [
              "10.0.2.4"
            ],
            "provision_vm_agent": true,
            "proximity_placement_group_id": "",
            "public_ip_address": "104.214.237.128",
            "public_ip_addresses": [
              "104.214.237.128"
            ],
            "resource_group_name": "testfarm-resourceswesteurope",
            "secret": [],
            "size": "Standard_D2s_v3",
            "source_image_id": "",
            "source_image_reference": [
              {
                "offer": "UbuntuServer",
                "publisher": "Canonical",
                "sku": "18.04-LTS",
                "version": "latest"
              }
            ],
            "tags": {},
            "timeouts": null,
            "virtual_machine_id": "e8db720f-9a01-4841-b0ab-2d8171394255",
            "virtual_machine_scale_set_id": "",
            "zone": ""
          },
          "sensitive_attributes": [],
          "private": "eyJlMmJmYjczMC1lY2FhLTExZTYtOGY4OC0zNDM2M2JjN2M0YzAiOnsiY3JlYXRlIjoyNzAwMDAwMDAwMDAwLCJkZWxldGUiOjI3MDAwMDAwMDAwMDAsInJlYWQiOjMwMDAwMDAwMDAwMCwidXBkYXRlIjoyNzAwMDAwMDAwMDAwfX0=",
          "dependencies": [
            "module.farms.azurerm_network_interface.farm",
            "module.farms.azurerm_public_ip.farm_publicip",
            "module.farms.azurerm_resource_group.testfarm",
            "module.farms.azurerm_subnet.internal",
            "module.farms.azurerm_virtual_network.testfarm"
          ]
        },
        {
          "index_key": 1,
          "schema_version": 0,
          "attributes": {
            "additional_capabilities": [],
            "admin_password": null,
            "admin_ssh_key": [
              {
                "public_key": "ssh-rsa AAAAB3NzaC1yc2EAAAADAQABAAABAQDIX3pqSVNa2cBOBTmKJTKBABquP5CJarL8sTiOGSDhK9rKTN3PplUX9HAMk2yu2CTr6xUHpB8cj/jSD60dLhcvSTHxOW4kMQmHONr4zhD55Th1zG115wpp+Jf0ZNN+L+zWKQVT2kKuWSVeb4Rd3ftVvrfgEg/jDd2BjAN6K6i5/tX21PbDhTuppgnP8c7Vo7cjc7ded2B8sSZkU4BepFely4Un9rvUZzfXiygQN78qtzNfwqV9WPT4T79r/2TvchLh/F2wSlH0aaUsqrlEz5uqpiKROchPOzqkic6ARki+vtBse4oDlyA1Kkt79+8RwVWA6tv7B1WWpXuGrZJ9eBhN root@28cc2261df86\n",
                "username": "adminuser"
              }
            ],
            "admin_username": "adminuser",
            "allow_extension_operations": true,
            "availability_set_id": "",
            "boot_diagnostics": [],
            "computer_name": "farm-1",
            "custom_data": null,
            "dedicated_host_id": "",
            "disable_password_authentication": true,
            "encryption_at_host_enabled": false,
            "eviction_policy": "",
            "extensions_time_budget": "PT1H30M",
            "id": "/subscriptions/cb6e76ee-ca24-47b5-aedb-b843871af8d1/resourceGroups/testfarm-resourceswesteurope/providers/Microsoft.Compute/virtualMachines/farm-1",
            "identity": [],
            "location": "westeurope",
            "max_bid_price": -1,
            "name": "farm-1",
            "network_interface_ids": [
              "/subscriptions/cb6e76ee-ca24-47b5-aedb-b843871af8d1/resourceGroups/testfarm-resourceswesteurope/providers/Microsoft.Network/networkInterfaces/testfarm-nic-1"
            ],
            "os_disk": [
              {
                "caching": "ReadWrite",
                "diff_disk_settings": [],
                "disk_encryption_set_id": "",
                "disk_size_gb": 30,
                "name": "farm-1_OsDisk_1_046bac3022b94a518c322cf5998d150d",
                "storage_account_type": "Standard_LRS",
                "write_accelerator_enabled": false
              }
            ],
            "plan": [],
            "priority": "Regular",
            "private_ip_address": "10.0.2.5",
            "private_ip_addresses": [
              "10.0.2.5"
            ],
            "provision_vm_agent": true,
            "proximity_placement_group_id": "",
            "public_ip_address": "13.94.227.241",
            "public_ip_addresses": [
              "13.94.227.241"
            ],
            "resource_group_name": "testfarm-resourceswesteurope",
            "secret": [],
            "size": "Standard_D2s_v3",
            "source_image_id": "",
            "source_image_reference": [
              {
                "offer": "UbuntuServer",
                "publisher": "Canonical",
                "sku": "18.04-LTS",
                "version": "latest"
              }
            ],
            "tags": {},
            "timeouts": null,
            "virtual_machine_id": "0966b9d3-1789-4148-96cc-66391970b36b",
            "virtual_machine_scale_set_id": "",
            "zone": ""
          },
          "sensitive_attributes": [],
          "private": "eyJlMmJmYjczMC1lY2FhLTExZTYtOGY4OC0zNDM2M2JjN2M0YzAiOnsiY3JlYXRlIjoyNzAwMDAwMDAwMDAwLCJkZWxldGUiOjI3MDAwMDAwMDAwMDAsInJlYWQiOjMwMDAwMDAwMDAwMCwidXBkYXRlIjoyNzAwMDAwMDAwMDAwfX0=",
          "dependencies": [
            "module.farms.azurerm_network_interface.farm",
            "module.farms.azurerm_public_ip.farm_publicip",
            "module.farms.azurerm_resource_group.testfarm",
            "module.farms.azurerm_subnet.internal",
            "module.farms.azurerm_virtual_network.testfarm"
          ]
        },
        {
          "index_key": 2,
          "schema_version": 0,
          "attributes": {
            "additional_capabilities": [],
            "admin_password": null,
            "admin_ssh_key": [
              {
                "public_key": "ssh-rsa AAAAB3NzaC1yc2EAAAADAQABAAABAQDIX3pqSVNa2cBOBTmKJTKBABquP5CJarL8sTiOGSDhK9rKTN3PplUX9HAMk2yu2CTr6xUHpB8cj/jSD60dLhcvSTHxOW4kMQmHONr4zhD55Th1zG115wpp+Jf0ZNN+L+zWKQVT2kKuWSVeb4Rd3ftVvrfgEg/jDd2BjAN6K6i5/tX21PbDhTuppgnP8c7Vo7cjc7ded2B8sSZkU4BepFely4Un9rvUZzfXiygQN78qtzNfwqV9WPT4T79r/2TvchLh/F2wSlH0aaUsqrlEz5uqpiKROchPOzqkic6ARki+vtBse4oDlyA1Kkt79+8RwVWA6tv7B1WWpXuGrZJ9eBhN root@28cc2261df86\n",
                "username": "adminuser"
              }
            ],
            "admin_username": "adminuser",
            "allow_extension_operations": true,
            "availability_set_id": "",
            "boot_diagnostics": [],
            "computer_name": "farm-2",
            "custom_data": null,
            "dedicated_host_id": "",
            "disable_password_authentication": true,
            "encryption_at_host_enabled": false,
            "eviction_policy": "",
            "extensions_time_budget": "PT1H30M",
            "id": "/subscriptions/cb6e76ee-ca24-47b5-aedb-b843871af8d1/resourceGroups/testfarm-resourceswesteurope/providers/Microsoft.Compute/virtualMachines/farm-2",
            "identity": [],
            "location": "westeurope",
            "max_bid_price": -1,
            "name": "farm-2",
            "network_interface_ids": [
              "/subscriptions/cb6e76ee-ca24-47b5-aedb-b843871af8d1/resourceGroups/testfarm-resourceswesteurope/providers/Microsoft.Network/networkInterfaces/testfarm-nic-2"
            ],
            "os_disk": [
              {
                "caching": "ReadWrite",
                "diff_disk_settings": [],
                "disk_encryption_set_id": "",
                "disk_size_gb": 30,
                "name": "farm-2_OsDisk_1_b5dd89d94a954fada444ff2bb81b1fd8",
                "storage_account_type": "Standard_LRS",
                "write_accelerator_enabled": false
              }
            ],
            "plan": [],
            "priority": "Regular",
            "private_ip_address": "10.0.2.8",
            "private_ip_addresses": [
              "10.0.2.8"
            ],
            "provision_vm_agent": true,
            "proximity_placement_group_id": "",
            "public_ip_address": "40.91.200.246",
            "public_ip_addresses": [
              "40.91.200.246"
            ],
            "resource_group_name": "testfarm-resourceswesteurope",
            "secret": [],
            "size": "Standard_D2s_v3",
            "source_image_id": "",
            "source_image_reference": [
              {
                "offer": "UbuntuServer",
                "publisher": "Canonical",
                "sku": "18.04-LTS",
                "version": "latest"
              }
            ],
            "tags": {},
            "timeouts": null,
            "virtual_machine_id": "f3b4cadf-83f5-4429-8fda-d79ed3706e54",
            "virtual_machine_scale_set_id": "",
            "zone": ""
          },
          "sensitive_attributes": [],
          "private": "eyJlMmJmYjczMC1lY2FhLTExZTYtOGY4OC0zNDM2M2JjN2M0YzAiOnsiY3JlYXRlIjoyNzAwMDAwMDAwMDAwLCJkZWxldGUiOjI3MDAwMDAwMDAwMDAsInJlYWQiOjMwMDAwMDAwMDAwMCwidXBkYXRlIjoyNzAwMDAwMDAwMDAwfX0=",
          "dependencies": [
            "module.farms.azurerm_network_interface.farm",
            "module.farms.azurerm_public_ip.farm_publicip",
            "module.farms.azurerm_resource_group.testfarm",
            "module.farms.azurerm_subnet.internal",
            "module.farms.azurerm_virtual_network.testfarm"
          ]
        },
        {
          "index_key": 3,
          "schema_version": 0,
          "attributes": {
            "additional_capabilities": [],
            "admin_password": null,
            "admin_ssh_key": [
              {
                "public_key": "ssh-rsa AAAAB3NzaC1yc2EAAAADAQABAAABAQDIX3pqSVNa2cBOBTmKJTKBABquP5CJarL8sTiOGSDhK9rKTN3PplUX9HAMk2yu2CTr6xUHpB8cj/jSD60dLhcvSTHxOW4kMQmHONr4zhD55Th1zG115wpp+Jf0ZNN+L+zWKQVT2kKuWSVeb4Rd3ftVvrfgEg/jDd2BjAN6K6i5/tX21PbDhTuppgnP8c7Vo7cjc7ded2B8sSZkU4BepFely4Un9rvUZzfXiygQN78qtzNfwqV9WPT4T79r/2TvchLh/F2wSlH0aaUsqrlEz5uqpiKROchPOzqkic6ARki+vtBse4oDlyA1Kkt79+8RwVWA6tv7B1WWpXuGrZJ9eBhN root@28cc2261df86\n",
                "username": "adminuser"
              }
            ],
            "admin_username": "adminuser",
            "allow_extension_operations": true,
            "availability_set_id": "",
            "boot_diagnostics": [],
            "computer_name": "farm-3",
            "custom_data": null,
            "dedicated_host_id": "",
            "disable_password_authentication": true,
            "encryption_at_host_enabled": false,
            "eviction_policy": "",
            "extensions_time_budget": "PT1H30M",
            "id": "/subscriptions/cb6e76ee-ca24-47b5-aedb-b843871af8d1/resourceGroups/testfarm-resourceswesteurope/providers/Microsoft.Compute/virtualMachines/farm-3",
            "identity": [],
            "location": "westeurope",
            "max_bid_price": -1,
            "name": "farm-3",
            "network_interface_ids": [
              "/subscriptions/cb6e76ee-ca24-47b5-aedb-b843871af8d1/resourceGroups/testfarm-resourceswesteurope/providers/Microsoft.Network/networkInterfaces/testfarm-nic-3"
            ],
            "os_disk": [
              {
                "caching": "ReadWrite",
                "diff_disk_settings": [],
                "disk_encryption_set_id": "",
                "disk_size_gb": 30,
                "name": "farm-3_OsDisk_1_e280916de3644197965a802689258bb6",
                "storage_account_type": "Standard_LRS",
                "write_accelerator_enabled": false
              }
            ],
            "plan": [],
            "priority": "Regular",
            "private_ip_address": "10.0.2.6",
            "private_ip_addresses": [
              "10.0.2.6"
            ],
            "provision_vm_agent": true,
            "proximity_placement_group_id": "",
            "public_ip_address": "51.144.95.77",
            "public_ip_addresses": [
              "51.144.95.77"
            ],
            "resource_group_name": "testfarm-resourceswesteurope",
            "secret": [],
            "size": "Standard_D2s_v3",
            "source_image_id": "",
            "source_image_reference": [
              {
                "offer": "UbuntuServer",
                "publisher": "Canonical",
                "sku": "18.04-LTS",
                "version": "latest"
              }
            ],
            "tags": {},
            "timeouts": null,
            "virtual_machine_id": "5cb53fc7-bda0-4221-9f93-31af13f354f3",
            "virtual_machine_scale_set_id": "",
            "zone": ""
          },
          "sensitive_attributes": [],
          "private": "eyJlMmJmYjczMC1lY2FhLTExZTYtOGY4OC0zNDM2M2JjN2M0YzAiOnsiY3JlYXRlIjoyNzAwMDAwMDAwMDAwLCJkZWxldGUiOjI3MDAwMDAwMDAwMDAsInJlYWQiOjMwMDAwMDAwMDAwMCwidXBkYXRlIjoyNzAwMDAwMDAwMDAwfX0=",
          "dependencies": [
            "module.farms.azurerm_network_interface.farm",
            "module.farms.azurerm_public_ip.farm_publicip",
            "module.farms.azurerm_resource_group.testfarm",
            "module.farms.azurerm_subnet.internal",
            "module.farms.azurerm_virtual_network.testfarm"
          ]
        },
        {
          "index_key": 4,
          "schema_version": 0,
          "attributes": {
            "additional_capabilities": [],
            "admin_password": null,
            "admin_ssh_key": [
              {
                "public_key": "ssh-rsa AAAAB3NzaC1yc2EAAAADAQABAAABAQDIX3pqSVNa2cBOBTmKJTKBABquP5CJarL8sTiOGSDhK9rKTN3PplUX9HAMk2yu2CTr6xUHpB8cj/jSD60dLhcvSTHxOW4kMQmHONr4zhD55Th1zG115wpp+Jf0ZNN+L+zWKQVT2kKuWSVeb4Rd3ftVvrfgEg/jDd2BjAN6K6i5/tX21PbDhTuppgnP8c7Vo7cjc7ded2B8sSZkU4BepFely4Un9rvUZzfXiygQN78qtzNfwqV9WPT4T79r/2TvchLh/F2wSlH0aaUsqrlEz5uqpiKROchPOzqkic6ARki+vtBse4oDlyA1Kkt79+8RwVWA6tv7B1WWpXuGrZJ9eBhN root@28cc2261df86\n",
                "username": "adminuser"
              }
            ],
            "admin_username": "adminuser",
            "allow_extension_operations": true,
            "availability_set_id": "",
            "boot_diagnostics": [],
            "computer_name": "farm-4",
            "custom_data": null,
            "dedicated_host_id": "",
            "disable_password_authentication": true,
            "encryption_at_host_enabled": false,
            "eviction_policy": "",
            "extensions_time_budget": "PT1H30M",
            "id": "/subscriptions/cb6e76ee-ca24-47b5-aedb-b843871af8d1/resourceGroups/testfarm-resourceswesteurope/providers/Microsoft.Compute/virtualMachines/farm-4",
            "identity": [],
            "location": "westeurope",
            "max_bid_price": -1,
            "name": "farm-4",
            "network_interface_ids": [
              "/subscriptions/cb6e76ee-ca24-47b5-aedb-b843871af8d1/resourceGroups/testfarm-resourceswesteurope/providers/Microsoft.Network/networkInterfaces/testfarm-nic-4"
            ],
            "os_disk": [
              {
                "caching": "ReadWrite",
                "diff_disk_settings": [],
                "disk_encryption_set_id": "",
                "disk_size_gb": 30,
                "name": "farm-4_OsDisk_1_c72cdcf90b05408185419c7ef14382d2",
                "storage_account_type": "Standard_LRS",
                "write_accelerator_enabled": false
              }
            ],
            "plan": [],
            "priority": "Regular",
            "private_ip_address": "10.0.2.7",
            "private_ip_addresses": [
              "10.0.2.7"
            ],
            "provision_vm_agent": true,
            "proximity_placement_group_id": "",
            "public_ip_address": "23.100.10.109",
            "public_ip_addresses": [
              "23.100.10.109"
            ],
            "resource_group_name": "testfarm-resourceswesteurope",
            "secret": [],
            "size": "Standard_D2s_v3",
            "source_image_id": "",
            "source_image_reference": [
              {
                "offer": "UbuntuServer",
                "publisher": "Canonical",
                "sku": "18.04-LTS",
                "version": "latest"
              }
            ],
            "tags": {},
            "timeouts": null,
            "virtual_machine_id": "a18b62dc-0ee2-4026-a533-45ee431261f8",
            "virtual_machine_scale_set_id": "",
            "zone": ""
          },
          "sensitive_attributes": [],
          "private": "eyJlMmJmYjczMC1lY2FhLTExZTYtOGY4OC0zNDM2M2JjN2M0YzAiOnsiY3JlYXRlIjoyNzAwMDAwMDAwMDAwLCJkZWxldGUiOjI3MDAwMDAwMDAwMDAsInJlYWQiOjMwMDAwMDAwMDAwMCwidXBkYXRlIjoyNzAwMDAwMDAwMDAwfX0=",
          "dependencies": [
            "module.farms.azurerm_network_interface.farm",
            "module.farms.azurerm_public_ip.farm_publicip",
            "module.farms.azurerm_resource_group.testfarm",
            "module.farms.azurerm_subnet.internal",
            "module.farms.azurerm_virtual_network.testfarm"
          ]
        }
      ]
    },
    {
      "module": "module.farms[\"West Europe\"]",
      "mode": "managed",
      "type": "azurerm_network_interface",
      "name": "farm",
      "provider": "provider[\"registry.terraform.io/hashicorp/azurerm\"]",
      "instances": [
        {
          "index_key": 0,
          "schema_version": 0,
          "attributes": {
            "applied_dns_servers": [],
            "dns_servers": [],
            "enable_accelerated_networking": false,
            "enable_ip_forwarding": false,
            "id": "/subscriptions/cb6e76ee-ca24-47b5-aedb-b843871af8d1/resourceGroups/testfarm-resourceswesteurope/providers/Microsoft.Network/networkInterfaces/testfarm-nic-0",
            "internal_dns_name_label": "",
            "internal_domain_name_suffix": "1gld5ff22mvuznnkqlcpi0n0ga.ax.internal.cloudapp.net",
            "ip_configuration": [
              {
                "name": "testconfiguration1",
                "primary": true,
                "private_ip_address": "10.0.2.4",
                "private_ip_address_allocation": "Dynamic",
                "private_ip_address_version": "IPv4",
                "public_ip_address_id": "/subscriptions/cb6e76ee-ca24-47b5-aedb-b843871af8d1/resourceGroups/testfarm-resourceswesteurope/providers/Microsoft.Network/publicIPAddresses/FarmPublicIp-0",
                "subnet_id": "/subscriptions/cb6e76ee-ca24-47b5-aedb-b843871af8d1/resourceGroups/testfarm-resourceswesteurope/providers/Microsoft.Network/virtualNetworks/testfarm-network-westeurope/subnets/internal-westeurope"
              }
            ],
            "location": "westeurope",
            "mac_address": "00-0D-3A-2A-C1-F4",
            "name": "testfarm-nic-0",
            "private_ip_address": "10.0.2.4",
            "private_ip_addresses": [
              "10.0.2.4"
            ],
            "resource_group_name": "testfarm-resourceswesteurope",
            "tags": {},
            "timeouts": null,
            "virtual_machine_id": "/subscriptions/cb6e76ee-ca24-47b5-aedb-b843871af8d1/resourceGroups/testfarm-resourceswesteurope/providers/Microsoft.Compute/virtualMachines/farm-0"
          },
          "sensitive_attributes": [],
          "private": "eyJlMmJmYjczMC1lY2FhLTExZTYtOGY4OC0zNDM2M2JjN2M0YzAiOnsiY3JlYXRlIjoxODAwMDAwMDAwMDAwLCJkZWxldGUiOjE4MDAwMDAwMDAwMDAsInJlYWQiOjMwMDAwMDAwMDAwMCwidXBkYXRlIjoxODAwMDAwMDAwMDAwfX0=",
          "dependencies": [
            "module.farms.azurerm_public_ip.farm_publicip",
            "module.farms.azurerm_resource_group.testfarm",
            "module.farms.azurerm_subnet.internal",
            "module.farms.azurerm_virtual_network.testfarm"
          ]
        },
        {
          "index_key": 1,
          "schema_version": 0,
          "attributes": {
            "applied_dns_servers": [],
            "dns_servers": [],
            "enable_accelerated_networking": false,
            "enable_ip_forwarding": false,
            "id": "/subscriptions/cb6e76ee-ca24-47b5-aedb-b843871af8d1/resourceGroups/testfarm-resourceswesteurope/providers/Microsoft.Network/networkInterfaces/testfarm-nic-1",
            "internal_dns_name_label": "",
            "internal_domain_name_suffix": "1gld5ff22mvuznnkqlcpi0n0ga.ax.internal.cloudapp.net",
            "ip_configuration": [
              {
                "name": "testconfiguration1",
                "primary": true,
                "private_ip_address": "10.0.2.5",
                "private_ip_address_allocation": "Dynamic",
                "private_ip_address_version": "IPv4",
                "public_ip_address_id": "/subscriptions/cb6e76ee-ca24-47b5-aedb-b843871af8d1/resourceGroups/testfarm-resourceswesteurope/providers/Microsoft.Network/publicIPAddresses/FarmPublicIp-1",
                "subnet_id": "/subscriptions/cb6e76ee-ca24-47b5-aedb-b843871af8d1/resourceGroups/testfarm-resourceswesteurope/providers/Microsoft.Network/virtualNetworks/testfarm-network-westeurope/subnets/internal-westeurope"
              }
            ],
            "location": "westeurope",
            "mac_address": "00-0D-3A-29-C3-2B",
            "name": "testfarm-nic-1",
            "private_ip_address": "10.0.2.5",
            "private_ip_addresses": [
              "10.0.2.5"
            ],
            "resource_group_name": "testfarm-resourceswesteurope",
            "tags": {},
            "timeouts": null,
            "virtual_machine_id": "/subscriptions/cb6e76ee-ca24-47b5-aedb-b843871af8d1/resourceGroups/testfarm-resourceswesteurope/providers/Microsoft.Compute/virtualMachines/farm-1"
          },
          "sensitive_attributes": [],
          "private": "eyJlMmJmYjczMC1lY2FhLTExZTYtOGY4OC0zNDM2M2JjN2M0YzAiOnsiY3JlYXRlIjoxODAwMDAwMDAwMDAwLCJkZWxldGUiOjE4MDAwMDAwMDAwMDAsInJlYWQiOjMwMDAwMDAwMDAwMCwidXBkYXRlIjoxODAwMDAwMDAwMDAwfX0=",
          "dependencies": [
            "module.farms.azurerm_public_ip.farm_publicip",
            "module.farms.azurerm_resource_group.testfarm",
            "module.farms.azurerm_subnet.internal",
            "module.farms.azurerm_virtual_network.testfarm"
          ]
        },
        {
          "index_key": 2,
          "schema_version": 0,
          "attributes": {
            "applied_dns_servers": [],
            "dns_servers": [],
            "enable_accelerated_networking": false,
            "enable_ip_forwarding": false,
            "id": "/subscriptions/cb6e76ee-ca24-47b5-aedb-b843871af8d1/resourceGroups/testfarm-resourceswesteurope/providers/Microsoft.Network/networkInterfaces/testfarm-nic-2",
            "internal_dns_name_label": "",
            "internal_domain_name_suffix": "1gld5ff22mvuznnkqlcpi0n0ga.ax.internal.cloudapp.net",
            "ip_configuration": [
              {
                "name": "testconfiguration1",
                "primary": true,
                "private_ip_address": "10.0.2.8",
                "private_ip_address_allocation": "Dynamic",
                "private_ip_address_version": "IPv4",
                "public_ip_address_id": "/subscriptions/cb6e76ee-ca24-47b5-aedb-b843871af8d1/resourceGroups/testfarm-resourceswesteurope/providers/Microsoft.Network/publicIPAddresses/FarmPublicIp-2",
                "subnet_id": "/subscriptions/cb6e76ee-ca24-47b5-aedb-b843871af8d1/resourceGroups/testfarm-resourceswesteurope/providers/Microsoft.Network/virtualNetworks/testfarm-network-westeurope/subnets/internal-westeurope"
              }
            ],
            "location": "westeurope",
            "mac_address": "00-0D-3A-2A-FD-76",
            "name": "testfarm-nic-2",
            "private_ip_address": "10.0.2.8",
            "private_ip_addresses": [
              "10.0.2.8"
            ],
            "resource_group_name": "testfarm-resourceswesteurope",
            "tags": {},
            "timeouts": null,
            "virtual_machine_id": "/subscriptions/cb6e76ee-ca24-47b5-aedb-b843871af8d1/resourceGroups/testfarm-resourceswesteurope/providers/Microsoft.Compute/virtualMachines/farm-2"
          },
          "sensitive_attributes": [],
          "private": "eyJlMmJmYjczMC1lY2FhLTExZTYtOGY4OC0zNDM2M2JjN2M0YzAiOnsiY3JlYXRlIjoxODAwMDAwMDAwMDAwLCJkZWxldGUiOjE4MDAwMDAwMDAwMDAsInJlYWQiOjMwMDAwMDAwMDAwMCwidXBkYXRlIjoxODAwMDAwMDAwMDAwfX0=",
          "dependencies": [
            "module.farms.azurerm_public_ip.farm_publicip",
            "module.farms.azurerm_resource_group.testfarm",
            "module.farms.azurerm_subnet.internal",
            "module.farms.azurerm_virtual_network.testfarm"
          ]
        },
        {
          "index_key": 3,
          "schema_version": 0,
          "attributes": {
            "applied_dns_servers": [],
            "dns_servers": [],
            "enable_accelerated_networking": false,
            "enable_ip_forwarding": false,
            "id": "/subscriptions/cb6e76ee-ca24-47b5-aedb-b843871af8d1/resourceGroups/testfarm-resourceswesteurope/providers/Microsoft.Network/networkInterfaces/testfarm-nic-3",
            "internal_dns_name_label": "",
            "internal_domain_name_suffix": "1gld5ff22mvuznnkqlcpi0n0ga.ax.internal.cloudapp.net",
            "ip_configuration": [
              {
                "name": "testconfiguration1",
                "primary": true,
                "private_ip_address": "10.0.2.6",
                "private_ip_address_allocation": "Dynamic",
                "private_ip_address_version": "IPv4",
                "public_ip_address_id": "/subscriptions/cb6e76ee-ca24-47b5-aedb-b843871af8d1/resourceGroups/testfarm-resourceswesteurope/providers/Microsoft.Network/publicIPAddresses/FarmPublicIp-3",
                "subnet_id": "/subscriptions/cb6e76ee-ca24-47b5-aedb-b843871af8d1/resourceGroups/testfarm-resourceswesteurope/providers/Microsoft.Network/virtualNetworks/testfarm-network-westeurope/subnets/internal-westeurope"
              }
            ],
            "location": "westeurope",
            "mac_address": "00-0D-3A-2F-F1-55",
            "name": "testfarm-nic-3",
            "private_ip_address": "10.0.2.6",
            "private_ip_addresses": [
              "10.0.2.6"
            ],
            "resource_group_name": "testfarm-resourceswesteurope",
            "tags": {},
            "timeouts": null,
            "virtual_machine_id": "/subscriptions/cb6e76ee-ca24-47b5-aedb-b843871af8d1/resourceGroups/testfarm-resourceswesteurope/providers/Microsoft.Compute/virtualMachines/farm-3"
          },
          "sensitive_attributes": [],
          "private": "eyJlMmJmYjczMC1lY2FhLTExZTYtOGY4OC0zNDM2M2JjN2M0YzAiOnsiY3JlYXRlIjoxODAwMDAwMDAwMDAwLCJkZWxldGUiOjE4MDAwMDAwMDAwMDAsInJlYWQiOjMwMDAwMDAwMDAwMCwidXBkYXRlIjoxODAwMDAwMDAwMDAwfX0=",
          "dependencies": [
            "module.farms.azurerm_public_ip.farm_publicip",
            "module.farms.azurerm_resource_group.testfarm",
            "module.farms.azurerm_subnet.internal",
            "module.farms.azurerm_virtual_network.testfarm"
          ]
        },
        {
          "index_key": 4,
          "schema_version": 0,
          "attributes": {
            "applied_dns_servers": [],
            "dns_servers": [],
            "enable_accelerated_networking": false,
            "enable_ip_forwarding": false,
            "id": "/subscriptions/cb6e76ee-ca24-47b5-aedb-b843871af8d1/resourceGroups/testfarm-resourceswesteurope/providers/Microsoft.Network/networkInterfaces/testfarm-nic-4",
            "internal_dns_name_label": "",
            "internal_domain_name_suffix": "1gld5ff22mvuznnkqlcpi0n0ga.ax.internal.cloudapp.net",
            "ip_configuration": [
              {
                "name": "testconfiguration1",
                "primary": true,
                "private_ip_address": "10.0.2.7",
                "private_ip_address_allocation": "Dynamic",
                "private_ip_address_version": "IPv4",
                "public_ip_address_id": "/subscriptions/cb6e76ee-ca24-47b5-aedb-b843871af8d1/resourceGroups/testfarm-resourceswesteurope/providers/Microsoft.Network/publicIPAddresses/FarmPublicIp-4",
                "subnet_id": "/subscriptions/cb6e76ee-ca24-47b5-aedb-b843871af8d1/resourceGroups/testfarm-resourceswesteurope/providers/Microsoft.Network/virtualNetworks/testfarm-network-westeurope/subnets/internal-westeurope"
              }
            ],
            "location": "westeurope",
            "mac_address": "00-0D-3A-29-F6-AF",
            "name": "testfarm-nic-4",
            "private_ip_address": "10.0.2.7",
            "private_ip_addresses": [
              "10.0.2.7"
            ],
            "resource_group_name": "testfarm-resourceswesteurope",
            "tags": {},
            "timeouts": null,
            "virtual_machine_id": "/subscriptions/cb6e76ee-ca24-47b5-aedb-b843871af8d1/resourceGroups/testfarm-resourceswesteurope/providers/Microsoft.Compute/virtualMachines/farm-4"
          },
          "sensitive_attributes": [],
          "private": "eyJlMmJmYjczMC1lY2FhLTExZTYtOGY4OC0zNDM2M2JjN2M0YzAiOnsiY3JlYXRlIjoxODAwMDAwMDAwMDAwLCJkZWxldGUiOjE4MDAwMDAwMDAwMDAsInJlYWQiOjMwMDAwMDAwMDAwMCwidXBkYXRlIjoxODAwMDAwMDAwMDAwfX0=",
          "dependencies": [
            "module.farms.azurerm_public_ip.farm_publicip",
            "module.farms.azurerm_resource_group.testfarm",
            "module.farms.azurerm_subnet.internal",
            "module.farms.azurerm_virtual_network.testfarm"
          ]
        }
      ]
    },
    {
      "module": "module.farms[\"West Europe\"]",
      "mode": "managed",
      "type": "azurerm_public_ip",
      "name": "farm_publicip",
      "provider": "provider[\"registry.terraform.io/hashicorp/azurerm\"]",
      "instances": [
        {
          "index_key": 0,
          "schema_version": 0,
          "attributes": {
            "allocation_method": "Dynamic",
            "domain_name_label": null,
            "fqdn": null,
            "id": "/subscriptions/cb6e76ee-ca24-47b5-aedb-b843871af8d1/resourceGroups/testfarm-resourceswesteurope/providers/Microsoft.Network/publicIPAddresses/FarmPublicIp-0",
            "idle_timeout_in_minutes": 4,
            "ip_address": "104.214.237.128",
            "ip_version": "IPv4",
            "location": "westeurope",
            "name": "FarmPublicIp-0",
            "public_ip_prefix_id": null,
            "resource_group_name": "testfarm-resourceswesteurope",
            "reverse_fqdn": null,
            "sku": "Basic",
            "tags": {
              "environment": "farm"
            },
            "timeouts": null,
            "zones": []
          },
          "sensitive_attributes": [],
          "private": "eyJlMmJmYjczMC1lY2FhLTExZTYtOGY4OC0zNDM2M2JjN2M0YzAiOnsiY3JlYXRlIjoxODAwMDAwMDAwMDAwLCJkZWxldGUiOjE4MDAwMDAwMDAwMDAsInJlYWQiOjMwMDAwMDAwMDAwMCwidXBkYXRlIjoxODAwMDAwMDAwMDAwfX0=",
          "dependencies": [
            "module.farms.azurerm_resource_group.testfarm"
          ]
        },
        {
          "index_key": 1,
          "schema_version": 0,
          "attributes": {
            "allocation_method": "Dynamic",
            "domain_name_label": null,
            "fqdn": null,
            "id": "/subscriptions/cb6e76ee-ca24-47b5-aedb-b843871af8d1/resourceGroups/testfarm-resourceswesteurope/providers/Microsoft.Network/publicIPAddresses/FarmPublicIp-1",
            "idle_timeout_in_minutes": 4,
            "ip_address": "13.94.227.241",
            "ip_version": "IPv4",
            "location": "westeurope",
            "name": "FarmPublicIp-1",
            "public_ip_prefix_id": null,
            "resource_group_name": "testfarm-resourceswesteurope",
            "reverse_fqdn": null,
            "sku": "Basic",
            "tags": {
              "environment": "farm"
            },
            "timeouts": null,
            "zones": []
          },
          "sensitive_attributes": [],
          "private": "eyJlMmJmYjczMC1lY2FhLTExZTYtOGY4OC0zNDM2M2JjN2M0YzAiOnsiY3JlYXRlIjoxODAwMDAwMDAwMDAwLCJkZWxldGUiOjE4MDAwMDAwMDAwMDAsInJlYWQiOjMwMDAwMDAwMDAwMCwidXBkYXRlIjoxODAwMDAwMDAwMDAwfX0=",
          "dependencies": [
            "module.farms.azurerm_resource_group.testfarm"
          ]
        },
        {
          "index_key": 2,
          "schema_version": 0,
          "attributes": {
            "allocation_method": "Dynamic",
            "domain_name_label": null,
            "fqdn": null,
            "id": "/subscriptions/cb6e76ee-ca24-47b5-aedb-b843871af8d1/resourceGroups/testfarm-resourceswesteurope/providers/Microsoft.Network/publicIPAddresses/FarmPublicIp-2",
            "idle_timeout_in_minutes": 4,
            "ip_address": "40.91.200.246",
            "ip_version": "IPv4",
            "location": "westeurope",
            "name": "FarmPublicIp-2",
            "public_ip_prefix_id": null,
            "resource_group_name": "testfarm-resourceswesteurope",
            "reverse_fqdn": null,
            "sku": "Basic",
            "tags": {
              "environment": "farm"
            },
            "timeouts": null,
            "zones": []
          },
          "sensitive_attributes": [],
          "private": "eyJlMmJmYjczMC1lY2FhLTExZTYtOGY4OC0zNDM2M2JjN2M0YzAiOnsiY3JlYXRlIjoxODAwMDAwMDAwMDAwLCJkZWxldGUiOjE4MDAwMDAwMDAwMDAsInJlYWQiOjMwMDAwMDAwMDAwMCwidXBkYXRlIjoxODAwMDAwMDAwMDAwfX0=",
          "dependencies": [
            "module.farms.azurerm_resource_group.testfarm"
          ]
        },
        {
          "index_key": 3,
          "schema_version": 0,
          "attributes": {
            "allocation_method": "Dynamic",
            "domain_name_label": null,
            "fqdn": null,
            "id": "/subscriptions/cb6e76ee-ca24-47b5-aedb-b843871af8d1/resourceGroups/testfarm-resourceswesteurope/providers/Microsoft.Network/publicIPAddresses/FarmPublicIp-3",
            "idle_timeout_in_minutes": 4,
            "ip_address": "51.144.95.77",
            "ip_version": "IPv4",
            "location": "westeurope",
            "name": "FarmPublicIp-3",
            "public_ip_prefix_id": null,
            "resource_group_name": "testfarm-resourceswesteurope",
            "reverse_fqdn": null,
            "sku": "Basic",
            "tags": {
              "environment": "farm"
            },
            "timeouts": null,
            "zones": []
          },
          "sensitive_attributes": [],
          "private": "eyJlMmJmYjczMC1lY2FhLTExZTYtOGY4OC0zNDM2M2JjN2M0YzAiOnsiY3JlYXRlIjoxODAwMDAwMDAwMDAwLCJkZWxldGUiOjE4MDAwMDAwMDAwMDAsInJlYWQiOjMwMDAwMDAwMDAwMCwidXBkYXRlIjoxODAwMDAwMDAwMDAwfX0=",
          "dependencies": [
            "module.farms.azurerm_resource_group.testfarm"
          ]
        },
        {
          "index_key": 4,
          "schema_version": 0,
          "attributes": {
            "allocation_method": "Dynamic",
            "domain_name_label": null,
            "fqdn": null,
            "id": "/subscriptions/cb6e76ee-ca24-47b5-aedb-b843871af8d1/resourceGroups/testfarm-resourceswesteurope/providers/Microsoft.Network/publicIPAddresses/FarmPublicIp-4",
            "idle_timeout_in_minutes": 4,
            "ip_address": "23.100.10.109",
            "ip_version": "IPv4",
            "location": "westeurope",
            "name": "FarmPublicIp-4",
            "public_ip_prefix_id": null,
            "resource_group_name": "testfarm-resourceswesteurope",
            "reverse_fqdn": null,
            "sku": "Basic",
            "tags": {
              "environment": "farm"
            },
            "timeouts": null,
            "zones": []
          },
          "sensitive_attributes": [],
          "private": "eyJlMmJmYjczMC1lY2FhLTExZTYtOGY4OC0zNDM2M2JjN2M0YzAiOnsiY3JlYXRlIjoxODAwMDAwMDAwMDAwLCJkZWxldGUiOjE4MDAwMDAwMDAwMDAsInJlYWQiOjMwMDAwMDAwMDAwMCwidXBkYXRlIjoxODAwMDAwMDAwMDAwfX0=",
          "dependencies": [
            "module.farms.azurerm_resource_group.testfarm"
          ]
        }
      ]
    },
    {
      "module": "module.farms[\"West Europe\"]",
      "mode": "managed",
      "type": "azurerm_resource_group",
      "name": "testfarm",
      "provider": "provider[\"registry.terraform.io/hashicorp/azurerm\"]",
      "instances": [
        {
          "schema_version": 0,
          "attributes": {
            "id": "/subscriptions/cb6e76ee-ca24-47b5-aedb-b843871af8d1/resourceGroups/testfarm-resourceswesteurope",
            "location": "westeurope",
            "name": "testfarm-resourceswesteurope",
            "tags": {},
            "timeouts": null
          },
          "sensitive_attributes": [],
          "private": "eyJlMmJmYjczMC1lY2FhLTExZTYtOGY4OC0zNDM2M2JjN2M0YzAiOnsiY3JlYXRlIjo1NDAwMDAwMDAwMDAwLCJkZWxldGUiOjU0MDAwMDAwMDAwMDAsInJlYWQiOjMwMDAwMDAwMDAwMCwidXBkYXRlIjo1NDAwMDAwMDAwMDAwfX0="
        }
      ]
    },
    {
      "module": "module.farms[\"West Europe\"]",
      "mode": "managed",
      "type": "azurerm_subnet",
      "name": "internal",
      "provider": "provider[\"registry.terraform.io/hashicorp/azurerm\"]",
      "instances": [
        {
          "schema_version": 0,
          "attributes": {
            "address_prefix": "10.0.2.0/24",
            "address_prefixes": [
              "10.0.2.0/24"
            ],
            "delegation": [],
            "enforce_private_link_endpoint_network_policies": false,
            "enforce_private_link_service_network_policies": false,
            "id": "/subscriptions/cb6e76ee-ca24-47b5-aedb-b843871af8d1/resourceGroups/testfarm-resourceswesteurope/providers/Microsoft.Network/virtualNetworks/testfarm-network-westeurope/subnets/internal-westeurope",
            "name": "internal-westeurope",
            "resource_group_name": "testfarm-resourceswesteurope",
            "service_endpoint_policy_ids": [],
            "service_endpoints": [],
            "timeouts": null,
            "virtual_network_name": "testfarm-network-westeurope"
          },
          "sensitive_attributes": [],
          "private": "eyJlMmJmYjczMC1lY2FhLTExZTYtOGY4OC0zNDM2M2JjN2M0YzAiOnsiY3JlYXRlIjoxODAwMDAwMDAwMDAwLCJkZWxldGUiOjE4MDAwMDAwMDAwMDAsInJlYWQiOjMwMDAwMDAwMDAwMCwidXBkYXRlIjoxODAwMDAwMDAwMDAwfX0=",
          "dependencies": [
            "module.farms.azurerm_resource_group.testfarm",
            "module.farms.azurerm_virtual_network.testfarm"
          ]
        }
      ]
    },
    {
      "module": "module.farms[\"West Europe\"]",
      "mode": "managed",
      "type": "azurerm_virtual_network",
      "name": "testfarm",
      "provider": "provider[\"registry.terraform.io/hashicorp/azurerm\"]",
      "instances": [
        {
          "schema_version": 0,
          "attributes": {
            "address_space": [
              "10.0.0.0/16"
            ],
            "bgp_community": "",
            "ddos_protection_plan": [],
            "dns_servers": [],
            "guid": "943f96d9-e3bc-4c2b-b5aa-82c4f469ba30",
            "id": "/subscriptions/cb6e76ee-ca24-47b5-aedb-b843871af8d1/resourceGroups/testfarm-resourceswesteurope/providers/Microsoft.Network/virtualNetworks/testfarm-network-westeurope",
            "location": "westeurope",
            "name": "testfarm-network-westeurope",
            "resource_group_name": "testfarm-resourceswesteurope",
            "subnet": [
              {
                "address_prefix": "10.0.2.0/24",
                "id": "/subscriptions/cb6e76ee-ca24-47b5-aedb-b843871af8d1/resourceGroups/testfarm-resourceswesteurope/providers/Microsoft.Network/virtualNetworks/testfarm-network-westeurope/subnets/internal-westeurope",
                "name": "internal-westeurope",
                "security_group": ""
              }
            ],
            "tags": {},
            "timeouts": null,
            "vm_protection_enabled": false
          },
          "sensitive_attributes": [],
          "private": "eyJlMmJmYjczMC1lY2FhLTExZTYtOGY4OC0zNDM2M2JjN2M0YzAiOnsiY3JlYXRlIjoxODAwMDAwMDAwMDAwLCJkZWxldGUiOjE4MDAwMDAwMDAwMDAsInJlYWQiOjMwMDAwMDAwMDAwMCwidXBkYXRlIjoxODAwMDAwMDAwMDAwfX0=",
          "dependencies": [
            "module.farms.azurerm_resource_group.testfarm"
          ]
        }
      ]
    },
    {
      "module": "module.farms[\"West US 2\"]",
      "mode": "managed",
      "type": "azurerm_linux_virtual_machine",
      "name": "farm",
      "provider": "provider[\"registry.terraform.io/hashicorp/azurerm\"]",
      "instances": [
        {
          "index_key": 0,
          "schema_version": 0,
          "attributes": {
            "additional_capabilities": [],
            "admin_password": null,
            "admin_ssh_key": [
              {
                "public_key": "ssh-rsa AAAAB3NzaC1yc2EAAAADAQABAAABAQDIX3pqSVNa2cBOBTmKJTKBABquP5CJarL8sTiOGSDhK9rKTN3PplUX9HAMk2yu2CTr6xUHpB8cj/jSD60dLhcvSTHxOW4kMQmHONr4zhD55Th1zG115wpp+Jf0ZNN+L+zWKQVT2kKuWSVeb4Rd3ftVvrfgEg/jDd2BjAN6K6i5/tX21PbDhTuppgnP8c7Vo7cjc7ded2B8sSZkU4BepFely4Un9rvUZzfXiygQN78qtzNfwqV9WPT4T79r/2TvchLh/F2wSlH0aaUsqrlEz5uqpiKROchPOzqkic6ARki+vtBse4oDlyA1Kkt79+8RwVWA6tv7B1WWpXuGrZJ9eBhN root@28cc2261df86\n",
                "username": "adminuser"
              }
            ],
            "admin_username": "adminuser",
            "allow_extension_operations": true,
            "availability_set_id": "",
            "boot_diagnostics": [],
            "computer_name": "farm-0",
            "custom_data": null,
            "dedicated_host_id": "",
            "disable_password_authentication": true,
            "encryption_at_host_enabled": false,
            "eviction_policy": "",
            "extensions_time_budget": "PT1H30M",
            "id": "/subscriptions/cb6e76ee-ca24-47b5-aedb-b843871af8d1/resourceGroups/testfarm-resourceswestus2/providers/Microsoft.Compute/virtualMachines/farm-0",
            "identity": [],
            "location": "westus2",
            "max_bid_price": -1,
            "name": "farm-0",
            "network_interface_ids": [
              "/subscriptions/cb6e76ee-ca24-47b5-aedb-b843871af8d1/resourceGroups/testfarm-resourceswestus2/providers/Microsoft.Network/networkInterfaces/testfarm-nic-0"
            ],
            "os_disk": [
              {
                "caching": "ReadWrite",
                "diff_disk_settings": [],
                "disk_encryption_set_id": "",
                "disk_size_gb": 30,
                "name": "farm-0_disk1_d79f0468571a4d4abfb9e4f969ff196a",
                "storage_account_type": "Standard_LRS",
                "write_accelerator_enabled": false
              }
            ],
            "plan": [],
            "priority": "Regular",
            "private_ip_address": "10.0.2.4",
            "private_ip_addresses": [
              "10.0.2.4"
            ],
            "provision_vm_agent": true,
            "proximity_placement_group_id": "",
            "public_ip_address": "13.77.137.45",
            "public_ip_addresses": [
              "13.77.137.45"
            ],
            "resource_group_name": "testfarm-resourceswestus2",
            "secret": [],
            "size": "Standard_D2s_v3",
            "source_image_id": "",
            "source_image_reference": [
              {
                "offer": "UbuntuServer",
                "publisher": "Canonical",
                "sku": "18.04-LTS",
                "version": "latest"
              }
            ],
            "tags": {},
            "timeouts": null,
            "virtual_machine_id": "0be23bac-e948-4806-9b07-e8d130b2ba97",
            "virtual_machine_scale_set_id": "",
            "zone": ""
          },
          "sensitive_attributes": [],
          "private": "eyJlMmJmYjczMC1lY2FhLTExZTYtOGY4OC0zNDM2M2JjN2M0YzAiOnsiY3JlYXRlIjoyNzAwMDAwMDAwMDAwLCJkZWxldGUiOjI3MDAwMDAwMDAwMDAsInJlYWQiOjMwMDAwMDAwMDAwMCwidXBkYXRlIjoyNzAwMDAwMDAwMDAwfX0=",
          "dependencies": [
            "module.farms.azurerm_network_interface.farm",
            "module.farms.azurerm_public_ip.farm_publicip",
            "module.farms.azurerm_resource_group.testfarm",
            "module.farms.azurerm_subnet.internal",
            "module.farms.azurerm_virtual_network.testfarm"
          ]
        },
        {
          "index_key": 1,
          "schema_version": 0,
          "attributes": {
            "additional_capabilities": [],
            "admin_password": null,
            "admin_ssh_key": [
              {
                "public_key": "ssh-rsa AAAAB3NzaC1yc2EAAAADAQABAAABAQDIX3pqSVNa2cBOBTmKJTKBABquP5CJarL8sTiOGSDhK9rKTN3PplUX9HAMk2yu2CTr6xUHpB8cj/jSD60dLhcvSTHxOW4kMQmHONr4zhD55Th1zG115wpp+Jf0ZNN+L+zWKQVT2kKuWSVeb4Rd3ftVvrfgEg/jDd2BjAN6K6i5/tX21PbDhTuppgnP8c7Vo7cjc7ded2B8sSZkU4BepFely4Un9rvUZzfXiygQN78qtzNfwqV9WPT4T79r/2TvchLh/F2wSlH0aaUsqrlEz5uqpiKROchPOzqkic6ARki+vtBse4oDlyA1Kkt79+8RwVWA6tv7B1WWpXuGrZJ9eBhN root@28cc2261df86\n",
                "username": "adminuser"
              }
            ],
            "admin_username": "adminuser",
            "allow_extension_operations": true,
            "availability_set_id": "",
            "boot_diagnostics": [],
            "computer_name": "farm-1",
            "custom_data": null,
            "dedicated_host_id": "",
            "disable_password_authentication": true,
            "encryption_at_host_enabled": false,
            "eviction_policy": "",
            "extensions_time_budget": "PT1H30M",
            "id": "/subscriptions/cb6e76ee-ca24-47b5-aedb-b843871af8d1/resourceGroups/testfarm-resourceswestus2/providers/Microsoft.Compute/virtualMachines/farm-1",
            "identity": [],
            "location": "westus2",
            "max_bid_price": -1,
            "name": "farm-1",
            "network_interface_ids": [
              "/subscriptions/cb6e76ee-ca24-47b5-aedb-b843871af8d1/resourceGroups/testfarm-resourceswestus2/providers/Microsoft.Network/networkInterfaces/testfarm-nic-1"
            ],
            "os_disk": [
              {
                "caching": "ReadWrite",
                "diff_disk_settings": [],
                "disk_encryption_set_id": "",
                "disk_size_gb": 30,
                "name": "farm-1_disk1_0dab1a4a750848acbd1d6ea52b0272b7",
                "storage_account_type": "Standard_LRS",
                "write_accelerator_enabled": false
              }
            ],
            "plan": [],
            "priority": "Regular",
            "private_ip_address": "10.0.2.5",
            "private_ip_addresses": [
              "10.0.2.5"
            ],
            "provision_vm_agent": true,
            "proximity_placement_group_id": "",
            "public_ip_address": "13.66.252.52",
            "public_ip_addresses": [
              "13.66.252.52"
            ],
            "resource_group_name": "testfarm-resourceswestus2",
            "secret": [],
            "size": "Standard_D2s_v3",
            "source_image_id": "",
            "source_image_reference": [
              {
                "offer": "UbuntuServer",
                "publisher": "Canonical",
                "sku": "18.04-LTS",
                "version": "latest"
              }
            ],
            "tags": {},
            "timeouts": null,
            "virtual_machine_id": "83ad5dde-c2f3-42c5-9ba1-4e6842d60a77",
            "virtual_machine_scale_set_id": "",
            "zone": ""
          },
          "sensitive_attributes": [],
          "private": "eyJlMmJmYjczMC1lY2FhLTExZTYtOGY4OC0zNDM2M2JjN2M0YzAiOnsiY3JlYXRlIjoyNzAwMDAwMDAwMDAwLCJkZWxldGUiOjI3MDAwMDAwMDAwMDAsInJlYWQiOjMwMDAwMDAwMDAwMCwidXBkYXRlIjoyNzAwMDAwMDAwMDAwfX0=",
          "dependencies": [
            "module.farms.azurerm_network_interface.farm",
            "module.farms.azurerm_public_ip.farm_publicip",
            "module.farms.azurerm_resource_group.testfarm",
            "module.farms.azurerm_subnet.internal",
            "module.farms.azurerm_virtual_network.testfarm"
          ]
        },
        {
          "index_key": 2,
          "schema_version": 0,
          "attributes": {
            "additional_capabilities": [],
            "admin_password": null,
            "admin_ssh_key": [
              {
                "public_key": "ssh-rsa AAAAB3NzaC1yc2EAAAADAQABAAABAQDIX3pqSVNa2cBOBTmKJTKBABquP5CJarL8sTiOGSDhK9rKTN3PplUX9HAMk2yu2CTr6xUHpB8cj/jSD60dLhcvSTHxOW4kMQmHONr4zhD55Th1zG115wpp+Jf0ZNN+L+zWKQVT2kKuWSVeb4Rd3ftVvrfgEg/jDd2BjAN6K6i5/tX21PbDhTuppgnP8c7Vo7cjc7ded2B8sSZkU4BepFely4Un9rvUZzfXiygQN78qtzNfwqV9WPT4T79r/2TvchLh/F2wSlH0aaUsqrlEz5uqpiKROchPOzqkic6ARki+vtBse4oDlyA1Kkt79+8RwVWA6tv7B1WWpXuGrZJ9eBhN root@28cc2261df86\n",
                "username": "adminuser"
              }
            ],
            "admin_username": "adminuser",
            "allow_extension_operations": true,
            "availability_set_id": "",
            "boot_diagnostics": [],
            "computer_name": "farm-2",
            "custom_data": null,
            "dedicated_host_id": "",
            "disable_password_authentication": true,
            "encryption_at_host_enabled": false,
            "eviction_policy": "",
            "extensions_time_budget": "PT1H30M",
            "id": "/subscriptions/cb6e76ee-ca24-47b5-aedb-b843871af8d1/resourceGroups/testfarm-resourceswestus2/providers/Microsoft.Compute/virtualMachines/farm-2",
            "identity": [],
            "location": "westus2",
            "max_bid_price": -1,
            "name": "farm-2",
            "network_interface_ids": [
              "/subscriptions/cb6e76ee-ca24-47b5-aedb-b843871af8d1/resourceGroups/testfarm-resourceswestus2/providers/Microsoft.Network/networkInterfaces/testfarm-nic-2"
            ],
            "os_disk": [
              {
                "caching": "ReadWrite",
                "diff_disk_settings": [],
                "disk_encryption_set_id": "",
                "disk_size_gb": 30,
                "name": "farm-2_OsDisk_1_3d8cb806344d4fd285078d3d63b4db4d",
                "storage_account_type": "Standard_LRS",
                "write_accelerator_enabled": false
              }
            ],
            "plan": [],
            "priority": "Regular",
            "private_ip_address": "10.0.2.8",
            "private_ip_addresses": [
              "10.0.2.8"
            ],
            "provision_vm_agent": true,
            "proximity_placement_group_id": "",
            "public_ip_address": "52.229.8.161",
            "public_ip_addresses": [
              "52.229.8.161"
            ],
            "resource_group_name": "testfarm-resourceswestus2",
            "secret": [],
            "size": "Standard_D2s_v3",
            "source_image_id": "",
            "source_image_reference": [
              {
                "offer": "UbuntuServer",
                "publisher": "Canonical",
                "sku": "18.04-LTS",
                "version": "latest"
              }
            ],
            "tags": {},
            "timeouts": null,
            "virtual_machine_id": "72d95c05-0396-4608-903e-bdfdffccfe6d",
            "virtual_machine_scale_set_id": "",
            "zone": ""
          },
          "sensitive_attributes": [],
          "private": "eyJlMmJmYjczMC1lY2FhLTExZTYtOGY4OC0zNDM2M2JjN2M0YzAiOnsiY3JlYXRlIjoyNzAwMDAwMDAwMDAwLCJkZWxldGUiOjI3MDAwMDAwMDAwMDAsInJlYWQiOjMwMDAwMDAwMDAwMCwidXBkYXRlIjoyNzAwMDAwMDAwMDAwfX0=",
          "dependencies": [
            "module.farms.azurerm_network_interface.farm",
            "module.farms.azurerm_public_ip.farm_publicip",
            "module.farms.azurerm_resource_group.testfarm",
            "module.farms.azurerm_subnet.internal",
            "module.farms.azurerm_virtual_network.testfarm"
          ]
        },
        {
          "index_key": 3,
          "schema_version": 0,
          "attributes": {
            "additional_capabilities": [],
            "admin_password": null,
            "admin_ssh_key": [
              {
                "public_key": "ssh-rsa AAAAB3NzaC1yc2EAAAADAQABAAABAQDIX3pqSVNa2cBOBTmKJTKBABquP5CJarL8sTiOGSDhK9rKTN3PplUX9HAMk2yu2CTr6xUHpB8cj/jSD60dLhcvSTHxOW4kMQmHONr4zhD55Th1zG115wpp+Jf0ZNN+L+zWKQVT2kKuWSVeb4Rd3ftVvrfgEg/jDd2BjAN6K6i5/tX21PbDhTuppgnP8c7Vo7cjc7ded2B8sSZkU4BepFely4Un9rvUZzfXiygQN78qtzNfwqV9WPT4T79r/2TvchLh/F2wSlH0aaUsqrlEz5uqpiKROchPOzqkic6ARki+vtBse4oDlyA1Kkt79+8RwVWA6tv7B1WWpXuGrZJ9eBhN root@28cc2261df86\n",
                "username": "adminuser"
              }
            ],
            "admin_username": "adminuser",
            "allow_extension_operations": true,
            "availability_set_id": "",
            "boot_diagnostics": [],
            "computer_name": "farm-3",
            "custom_data": null,
            "dedicated_host_id": "",
            "disable_password_authentication": true,
            "encryption_at_host_enabled": false,
            "eviction_policy": "",
            "extensions_time_budget": "PT1H30M",
            "id": "/subscriptions/cb6e76ee-ca24-47b5-aedb-b843871af8d1/resourceGroups/testfarm-resourceswestus2/providers/Microsoft.Compute/virtualMachines/farm-3",
            "identity": [],
            "location": "westus2",
            "max_bid_price": -1,
            "name": "farm-3",
            "network_interface_ids": [
              "/subscriptions/cb6e76ee-ca24-47b5-aedb-b843871af8d1/resourceGroups/testfarm-resourceswestus2/providers/Microsoft.Network/networkInterfaces/testfarm-nic-3"
            ],
            "os_disk": [
              {
                "caching": "ReadWrite",
                "diff_disk_settings": [],
                "disk_encryption_set_id": "",
                "disk_size_gb": 30,
                "name": "farm-3_disk1_b60f16f7aea1499782ca61a0ec279db3",
                "storage_account_type": "Standard_LRS",
                "write_accelerator_enabled": false
              }
            ],
            "plan": [],
            "priority": "Regular",
            "private_ip_address": "10.0.2.6",
            "private_ip_addresses": [
              "10.0.2.6"
            ],
            "provision_vm_agent": true,
            "proximity_placement_group_id": "",
            "public_ip_address": "52.191.190.237",
            "public_ip_addresses": [
              "52.191.190.237"
            ],
            "resource_group_name": "testfarm-resourceswestus2",
            "secret": [],
            "size": "Standard_D2s_v3",
            "source_image_id": "",
            "source_image_reference": [
              {
                "offer": "UbuntuServer",
                "publisher": "Canonical",
                "sku": "18.04-LTS",
                "version": "latest"
              }
            ],
            "tags": {},
            "timeouts": null,
            "virtual_machine_id": "60b668c1-6bb0-4b47-8f44-54a7a19f80f1",
            "virtual_machine_scale_set_id": "",
            "zone": ""
          },
          "sensitive_attributes": [],
          "private": "eyJlMmJmYjczMC1lY2FhLTExZTYtOGY4OC0zNDM2M2JjN2M0YzAiOnsiY3JlYXRlIjoyNzAwMDAwMDAwMDAwLCJkZWxldGUiOjI3MDAwMDAwMDAwMDAsInJlYWQiOjMwMDAwMDAwMDAwMCwidXBkYXRlIjoyNzAwMDAwMDAwMDAwfX0=",
          "dependencies": [
            "module.farms.azurerm_network_interface.farm",
            "module.farms.azurerm_public_ip.farm_publicip",
            "module.farms.azurerm_resource_group.testfarm",
            "module.farms.azurerm_subnet.internal",
            "module.farms.azurerm_virtual_network.testfarm"
          ]
        },
        {
          "index_key": 4,
          "schema_version": 0,
          "attributes": {
            "additional_capabilities": [],
            "admin_password": null,
            "admin_ssh_key": [
              {
                "public_key": "ssh-rsa AAAAB3NzaC1yc2EAAAADAQABAAABAQDIX3pqSVNa2cBOBTmKJTKBABquP5CJarL8sTiOGSDhK9rKTN3PplUX9HAMk2yu2CTr6xUHpB8cj/jSD60dLhcvSTHxOW4kMQmHONr4zhD55Th1zG115wpp+Jf0ZNN+L+zWKQVT2kKuWSVeb4Rd3ftVvrfgEg/jDd2BjAN6K6i5/tX21PbDhTuppgnP8c7Vo7cjc7ded2B8sSZkU4BepFely4Un9rvUZzfXiygQN78qtzNfwqV9WPT4T79r/2TvchLh/F2wSlH0aaUsqrlEz5uqpiKROchPOzqkic6ARki+vtBse4oDlyA1Kkt79+8RwVWA6tv7B1WWpXuGrZJ9eBhN root@28cc2261df86\n",
                "username": "adminuser"
              }
            ],
            "admin_username": "adminuser",
            "allow_extension_operations": true,
            "availability_set_id": "",
            "boot_diagnostics": [],
            "computer_name": "farm-4",
            "custom_data": null,
            "dedicated_host_id": "",
            "disable_password_authentication": true,
            "encryption_at_host_enabled": false,
            "eviction_policy": "",
            "extensions_time_budget": "PT1H30M",
            "id": "/subscriptions/cb6e76ee-ca24-47b5-aedb-b843871af8d1/resourceGroups/testfarm-resourceswestus2/providers/Microsoft.Compute/virtualMachines/farm-4",
            "identity": [],
            "location": "westus2",
            "max_bid_price": -1,
            "name": "farm-4",
            "network_interface_ids": [
              "/subscriptions/cb6e76ee-ca24-47b5-aedb-b843871af8d1/resourceGroups/testfarm-resourceswestus2/providers/Microsoft.Network/networkInterfaces/testfarm-nic-4"
            ],
            "os_disk": [
              {
                "caching": "ReadWrite",
                "diff_disk_settings": [],
                "disk_encryption_set_id": "",
                "disk_size_gb": 30,
                "name": "farm-4_OsDisk_1_371836ea3c614ae8bae4e8ee84a55cc6",
                "storage_account_type": "Standard_LRS",
                "write_accelerator_enabled": false
              }
            ],
            "plan": [],
            "priority": "Regular",
            "private_ip_address": "10.0.2.7",
            "private_ip_addresses": [
              "10.0.2.7"
            ],
            "provision_vm_agent": true,
            "proximity_placement_group_id": "",
            "public_ip_address": "13.77.182.132",
            "public_ip_addresses": [
              "13.77.182.132"
            ],
            "resource_group_name": "testfarm-resourceswestus2",
            "secret": [],
            "size": "Standard_D2s_v3",
            "source_image_id": "",
            "source_image_reference": [
              {
                "offer": "UbuntuServer",
                "publisher": "Canonical",
                "sku": "18.04-LTS",
                "version": "latest"
              }
            ],
            "tags": {},
            "timeouts": null,
            "virtual_machine_id": "37abfc46-d144-466c-a27b-eefc58d38007",
            "virtual_machine_scale_set_id": "",
            "zone": ""
          },
          "sensitive_attributes": [],
          "private": "eyJlMmJmYjczMC1lY2FhLTExZTYtOGY4OC0zNDM2M2JjN2M0YzAiOnsiY3JlYXRlIjoyNzAwMDAwMDAwMDAwLCJkZWxldGUiOjI3MDAwMDAwMDAwMDAsInJlYWQiOjMwMDAwMDAwMDAwMCwidXBkYXRlIjoyNzAwMDAwMDAwMDAwfX0=",
          "dependencies": [
            "module.farms.azurerm_network_interface.farm",
            "module.farms.azurerm_public_ip.farm_publicip",
            "module.farms.azurerm_resource_group.testfarm",
            "module.farms.azurerm_subnet.internal",
            "module.farms.azurerm_virtual_network.testfarm"
          ]
        }
      ]
    },
    {
      "module": "module.farms[\"West US 2\"]",
      "mode": "managed",
      "type": "azurerm_network_interface",
      "name": "farm",
      "provider": "provider[\"registry.terraform.io/hashicorp/azurerm\"]",
      "instances": [
        {
          "index_key": 0,
          "schema_version": 0,
          "attributes": {
            "applied_dns_servers": [],
            "dns_servers": [],
            "enable_accelerated_networking": false,
            "enable_ip_forwarding": false,
            "id": "/subscriptions/cb6e76ee-ca24-47b5-aedb-b843871af8d1/resourceGroups/testfarm-resourceswestus2/providers/Microsoft.Network/networkInterfaces/testfarm-nic-0",
            "internal_dns_name_label": "",
            "internal_domain_name_suffix": "qm2roxbov2du5ghvpuecoqidjd.xx.internal.cloudapp.net",
            "ip_configuration": [
              {
                "name": "testconfiguration1",
                "primary": true,
                "private_ip_address": "10.0.2.4",
                "private_ip_address_allocation": "Dynamic",
                "private_ip_address_version": "IPv4",
                "public_ip_address_id": "/subscriptions/cb6e76ee-ca24-47b5-aedb-b843871af8d1/resourceGroups/testfarm-resourceswestus2/providers/Microsoft.Network/publicIPAddresses/FarmPublicIp-0",
                "subnet_id": "/subscriptions/cb6e76ee-ca24-47b5-aedb-b843871af8d1/resourceGroups/testfarm-resourceswestus2/providers/Microsoft.Network/virtualNetworks/testfarm-network-westus2/subnets/internal-westus2"
              }
            ],
            "location": "westus2",
            "mac_address": "00-0D-3A-6C-DC-6C",
            "name": "testfarm-nic-0",
            "private_ip_address": "10.0.2.4",
            "private_ip_addresses": [
              "10.0.2.4"
            ],
            "resource_group_name": "testfarm-resourceswestus2",
            "tags": {},
            "timeouts": null,
            "virtual_machine_id": "/subscriptions/cb6e76ee-ca24-47b5-aedb-b843871af8d1/resourceGroups/testfarm-resourceswestus2/providers/Microsoft.Compute/virtualMachines/farm-0"
          },
          "sensitive_attributes": [],
          "private": "eyJlMmJmYjczMC1lY2FhLTExZTYtOGY4OC0zNDM2M2JjN2M0YzAiOnsiY3JlYXRlIjoxODAwMDAwMDAwMDAwLCJkZWxldGUiOjE4MDAwMDAwMDAwMDAsInJlYWQiOjMwMDAwMDAwMDAwMCwidXBkYXRlIjoxODAwMDAwMDAwMDAwfX0=",
          "dependencies": [
            "module.farms.azurerm_public_ip.farm_publicip",
            "module.farms.azurerm_resource_group.testfarm",
            "module.farms.azurerm_subnet.internal",
            "module.farms.azurerm_virtual_network.testfarm"
          ]
        },
        {
          "index_key": 1,
          "schema_version": 0,
          "attributes": {
            "applied_dns_servers": [],
            "dns_servers": [],
            "enable_accelerated_networking": false,
            "enable_ip_forwarding": false,
            "id": "/subscriptions/cb6e76ee-ca24-47b5-aedb-b843871af8d1/resourceGroups/testfarm-resourceswestus2/providers/Microsoft.Network/networkInterfaces/testfarm-nic-1",
            "internal_dns_name_label": "",
            "internal_domain_name_suffix": "qm2roxbov2du5ghvpuecoqidjd.xx.internal.cloudapp.net",
            "ip_configuration": [
              {
                "name": "testconfiguration1",
                "primary": true,
                "private_ip_address": "10.0.2.5",
                "private_ip_address_allocation": "Dynamic",
                "private_ip_address_version": "IPv4",
                "public_ip_address_id": "/subscriptions/cb6e76ee-ca24-47b5-aedb-b843871af8d1/resourceGroups/testfarm-resourceswestus2/providers/Microsoft.Network/publicIPAddresses/FarmPublicIp-1",
                "subnet_id": "/subscriptions/cb6e76ee-ca24-47b5-aedb-b843871af8d1/resourceGroups/testfarm-resourceswestus2/providers/Microsoft.Network/virtualNetworks/testfarm-network-westus2/subnets/internal-westus2"
              }
            ],
            "location": "westus2",
            "mac_address": "00-0D-3A-FE-A7-E0",
            "name": "testfarm-nic-1",
            "private_ip_address": "10.0.2.5",
            "private_ip_addresses": [
              "10.0.2.5"
            ],
            "resource_group_name": "testfarm-resourceswestus2",
            "tags": {},
            "timeouts": null,
            "virtual_machine_id": "/subscriptions/cb6e76ee-ca24-47b5-aedb-b843871af8d1/resourceGroups/testfarm-resourceswestus2/providers/Microsoft.Compute/virtualMachines/farm-1"
          },
          "sensitive_attributes": [],
          "private": "eyJlMmJmYjczMC1lY2FhLTExZTYtOGY4OC0zNDM2M2JjN2M0YzAiOnsiY3JlYXRlIjoxODAwMDAwMDAwMDAwLCJkZWxldGUiOjE4MDAwMDAwMDAwMDAsInJlYWQiOjMwMDAwMDAwMDAwMCwidXBkYXRlIjoxODAwMDAwMDAwMDAwfX0=",
          "dependencies": [
            "module.farms.azurerm_public_ip.farm_publicip",
            "module.farms.azurerm_resource_group.testfarm",
            "module.farms.azurerm_subnet.internal",
            "module.farms.azurerm_virtual_network.testfarm"
          ]
        },
        {
          "index_key": 2,
          "schema_version": 0,
          "attributes": {
            "applied_dns_servers": [],
            "dns_servers": [],
            "enable_accelerated_networking": false,
            "enable_ip_forwarding": false,
            "id": "/subscriptions/cb6e76ee-ca24-47b5-aedb-b843871af8d1/resourceGroups/testfarm-resourceswestus2/providers/Microsoft.Network/networkInterfaces/testfarm-nic-2",
            "internal_dns_name_label": "",
            "internal_domain_name_suffix": "qm2roxbov2du5ghvpuecoqidjd.xx.internal.cloudapp.net",
            "ip_configuration": [
              {
                "name": "testconfiguration1",
                "primary": true,
                "private_ip_address": "10.0.2.8",
                "private_ip_address_allocation": "Dynamic",
                "private_ip_address_version": "IPv4",
                "public_ip_address_id": "/subscriptions/cb6e76ee-ca24-47b5-aedb-b843871af8d1/resourceGroups/testfarm-resourceswestus2/providers/Microsoft.Network/publicIPAddresses/FarmPublicIp-2",
                "subnet_id": "/subscriptions/cb6e76ee-ca24-47b5-aedb-b843871af8d1/resourceGroups/testfarm-resourceswestus2/providers/Microsoft.Network/virtualNetworks/testfarm-network-westus2/subnets/internal-westus2"
              }
            ],
            "location": "westus2",
            "mac_address": "00-0D-3A-6E-23-DF",
            "name": "testfarm-nic-2",
            "private_ip_address": "10.0.2.8",
            "private_ip_addresses": [
              "10.0.2.8"
            ],
            "resource_group_name": "testfarm-resourceswestus2",
            "tags": {},
            "timeouts": null,
            "virtual_machine_id": "/subscriptions/cb6e76ee-ca24-47b5-aedb-b843871af8d1/resourceGroups/testfarm-resourceswestus2/providers/Microsoft.Compute/virtualMachines/farm-2"
          },
          "sensitive_attributes": [],
          "private": "eyJlMmJmYjczMC1lY2FhLTExZTYtOGY4OC0zNDM2M2JjN2M0YzAiOnsiY3JlYXRlIjoxODAwMDAwMDAwMDAwLCJkZWxldGUiOjE4MDAwMDAwMDAwMDAsInJlYWQiOjMwMDAwMDAwMDAwMCwidXBkYXRlIjoxODAwMDAwMDAwMDAwfX0=",
          "dependencies": [
            "module.farms.azurerm_public_ip.farm_publicip",
            "module.farms.azurerm_resource_group.testfarm",
            "module.farms.azurerm_subnet.internal",
            "module.farms.azurerm_virtual_network.testfarm"
          ]
        },
        {
          "index_key": 3,
          "schema_version": 0,
          "attributes": {
            "applied_dns_servers": [],
            "dns_servers": [],
            "enable_accelerated_networking": false,
            "enable_ip_forwarding": false,
            "id": "/subscriptions/cb6e76ee-ca24-47b5-aedb-b843871af8d1/resourceGroups/testfarm-resourceswestus2/providers/Microsoft.Network/networkInterfaces/testfarm-nic-3",
            "internal_dns_name_label": "",
            "internal_domain_name_suffix": "qm2roxbov2du5ghvpuecoqidjd.xx.internal.cloudapp.net",
            "ip_configuration": [
              {
                "name": "testconfiguration1",
                "primary": true,
                "private_ip_address": "10.0.2.6",
                "private_ip_address_allocation": "Dynamic",
                "private_ip_address_version": "IPv4",
                "public_ip_address_id": "/subscriptions/cb6e76ee-ca24-47b5-aedb-b843871af8d1/resourceGroups/testfarm-resourceswestus2/providers/Microsoft.Network/publicIPAddresses/FarmPublicIp-3",
                "subnet_id": "/subscriptions/cb6e76ee-ca24-47b5-aedb-b843871af8d1/resourceGroups/testfarm-resourceswestus2/providers/Microsoft.Network/virtualNetworks/testfarm-network-westus2/subnets/internal-westus2"
              }
            ],
            "location": "westus2",
            "mac_address": "00-0D-3A-C3-CC-D2",
            "name": "testfarm-nic-3",
            "private_ip_address": "10.0.2.6",
            "private_ip_addresses": [
              "10.0.2.6"
            ],
            "resource_group_name": "testfarm-resourceswestus2",
            "tags": {},
            "timeouts": null,
            "virtual_machine_id": "/subscriptions/cb6e76ee-ca24-47b5-aedb-b843871af8d1/resourceGroups/testfarm-resourceswestus2/providers/Microsoft.Compute/virtualMachines/farm-3"
          },
          "sensitive_attributes": [],
          "private": "eyJlMmJmYjczMC1lY2FhLTExZTYtOGY4OC0zNDM2M2JjN2M0YzAiOnsiY3JlYXRlIjoxODAwMDAwMDAwMDAwLCJkZWxldGUiOjE4MDAwMDAwMDAwMDAsInJlYWQiOjMwMDAwMDAwMDAwMCwidXBkYXRlIjoxODAwMDAwMDAwMDAwfX0=",
          "dependencies": [
            "module.farms.azurerm_public_ip.farm_publicip",
            "module.farms.azurerm_resource_group.testfarm",
            "module.farms.azurerm_subnet.internal",
            "module.farms.azurerm_virtual_network.testfarm"
          ]
        },
        {
          "index_key": 4,
          "schema_version": 0,
          "attributes": {
            "applied_dns_servers": [],
            "dns_servers": [],
            "enable_accelerated_networking": false,
            "enable_ip_forwarding": false,
            "id": "/subscriptions/cb6e76ee-ca24-47b5-aedb-b843871af8d1/resourceGroups/testfarm-resourceswestus2/providers/Microsoft.Network/networkInterfaces/testfarm-nic-4",
            "internal_dns_name_label": "",
            "internal_domain_name_suffix": "qm2roxbov2du5ghvpuecoqidjd.xx.internal.cloudapp.net",
            "ip_configuration": [
              {
                "name": "testconfiguration1",
                "primary": true,
                "private_ip_address": "10.0.2.7",
                "private_ip_address_allocation": "Dynamic",
                "private_ip_address_version": "IPv4",
                "public_ip_address_id": "/subscriptions/cb6e76ee-ca24-47b5-aedb-b843871af8d1/resourceGroups/testfarm-resourceswestus2/providers/Microsoft.Network/publicIPAddresses/FarmPublicIp-4",
                "subnet_id": "/subscriptions/cb6e76ee-ca24-47b5-aedb-b843871af8d1/resourceGroups/testfarm-resourceswestus2/providers/Microsoft.Network/virtualNetworks/testfarm-network-westus2/subnets/internal-westus2"
              }
            ],
            "location": "westus2",
            "mac_address": "00-0D-3A-6E-60-21",
            "name": "testfarm-nic-4",
            "private_ip_address": "10.0.2.7",
            "private_ip_addresses": [
              "10.0.2.7"
            ],
            "resource_group_name": "testfarm-resourceswestus2",
            "tags": {},
            "timeouts": null,
            "virtual_machine_id": "/subscriptions/cb6e76ee-ca24-47b5-aedb-b843871af8d1/resourceGroups/testfarm-resourceswestus2/providers/Microsoft.Compute/virtualMachines/farm-4"
          },
          "sensitive_attributes": [],
          "private": "eyJlMmJmYjczMC1lY2FhLTExZTYtOGY4OC0zNDM2M2JjN2M0YzAiOnsiY3JlYXRlIjoxODAwMDAwMDAwMDAwLCJkZWxldGUiOjE4MDAwMDAwMDAwMDAsInJlYWQiOjMwMDAwMDAwMDAwMCwidXBkYXRlIjoxODAwMDAwMDAwMDAwfX0=",
          "dependencies": [
            "module.farms.azurerm_public_ip.farm_publicip",
            "module.farms.azurerm_resource_group.testfarm",
            "module.farms.azurerm_subnet.internal",
            "module.farms.azurerm_virtual_network.testfarm"
          ]
        }
      ]
    },
    {
      "module": "module.farms[\"West US 2\"]",
      "mode": "managed",
      "type": "azurerm_public_ip",
      "name": "farm_publicip",
      "provider": "provider[\"registry.terraform.io/hashicorp/azurerm\"]",
      "instances": [
        {
          "index_key": 0,
          "schema_version": 0,
          "attributes": {
            "allocation_method": "Dynamic",
            "domain_name_label": null,
            "fqdn": null,
            "id": "/subscriptions/cb6e76ee-ca24-47b5-aedb-b843871af8d1/resourceGroups/testfarm-resourceswestus2/providers/Microsoft.Network/publicIPAddresses/FarmPublicIp-0",
            "idle_timeout_in_minutes": 4,
            "ip_address": "13.77.137.45",
            "ip_version": "IPv4",
            "location": "westus2",
            "name": "FarmPublicIp-0",
            "public_ip_prefix_id": null,
            "resource_group_name": "testfarm-resourceswestus2",
            "reverse_fqdn": null,
            "sku": "Basic",
            "tags": {
              "environment": "farm"
            },
            "timeouts": null,
            "zones": []
          },
          "sensitive_attributes": [],
          "private": "eyJlMmJmYjczMC1lY2FhLTExZTYtOGY4OC0zNDM2M2JjN2M0YzAiOnsiY3JlYXRlIjoxODAwMDAwMDAwMDAwLCJkZWxldGUiOjE4MDAwMDAwMDAwMDAsInJlYWQiOjMwMDAwMDAwMDAwMCwidXBkYXRlIjoxODAwMDAwMDAwMDAwfX0=",
          "dependencies": [
            "module.farms.azurerm_resource_group.testfarm"
          ]
        },
        {
          "index_key": 1,
          "schema_version": 0,
          "attributes": {
            "allocation_method": "Dynamic",
            "domain_name_label": null,
            "fqdn": null,
            "id": "/subscriptions/cb6e76ee-ca24-47b5-aedb-b843871af8d1/resourceGroups/testfarm-resourceswestus2/providers/Microsoft.Network/publicIPAddresses/FarmPublicIp-1",
            "idle_timeout_in_minutes": 4,
            "ip_address": "13.66.252.52",
            "ip_version": "IPv4",
            "location": "westus2",
            "name": "FarmPublicIp-1",
            "public_ip_prefix_id": null,
            "resource_group_name": "testfarm-resourceswestus2",
            "reverse_fqdn": null,
            "sku": "Basic",
            "tags": {
              "environment": "farm"
            },
            "timeouts": null,
            "zones": []
          },
          "sensitive_attributes": [],
          "private": "eyJlMmJmYjczMC1lY2FhLTExZTYtOGY4OC0zNDM2M2JjN2M0YzAiOnsiY3JlYXRlIjoxODAwMDAwMDAwMDAwLCJkZWxldGUiOjE4MDAwMDAwMDAwMDAsInJlYWQiOjMwMDAwMDAwMDAwMCwidXBkYXRlIjoxODAwMDAwMDAwMDAwfX0=",
          "dependencies": [
            "module.farms.azurerm_resource_group.testfarm"
          ]
        },
        {
          "index_key": 2,
          "schema_version": 0,
          "attributes": {
            "allocation_method": "Dynamic",
            "domain_name_label": null,
            "fqdn": null,
            "id": "/subscriptions/cb6e76ee-ca24-47b5-aedb-b843871af8d1/resourceGroups/testfarm-resourceswestus2/providers/Microsoft.Network/publicIPAddresses/FarmPublicIp-2",
            "idle_timeout_in_minutes": 4,
            "ip_address": "52.229.8.161",
            "ip_version": "IPv4",
            "location": "westus2",
            "name": "FarmPublicIp-2",
            "public_ip_prefix_id": null,
            "resource_group_name": "testfarm-resourceswestus2",
            "reverse_fqdn": null,
            "sku": "Basic",
            "tags": {
              "environment": "farm"
            },
            "timeouts": null,
            "zones": []
          },
          "sensitive_attributes": [],
          "private": "eyJlMmJmYjczMC1lY2FhLTExZTYtOGY4OC0zNDM2M2JjN2M0YzAiOnsiY3JlYXRlIjoxODAwMDAwMDAwMDAwLCJkZWxldGUiOjE4MDAwMDAwMDAwMDAsInJlYWQiOjMwMDAwMDAwMDAwMCwidXBkYXRlIjoxODAwMDAwMDAwMDAwfX0=",
          "dependencies": [
            "module.farms.azurerm_resource_group.testfarm"
          ]
        },
        {
          "index_key": 3,
          "schema_version": 0,
          "attributes": {
            "allocation_method": "Dynamic",
            "domain_name_label": null,
            "fqdn": null,
            "id": "/subscriptions/cb6e76ee-ca24-47b5-aedb-b843871af8d1/resourceGroups/testfarm-resourceswestus2/providers/Microsoft.Network/publicIPAddresses/FarmPublicIp-3",
            "idle_timeout_in_minutes": 4,
            "ip_address": "52.191.190.237",
            "ip_version": "IPv4",
            "location": "westus2",
            "name": "FarmPublicIp-3",
            "public_ip_prefix_id": null,
            "resource_group_name": "testfarm-resourceswestus2",
            "reverse_fqdn": null,
            "sku": "Basic",
            "tags": {
              "environment": "farm"
            },
            "timeouts": null,
            "zones": []
          },
          "sensitive_attributes": [],
          "private": "eyJlMmJmYjczMC1lY2FhLTExZTYtOGY4OC0zNDM2M2JjN2M0YzAiOnsiY3JlYXRlIjoxODAwMDAwMDAwMDAwLCJkZWxldGUiOjE4MDAwMDAwMDAwMDAsInJlYWQiOjMwMDAwMDAwMDAwMCwidXBkYXRlIjoxODAwMDAwMDAwMDAwfX0=",
          "dependencies": [
            "module.farms.azurerm_resource_group.testfarm"
          ]
        },
        {
          "index_key": 4,
          "schema_version": 0,
          "attributes": {
            "allocation_method": "Dynamic",
            "domain_name_label": null,
            "fqdn": null,
            "id": "/subscriptions/cb6e76ee-ca24-47b5-aedb-b843871af8d1/resourceGroups/testfarm-resourceswestus2/providers/Microsoft.Network/publicIPAddresses/FarmPublicIp-4",
            "idle_timeout_in_minutes": 4,
            "ip_address": "13.77.182.132",
            "ip_version": "IPv4",
            "location": "westus2",
            "name": "FarmPublicIp-4",
            "public_ip_prefix_id": null,
            "resource_group_name": "testfarm-resourceswestus2",
            "reverse_fqdn": null,
            "sku": "Basic",
            "tags": {
              "environment": "farm"
            },
            "timeouts": null,
            "zones": []
          },
          "sensitive_attributes": [],
          "private": "eyJlMmJmYjczMC1lY2FhLTExZTYtOGY4OC0zNDM2M2JjN2M0YzAiOnsiY3JlYXRlIjoxODAwMDAwMDAwMDAwLCJkZWxldGUiOjE4MDAwMDAwMDAwMDAsInJlYWQiOjMwMDAwMDAwMDAwMCwidXBkYXRlIjoxODAwMDAwMDAwMDAwfX0=",
          "dependencies": [
            "module.farms.azurerm_resource_group.testfarm"
          ]
        }
      ]
    },
    {
      "module": "module.farms[\"West US 2\"]",
      "mode": "managed",
      "type": "azurerm_resource_group",
      "name": "testfarm",
      "provider": "provider[\"registry.terraform.io/hashicorp/azurerm\"]",
      "instances": [
        {
          "schema_version": 0,
          "attributes": {
            "id": "/subscriptions/cb6e76ee-ca24-47b5-aedb-b843871af8d1/resourceGroups/testfarm-resourceswestus2",
            "location": "westus2",
            "name": "testfarm-resourceswestus2",
            "tags": {},
            "timeouts": null
          },
          "sensitive_attributes": [],
          "private": "eyJlMmJmYjczMC1lY2FhLTExZTYtOGY4OC0zNDM2M2JjN2M0YzAiOnsiY3JlYXRlIjo1NDAwMDAwMDAwMDAwLCJkZWxldGUiOjU0MDAwMDAwMDAwMDAsInJlYWQiOjMwMDAwMDAwMDAwMCwidXBkYXRlIjo1NDAwMDAwMDAwMDAwfX0="
        }
      ]
    },
    {
      "module": "module.farms[\"West US 2\"]",
      "mode": "managed",
      "type": "azurerm_subnet",
      "name": "internal",
      "provider": "provider[\"registry.terraform.io/hashicorp/azurerm\"]",
      "instances": [
        {
          "schema_version": 0,
          "attributes": {
            "address_prefix": "10.0.2.0/24",
            "address_prefixes": [
              "10.0.2.0/24"
            ],
            "delegation": [],
            "enforce_private_link_endpoint_network_policies": false,
            "enforce_private_link_service_network_policies": false,
            "id": "/subscriptions/cb6e76ee-ca24-47b5-aedb-b843871af8d1/resourceGroups/testfarm-resourceswestus2/providers/Microsoft.Network/virtualNetworks/testfarm-network-westus2/subnets/internal-westus2",
            "name": "internal-westus2",
            "resource_group_name": "testfarm-resourceswestus2",
            "service_endpoint_policy_ids": [],
            "service_endpoints": [],
            "timeouts": null,
            "virtual_network_name": "testfarm-network-westus2"
          },
          "sensitive_attributes": [],
          "private": "eyJlMmJmYjczMC1lY2FhLTExZTYtOGY4OC0zNDM2M2JjN2M0YzAiOnsiY3JlYXRlIjoxODAwMDAwMDAwMDAwLCJkZWxldGUiOjE4MDAwMDAwMDAwMDAsInJlYWQiOjMwMDAwMDAwMDAwMCwidXBkYXRlIjoxODAwMDAwMDAwMDAwfX0=",
          "dependencies": [
            "module.farms.azurerm_resource_group.testfarm",
            "module.farms.azurerm_virtual_network.testfarm"
          ]
        }
      ]
    },
    {
      "module": "module.farms[\"West US 2\"]",
      "mode": "managed",
      "type": "azurerm_virtual_network",
      "name": "testfarm",
      "provider": "provider[\"registry.terraform.io/hashicorp/azurerm\"]",
      "instances": [
        {
          "schema_version": 0,
          "attributes": {
            "address_space": [
              "10.0.0.0/16"
            ],
            "bgp_community": "",
            "ddos_protection_plan": [],
            "dns_servers": [],
            "guid": "5c173983-af2e-4f07-98f5-7d082741034b",
            "id": "/subscriptions/cb6e76ee-ca24-47b5-aedb-b843871af8d1/resourceGroups/testfarm-resourceswestus2/providers/Microsoft.Network/virtualNetworks/testfarm-network-westus2",
            "location": "westus2",
            "name": "testfarm-network-westus2",
            "resource_group_name": "testfarm-resourceswestus2",
            "subnet": [
              {
                "address_prefix": "10.0.2.0/24",
                "id": "/subscriptions/cb6e76ee-ca24-47b5-aedb-b843871af8d1/resourceGroups/testfarm-resourceswestus2/providers/Microsoft.Network/virtualNetworks/testfarm-network-westus2/subnets/internal-westus2",
                "name": "internal-westus2",
                "security_group": ""
              }
            ],
            "tags": {},
            "timeouts": null,
            "vm_protection_enabled": false
          },
          "sensitive_attributes": [],
          "private": "eyJlMmJmYjczMC1lY2FhLTExZTYtOGY4OC0zNDM2M2JjN2M0YzAiOnsiY3JlYXRlIjoxODAwMDAwMDAwMDAwLCJkZWxldGUiOjE4MDAwMDAwMDAwMDAsInJlYWQiOjMwMDAwMDAwMDAwMCwidXBkYXRlIjoxODAwMDAwMDAwMDAwfX0=",
          "dependencies": [
            "module.farms.azurerm_resource_group.testfarm"
          ]
        }
      ]
    },
    {
      "module": "module.farms[\"West US\"]",
      "mode": "managed",
      "type": "azurerm_linux_virtual_machine",
      "name": "farm",
      "provider": "provider[\"registry.terraform.io/hashicorp/azurerm\"]",
      "instances": [
        {
          "index_key": 0,
          "schema_version": 0,
          "attributes": {
            "additional_capabilities": [],
            "admin_password": null,
            "admin_ssh_key": [
              {
                "public_key": "ssh-rsa AAAAB3NzaC1yc2EAAAADAQABAAABAQDIX3pqSVNa2cBOBTmKJTKBABquP5CJarL8sTiOGSDhK9rKTN3PplUX9HAMk2yu2CTr6xUHpB8cj/jSD60dLhcvSTHxOW4kMQmHONr4zhD55Th1zG115wpp+Jf0ZNN+L+zWKQVT2kKuWSVeb4Rd3ftVvrfgEg/jDd2BjAN6K6i5/tX21PbDhTuppgnP8c7Vo7cjc7ded2B8sSZkU4BepFely4Un9rvUZzfXiygQN78qtzNfwqV9WPT4T79r/2TvchLh/F2wSlH0aaUsqrlEz5uqpiKROchPOzqkic6ARki+vtBse4oDlyA1Kkt79+8RwVWA6tv7B1WWpXuGrZJ9eBhN root@28cc2261df86\n",
                "username": "adminuser"
              }
            ],
            "admin_username": "adminuser",
            "allow_extension_operations": true,
            "availability_set_id": "",
            "boot_diagnostics": [],
            "computer_name": "farm-0",
            "custom_data": null,
            "dedicated_host_id": "",
            "disable_password_authentication": true,
            "encryption_at_host_enabled": false,
            "eviction_policy": "",
            "extensions_time_budget": "PT1H30M",
            "id": "/subscriptions/cb6e76ee-ca24-47b5-aedb-b843871af8d1/resourceGroups/testfarm-resourceswestus/providers/Microsoft.Compute/virtualMachines/farm-0",
            "identity": [],
            "location": "westus",
            "max_bid_price": -1,
            "name": "farm-0",
            "network_interface_ids": [
              "/subscriptions/cb6e76ee-ca24-47b5-aedb-b843871af8d1/resourceGroups/testfarm-resourceswestus/providers/Microsoft.Network/networkInterfaces/testfarm-nic-0"
            ],
            "os_disk": [
              {
                "caching": "ReadWrite",
                "diff_disk_settings": [],
                "disk_encryption_set_id": "",
                "disk_size_gb": 30,
                "name": "farm-0_disk1_6e9ee974a8634444ae8e105985aa946a",
                "storage_account_type": "Standard_LRS",
                "write_accelerator_enabled": false
              }
            ],
            "plan": [],
            "priority": "Regular",
            "private_ip_address": "10.0.2.4",
            "private_ip_addresses": [
              "10.0.2.4"
            ],
            "provision_vm_agent": true,
            "proximity_placement_group_id": "",
            "public_ip_address": "137.135.9.28",
            "public_ip_addresses": [
              "137.135.9.28"
            ],
            "resource_group_name": "testfarm-resourceswestus",
            "secret": [],
            "size": "Standard_D2s_v3",
            "source_image_id": "",
            "source_image_reference": [
              {
                "offer": "UbuntuServer",
                "publisher": "Canonical",
                "sku": "18.04-LTS",
                "version": "latest"
              }
            ],
            "tags": {},
            "timeouts": null,
            "virtual_machine_id": "85820e49-3e16-431a-9ed7-f0edcec57cf7",
            "virtual_machine_scale_set_id": "",
            "zone": ""
          },
          "sensitive_attributes": [],
          "private": "eyJlMmJmYjczMC1lY2FhLTExZTYtOGY4OC0zNDM2M2JjN2M0YzAiOnsiY3JlYXRlIjoyNzAwMDAwMDAwMDAwLCJkZWxldGUiOjI3MDAwMDAwMDAwMDAsInJlYWQiOjMwMDAwMDAwMDAwMCwidXBkYXRlIjoyNzAwMDAwMDAwMDAwfX0=",
          "dependencies": [
            "module.farms.azurerm_network_interface.farm",
            "module.farms.azurerm_public_ip.farm_publicip",
            "module.farms.azurerm_resource_group.testfarm",
            "module.farms.azurerm_subnet.internal",
            "module.farms.azurerm_virtual_network.testfarm"
          ]
        },
        {
          "index_key": 1,
          "schema_version": 0,
          "attributes": {
            "additional_capabilities": [],
            "admin_password": null,
            "admin_ssh_key": [
              {
                "public_key": "ssh-rsa AAAAB3NzaC1yc2EAAAADAQABAAABAQDIX3pqSVNa2cBOBTmKJTKBABquP5CJarL8sTiOGSDhK9rKTN3PplUX9HAMk2yu2CTr6xUHpB8cj/jSD60dLhcvSTHxOW4kMQmHONr4zhD55Th1zG115wpp+Jf0ZNN+L+zWKQVT2kKuWSVeb4Rd3ftVvrfgEg/jDd2BjAN6K6i5/tX21PbDhTuppgnP8c7Vo7cjc7ded2B8sSZkU4BepFely4Un9rvUZzfXiygQN78qtzNfwqV9WPT4T79r/2TvchLh/F2wSlH0aaUsqrlEz5uqpiKROchPOzqkic6ARki+vtBse4oDlyA1Kkt79+8RwVWA6tv7B1WWpXuGrZJ9eBhN root@28cc2261df86\n",
                "username": "adminuser"
              }
            ],
            "admin_username": "adminuser",
            "allow_extension_operations": true,
            "availability_set_id": "",
            "boot_diagnostics": [],
            "computer_name": "farm-1",
            "custom_data": null,
            "dedicated_host_id": "",
            "disable_password_authentication": true,
            "encryption_at_host_enabled": false,
            "eviction_policy": "",
            "extensions_time_budget": "PT1H30M",
            "id": "/subscriptions/cb6e76ee-ca24-47b5-aedb-b843871af8d1/resourceGroups/testfarm-resourceswestus/providers/Microsoft.Compute/virtualMachines/farm-1",
            "identity": [],
            "location": "westus",
            "max_bid_price": -1,
            "name": "farm-1",
            "network_interface_ids": [
              "/subscriptions/cb6e76ee-ca24-47b5-aedb-b843871af8d1/resourceGroups/testfarm-resourceswestus/providers/Microsoft.Network/networkInterfaces/testfarm-nic-1"
            ],
            "os_disk": [
              {
                "caching": "ReadWrite",
                "diff_disk_settings": [],
                "disk_encryption_set_id": "",
                "disk_size_gb": 30,
                "name": "farm-1_disk1_0c7cbf780443475ba6420eadaff7d2c2",
                "storage_account_type": "Standard_LRS",
                "write_accelerator_enabled": false
              }
            ],
            "plan": [],
            "priority": "Regular",
            "private_ip_address": "10.0.2.5",
            "private_ip_addresses": [
              "10.0.2.5"
            ],
            "provision_vm_agent": true,
            "proximity_placement_group_id": "",
            "public_ip_address": "168.62.199.76",
            "public_ip_addresses": [
              "168.62.199.76"
            ],
            "resource_group_name": "testfarm-resourceswestus",
            "secret": [],
            "size": "Standard_D2s_v3",
            "source_image_id": "",
            "source_image_reference": [
              {
                "offer": "UbuntuServer",
                "publisher": "Canonical",
                "sku": "18.04-LTS",
                "version": "latest"
              }
            ],
            "tags": {},
            "timeouts": null,
            "virtual_machine_id": "7ce9d725-c1e5-4ac5-ae6f-99cbcb28aefc",
            "virtual_machine_scale_set_id": "",
            "zone": ""
          },
          "sensitive_attributes": [],
          "private": "eyJlMmJmYjczMC1lY2FhLTExZTYtOGY4OC0zNDM2M2JjN2M0YzAiOnsiY3JlYXRlIjoyNzAwMDAwMDAwMDAwLCJkZWxldGUiOjI3MDAwMDAwMDAwMDAsInJlYWQiOjMwMDAwMDAwMDAwMCwidXBkYXRlIjoyNzAwMDAwMDAwMDAwfX0=",
          "dependencies": [
            "module.farms.azurerm_network_interface.farm",
            "module.farms.azurerm_public_ip.farm_publicip",
            "module.farms.azurerm_resource_group.testfarm",
            "module.farms.azurerm_subnet.internal",
            "module.farms.azurerm_virtual_network.testfarm"
          ]
        },
        {
          "index_key": 2,
          "schema_version": 0,
          "attributes": {
            "additional_capabilities": [],
            "admin_password": null,
            "admin_ssh_key": [
              {
                "public_key": "ssh-rsa AAAAB3NzaC1yc2EAAAADAQABAAABAQDIX3pqSVNa2cBOBTmKJTKBABquP5CJarL8sTiOGSDhK9rKTN3PplUX9HAMk2yu2CTr6xUHpB8cj/jSD60dLhcvSTHxOW4kMQmHONr4zhD55Th1zG115wpp+Jf0ZNN+L+zWKQVT2kKuWSVeb4Rd3ftVvrfgEg/jDd2BjAN6K6i5/tX21PbDhTuppgnP8c7Vo7cjc7ded2B8sSZkU4BepFely4Un9rvUZzfXiygQN78qtzNfwqV9WPT4T79r/2TvchLh/F2wSlH0aaUsqrlEz5uqpiKROchPOzqkic6ARki+vtBse4oDlyA1Kkt79+8RwVWA6tv7B1WWpXuGrZJ9eBhN root@28cc2261df86\n",
                "username": "adminuser"
              }
            ],
            "admin_username": "adminuser",
            "allow_extension_operations": true,
            "availability_set_id": "",
            "boot_diagnostics": [],
            "computer_name": "farm-2",
            "custom_data": null,
            "dedicated_host_id": "",
            "disable_password_authentication": true,
            "encryption_at_host_enabled": false,
            "eviction_policy": "",
            "extensions_time_budget": "PT1H30M",
            "id": "/subscriptions/cb6e76ee-ca24-47b5-aedb-b843871af8d1/resourceGroups/testfarm-resourceswestus/providers/Microsoft.Compute/virtualMachines/farm-2",
            "identity": [],
            "location": "westus",
            "max_bid_price": -1,
            "name": "farm-2",
            "network_interface_ids": [
              "/subscriptions/cb6e76ee-ca24-47b5-aedb-b843871af8d1/resourceGroups/testfarm-resourceswestus/providers/Microsoft.Network/networkInterfaces/testfarm-nic-2"
            ],
            "os_disk": [
              {
                "caching": "ReadWrite",
                "diff_disk_settings": [],
                "disk_encryption_set_id": "",
                "disk_size_gb": 30,
                "name": "farm-2_disk1_22d103c14ebb41638ebdd1334d96681b",
                "storage_account_type": "Standard_LRS",
                "write_accelerator_enabled": false
              }
            ],
            "plan": [],
            "priority": "Regular",
            "private_ip_address": "10.0.2.8",
            "private_ip_addresses": [
              "10.0.2.8"
            ],
            "provision_vm_agent": true,
            "proximity_placement_group_id": "",
            "public_ip_address": "168.61.20.27",
            "public_ip_addresses": [
              "168.61.20.27"
            ],
            "resource_group_name": "testfarm-resourceswestus",
            "secret": [],
            "size": "Standard_D2s_v3",
            "source_image_id": "",
            "source_image_reference": [
              {
                "offer": "UbuntuServer",
                "publisher": "Canonical",
                "sku": "18.04-LTS",
                "version": "latest"
              }
            ],
            "tags": {},
            "timeouts": null,
            "virtual_machine_id": "4eb61d5c-c118-458b-a5a7-642781f3c892",
            "virtual_machine_scale_set_id": "",
            "zone": ""
          },
          "sensitive_attributes": [],
          "private": "eyJlMmJmYjczMC1lY2FhLTExZTYtOGY4OC0zNDM2M2JjN2M0YzAiOnsiY3JlYXRlIjoyNzAwMDAwMDAwMDAwLCJkZWxldGUiOjI3MDAwMDAwMDAwMDAsInJlYWQiOjMwMDAwMDAwMDAwMCwidXBkYXRlIjoyNzAwMDAwMDAwMDAwfX0=",
          "dependencies": [
            "module.farms.azurerm_network_interface.farm",
            "module.farms.azurerm_public_ip.farm_publicip",
            "module.farms.azurerm_resource_group.testfarm",
            "module.farms.azurerm_subnet.internal",
            "module.farms.azurerm_virtual_network.testfarm"
          ]
        },
        {
          "index_key": 3,
          "schema_version": 0,
          "attributes": {
            "additional_capabilities": [],
            "admin_password": null,
            "admin_ssh_key": [
              {
                "public_key": "ssh-rsa AAAAB3NzaC1yc2EAAAADAQABAAABAQDIX3pqSVNa2cBOBTmKJTKBABquP5CJarL8sTiOGSDhK9rKTN3PplUX9HAMk2yu2CTr6xUHpB8cj/jSD60dLhcvSTHxOW4kMQmHONr4zhD55Th1zG115wpp+Jf0ZNN+L+zWKQVT2kKuWSVeb4Rd3ftVvrfgEg/jDd2BjAN6K6i5/tX21PbDhTuppgnP8c7Vo7cjc7ded2B8sSZkU4BepFely4Un9rvUZzfXiygQN78qtzNfwqV9WPT4T79r/2TvchLh/F2wSlH0aaUsqrlEz5uqpiKROchPOzqkic6ARki+vtBse4oDlyA1Kkt79+8RwVWA6tv7B1WWpXuGrZJ9eBhN root@28cc2261df86\n",
                "username": "adminuser"
              }
            ],
            "admin_username": "adminuser",
            "allow_extension_operations": true,
            "availability_set_id": "",
            "boot_diagnostics": [],
            "computer_name": "farm-3",
            "custom_data": null,
            "dedicated_host_id": "",
            "disable_password_authentication": true,
            "encryption_at_host_enabled": false,
            "eviction_policy": "",
            "extensions_time_budget": "PT1H30M",
            "id": "/subscriptions/cb6e76ee-ca24-47b5-aedb-b843871af8d1/resourceGroups/testfarm-resourceswestus/providers/Microsoft.Compute/virtualMachines/farm-3",
            "identity": [],
            "location": "westus",
            "max_bid_price": -1,
            "name": "farm-3",
            "network_interface_ids": [
              "/subscriptions/cb6e76ee-ca24-47b5-aedb-b843871af8d1/resourceGroups/testfarm-resourceswestus/providers/Microsoft.Network/networkInterfaces/testfarm-nic-3"
            ],
            "os_disk": [
              {
                "caching": "ReadWrite",
                "diff_disk_settings": [],
                "disk_encryption_set_id": "",
                "disk_size_gb": 30,
                "name": "farm-3_disk1_6526a81785774b3fad5b9e61ad4bed42",
                "storage_account_type": "Standard_LRS",
                "write_accelerator_enabled": false
              }
            ],
            "plan": [],
            "priority": "Regular",
            "private_ip_address": "10.0.2.6",
            "private_ip_addresses": [
              "10.0.2.6"
            ],
            "provision_vm_agent": true,
            "proximity_placement_group_id": "",
            "public_ip_address": "40.112.221.70",
            "public_ip_addresses": [
              "40.112.221.70"
            ],
            "resource_group_name": "testfarm-resourceswestus",
            "secret": [],
            "size": "Standard_D2s_v3",
            "source_image_id": "",
            "source_image_reference": [
              {
                "offer": "UbuntuServer",
                "publisher": "Canonical",
                "sku": "18.04-LTS",
                "version": "latest"
              }
            ],
            "tags": {},
            "timeouts": null,
            "virtual_machine_id": "fa465671-bd48-4476-9471-a97efc9447f5",
            "virtual_machine_scale_set_id": "",
            "zone": ""
          },
          "sensitive_attributes": [],
          "private": "eyJlMmJmYjczMC1lY2FhLTExZTYtOGY4OC0zNDM2M2JjN2M0YzAiOnsiY3JlYXRlIjoyNzAwMDAwMDAwMDAwLCJkZWxldGUiOjI3MDAwMDAwMDAwMDAsInJlYWQiOjMwMDAwMDAwMDAwMCwidXBkYXRlIjoyNzAwMDAwMDAwMDAwfX0=",
          "dependencies": [
            "module.farms.azurerm_network_interface.farm",
            "module.farms.azurerm_public_ip.farm_publicip",
            "module.farms.azurerm_resource_group.testfarm",
            "module.farms.azurerm_subnet.internal",
            "module.farms.azurerm_virtual_network.testfarm"
          ]
        },
        {
          "index_key": 4,
          "schema_version": 0,
          "attributes": {
            "additional_capabilities": [],
            "admin_password": null,
            "admin_ssh_key": [
              {
                "public_key": "ssh-rsa AAAAB3NzaC1yc2EAAAADAQABAAABAQDIX3pqSVNa2cBOBTmKJTKBABquP5CJarL8sTiOGSDhK9rKTN3PplUX9HAMk2yu2CTr6xUHpB8cj/jSD60dLhcvSTHxOW4kMQmHONr4zhD55Th1zG115wpp+Jf0ZNN+L+zWKQVT2kKuWSVeb4Rd3ftVvrfgEg/jDd2BjAN6K6i5/tX21PbDhTuppgnP8c7Vo7cjc7ded2B8sSZkU4BepFely4Un9rvUZzfXiygQN78qtzNfwqV9WPT4T79r/2TvchLh/F2wSlH0aaUsqrlEz5uqpiKROchPOzqkic6ARki+vtBse4oDlyA1Kkt79+8RwVWA6tv7B1WWpXuGrZJ9eBhN root@28cc2261df86\n",
                "username": "adminuser"
              }
            ],
            "admin_username": "adminuser",
            "allow_extension_operations": true,
            "availability_set_id": "",
            "boot_diagnostics": [],
            "computer_name": "farm-4",
            "custom_data": null,
            "dedicated_host_id": "",
            "disable_password_authentication": true,
            "encryption_at_host_enabled": false,
            "eviction_policy": "",
            "extensions_time_budget": "PT1H30M",
            "id": "/subscriptions/cb6e76ee-ca24-47b5-aedb-b843871af8d1/resourceGroups/testfarm-resourceswestus/providers/Microsoft.Compute/virtualMachines/farm-4",
            "identity": [],
            "location": "westus",
            "max_bid_price": -1,
            "name": "farm-4",
            "network_interface_ids": [
              "/subscriptions/cb6e76ee-ca24-47b5-aedb-b843871af8d1/resourceGroups/testfarm-resourceswestus/providers/Microsoft.Network/networkInterfaces/testfarm-nic-4"
            ],
            "os_disk": [
              {
                "caching": "ReadWrite",
                "diff_disk_settings": [],
                "disk_encryption_set_id": "",
                "disk_size_gb": 30,
                "name": "farm-4_disk1_ad7f936677114905928e4416dfb3535d",
                "storage_account_type": "Standard_LRS",
                "write_accelerator_enabled": false
              }
            ],
            "plan": [],
            "priority": "Regular",
            "private_ip_address": "10.0.2.7",
            "private_ip_addresses": [
              "10.0.2.7"
            ],
            "provision_vm_agent": true,
            "proximity_placement_group_id": "",
            "public_ip_address": "137.116.191.59",
            "public_ip_addresses": [
              "137.116.191.59"
            ],
            "resource_group_name": "testfarm-resourceswestus",
            "secret": [],
            "size": "Standard_D2s_v3",
            "source_image_id": "",
            "source_image_reference": [
              {
                "offer": "UbuntuServer",
                "publisher": "Canonical",
                "sku": "18.04-LTS",
                "version": "latest"
              }
            ],
            "tags": {},
            "timeouts": null,
            "virtual_machine_id": "74b465f1-f8ff-436f-8b7f-338da33ead3a",
            "virtual_machine_scale_set_id": "",
            "zone": ""
          },
          "sensitive_attributes": [],
          "private": "eyJlMmJmYjczMC1lY2FhLTExZTYtOGY4OC0zNDM2M2JjN2M0YzAiOnsiY3JlYXRlIjoyNzAwMDAwMDAwMDAwLCJkZWxldGUiOjI3MDAwMDAwMDAwMDAsInJlYWQiOjMwMDAwMDAwMDAwMCwidXBkYXRlIjoyNzAwMDAwMDAwMDAwfX0=",
          "dependencies": [
            "module.farms.azurerm_network_interface.farm",
            "module.farms.azurerm_public_ip.farm_publicip",
            "module.farms.azurerm_resource_group.testfarm",
            "module.farms.azurerm_subnet.internal",
            "module.farms.azurerm_virtual_network.testfarm"
          ]
        }
      ]
    },
    {
      "module": "module.farms[\"West US\"]",
      "mode": "managed",
      "type": "azurerm_network_interface",
      "name": "farm",
      "provider": "provider[\"registry.terraform.io/hashicorp/azurerm\"]",
      "instances": [
        {
          "index_key": 0,
          "schema_version": 0,
          "attributes": {
            "applied_dns_servers": [],
            "dns_servers": [],
            "enable_accelerated_networking": false,
            "enable_ip_forwarding": false,
            "id": "/subscriptions/cb6e76ee-ca24-47b5-aedb-b843871af8d1/resourceGroups/testfarm-resourceswestus/providers/Microsoft.Network/networkInterfaces/testfarm-nic-0",
            "internal_dns_name_label": "",
            "internal_domain_name_suffix": "u303wj2uuodeflhvujibxzu1xh.dx.internal.cloudapp.net",
            "ip_configuration": [
              {
                "name": "testconfiguration1",
                "primary": true,
                "private_ip_address": "10.0.2.4",
                "private_ip_address_allocation": "Dynamic",
                "private_ip_address_version": "IPv4",
                "public_ip_address_id": "/subscriptions/cb6e76ee-ca24-47b5-aedb-b843871af8d1/resourceGroups/testfarm-resourceswestus/providers/Microsoft.Network/publicIPAddresses/FarmPublicIp-0",
                "subnet_id": "/subscriptions/cb6e76ee-ca24-47b5-aedb-b843871af8d1/resourceGroups/testfarm-resourceswestus/providers/Microsoft.Network/virtualNetworks/testfarm-network-westus/subnets/internal-westus"
              }
            ],
            "location": "westus",
            "mac_address": "00-22-48-02-9F-35",
            "name": "testfarm-nic-0",
            "private_ip_address": "10.0.2.4",
            "private_ip_addresses": [
              "10.0.2.4"
            ],
            "resource_group_name": "testfarm-resourceswestus",
            "tags": {},
            "timeouts": null,
            "virtual_machine_id": "/subscriptions/cb6e76ee-ca24-47b5-aedb-b843871af8d1/resourceGroups/testfarm-resourceswestus/providers/Microsoft.Compute/virtualMachines/farm-0"
          },
          "sensitive_attributes": [],
          "private": "eyJlMmJmYjczMC1lY2FhLTExZTYtOGY4OC0zNDM2M2JjN2M0YzAiOnsiY3JlYXRlIjoxODAwMDAwMDAwMDAwLCJkZWxldGUiOjE4MDAwMDAwMDAwMDAsInJlYWQiOjMwMDAwMDAwMDAwMCwidXBkYXRlIjoxODAwMDAwMDAwMDAwfX0=",
          "dependencies": [
            "module.farms.azurerm_public_ip.farm_publicip",
            "module.farms.azurerm_resource_group.testfarm",
            "module.farms.azurerm_subnet.internal",
            "module.farms.azurerm_virtual_network.testfarm"
          ]
        },
        {
          "index_key": 1,
          "schema_version": 0,
          "attributes": {
            "applied_dns_servers": [],
            "dns_servers": [],
            "enable_accelerated_networking": false,
            "enable_ip_forwarding": false,
            "id": "/subscriptions/cb6e76ee-ca24-47b5-aedb-b843871af8d1/resourceGroups/testfarm-resourceswestus/providers/Microsoft.Network/networkInterfaces/testfarm-nic-1",
            "internal_dns_name_label": "",
            "internal_domain_name_suffix": "u303wj2uuodeflhvujibxzu1xh.dx.internal.cloudapp.net",
            "ip_configuration": [
              {
                "name": "testconfiguration1",
                "primary": true,
                "private_ip_address": "10.0.2.5",
                "private_ip_address_allocation": "Dynamic",
                "private_ip_address_version": "IPv4",
                "public_ip_address_id": "/subscriptions/cb6e76ee-ca24-47b5-aedb-b843871af8d1/resourceGroups/testfarm-resourceswestus/providers/Microsoft.Network/publicIPAddresses/FarmPublicIp-1",
                "subnet_id": "/subscriptions/cb6e76ee-ca24-47b5-aedb-b843871af8d1/resourceGroups/testfarm-resourceswestus/providers/Microsoft.Network/virtualNetworks/testfarm-network-westus/subnets/internal-westus"
              }
            ],
            "location": "westus",
            "mac_address": "00-0D-3A-31-98-53",
            "name": "testfarm-nic-1",
            "private_ip_address": "10.0.2.5",
            "private_ip_addresses": [
              "10.0.2.5"
            ],
            "resource_group_name": "testfarm-resourceswestus",
            "tags": {},
            "timeouts": null,
            "virtual_machine_id": "/subscriptions/cb6e76ee-ca24-47b5-aedb-b843871af8d1/resourceGroups/testfarm-resourceswestus/providers/Microsoft.Compute/virtualMachines/farm-1"
          },
          "sensitive_attributes": [],
          "private": "eyJlMmJmYjczMC1lY2FhLTExZTYtOGY4OC0zNDM2M2JjN2M0YzAiOnsiY3JlYXRlIjoxODAwMDAwMDAwMDAwLCJkZWxldGUiOjE4MDAwMDAwMDAwMDAsInJlYWQiOjMwMDAwMDAwMDAwMCwidXBkYXRlIjoxODAwMDAwMDAwMDAwfX0=",
          "dependencies": [
            "module.farms.azurerm_public_ip.farm_publicip",
            "module.farms.azurerm_resource_group.testfarm",
            "module.farms.azurerm_subnet.internal",
            "module.farms.azurerm_virtual_network.testfarm"
          ]
        },
        {
          "index_key": 2,
          "schema_version": 0,
          "attributes": {
            "applied_dns_servers": [],
            "dns_servers": [],
            "enable_accelerated_networking": false,
            "enable_ip_forwarding": false,
            "id": "/subscriptions/cb6e76ee-ca24-47b5-aedb-b843871af8d1/resourceGroups/testfarm-resourceswestus/providers/Microsoft.Network/networkInterfaces/testfarm-nic-2",
            "internal_dns_name_label": "",
            "internal_domain_name_suffix": "u303wj2uuodeflhvujibxzu1xh.dx.internal.cloudapp.net",
            "ip_configuration": [
              {
                "name": "testconfiguration1",
                "primary": true,
                "private_ip_address": "10.0.2.8",
                "private_ip_address_allocation": "Dynamic",
                "private_ip_address_version": "IPv4",
                "public_ip_address_id": "/subscriptions/cb6e76ee-ca24-47b5-aedb-b843871af8d1/resourceGroups/testfarm-resourceswestus/providers/Microsoft.Network/publicIPAddresses/FarmPublicIp-2",
                "subnet_id": "/subscriptions/cb6e76ee-ca24-47b5-aedb-b843871af8d1/resourceGroups/testfarm-resourceswestus/providers/Microsoft.Network/virtualNetworks/testfarm-network-westus/subnets/internal-westus"
              }
            ],
            "location": "westus",
            "mac_address": "00-22-48-08-66-63",
            "name": "testfarm-nic-2",
            "private_ip_address": "10.0.2.8",
            "private_ip_addresses": [
              "10.0.2.8"
            ],
            "resource_group_name": "testfarm-resourceswestus",
            "tags": {},
            "timeouts": null,
            "virtual_machine_id": "/subscriptions/cb6e76ee-ca24-47b5-aedb-b843871af8d1/resourceGroups/testfarm-resourceswestus/providers/Microsoft.Compute/virtualMachines/farm-2"
          },
          "sensitive_attributes": [],
          "private": "eyJlMmJmYjczMC1lY2FhLTExZTYtOGY4OC0zNDM2M2JjN2M0YzAiOnsiY3JlYXRlIjoxODAwMDAwMDAwMDAwLCJkZWxldGUiOjE4MDAwMDAwMDAwMDAsInJlYWQiOjMwMDAwMDAwMDAwMCwidXBkYXRlIjoxODAwMDAwMDAwMDAwfX0=",
          "dependencies": [
            "module.farms.azurerm_public_ip.farm_publicip",
            "module.farms.azurerm_resource_group.testfarm",
            "module.farms.azurerm_subnet.internal",
            "module.farms.azurerm_virtual_network.testfarm"
          ]
        },
        {
          "index_key": 3,
          "schema_version": 0,
          "attributes": {
            "applied_dns_servers": [],
            "dns_servers": [],
            "enable_accelerated_networking": false,
            "enable_ip_forwarding": false,
            "id": "/subscriptions/cb6e76ee-ca24-47b5-aedb-b843871af8d1/resourceGroups/testfarm-resourceswestus/providers/Microsoft.Network/networkInterfaces/testfarm-nic-3",
            "internal_dns_name_label": "",
            "internal_domain_name_suffix": "u303wj2uuodeflhvujibxzu1xh.dx.internal.cloudapp.net",
            "ip_configuration": [
              {
                "name": "testconfiguration1",
                "primary": true,
                "private_ip_address": "10.0.2.6",
                "private_ip_address_allocation": "Dynamic",
                "private_ip_address_version": "IPv4",
                "public_ip_address_id": "/subscriptions/cb6e76ee-ca24-47b5-aedb-b843871af8d1/resourceGroups/testfarm-resourceswestus/providers/Microsoft.Network/publicIPAddresses/FarmPublicIp-3",
                "subnet_id": "/subscriptions/cb6e76ee-ca24-47b5-aedb-b843871af8d1/resourceGroups/testfarm-resourceswestus/providers/Microsoft.Network/virtualNetworks/testfarm-network-westus/subnets/internal-westus"
              }
            ],
            "location": "westus",
            "mac_address": "00-22-48-08-68-69",
            "name": "testfarm-nic-3",
            "private_ip_address": "10.0.2.6",
            "private_ip_addresses": [
              "10.0.2.6"
            ],
            "resource_group_name": "testfarm-resourceswestus",
            "tags": {},
            "timeouts": null,
            "virtual_machine_id": "/subscriptions/cb6e76ee-ca24-47b5-aedb-b843871af8d1/resourceGroups/testfarm-resourceswestus/providers/Microsoft.Compute/virtualMachines/farm-3"
          },
          "sensitive_attributes": [],
          "private": "eyJlMmJmYjczMC1lY2FhLTExZTYtOGY4OC0zNDM2M2JjN2M0YzAiOnsiY3JlYXRlIjoxODAwMDAwMDAwMDAwLCJkZWxldGUiOjE4MDAwMDAwMDAwMDAsInJlYWQiOjMwMDAwMDAwMDAwMCwidXBkYXRlIjoxODAwMDAwMDAwMDAwfX0=",
          "dependencies": [
            "module.farms.azurerm_public_ip.farm_publicip",
            "module.farms.azurerm_resource_group.testfarm",
            "module.farms.azurerm_subnet.internal",
            "module.farms.azurerm_virtual_network.testfarm"
          ]
        },
        {
          "index_key": 4,
          "schema_version": 0,
          "attributes": {
            "applied_dns_servers": [],
            "dns_servers": [],
            "enable_accelerated_networking": false,
            "enable_ip_forwarding": false,
            "id": "/subscriptions/cb6e76ee-ca24-47b5-aedb-b843871af8d1/resourceGroups/testfarm-resourceswestus/providers/Microsoft.Network/networkInterfaces/testfarm-nic-4",
            "internal_dns_name_label": "",
            "internal_domain_name_suffix": "u303wj2uuodeflhvujibxzu1xh.dx.internal.cloudapp.net",
            "ip_configuration": [
              {
                "name": "testconfiguration1",
                "primary": true,
                "private_ip_address": "10.0.2.7",
                "private_ip_address_allocation": "Dynamic",
                "private_ip_address_version": "IPv4",
                "public_ip_address_id": "/subscriptions/cb6e76ee-ca24-47b5-aedb-b843871af8d1/resourceGroups/testfarm-resourceswestus/providers/Microsoft.Network/publicIPAddresses/FarmPublicIp-4",
                "subnet_id": "/subscriptions/cb6e76ee-ca24-47b5-aedb-b843871af8d1/resourceGroups/testfarm-resourceswestus/providers/Microsoft.Network/virtualNetworks/testfarm-network-westus/subnets/internal-westus"
              }
            ],
            "location": "westus",
            "mac_address": "00-22-48-02-9E-C6",
            "name": "testfarm-nic-4",
            "private_ip_address": "10.0.2.7",
            "private_ip_addresses": [
              "10.0.2.7"
            ],
            "resource_group_name": "testfarm-resourceswestus",
            "tags": {},
            "timeouts": null,
            "virtual_machine_id": "/subscriptions/cb6e76ee-ca24-47b5-aedb-b843871af8d1/resourceGroups/testfarm-resourceswestus/providers/Microsoft.Compute/virtualMachines/farm-4"
          },
          "sensitive_attributes": [],
          "private": "eyJlMmJmYjczMC1lY2FhLTExZTYtOGY4OC0zNDM2M2JjN2M0YzAiOnsiY3JlYXRlIjoxODAwMDAwMDAwMDAwLCJkZWxldGUiOjE4MDAwMDAwMDAwMDAsInJlYWQiOjMwMDAwMDAwMDAwMCwidXBkYXRlIjoxODAwMDAwMDAwMDAwfX0=",
          "dependencies": [
            "module.farms.azurerm_public_ip.farm_publicip",
            "module.farms.azurerm_resource_group.testfarm",
            "module.farms.azurerm_subnet.internal",
            "module.farms.azurerm_virtual_network.testfarm"
          ]
        }
      ]
    },
    {
      "module": "module.farms[\"West US\"]",
      "mode": "managed",
      "type": "azurerm_public_ip",
      "name": "farm_publicip",
      "provider": "provider[\"registry.terraform.io/hashicorp/azurerm\"]",
      "instances": [
        {
          "index_key": 0,
          "schema_version": 0,
          "attributes": {
            "allocation_method": "Dynamic",
            "domain_name_label": null,
            "fqdn": null,
            "id": "/subscriptions/cb6e76ee-ca24-47b5-aedb-b843871af8d1/resourceGroups/testfarm-resourceswestus/providers/Microsoft.Network/publicIPAddresses/FarmPublicIp-0",
            "idle_timeout_in_minutes": 4,
            "ip_address": "137.135.9.28",
            "ip_version": "IPv4",
            "location": "westus",
            "name": "FarmPublicIp-0",
            "public_ip_prefix_id": null,
            "resource_group_name": "testfarm-resourceswestus",
            "reverse_fqdn": null,
            "sku": "Basic",
            "tags": {
              "environment": "farm"
            },
            "timeouts": null,
            "zones": []
          },
          "sensitive_attributes": [],
          "private": "eyJlMmJmYjczMC1lY2FhLTExZTYtOGY4OC0zNDM2M2JjN2M0YzAiOnsiY3JlYXRlIjoxODAwMDAwMDAwMDAwLCJkZWxldGUiOjE4MDAwMDAwMDAwMDAsInJlYWQiOjMwMDAwMDAwMDAwMCwidXBkYXRlIjoxODAwMDAwMDAwMDAwfX0=",
          "dependencies": [
            "module.farms.azurerm_resource_group.testfarm"
          ]
        },
        {
          "index_key": 1,
          "schema_version": 0,
          "attributes": {
            "allocation_method": "Dynamic",
            "domain_name_label": null,
            "fqdn": null,
            "id": "/subscriptions/cb6e76ee-ca24-47b5-aedb-b843871af8d1/resourceGroups/testfarm-resourceswestus/providers/Microsoft.Network/publicIPAddresses/FarmPublicIp-1",
            "idle_timeout_in_minutes": 4,
            "ip_address": "168.62.199.76",
            "ip_version": "IPv4",
            "location": "westus",
            "name": "FarmPublicIp-1",
            "public_ip_prefix_id": null,
            "resource_group_name": "testfarm-resourceswestus",
            "reverse_fqdn": null,
            "sku": "Basic",
            "tags": {
              "environment": "farm"
            },
            "timeouts": null,
            "zones": []
          },
          "sensitive_attributes": [],
          "private": "eyJlMmJmYjczMC1lY2FhLTExZTYtOGY4OC0zNDM2M2JjN2M0YzAiOnsiY3JlYXRlIjoxODAwMDAwMDAwMDAwLCJkZWxldGUiOjE4MDAwMDAwMDAwMDAsInJlYWQiOjMwMDAwMDAwMDAwMCwidXBkYXRlIjoxODAwMDAwMDAwMDAwfX0=",
          "dependencies": [
            "module.farms.azurerm_resource_group.testfarm"
          ]
        },
        {
          "index_key": 2,
          "schema_version": 0,
          "attributes": {
            "allocation_method": "Dynamic",
            "domain_name_label": null,
            "fqdn": null,
            "id": "/subscriptions/cb6e76ee-ca24-47b5-aedb-b843871af8d1/resourceGroups/testfarm-resourceswestus/providers/Microsoft.Network/publicIPAddresses/FarmPublicIp-2",
            "idle_timeout_in_minutes": 4,
            "ip_address": "168.61.20.27",
            "ip_version": "IPv4",
            "location": "westus",
            "name": "FarmPublicIp-2",
            "public_ip_prefix_id": null,
            "resource_group_name": "testfarm-resourceswestus",
            "reverse_fqdn": null,
            "sku": "Basic",
            "tags": {
              "environment": "farm"
            },
            "timeouts": null,
            "zones": []
          },
          "sensitive_attributes": [],
          "private": "eyJlMmJmYjczMC1lY2FhLTExZTYtOGY4OC0zNDM2M2JjN2M0YzAiOnsiY3JlYXRlIjoxODAwMDAwMDAwMDAwLCJkZWxldGUiOjE4MDAwMDAwMDAwMDAsInJlYWQiOjMwMDAwMDAwMDAwMCwidXBkYXRlIjoxODAwMDAwMDAwMDAwfX0=",
          "dependencies": [
            "module.farms.azurerm_resource_group.testfarm"
          ]
        },
        {
          "index_key": 3,
          "schema_version": 0,
          "attributes": {
            "allocation_method": "Dynamic",
            "domain_name_label": null,
            "fqdn": null,
            "id": "/subscriptions/cb6e76ee-ca24-47b5-aedb-b843871af8d1/resourceGroups/testfarm-resourceswestus/providers/Microsoft.Network/publicIPAddresses/FarmPublicIp-3",
            "idle_timeout_in_minutes": 4,
            "ip_address": "40.112.221.70",
            "ip_version": "IPv4",
            "location": "westus",
            "name": "FarmPublicIp-3",
            "public_ip_prefix_id": null,
            "resource_group_name": "testfarm-resourceswestus",
            "reverse_fqdn": null,
            "sku": "Basic",
            "tags": {
              "environment": "farm"
            },
            "timeouts": null,
            "zones": []
          },
          "sensitive_attributes": [],
          "private": "eyJlMmJmYjczMC1lY2FhLTExZTYtOGY4OC0zNDM2M2JjN2M0YzAiOnsiY3JlYXRlIjoxODAwMDAwMDAwMDAwLCJkZWxldGUiOjE4MDAwMDAwMDAwMDAsInJlYWQiOjMwMDAwMDAwMDAwMCwidXBkYXRlIjoxODAwMDAwMDAwMDAwfX0=",
          "dependencies": [
            "module.farms.azurerm_resource_group.testfarm"
          ]
        },
        {
          "index_key": 4,
          "schema_version": 0,
          "attributes": {
            "allocation_method": "Dynamic",
            "domain_name_label": null,
            "fqdn": null,
            "id": "/subscriptions/cb6e76ee-ca24-47b5-aedb-b843871af8d1/resourceGroups/testfarm-resourceswestus/providers/Microsoft.Network/publicIPAddresses/FarmPublicIp-4",
            "idle_timeout_in_minutes": 4,
            "ip_address": "137.116.191.59",
            "ip_version": "IPv4",
            "location": "westus",
            "name": "FarmPublicIp-4",
            "public_ip_prefix_id": null,
            "resource_group_name": "testfarm-resourceswestus",
            "reverse_fqdn": null,
            "sku": "Basic",
            "tags": {
              "environment": "farm"
            },
            "timeouts": null,
            "zones": []
          },
          "sensitive_attributes": [],
          "private": "eyJlMmJmYjczMC1lY2FhLTExZTYtOGY4OC0zNDM2M2JjN2M0YzAiOnsiY3JlYXRlIjoxODAwMDAwMDAwMDAwLCJkZWxldGUiOjE4MDAwMDAwMDAwMDAsInJlYWQiOjMwMDAwMDAwMDAwMCwidXBkYXRlIjoxODAwMDAwMDAwMDAwfX0=",
          "dependencies": [
            "module.farms.azurerm_resource_group.testfarm"
          ]
        }
      ]
    },
    {
      "module": "module.farms[\"West US\"]",
      "mode": "managed",
      "type": "azurerm_resource_group",
      "name": "testfarm",
      "provider": "provider[\"registry.terraform.io/hashicorp/azurerm\"]",
      "instances": [
        {
          "schema_version": 0,
          "attributes": {
            "id": "/subscriptions/cb6e76ee-ca24-47b5-aedb-b843871af8d1/resourceGroups/testfarm-resourceswestus",
            "location": "westus",
            "name": "testfarm-resourceswestus",
            "tags": {},
            "timeouts": null
          },
          "sensitive_attributes": [],
          "private": "eyJlMmJmYjczMC1lY2FhLTExZTYtOGY4OC0zNDM2M2JjN2M0YzAiOnsiY3JlYXRlIjo1NDAwMDAwMDAwMDAwLCJkZWxldGUiOjU0MDAwMDAwMDAwMDAsInJlYWQiOjMwMDAwMDAwMDAwMCwidXBkYXRlIjo1NDAwMDAwMDAwMDAwfX0="
        }
      ]
    },
    {
      "module": "module.farms[\"West US\"]",
      "mode": "managed",
      "type": "azurerm_subnet",
      "name": "internal",
      "provider": "provider[\"registry.terraform.io/hashicorp/azurerm\"]",
      "instances": [
        {
          "schema_version": 0,
          "attributes": {
            "address_prefix": "10.0.2.0/24",
            "address_prefixes": [
              "10.0.2.0/24"
            ],
            "delegation": [],
            "enforce_private_link_endpoint_network_policies": false,
            "enforce_private_link_service_network_policies": false,
            "id": "/subscriptions/cb6e76ee-ca24-47b5-aedb-b843871af8d1/resourceGroups/testfarm-resourceswestus/providers/Microsoft.Network/virtualNetworks/testfarm-network-westus/subnets/internal-westus",
            "name": "internal-westus",
            "resource_group_name": "testfarm-resourceswestus",
            "service_endpoint_policy_ids": [],
            "service_endpoints": [],
            "timeouts": null,
            "virtual_network_name": "testfarm-network-westus"
          },
          "sensitive_attributes": [],
          "private": "eyJlMmJmYjczMC1lY2FhLTExZTYtOGY4OC0zNDM2M2JjN2M0YzAiOnsiY3JlYXRlIjoxODAwMDAwMDAwMDAwLCJkZWxldGUiOjE4MDAwMDAwMDAwMDAsInJlYWQiOjMwMDAwMDAwMDAwMCwidXBkYXRlIjoxODAwMDAwMDAwMDAwfX0=",
          "dependencies": [
            "module.farms.azurerm_resource_group.testfarm",
            "module.farms.azurerm_virtual_network.testfarm"
          ]
        }
      ]
    },
    {
      "module": "module.farms[\"West US\"]",
      "mode": "managed",
      "type": "azurerm_virtual_network",
      "name": "testfarm",
      "provider": "provider[\"registry.terraform.io/hashicorp/azurerm\"]",
      "instances": [
        {
          "schema_version": 0,
          "attributes": {
            "address_space": [
              "10.0.0.0/16"
            ],
            "bgp_community": "",
            "ddos_protection_plan": [],
            "dns_servers": [],
            "guid": "27db75a7-a394-4286-acf5-a2501be69bbf",
            "id": "/subscriptions/cb6e76ee-ca24-47b5-aedb-b843871af8d1/resourceGroups/testfarm-resourceswestus/providers/Microsoft.Network/virtualNetworks/testfarm-network-westus",
            "location": "westus",
            "name": "testfarm-network-westus",
            "resource_group_name": "testfarm-resourceswestus",
            "subnet": [
              {
                "address_prefix": "10.0.2.0/24",
                "id": "/subscriptions/cb6e76ee-ca24-47b5-aedb-b843871af8d1/resourceGroups/testfarm-resourceswestus/providers/Microsoft.Network/virtualNetworks/testfarm-network-westus/subnets/internal-westus",
                "name": "internal-westus",
                "security_group": ""
              }
            ],
            "tags": {},
            "timeouts": null,
            "vm_protection_enabled": false
          },
          "sensitive_attributes": [],
          "private": "eyJlMmJmYjczMC1lY2FhLTExZTYtOGY4OC0zNDM2M2JjN2M0YzAiOnsiY3JlYXRlIjoxODAwMDAwMDAwMDAwLCJkZWxldGUiOjE4MDAwMDAwMDAwMDAsInJlYWQiOjMwMDAwMDAwMDAwMCwidXBkYXRlIjoxODAwMDAwMDAwMDAwfX0=",
          "dependencies": [
            "module.farms.azurerm_resource_group.testfarm"
          ]
        }
      ]
    },
    {
      "module": "module.main",
      "mode": "managed",
      "type": "azurerm_network_interface",
      "name": "main",
      "provider": "provider[\"registry.terraform.io/hashicorp/azurerm\"]",
      "instances": [
        {
          "schema_version": 0,
          "attributes": {
            "applied_dns_servers": [],
            "dns_servers": [],
            "enable_accelerated_networking": false,
            "enable_ip_forwarding": false,
            "id": "/subscriptions/cb6e76ee-ca24-47b5-aedb-b843871af8d1/resourceGroups/testfarm-resources/providers/Microsoft.Network/networkInterfaces/testfarm-nic",
            "internal_dns_name_label": "",
            "internal_domain_name_suffix": "0ubs0ag51yxefkws4cpib2evlg.vx.internal.cloudapp.net",
            "ip_configuration": [
              {
                "name": "testconfiguration1",
                "primary": true,
                "private_ip_address": "10.0.2.4",
                "private_ip_address_allocation": "Dynamic",
                "private_ip_address_version": "IPv4",
                "public_ip_address_id": "/subscriptions/cb6e76ee-ca24-47b5-aedb-b843871af8d1/resourceGroups/testfarm-resources/providers/Microsoft.Network/publicIPAddresses/myPublicIP",
                "subnet_id": "/subscriptions/cb6e76ee-ca24-47b5-aedb-b843871af8d1/resourceGroups/testfarm-resources/providers/Microsoft.Network/virtualNetworks/testfarm-network/subnets/internal"
              }
            ],
            "location": "canadaeast",
            "mac_address": "00-22-48-6D-69-86",
            "name": "testfarm-nic",
            "private_ip_address": "10.0.2.4",
            "private_ip_addresses": [
              "10.0.2.4"
            ],
            "resource_group_name": "testfarm-resources",
            "tags": {},
            "timeouts": null,
            "virtual_machine_id": "/subscriptions/cb6e76ee-ca24-47b5-aedb-b843871af8d1/resourceGroups/testfarm-resources/providers/Microsoft.Compute/virtualMachines/testfarm-main-vm"
          },
          "sensitive_attributes": [],
          "private": "eyJlMmJmYjczMC1lY2FhLTExZTYtOGY4OC0zNDM2M2JjN2M0YzAiOnsiY3JlYXRlIjoxODAwMDAwMDAwMDAwLCJkZWxldGUiOjE4MDAwMDAwMDAwMDAsInJlYWQiOjMwMDAwMDAwMDAwMCwidXBkYXRlIjoxODAwMDAwMDAwMDAwfX0=",
          "dependencies": [
            "module.main.azurerm_public_ip.publicip",
            "module.main.azurerm_resource_group.testfarm",
            "module.main.azurerm_subnet.internal",
            "module.main.azurerm_virtual_network.testfarm"
          ]
        }
      ]
    },
    {
      "module": "module.main",
      "mode": "managed",
      "type": "azurerm_network_interface_security_group_association",
      "name": "example",
      "provider": "provider[\"registry.terraform.io/hashicorp/azurerm\"]",
      "instances": [
        {
          "schema_version": 0,
          "attributes": {
            "id": "/subscriptions/cb6e76ee-ca24-47b5-aedb-b843871af8d1/resourceGroups/testfarm-resources/providers/Microsoft.Network/networkInterfaces/testfarm-nic|/subscriptions/cb6e76ee-ca24-47b5-aedb-b843871af8d1/resourceGroups/testfarm-resources/providers/Microsoft.Network/networkSecurityGroups/myNetworkSecurityGroup",
            "network_interface_id": "/subscriptions/cb6e76ee-ca24-47b5-aedb-b843871af8d1/resourceGroups/testfarm-resources/providers/Microsoft.Network/networkInterfaces/testfarm-nic",
            "network_security_group_id": "/subscriptions/cb6e76ee-ca24-47b5-aedb-b843871af8d1/resourceGroups/testfarm-resources/providers/Microsoft.Network/networkSecurityGroups/myNetworkSecurityGroup",
            "timeouts": null
          },
          "sensitive_attributes": [],
          "private": "eyJlMmJmYjczMC1lY2FhLTExZTYtOGY4OC0zNDM2M2JjN2M0YzAiOnsiY3JlYXRlIjoxODAwMDAwMDAwMDAwLCJkZWxldGUiOjE4MDAwMDAwMDAwMDAsInJlYWQiOjMwMDAwMDAwMDAwMCwidXBkYXRlIjoxODAwMDAwMDAwMDAwfX0=",
          "dependencies": [
            "module.main.azurerm_network_interface.main",
            "module.main.azurerm_network_security_group.main",
            "module.main.azurerm_public_ip.publicip",
            "module.main.azurerm_resource_group.testfarm",
            "module.main.azurerm_subnet.internal",
            "module.main.azurerm_virtual_network.testfarm"
          ]
        }
      ]
    },
    {
      "module": "module.main",
      "mode": "managed",
      "type": "azurerm_network_security_group",
      "name": "main",
      "provider": "provider[\"registry.terraform.io/hashicorp/azurerm\"]",
      "instances": [
        {
          "schema_version": 0,
          "attributes": {
            "id": "/subscriptions/cb6e76ee-ca24-47b5-aedb-b843871af8d1/resourceGroups/testfarm-resources/providers/Microsoft.Network/networkSecurityGroups/myNetworkSecurityGroup",
            "location": "canadaeast",
            "name": "myNetworkSecurityGroup",
            "resource_group_name": "testfarm-resources",
            "security_rule": [
              {
                "access": "Allow",
                "description": "",
                "destination_address_prefix": "*",
                "destination_address_prefixes": [],
                "destination_application_security_group_ids": [],
                "destination_port_range": "22",
                "destination_port_ranges": [],
                "direction": "Inbound",
                "name": "SSH",
                "priority": 1001,
                "protocol": "Tcp",
                "source_address_prefix": "*",
                "source_address_prefixes": [],
                "source_application_security_group_ids": [],
                "source_port_range": "*",
                "source_port_ranges": []
              },
              {
                "access": "Allow",
                "description": "",
                "destination_address_prefix": "*",
                "destination_address_prefixes": [],
                "destination_application_security_group_ids": [],
                "destination_port_range": "5557",
                "destination_port_ranges": [],
                "direction": "Inbound",
                "name": "Locust",
                "priority": 1003,
                "protocol": "Tcp",
                "source_address_prefix": "*",
                "source_address_prefixes": [],
                "source_application_security_group_ids": [],
                "source_port_range": "*",
                "source_port_ranges": []
              },
              {
                "access": "Allow",
                "description": "",
                "destination_address_prefix": "*",
                "destination_address_prefixes": [],
                "destination_application_security_group_ids": [],
                "destination_port_range": "8080",
                "destination_port_ranges": [],
                "direction": "Inbound",
                "name": "Web",
                "priority": 1002,
                "protocol": "Tcp",
                "source_address_prefix": "*",
                "source_address_prefixes": [],
                "source_application_security_group_ids": [],
                "source_port_range": "*",
                "source_port_ranges": []
              }
            ],
            "tags": {
              "environment": "jumpbox"
            },
            "timeouts": null
          },
          "sensitive_attributes": [],
          "private": "eyJlMmJmYjczMC1lY2FhLTExZTYtOGY4OC0zNDM2M2JjN2M0YzAiOnsiY3JlYXRlIjoxODAwMDAwMDAwMDAwLCJkZWxldGUiOjE4MDAwMDAwMDAwMDAsInJlYWQiOjMwMDAwMDAwMDAwMCwidXBkYXRlIjoxODAwMDAwMDAwMDAwfX0=",
          "dependencies": [
            "module.main.azurerm_resource_group.testfarm"
          ]
        }
      ]
    },
    {
      "module": "module.main",
      "mode": "managed",
      "type": "azurerm_public_ip",
      "name": "publicip",
      "provider": "provider[\"registry.terraform.io/hashicorp/azurerm\"]",
      "instances": [
        {
          "schema_version": 0,
          "attributes": {
            "allocation_method": "Dynamic",
            "domain_name_label": null,
            "fqdn": null,
            "id": "/subscriptions/cb6e76ee-ca24-47b5-aedb-b843871af8d1/resourceGroups/testfarm-resources/providers/Microsoft.Network/publicIPAddresses/myPublicIP",
            "idle_timeout_in_minutes": 4,
            "ip_address": "52.229.119.196",
            "ip_version": "IPv4",
            "location": "canadaeast",
            "name": "myPublicIP",
            "public_ip_prefix_id": null,
            "resource_group_name": "testfarm-resources",
            "reverse_fqdn": null,
            "sku": "Basic",
            "tags": {
              "environment": "jumpbox"
            },
            "timeouts": null,
            "zones": []
          },
          "sensitive_attributes": [],
          "private": "eyJlMmJmYjczMC1lY2FhLTExZTYtOGY4OC0zNDM2M2JjN2M0YzAiOnsiY3JlYXRlIjoxODAwMDAwMDAwMDAwLCJkZWxldGUiOjE4MDAwMDAwMDAwMDAsInJlYWQiOjMwMDAwMDAwMDAwMCwidXBkYXRlIjoxODAwMDAwMDAwMDAwfX0=",
          "dependencies": [
            "module.main.azurerm_resource_group.testfarm"
          ]
        }
      ]
    },
    {
      "module": "module.main",
      "mode": "managed",
      "type": "azurerm_resource_group",
      "name": "testfarm",
      "provider": "provider[\"registry.terraform.io/hashicorp/azurerm\"]",
      "instances": [
        {
          "schema_version": 0,
          "attributes": {
            "id": "/subscriptions/cb6e76ee-ca24-47b5-aedb-b843871af8d1/resourceGroups/testfarm-resources",
            "location": "canadaeast",
            "name": "testfarm-resources",
            "tags": {},
            "timeouts": null
          },
          "sensitive_attributes": [],
          "private": "eyJlMmJmYjczMC1lY2FhLTExZTYtOGY4OC0zNDM2M2JjN2M0YzAiOnsiY3JlYXRlIjo1NDAwMDAwMDAwMDAwLCJkZWxldGUiOjU0MDAwMDAwMDAwMDAsInJlYWQiOjMwMDAwMDAwMDAwMCwidXBkYXRlIjo1NDAwMDAwMDAwMDAwfX0="
        }
      ]
    },
    {
      "module": "module.main",
      "mode": "managed",
      "type": "azurerm_subnet",
      "name": "internal",
      "provider": "provider[\"registry.terraform.io/hashicorp/azurerm\"]",
      "instances": [
        {
          "schema_version": 0,
          "attributes": {
            "address_prefix": "10.0.2.0/24",
            "address_prefixes": [
              "10.0.2.0/24"
            ],
            "delegation": [],
            "enforce_private_link_endpoint_network_policies": false,
            "enforce_private_link_service_network_policies": false,
            "id": "/subscriptions/cb6e76ee-ca24-47b5-aedb-b843871af8d1/resourceGroups/testfarm-resources/providers/Microsoft.Network/virtualNetworks/testfarm-network/subnets/internal",
            "name": "internal",
            "resource_group_name": "testfarm-resources",
            "service_endpoint_policy_ids": [],
            "service_endpoints": [],
            "timeouts": null,
            "virtual_network_name": "testfarm-network"
          },
          "sensitive_attributes": [],
          "private": "eyJlMmJmYjczMC1lY2FhLTExZTYtOGY4OC0zNDM2M2JjN2M0YzAiOnsiY3JlYXRlIjoxODAwMDAwMDAwMDAwLCJkZWxldGUiOjE4MDAwMDAwMDAwMDAsInJlYWQiOjMwMDAwMDAwMDAwMCwidXBkYXRlIjoxODAwMDAwMDAwMDAwfX0=",
          "dependencies": [
            "module.main.azurerm_resource_group.testfarm",
            "module.main.azurerm_virtual_network.testfarm"
          ]
        }
      ]
    },
    {
      "module": "module.main",
      "mode": "managed",
      "type": "azurerm_virtual_machine",
      "name": "main",
      "provider": "provider[\"registry.terraform.io/hashicorp/azurerm\"]",
      "instances": [
        {
          "schema_version": 0,
          "attributes": {
            "additional_capabilities": [],
            "availability_set_id": null,
            "boot_diagnostics": [],
            "delete_data_disks_on_termination": true,
            "delete_os_disk_on_termination": true,
            "id": "/subscriptions/cb6e76ee-ca24-47b5-aedb-b843871af8d1/resourceGroups/testfarm-resources/providers/Microsoft.Compute/virtualMachines/testfarm-main-vm",
            "identity": [],
            "license_type": null,
            "location": "canadaeast",
            "name": "testfarm-main-vm",
            "network_interface_ids": [
              "/subscriptions/cb6e76ee-ca24-47b5-aedb-b843871af8d1/resourceGroups/testfarm-resources/providers/Microsoft.Network/networkInterfaces/testfarm-nic"
            ],
            "os_profile": [
              {
                "admin_password": "",
                "admin_username": "adminuser",
                "computer_name": "jumpbox",
                "custom_data": ""
              }
            ],
            "os_profile_linux_config": [
              {
                "disable_password_authentication": false,
                "ssh_keys": []
              }
            ],
            "os_profile_secrets": [],
            "os_profile_windows_config": [],
            "plan": [],
            "primary_network_interface_id": null,
            "proximity_placement_group_id": null,
            "resource_group_name": "testfarm-resources",
            "storage_data_disk": [],
            "storage_image_reference": [
              {
                "id": "",
                "offer": "UbuntuServer",
                "publisher": "Canonical",
                "sku": "18.04-LTS",
                "version": "latest"
              }
            ],
            "storage_os_disk": [
              {
                "caching": "ReadWrite",
                "create_option": "FromImage",
                "disk_size_gb": 30,
                "image_uri": "",
                "managed_disk_id": "/subscriptions/cb6e76ee-ca24-47b5-aedb-b843871af8d1/resourceGroups/testfarm-resources/providers/Microsoft.Compute/disks/myosdisk1",
                "managed_disk_type": "Standard_LRS",
                "name": "myosdisk1",
                "os_type": "Linux",
                "vhd_uri": "",
                "write_accelerator_enabled": false
              }
            ],
            "tags": {
              "environment": "jumpbox"
            },
            "timeouts": null,
            "vm_size": "Standard_D8_v4",
            "zones": []
          },
          "sensitive_attributes": [],
          "private": "eyJlMmJmYjczMC1lY2FhLTExZTYtOGY4OC0zNDM2M2JjN2M0YzAiOnsiY3JlYXRlIjozNjAwMDAwMDAwMDAwLCJkZWxldGUiOjM2MDAwMDAwMDAwMDAsInJlYWQiOjMwMDAwMDAwMDAwMCwidXBkYXRlIjozNjAwMDAwMDAwMDAwfX0=",
          "dependencies": [
            "module.main.azurerm_network_interface.main",
            "module.main.azurerm_public_ip.publicip",
            "module.main.azurerm_resource_group.testfarm",
            "module.main.azurerm_subnet.internal",
            "module.main.azurerm_virtual_network.testfarm",
            "module.main.random_string.password"
          ]
        }
      ]
    },
    {
      "module": "module.main",
      "mode": "managed",
      "type": "azurerm_virtual_network",
      "name": "testfarm",
      "provider": "provider[\"registry.terraform.io/hashicorp/azurerm\"]",
      "instances": [
        {
          "schema_version": 0,
          "attributes": {
            "address_space": [
              "10.0.0.0/16"
            ],
            "bgp_community": "",
            "ddos_protection_plan": [],
            "dns_servers": [],
            "guid": "002d03d5-dedf-422e-aad2-f09e80f0955e",
            "id": "/subscriptions/cb6e76ee-ca24-47b5-aedb-b843871af8d1/resourceGroups/testfarm-resources/providers/Microsoft.Network/virtualNetworks/testfarm-network",
            "location": "canadaeast",
            "name": "testfarm-network",
            "resource_group_name": "testfarm-resources",
            "subnet": [
              {
                "address_prefix": "10.0.2.0/24",
                "id": "/subscriptions/cb6e76ee-ca24-47b5-aedb-b843871af8d1/resourceGroups/testfarm-resources/providers/Microsoft.Network/virtualNetworks/testfarm-network/subnets/internal",
                "name": "internal",
                "security_group": ""
              }
            ],
            "tags": {},
            "timeouts": null,
            "vm_protection_enabled": false
          },
          "sensitive_attributes": [],
          "private": "eyJlMmJmYjczMC1lY2FhLTExZTYtOGY4OC0zNDM2M2JjN2M0YzAiOnsiY3JlYXRlIjoxODAwMDAwMDAwMDAwLCJkZWxldGUiOjE4MDAwMDAwMDAwMDAsInJlYWQiOjMwMDAwMDAwMDAwMCwidXBkYXRlIjoxODAwMDAwMDAwMDAwfX0=",
          "dependencies": [
            "module.main.azurerm_resource_group.testfarm"
          ]
        }
      ]
    },
    {
      "module": "module.main",
      "mode": "managed",
      "type": "random_string",
      "name": "password",
      "provider": "provider[\"registry.terraform.io/hashicorp/random\"]",
      "instances": [
        {
          "schema_version": 1,
          "attributes": {
            "id": "enWkDyLawYOZDss3",
            "keepers": null,
            "length": 16,
            "lower": true,
            "min_lower": 0,
            "min_numeric": 0,
            "min_special": 0,
            "min_upper": 0,
            "number": true,
            "override_special": "/@£$",
            "result": "enWkDyLawYOZDss3",
            "special": false,
            "upper": true
          },
          "sensitive_attributes": [],
          "private": "eyJzY2hlbWFfdmVyc2lvbiI6IjEifQ=="
        }
      ]
    }
  ]
}
